{
  "version": 4,
  "terraform_version": "1.4.6",
  "serial": 1130,
  "lineage": "ecf7c64b-c83d-88ac-9002-9f2448a6f5ce",
  "outputs": {
    "configure_kubectl": {
      "value": "aws eks --region us-west-2 update-kubeconfig --name emr-eks-karpenter",
      "type": "string"
    }
  },
  "resources": [
    {
      "mode": "data",
      "type": "aws_availability_zones",
      "name": "available",
      "provider": "provider[\"registry.terraform.io/hashicorp/aws\"]",
      "instances": [
        {
          "schema_version": 0,
          "attributes": {
            "all_availability_zones": null,
            "exclude_names": null,
            "exclude_zone_ids": null,
            "filter": null,
            "group_names": [
              "us-west-2"
            ],
            "id": "us-west-2",
            "names": [
              "us-west-2a",
              "us-west-2b",
              "us-west-2c",
              "us-west-2d"
            ],
            "state": null,
            "timeouts": null,
            "zone_ids": [
              "usw2-az2",
              "usw2-az1",
              "usw2-az3",
              "usw2-az4"
            ]
          },
          "sensitive_attributes": []
        }
      ]
    },
    {
      "mode": "data",
      "type": "aws_caller_identity",
      "name": "current",
      "provider": "provider[\"registry.terraform.io/hashicorp/aws\"]",
      "instances": [
        {
          "schema_version": 0,
          "attributes": {
            "account_id": "724853865853",
            "arn": "arn:aws:iam::724853865853:user/dongdong",
            "id": "724853865853",
            "user_id": "AIDA2RRFIHV62ZOURQUK5"
          },
          "sensitive_attributes": []
        }
      ]
    },
    {
      "mode": "data",
      "type": "aws_ecrpublic_authorization_token",
      "name": "token",
      "provider": "provider[\"registry.terraform.io/hashicorp/aws\"].ecr",
      "instances": [
        {
          "schema_version": 0,
          "attributes": {
            "authorization_token": "QVdTOmV5SndZWGxzYjJGa0lqb2lUbXBDTjAxQlMyY3dTVUk0ZERkWldFUjNVWFJvWWk4clNGRXhXbVp3ZHl0NVUxVkNVbEJ3WldoaFFqZEJOVWxvYUZwUlIxVldkVXBHUTFrd1RXVmlORVJqTkdoYVJtdHJNbFl6YUVKeVZrRlFOMEZJZUVkWVNsWjFPRTF6TVVwYWRtTkVZall5ZGtoQlFTOU1Ra041ZHpGcWVGTlNZbkJ4VmtkeGFWTk9iV1l4VFhJeWNsQTBPRTVVTHpKNWRVMTBWRWhoU0haMlVGSnBhM1JoTmxGaU9VcE5VbnB6ZDI0MU5sZE9NbGN3TUhWcGVVWnBVMng0WkdOeFowNW1jMDFMWlhOMmFWQk9jakJQYTBzclQyZElaM0ZWY0VVMFIyUlpkSEJ3YUhNNGEyTmFVekpLVEUxcFlVOHJVRzQyVWxKRU5tbDJhMGRLYWsxMGNFRktUWGgzUW5BNVZqRTFOVVFyWlZwRldIVk9SRVJFT1drd04wbEZiMkZVVlROMGFrVmlPVUpHTTJ0cE9TdG9ibmgwTmtSU1VWaGhZMDFMYzFONE1tTkNjbkUwVFRFcmRGbGpOSHBIYzNONVVEWXJTRkl5TVZWTVkxbERWbTFsT1ZZMFpWQXJZbWd4UmxaTWJERnZXWEl5U0VrMlNIZExWbmhIVVZSUlNuTlViVU5IWTNac05IUlJWV3d3T0djd09YVXhaVkV3VTJadlR6ZFVVR1puSzJ0alVtTmhjM3BGWTNKdFNFOTNNVzl0T0V3MGJ6SlhVamhSS3psMllXaDVSVTl5YURoRlJWQldOMDVJU0hObmVrNUhjMmhvYTBFMmMyTlJSWEpVT0daeVN6TmlibkZvU0ZGUEsyVldlVWRTZEhBeFJDOVBWMUptVUZnelQxVllkbkp3V21VMVJEZHdibVpYU1RSWVIzTmxUMnBPVVRsaGRWVXlPRk5PTlRWUWNsVXlURVl2ZEVSR2IwZzJWbkp4ZGxZMGNXOW1OV1JzTTNGb00zbExNREp6VURKcFVrMVZRVFZzY1U1RWREbG9VVTEwTkhkaVkzTkplbXA0YVRNeWRsb3hkSEJPVW5oU2JWSmFiRWxaZURodU9GSnVhMFJ2YjFaV2F6Vm5XREZOWkRKaEsyZDFRMnhzUTJOS2NEWlFXRGsyZG1GSU0xQmhhR2hPWVhOMFZqbFZRM1o2VW5aclFUTktWWEppYzFGVVMxUlNiR0pLTkdaS2FFMXdPWE5vT0ZaQk5YVjZOWFpyZDFaaFVsZEpkMlpXYW5wWGRsWndkSGQzYUhsRVJISmhhekJQVVc0NGRscFZRbFJDYUVONFdFSXJOMkpvZW5SdlowMTBhME51ZUdocGNIQXhRMWhrTVhoTmIyNUVZak5XU0VVemRFVm1TVGxoTWxWTmNXMW1hMXBEY0VJeE1YQm5ZbVYzTVVFd2JXRlBhV1E0Wm5kT2JUVnllVTEzVm1kUmNYYzFOa1JQYldoUmRVVXhRbVJDTUdoTGEzcDJhWEZzZUd4RFJrZEVUVmxxYTBjM2VtVnBUelJNT1hSUFRYUlVhMGN5Vmsxa2EwMDFWMjlIWjNWaVJHNDFaaXRHYVdoRlZHeFhhRnBaZFV0Rk0wUkhNMDVrUVdkM1ZHRXdkMlZ4ZEhoQ2JYZEpSbFpQYTBReWRGRlJiMHRhUTAxemNDdEhSRzlETm1ZNFVVazVkVk0yZVRoWlJuSm9iM0pKWVVSVmJVODBNemRIZDIwdk1GVTFiR2xNY1M5MVlVcFViRU5QY0ZkR1JqSnFPWEZyVnpWTFdIY3ZabXg1THpRck5qSlFMek0yVUZwSFlrTm9hRFZNWVdWRU9FTjVZM2hLZUZaTFNtVXJlSFphWXpGblNVWWlMQ0prWVhSaGEyVjVJam9pWlhsS1VWSkdaMmxQYVVwMVN6RlNXVlF5VlROVFZrMHhZMjFXYWsxVlVqRlJiWGhKVWpGb1ZrOUVSVEpVTVZKc1YxVTVWRTFwZEVOaFZVWTBWV3BHZFZkSFJYSlJWVlUxWTBkYWNsWkhaR0ZoYmxaMVpXMW9SRTR3TVZOT1dHaDNZbFY0ZFdWVk9WaE9lWFI2VjFoQmVVc3pValZWVjBwSFdraE5OV05WVFRKa1ZGcEtVVmRzVDAxRk5VcE9WMHBSWWtoR2FtUXliSFJXYTBwRlYxVmtlVkpZUmpSTmVscEdUbFJHVFZSR2FERk5iR3h1VFcweGNsZHRSVEpqUkZKUllXazVZVlpyTVU1aFZtY3hWVzFhZWs5RmR6UmtSbTh4WWpOT2IxUlhiR3RpU0doT1VURkNWbEZxUVRSVVNGb3pUVWhHTm1WR1NrWmlSVFUwWVVoU2VtTllSbEpOVlZKWlkydEdiV1JJYUhSYWJIQnhUa1pTTkZOcVFYWmFNa2t3U3pGa1QxVnRVbFZSTVZKYVlsYzViazFXUWxkVk1Xc3dWRmQwTkdKR1dsZE9lbWN6VW5wS2JrNXNRa2xrTUVwTlQxZFdiMXB1YTNkVWJGSm9ZbFJXTVZORVRrVlRhbXhFWTFVd2VXSnFTa1poVm1SYVdWaENjRTR3YjNoYU1uaE1XakJ3VGxKRVRYSlVTRVpIVTJwU00wMTZUbkZUTVZwSlRVWktOR042Um1GWFZYQktaR3QzZUZZeU1YcE1NMmg0WW01b1RscEdRakJVVkVvd1ZHNUJkMDB5U1haTk1HeDNXakpXZVdSV1RUTmtSMk01VUZOSmMwbHJiRUpTUTBrMlNXMW9XbGRFYkhaVFZUbERVVEJTZDFkVk9XbFdhMHB1VG1wS1VWb3lhRlprUlRVMFlrUmFlVlZFV2t4WldHaHNUak5PYUZveFJtMWhTRlpWWVVWR2JXUkljRWRaTUhCVFdqSk9SVTE2VGxOTmFtaDNVMnhvZEdORVVtdFdWVWsxWVVWc1NtRkVWbE5pTWtwc1YyMDVTMWRJUmtaVE1WcEdXVEZhUzFveU5XcFpNa3B5VERKT1UySjVPREZhV0dScFdXMVdiMDFIV1RWWldHeHdaVmRhV1U5R2NIRlViR2hKWXpGS1dGVnNRbmxUVjNSUFVWaEdjMWRZWnpGVmVrNWFVMGR3ZG1GVk5WbE5iRlpYWkVSR1dXSklSbk5oVkVaeFdsaHZjbEZ1U2xkV01IQlpUVlJzU2xVeWRGSlRiSEJSVW1wU05HTnFiSFpqUjFaUVYwZGtkbVZYT0hkaVZFSTBZVEk1YUdOc2J6TlBSMXB3VWtVeGNGUkVhekpUUm10NFZtMWFSbGt3WkhST1YwcFlWa1pHVVdORE9VcFRSa3BOVlVoV2JHRjZhR3BQUlRWb1QwWldkVmxXUVhKaFJFMTZaV3BLTTFacmNHdFRSMmhYWTBkNGFWUlZiRlpYUnpWTll6STVlV1ZYTVVoVWJsWXhUVVZXV2xWdVZrdFRWa0p4Wld4b00xSnVjSGhUVlU1cVVsVmtWRlJZYUVoWlYyOXlUakZHVlZOcVdsZFdNRloyV201U1QxVkRPVXBqUlhBelQwWm9TMDVFYkZKU1ZtUkdVVEE0Y2xSV1VrbGlWbWcyV25vd09VbHVNRDBpTENKMlpYSnphVzl1SWpvaU15SXNJblI1Y0dVaU9pSkVRVlJCWDB0RldTSXNJbVY0Y0dseVlYUnBiMjRpT2pFM01EazVNak13TmpGOQ==",
            "expires_at": "2024-03-08T18:37:41Z",
            "id": "us-east-1",
            "password": "eyJwYXlsb2FkIjoiTmpCN01BS2cwSUI4dDdZWER3UXRoYi8rSFExWmZwdyt5U1VCUlBwZWhhQjdBNUloaFpRR1VWdUpGQ1kwTWViNERjNGhaRmtrMlYzaEJyVkFQN0FIeEdYSlZ1OE1zMUpadmNEYjYydkhBQS9MQkN5dzFqeFNSYnBxVkdxaVNObWYxTXIyclA0OE5ULzJ5dU10VEhhSHZ2UFJpa3RhNlFiOUpNUnpzd241NldOMlcwMHVpeUZpU2x4ZGNxZ05mc01LZXN2aVBOcjBPa0srT2dIZ3FVcEU0R2RZdHBwaHM4a2NaUzJKTE1pYU8rUG42UlJENml2a0dKak10cEFKTXh3QnA5VjE1NUQrZVpFWHVOREREOWkwN0lFb2FUVTN0akViOUJGM2tpOStobnh0NkRSUVhhY01Lc1N4MmNCcnE0TTErdFljNHpHc3N5UDYrSFIyMVVMY1lDVm1lOVY0ZVArYmgxRlZMbDFvWXIySEk2SHdLVnhHUVRRSnNUbUNHY3ZsNHRRVWwwOGcwOXUxZVEwU2ZvTzdUUGZnK2tjUmNhc3pFY3JtSE93MW9tOEw0bzJXUjhRKzl2YWh5RU9yaDhFRVBWN05ISHNnek5Hc2hoa0E2c2NRRXJUOGZySzNibnFoSFFPK2VWeUdSdHAxRC9PV1JmUFgzT1VYdnJwWmU1RDdwbmZXSTRYR3NlT2pOUTlhdVUyOFNONTVQclUyTEYvdERGb0g2VnJxdlY0cW9mNWRsM3FoM3lLMDJzUDJpUk1VQTVscU5EdDloUU10NHdiY3NJemp4aTMydloxdHBOUnhSbVJabElZeDhuOFJua0Rvb1ZWazVnWDFNZDJhK2d1Q2xsQ2NKcDZQWDk2dmFIM1BhaGhOYXN0VjlVQ3Z6UnZrQTNKVXJic1FUS1RSbGJKNGZKaE1wOXNoOFZBNXV6NXZrd1ZhUldJd2ZWanpXdlZwdHd3aHlERHJhazBPUW44dlpVQlRCaEN4WEIrN2JoenRvZ010a0NueGhpcHAxQ1hkMXhNb25EYjNWSEUzdEVmSTlhMlVNcW1ma1pDcEIxMXBnYmV3MUEwbWFPaWQ4ZndObTVyeU13VmdRcXc1NkRPbWhRdUUxQmRCMGhLa3p2aXFseGxDRkdETVlqa0c3emVpTzRMOXRPTXRUa0cyVk1ka001V29HZ3ViRG41ZitGaWhFVGxXaFpZdUtFM0RHM05kQWd3VGEwd2VxdHhCbXdJRlZPa0QydFFRb0taQ01zcCtHRG9DNmY4UUk5dVM2eThZRnJob3JJYURVbU80MzdHd20vMFU1bGlMcS91YUpUbENPcFdGRjJqOXFrVzVLWHcvZmx5LzQrNjJQLzM2UFpHYkNoaDVMYWVEOEN5Y3hKeFZLSmUreHZaYzFnSUYiLCJkYXRha2V5IjoiZXlKUVJGZ2lPaUp1SzFSWVQyVTNTVk0xY21Wak1VUjFRbXhJUjFoVk9ERTJUMVJsV1U5VE1pdENhVUY0VWpGdVdHRXJRVVU1Y0daclZHZGFhblZ1ZW1oRE4wMVNOWGh3YlV4dWVVOVhOeXR6V1hBeUszUjVVV0pHWkhNNWNVTTJkVFpKUVdsT01FNUpOV0pRYkhGamQybHRWa0pFV1VkeVJYRjRNelpGTlRGTVRGaDFNbGxuTW0xcldtRTJjRFJRYWk5YVZrMU5hVmcxVW1aek9FdzRkRm8xYjNOb1RXbGtiSGhOUTFCVlFqQTRUSFozTUhGNmVGSkZiRTU0YUhSemNYRlJNVVJZY2tGbWRIaHRabHBxTkZSNFNqQXZaMkkwSzFkT1VtUlVRMVJaYlc5bk1WQldVMWswVFd0NGJGWldOemczUnpKbk5sQklkMEpNT1dWb1pua3dUbFJoYlRWMVNETkVTamxEY1UweWJqSkZhVmRaWVhCcE4wb3haMnhMWjBwTlJETXJUSEZHU2pSM016TnFTMVpJTUZKNGN6RmFXVXBKZGt3eFYyMXpMM2h4Ym5oTlpGQjBUVEowVG5Bd00ySXZNMGx3WjJWeWRWTTNkR2M5UFNJc0lrbEJSQ0k2SW1oWldEbHZTVTlDUTBSd1dVOWlWa0puTmpKUVoyaFZkRTU0YkRaeVVEWkxZWGhsTjNOaFoxRm1hSFZVYUVGbWRIcEdZMHBTWjJORU16TlNNamh3U2xodGNEUmtWVUk1YUVsSmFEVlNiMkpsV205S1dIRkZTMVpGWTFaS1oyNWpZMkpyTDJOU2J5ODFaWGRpWW1Wb01HWTVZWGxwZVdaWU9GcHFUbGhJYzFKWFVsQnlTV3RPUVhGc1dYZzFVek5aU0dwdmFVNVlNbFZXZERGWWJIRnNhVEZxWlhvclFuSldWMHBZTVRsSlUydFJTbHBRUmpSNGNqbHZjR1ZQV0dkdmVXOHdiVEI0YTI5aGNsbzNPR1pwUkUxcFREazJTRmt4Vm1aRlkwZHROV0pYVkZGUWNDOUpTRkpNVUhWbGF6aGpPRTVoT0ZWdVlWQXJhRE16ZWpKM1ZrcGtTR2hXY0d4aVRVbFZXRzVNYzI5eWVXMUhUblYxTUVWWlVuVktTVkJxZWxoM1JucHhTVU5qUlVkVFRYaEhZV29yTjFGVVNqWldWMFZ2Wm5ST1VDOUpjRXAzT0ZoS05EbFJSVmRGUTA4clRWUkliVmg2WnowOUluMD0iLCJ2ZXJzaW9uIjoiMyIsInR5cGUiOiJEQVRBX0tFWSIsImV4cGlyYXRpb24iOjE3MDk5MjMwNjF9",
            "user_name": "AWS"
          },
          "sensitive_attributes": []
        }
      ]
    },
    {
      "mode": "data",
      "type": "aws_eks_cluster_auth",
      "name": "this",
      "provider": "provider[\"registry.terraform.io/hashicorp/aws\"]",
      "instances": [
        {
          "schema_version": 0,
          "attributes": {
            "id": "emr-eks-karpenter",
            "name": "emr-eks-karpenter",
            "token": "k8s-aws-v1.aHR0cHM6Ly9zdHMudXMtd2VzdC0yLmFtYXpvbmF3cy5jb20vP0FjdGlvbj1HZXRDYWxsZXJJZGVudGl0eSZWZXJzaW9uPTIwMTEtMDYtMTUmWC1BbXotQWxnb3JpdGhtPUFXUzQtSE1BQy1TSEEyNTYmWC1BbXotQ3JlZGVudGlhbD1BS0lBMlJSRklIVjZaQzJFQ0RHMiUyRjIwMjQwMzA4JTJGdXMtd2VzdC0yJTJGc3RzJTJGYXdzNF9yZXF1ZXN0JlgtQW16LURhdGU9MjAyNDAzMDhUMDYzNzQyWiZYLUFtei1FeHBpcmVzPTAmWC1BbXotU2lnbmVkSGVhZGVycz1ob3N0JTNCeC1rOHMtYXdzLWlkJlgtQW16LVNpZ25hdHVyZT1iNTljZTMzOGI2YmYxOTkyZDc4Y2VmNGIzYWQwNzVhNzBiMmYyOGQ1MTZmNjcwNWIzMDFhNmFlYmZhNzU4ZTZm"
          },
          "sensitive_attributes": []
        }
      ]
    },
    {
      "mode": "data",
      "type": "aws_subnets",
      "name": "private_subnets",
      "provider": "provider[\"registry.terraform.io/hashicorp/aws\"]",
      "instances": [
        {
          "schema_version": 0,
          "attributes": {
            "filter": [
              {
                "name": "vpc-id",
                "values": [
                  "vpc-06933d905386b98a8"
                ]
              }
            ],
            "id": "us-west-2",
            "ids": [
              "subnet-057019d27b10482b6",
              "subnet-084e05b50a5246beb"
            ],
            "tags": {
              "type": "private"
            },
            "timeouts": null
          },
          "sensitive_attributes": []
        }
      ]
    },
    {
      "module": "module.eks",
      "mode": "data",
      "type": "aws_caller_identity",
      "name": "current",
      "provider": "provider[\"registry.terraform.io/hashicorp/aws\"]",
      "instances": [
        {
          "schema_version": 0,
          "attributes": {
            "account_id": "724853865853",
            "arn": "arn:aws:iam::724853865853:user/dongdong",
            "id": "724853865853",
            "user_id": "AIDA2RRFIHV62ZOURQUK5"
          },
          "sensitive_attributes": []
        }
      ]
    },
    {
      "module": "module.eks",
      "mode": "data",
      "type": "aws_iam_policy_document",
      "name": "assume_role_policy",
      "provider": "provider[\"registry.terraform.io/hashicorp/aws\"]",
      "instances": [
        {
          "index_key": 0,
          "schema_version": 0,
          "attributes": {
            "id": "2764486067",
            "json": "{\n  \"Version\": \"2012-10-17\",\n  \"Statement\": [\n    {\n      \"Sid\": \"EKSClusterAssumeRole\",\n      \"Effect\": \"Allow\",\n      \"Action\": \"sts:AssumeRole\",\n      \"Principal\": {\n        \"Service\": \"eks.amazonaws.com\"\n      }\n    }\n  ]\n}",
            "override_policy_documents": null,
            "policy_id": null,
            "source_policy_documents": null,
            "statement": [
              {
                "actions": [
                  "sts:AssumeRole"
                ],
                "condition": [],
                "effect": "Allow",
                "not_actions": [],
                "not_principals": [],
                "not_resources": [],
                "principals": [
                  {
                    "identifiers": [
                      "eks.amazonaws.com"
                    ],
                    "type": "Service"
                  }
                ],
                "resources": [],
                "sid": "EKSClusterAssumeRole"
              }
            ],
            "version": "2012-10-17"
          },
          "sensitive_attributes": []
        }
      ]
    },
    {
      "module": "module.eks",
      "mode": "data",
      "type": "aws_iam_session_context",
      "name": "current",
      "provider": "provider[\"registry.terraform.io/hashicorp/aws\"]",
      "instances": [
        {
          "schema_version": 0,
          "attributes": {
            "arn": "arn:aws:iam::724853865853:user/dongdong",
            "id": "arn:aws:iam::724853865853:user/dongdong",
            "issuer_arn": "arn:aws:iam::724853865853:user/dongdong",
            "issuer_id": "",
            "issuer_name": "",
            "session_name": ""
          },
          "sensitive_attributes": []
        }
      ]
    },
    {
      "module": "module.eks",
      "mode": "data",
      "type": "aws_partition",
      "name": "current",
      "provider": "provider[\"registry.terraform.io/hashicorp/aws\"]",
      "instances": [
        {
          "schema_version": 0,
          "attributes": {
            "dns_suffix": "amazonaws.com",
            "id": "aws",
            "partition": "aws",
            "reverse_dns_prefix": "com.amazonaws"
          },
          "sensitive_attributes": []
        }
      ]
    },
    {
      "module": "module.eks",
      "mode": "data",
      "type": "tls_certificate",
      "name": "this",
      "provider": "provider[\"registry.terraform.io/hashicorp/tls\"]",
      "instances": [
        {
          "index_key": 0,
          "schema_version": 0,
          "attributes": {
            "certificates": [
              {
                "cert_pem": "-----BEGIN CERTIFICATE-----\nMIIEdTCCA12gAwIBAgIJAKcOSkw0grd/MA0GCSqGSIb3DQEBCwUAMGgxCzAJBgNV\nBAYTAlVTMSUwIwYDVQQKExxTdGFyZmllbGQgVGVjaG5vbG9naWVzLCBJbmMuMTIw\nMAYDVQQLEylTdGFyZmllbGQgQ2xhc3MgMiBDZXJ0aWZpY2F0aW9uIEF1dGhvcml0\neTAeFw0wOTA5MDIwMDAwMDBaFw0zNDA2MjgxNzM5MTZaMIGYMQswCQYDVQQGEwJV\nUzEQMA4GA1UECBMHQXJpem9uYTETMBEGA1UEBxMKU2NvdHRzZGFsZTElMCMGA1UE\nChMcU3RhcmZpZWxkIFRlY2hub2xvZ2llcywgSW5jLjE7MDkGA1UEAxMyU3RhcmZp\nZWxkIFNlcnZpY2VzIFJvb3QgQ2VydGlmaWNhdGUgQXV0aG9yaXR5IC0gRzIwggEi\nMA0GCSqGSIb3DQEBAQUAA4IBDwAwggEKAoIBAQDVDDrEKvlO4vW+GZdfjohTsR8/\ny8+fIBNtKTrID30892t2OGPZNmCom15cAICyL1l/9of5JUOG52kbUpqQ4XHj2C0N\nTm/2yEnZtvMaVq4rtnQU68/7JuMauh2WLmo7WJSJR1b/JaCTcFOD2oR0FMNnngRo\nOt+OQFodSk7PQ5E751bWAHDLUu57fa4657wx+UX2wmDPE1kCK4DMNEffud6QZW0C\nzyyRpqbn3oUYSXxmTqM6bam17jQuug0DuDPfR+uxa40l2ZvOgdFFRjKWcIfeAg5J\nQ4W2bHO7ZOphQazJ1FTfhy/HIrImzJ9ZVGif/L4qL8RVHHVAYBeFAlU5i38FAgMB\nAAGjgfAwge0wDwYDVR0TAQH/BAUwAwEB/zAOBgNVHQ8BAf8EBAMCAYYwHQYDVR0O\nBBYEFJxfAN+qAdcwKziIorhtSpzyEZGDMB8GA1UdIwQYMBaAFL9ft9HO3R+G9FtV\nrNzXEMIOqYjnME8GCCsGAQUFBwEBBEMwQTAcBggrBgEFBQcwAYYQaHR0cDovL28u\nc3MyLnVzLzAhBggrBgEFBQcwAoYVaHR0cDovL3guc3MyLnVzL3guY2VyMCYGA1Ud\nHwQfMB0wG6AZoBeGFWh0dHA6Ly9zLnNzMi51cy9yLmNybDARBgNVHSAECjAIMAYG\nBFUdIAAwDQYJKoZIhvcNAQELBQADggEBACMd44pXyn3pF3lM8R5V/cxTbj5HD9/G\nVfKyBDbtgB9TxF00KGu+x1X8Z+rLP3+QsjPNG1gQggL4+C/1E2DUBc7xgQjB3ad1\nl08YuW3e95ORCLp+QCztweq7dp4zBncdDQh/U90bZKuCJ/Fp1U1ervShw3WnWEQt\n8jxwmKy6abaVd38PMV4s/KCHOkdp8Hlf9BRUpJVeEXgSYCfOn8J3/yNTd126/+pZ\n59vPr5KW7ySaNRB6nJHGDn2Z9j8Z3/VyVOEVqQdZe4O/Ui5GjLIAZHYcSNPYeehu\nVsyuLAOQ1xk4meTKCRlb/weWsKh/NEnfVqn3sF/tM+2MR7cwA130A4w=\n-----END CERTIFICATE-----\n",
                "is_ca": true,
                "issuer": "OU=Starfield Class 2 Certification Authority,O=Starfield Technologies\\, Inc.,C=US",
                "not_after": "2034-06-28T17:39:16Z",
                "not_before": "2009-09-02T00:00:00Z",
                "public_key_algorithm": "RSA",
                "serial_number": "12037640545166866303",
                "sha1_fingerprint": "9e99a48a9960b14926bb7f3b02e22da2b0ab7280",
                "signature_algorithm": "SHA256-RSA",
                "subject": "CN=Starfield Services Root Certificate Authority - G2,O=Starfield Technologies\\, Inc.,L=Scottsdale,ST=Arizona,C=US",
                "version": 3
              },
              {
                "cert_pem": "-----BEGIN CERTIFICATE-----\nMIIEkjCCA3qgAwIBAgITBn+USionzfP6wq4rAfkI7rnExjANBgkqhkiG9w0BAQsF\nADCBmDELMAkGA1UEBhMCVVMxEDAOBgNVBAgTB0FyaXpvbmExEzARBgNVBAcTClNj\nb3R0c2RhbGUxJTAjBgNVBAoTHFN0YXJmaWVsZCBUZWNobm9sb2dpZXMsIEluYy4x\nOzA5BgNVBAMTMlN0YXJmaWVsZCBTZXJ2aWNlcyBSb290IENlcnRpZmljYXRlIEF1\ndGhvcml0eSAtIEcyMB4XDTE1MDUyNTEyMDAwMFoXDTM3MTIzMTAxMDAwMFowOTEL\nMAkGA1UEBhMCVVMxDzANBgNVBAoTBkFtYXpvbjEZMBcGA1UEAxMQQW1hem9uIFJv\nb3QgQ0EgMTCCASIwDQYJKoZIhvcNAQEBBQADggEPADCCAQoCggEBALJ4gHHKeNXj\nca9HgFB0fW7Y14h29Jlo91ghYPl0hAEvrAIthtOgQ3pOsqTQNroBvo3bSMgHFzZM\n9O6II8c+6zf1tRn4SWiw3te5djgdYZ6k/oI2peVKVuRF4fn9tBb6dNqcmzU5L/qw\nIFAGbHrQgLKm+a/sRxmPUDgH3KKHOVj4utWp+UhnMJbulHheb4mjUcAwhmahRWa6\nVOujw5H5SNz/0egwLX0tdHA114gk957EWW67c4cX8jJGKLhD+rcdqsq08p8kDi1L\n93FcXmn/6pUCyziKrlA4b9v7LWIbxcceVOF34GfID5yHI9Y/QCB/IIDEgEw+OyQm\njgSubJrIqg0CAwEAAaOCATEwggEtMA8GA1UdEwEB/wQFMAMBAf8wDgYDVR0PAQH/\nBAQDAgGGMB0GA1UdDgQWBBSEGMyFNOy8DJSULghZnMeyEE4KCDAfBgNVHSMEGDAW\ngBScXwDfqgHXMCs4iKK4bUqc8hGRgzB4BggrBgEFBQcBAQRsMGowLgYIKwYBBQUH\nMAGGImh0dHA6Ly9vY3NwLnJvb3RnMi5hbWF6b250cnVzdC5jb20wOAYIKwYBBQUH\nMAKGLGh0dHA6Ly9jcnQucm9vdGcyLmFtYXpvbnRydXN0LmNvbS9yb290ZzIuY2Vy\nMD0GA1UdHwQ2MDQwMqAwoC6GLGh0dHA6Ly9jcmwucm9vdGcyLmFtYXpvbnRydXN0\nLmNvbS9yb290ZzIuY3JsMBEGA1UdIAQKMAgwBgYEVR0gADANBgkqhkiG9w0BAQsF\nAAOCAQEAYjdCXLwQtT6LLOkMm2xF4gcAevnFWAu5CIw+7bMlPLVvUOTNNWqnkzSW\nMiGpSESrnO09tKpzbeR/FoCJbM8oAxiDR3mjEH4wW6w7sGDgd9QIpuEdfF7Au/ma\neyKdpwAJfqxGF4PcnCZXmTA5YpaP7dreqsXMGz7KQ2hsVxa81Q4gLv7/wmpdLqBK\nbRRYh5TmOTFffHPLkIhqhBGWJ6bt2YFGpn6jcgAKUj6DiAdjd4lpFw85hdKrCEVN\n0FE6/V1dN2RMfjCyVSRCnTawXZwXgWHxyvkQAiSr6w10kY17RSlQOYiypok1JR4U\nakcjMS9cmvqtmg5iUaQqqcT5NJ0hGA==\n-----END CERTIFICATE-----\n",
                "is_ca": true,
                "issuer": "CN=Starfield Services Root Certificate Authority - G2,O=Starfield Technologies\\, Inc.,L=Scottsdale,ST=Arizona,C=US",
                "not_after": "2037-12-31T01:00:00Z",
                "not_before": "2015-05-25T12:00:00Z",
                "public_key_algorithm": "RSA",
                "serial_number": "144918191876577076464031512351042010504348870",
                "sha1_fingerprint": "06b25927c42a721631c1efd9431e648fa62e1e39",
                "signature_algorithm": "SHA256-RSA",
                "subject": "CN=Amazon Root CA 1,O=Amazon,C=US",
                "version": 3
              },
              {
                "cert_pem": "-----BEGIN CERTIFICATE-----\nMIIEXjCCA0agAwIBAgITB3MSOAudZoijOx7Zv5zNpo4ODzANBgkqhkiG9w0BAQsF\nADA5MQswCQYDVQQGEwJVUzEPMA0GA1UEChMGQW1hem9uMRkwFwYDVQQDExBBbWF6\nb24gUm9vdCBDQSAxMB4XDTIyMDgyMzIyMjEyOFoXDTMwMDgyMzIyMjEyOFowPDEL\nMAkGA1UEBhMCVVMxDzANBgNVBAoTBkFtYXpvbjEcMBoGA1UEAxMTQW1hem9uIFJT\nQSAyMDQ4IE0wMTCCASIwDQYJKoZIhvcNAQEBBQADggEPADCCAQoCggEBAOtxLKnL\nH4gokjIwr4pXD3i3NyWVVYesZ1yX0yLI2qIUZ2t88Gfa4gMqs1YSXca1R/lnCKeT\nepWSGA+0+fkQNpp/L4C2T7oTTsddUx7g3ZYzByDTlrwS5HRQQqEFE3O1T5tEJP4t\nf+28IoXsNiEzl3UGzicYgtzj2cWCB41eJgEmJmcf2T8TzzK6a614ZPyq/w4CPAff\nnAV4coz96nW3AyiE2uhuB4zQUIXvgVSycW7sbWLvj5TDXunEpNCRwC4kkZjK7rol\njtT2cbb7W2s4Bkg3R42G3PLqBvt2N32e/0JOTViCk8/iccJ4sXqrS1uUN4iB5Nmv\nJK74csVl+0u0UecCAwEAAaOCAVowggFWMBIGA1UdEwEB/wQIMAYBAf8CAQAwDgYD\nVR0PAQH/BAQDAgGGMB0GA1UdJQQWMBQGCCsGAQUFBwMBBggrBgEFBQcDAjAdBgNV\nHQ4EFgQUgbgOY4qJEhjl+js7UJWf5uWQE4UwHwYDVR0jBBgwFoAUhBjMhTTsvAyU\nlC4IWZzHshBOCggwewYIKwYBBQUHAQEEbzBtMC8GCCsGAQUFBzABhiNodHRwOi8v\nb2NzcC5yb290Y2ExLmFtYXpvbnRydXN0LmNvbTA6BggrBgEFBQcwAoYuaHR0cDov\nL2NydC5yb290Y2ExLmFtYXpvbnRydXN0LmNvbS9yb290Y2ExLmNlcjA/BgNVHR8E\nODA2MDSgMqAwhi5odHRwOi8vY3JsLnJvb3RjYTEuYW1hem9udHJ1c3QuY29tL3Jv\nb3RjYTEuY3JsMBMGA1UdIAQMMAowCAYGZ4EMAQIBMA0GCSqGSIb3DQEBCwUAA4IB\nAQCtAN4CBSMuBjJitGuxlBbkEUDeK/pZwTXv4KqPK0G50fOHOQAd8j21p0cMBgbG\nkfMHVwLU7b0XwZCav0h1ogdPMN1KakK1DT0VwA/+hFvGPJnMV1Kx2G4S1ZaSk0uU\n5QfoiYIIano01J5k4T2HapKQmmOhS/iPtuo00wW+IMLeBuKMn3OLn005hcrOGTad\nhcmeyfhQP7Z+iKHvyoQGi1C0ClymHETx/chhQGDyYSWqB/THwnN15AwLQo0E5V9E\nSJlbe4mBlqeInUsNYugExNf+tOiybcrswBy8OFsd34XOW3rjSUtsuafd9AWySa3h\nxRRrwszrzX/WWGm6wyB+f7C4\n-----END CERTIFICATE-----\n",
                "is_ca": true,
                "issuer": "CN=Amazon Root CA 1,O=Amazon,C=US",
                "not_after": "2030-08-23T22:21:28Z",
                "not_before": "2022-08-23T22:21:28Z",
                "public_key_algorithm": "RSA",
                "serial_number": "166129328851546858514271303855646110030630415",
                "sha1_fingerprint": "2ad974a775f73cbdbbd8f5ac3a49255fa8fb1f8c",
                "signature_algorithm": "SHA256-RSA",
                "subject": "CN=Amazon RSA 2048 M01,O=Amazon,C=US",
                "version": 3
              },
              {
                "cert_pem": "-----BEGIN CERTIFICATE-----\nMIIF7TCCBNWgAwIBAgIQDAMZajMylZveIhA3JfaDkzANBgkqhkiG9w0BAQsFADA8\nMQswCQYDVQQGEwJVUzEPMA0GA1UEChMGQW1hem9uMRwwGgYDVQQDExNBbWF6b24g\nUlNBIDIwNDggTTAxMB4XDTIzMDQxMzAwMDAwMFoXDTI0MDUxMTIzNTk1OVowKzEp\nMCcGA1UEAxMgb2lkYy5la3MudXMtd2VzdC0yLmFtYXpvbmF3cy5jb20wggEiMA0G\nCSqGSIb3DQEBAQUAA4IBDwAwggEKAoIBAQCPZcUrPoakGvhWyoBhbOpCizY18tRP\nck5uA2m0p4CqnFVP0qU8whlmtAALUGkpMBg11VmEjRqW09l36Mg+1IzP1VHQTTc4\nJJa9jCibHsYRNyIdh3d4CoW1tV+5TQFZ7dcuK3a5XMPRVe+LdeBB+UjHky/kvgkZ\nwQAC0EGp4jztSxEiaiLH7hDhEugUR6yJNgD29Qd1LnovJ6zs8nUd719Dh5x/etWJ\n3z04TKzhriTz+9FEE4Xrl2k0qZxQsKGRtsqE+Ra9ZpytFNCVSL8EK2zlb97umWwJ\nyhG/fdvKfOuMX7qUAuWzgaaPlkQDibDQjY6OTfFbfKMDDVTFtQEbUQD9AgMBAAGj\nggL6MIIC9jAfBgNVHSMEGDAWgBSBuA5jiokSGOX6OztQlZ/m5ZAThTAdBgNVHQ4E\nFgQUnBmr23OxmnGzVwNOzSVgMw1pQcAwKwYDVR0RBCQwIoIgb2lkYy5la3MudXMt\nd2VzdC0yLmFtYXpvbmF3cy5jb20wDgYDVR0PAQH/BAQDAgWgMB0GA1UdJQQWMBQG\nCCsGAQUFBwMBBggrBgEFBQcDAjA7BgNVHR8ENDAyMDCgLqAshipodHRwOi8vY3Js\nLnIybTAxLmFtYXpvbnRydXN0LmNvbS9yMm0wMS5jcmwwEwYDVR0gBAwwCjAIBgZn\ngQwBAgEwdQYIKwYBBQUHAQEEaTBnMC0GCCsGAQUFBzABhiFodHRwOi8vb2NzcC5y\nMm0wMS5hbWF6b250cnVzdC5jb20wNgYIKwYBBQUHMAKGKmh0dHA6Ly9jcnQucjJt\nMDEuYW1hem9udHJ1c3QuY29tL3IybTAxLmNlcjAMBgNVHRMBAf8EAjAAMIIBfwYK\nKwYBBAHWeQIEAgSCAW8EggFrAWkAdwDuzdBk1dsazsVct520zROiModGfLzs3sNR\nSFlGcR+1mwAAAYd4O9dqAAAEAwBIMEYCIQDO28u4eYZCvCNjZhMZSsB3Fu8VJImr\nv2a0i5AF9PbvWQIhANQcunFuOYph/lhOvSqw3+XlDR1ML8OJKtfL713/7n93AHYA\nSLDja9qmRzQP5WoC+p0w6xxSActW3SyB2bu/qznYhHMAAAGHeDvXmAAABAMARzBF\nAiEAr28QhaZMvCEmxdb9dVBYR4ov5aHr89pGPiGzAkix8AECIBMKc+QxtzcAJMHS\nDtAfbHwfbXbp4czqmiB5TTirm8FxAHYA2ra/az+1tiKfm8K7XGvocJFxbLtRhIU0\nvaQ9MEjX+6sAAAGHeDvXZQAABAMARzBFAiBoclNKW27c9oUdEGfcDF0v2c52pQQQ\nDkvL6wnA5xY5egIhANSogtAL30hmiOGf4yRIFTcIlt1rL855WMmgvhPD3HCUMA0G\nCSqGSIb3DQEBCwUAA4IBAQAvv031iNDVLeCL0kQ7VQDSuS9IzR9p8Vuccc08WBP6\n1Iqmiveq3k/wSwXhKxw4vaxvzpIXUaW/IEfRKXd+BuRtJmz+mfZmNvaB7CPp007+\nMbCblsrfvGBwHvORZy5jPRxHfoxto/FuJDvQVUfVB60gBjG602yAU6wipPmzNHTs\nOQ6+xp0t6e/P31czkpWvZWeEhBRexRkRaU5UoIY2+M07kGQePfdaJtqQbefHmDSc\nj2kx2HU3kCEiFjQr56+cPhzQNAjsRAR/9EIc0QHj1jdVTimMvYQ4nMa6VqsvmtWT\nm7oLVSrA4/8EhLS5SRwlGIYYjmv+pwkHydqYzEcKA0lz\n-----END CERTIFICATE-----\n",
                "is_ca": false,
                "issuer": "CN=Amazon RSA 2048 M01,O=Amazon,C=US",
                "not_after": "2024-05-11T23:59:59Z",
                "not_before": "2023-04-13T00:00:00Z",
                "public_key_algorithm": "RSA",
                "serial_number": "15966828314264801061238642629783487379",
                "sha1_fingerprint": "e1d31a1f94725daaef02dcf1c1bb0ff4a28a6060",
                "signature_algorithm": "SHA256-RSA",
                "subject": "CN=oidc.eks.us-west-2.amazonaws.com",
                "version": 3
              }
            ],
            "content": null,
            "id": "34b882443ccd2d1a84de1dbac994b28b7f371f17",
            "url": "https://oidc.eks.us-west-2.amazonaws.com/id/E62BC5B60564EE45617CA662B24B8A8F",
            "verify_chain": true
          },
          "sensitive_attributes": []
        }
      ]
    },
    {
      "module": "module.eks",
      "mode": "managed",
      "type": "aws_cloudwatch_log_group",
      "name": "this",
      "provider": "provider[\"registry.terraform.io/hashicorp/aws\"]",
      "instances": [
        {
          "index_key": 0,
          "schema_version": 0,
          "attributes": {
            "arn": "arn:aws:logs:us-west-2:724853865853:log-group:/aws/eks/emr-eks-karpenter/cluster",
            "id": "/aws/eks/emr-eks-karpenter/cluster",
            "kms_key_id": "",
            "log_group_class": "STANDARD",
            "name": "/aws/eks/emr-eks-karpenter/cluster",
            "name_prefix": "",
            "retention_in_days": 90,
            "skip_destroy": false,
            "tags": {
              "Name": "/aws/eks/emr-eks-karpenter/cluster",
              "app": "emr-eks-karpenter"
            },
            "tags_all": {
              "Name": "/aws/eks/emr-eks-karpenter/cluster",
              "app": "emr-eks-karpenter"
            }
          },
          "sensitive_attributes": [],
          "private": "bnVsbA==",
          "create_before_destroy": true
        }
      ]
    },
    {
      "module": "module.eks",
      "mode": "managed",
      "type": "aws_ec2_tag",
      "name": "cluster_primary_security_group",
      "provider": "provider[\"registry.terraform.io/hashicorp/aws\"]",
      "instances": [
        {
          "index_key": "app",
          "schema_version": 0,
          "attributes": {
            "id": "sg-0ee26ac09926ea4cd,app",
            "key": "app",
            "resource_id": "sg-0ee26ac09926ea4cd",
            "value": "emr-eks-karpenter"
          },
          "sensitive_attributes": [],
          "private": "bnVsbA==",
          "dependencies": [
            "data.aws_subnets.private_subnets",
            "module.eks.aws_cloudwatch_log_group.this",
            "module.eks.aws_eks_cluster.this",
            "module.eks.aws_iam_policy.cni_ipv6_policy",
            "module.eks.aws_iam_role.this",
            "module.eks.aws_iam_role_policy_attachment.this",
            "module.eks.aws_security_group.cluster",
            "module.eks.aws_security_group.node",
            "module.eks.aws_security_group_rule.cluster",
            "module.eks.aws_security_group_rule.node",
            "module.eks.data.aws_iam_policy_document.assume_role_policy",
            "module.eks.data.aws_iam_session_context.current",
            "module.eks.data.aws_partition.current",
            "module.eks.module.kms.aws_kms_external_key.this",
            "module.eks.module.kms.aws_kms_key.this",
            "module.eks.module.kms.aws_kms_replica_external_key.this",
            "module.eks.module.kms.aws_kms_replica_key.this",
            "module.eks.module.kms.data.aws_caller_identity.current",
            "module.eks.module.kms.data.aws_iam_policy_document.this",
            "module.eks.module.kms.data.aws_partition.current",
            "module.vpc.aws_vpc.this"
          ]
        }
      ]
    },
    {
      "module": "module.eks",
      "mode": "managed",
      "type": "aws_eks_cluster",
      "name": "this",
      "provider": "provider[\"registry.terraform.io/hashicorp/aws\"]",
      "instances": [
        {
          "index_key": 0,
          "schema_version": 0,
          "attributes": {
            "access_config": [
              {
                "authentication_mode": "CONFIG_MAP",
                "bootstrap_cluster_creator_admin_permissions": false
              }
            ],
            "arn": "arn:aws:eks:us-west-2:724853865853:cluster/emr-eks-karpenter",
            "certificate_authority": [
              {
                "data": "LS0tLS1CRUdJTiBDRVJUSUZJQ0FURS0tLS0tCk1JSURCVENDQWUyZ0F3SUJBZ0lJWExEcUJzWWFtQTR3RFFZSktvWklodmNOQVFFTEJRQXdGVEVUTUJFR0ExVUUKQXhNS2EzVmlaWEp1WlhSbGN6QWVGdzB5TkRBek1EZ3dOak0zTWpsYUZ3MHpOREF6TURZd05qUXlNamxhTUJVeApFekFSQmdOVkJBTVRDbXQxWW1WeWJtVjBaWE13Z2dFaU1BMEdDU3FHU0liM0RRRUJBUVVBQTRJQkR3QXdnZ0VLCkFvSUJBUUMvVU8wK2NTU2tvbUx6Mnd0Z0tBVnFNaDJ4YVZqQUVUMDZxdlpTOEEyZVBLOUhudnYrNU96dXVmOHUKMUhoUExCYTlqMDlrZDVtWm5OSS9kaGNiMjArRWZyNGU4dTMxbHZzeTNqYkpuWGNsQ1FSWkVYT2xuRjFqSTM4RApoQ3JoUXlJNTF2QklBYWJsM3oyVU1KRHhzVTdEaWRCQnNvSitnMUJHejRod1dEeTY1NXVlYURidWxyK293OGtmCmJDN1ZZbFZkMHZuNUt4ejRDRSs3eXlJTWtqWTBzKzdiQW9kWk5VQzZHU1pCYlprSmhZMHF1N0pzaWJ6TERWa1gKMXozc3k0ZWJFZDc1aStQTXA5Ni9Pam0rbktuKzF1TEZ0NUc4cG9sNzlIaWdySHUxTG54Rkpvb1RSd2NoN3RsegpUdVc3b1B4bFZ3ZXBDUmp0L2wwMTFOWGgxemJ6QWdNQkFBR2pXVEJYTUE0R0ExVWREd0VCL3dRRUF3SUNwREFQCkJnTlZIUk1CQWY4RUJUQURBUUgvTUIwR0ExVWREZ1FXQkJRazJvSGpjQ2RDb2F4R0QwNktqZHVDc3JIVUd6QVYKQmdOVkhSRUVEakFNZ2dwcmRXSmxjbTVsZEdWek1BMEdDU3FHU0liM0RRRUJDd1VBQTRJQkFRQis5eUdva1F3YwpxcHR0UXg1bFBzT2doUjZyVmpTakV4NjNvL2hTdTBSR2RVTlNDdUxSbDFWcmlrbHhRQ01HalJKYjQwb3pTRTBoCnF2dU9vdHdPTlpMQmpCNXlDL0JSOXYvS1JiTzRsWHp5d1R6UlFuSWV5ckpFMzF0SC9tamQwaGJTamdaWW5GQ0MKS3VQVnNRWnhnVzFLQnFMYWIveEVDbkh5aEtzdFdCcFlvWUJhYzZDMTJDY1B5Tkg3dSt1a280TE1uVjgzaEZLQQpoS0xnSDhjYjJuMkdncVRXZnhiS0xnclNSc1dtZytNSzRnUjVJYW1RYUZDbngxWE8wMjdNTnptNlRVbEZYNVFBCm9NNjdiTVowUy80aXJNRE5XSEZRMG51cjFtc3RBN0l1bDRXRlJxQkxac0lOMGp2MCs0ODZBS3NDSFhaUGoxNTEKWXc4ZGlnSWZNNkgxCi0tLS0tRU5EIENFUlRJRklDQVRFLS0tLS0K"
              }
            ],
            "cluster_id": null,
            "created_at": "2024-03-08 06:38:22.212 +0000 UTC",
            "enabled_cluster_log_types": [
              "api",
              "audit",
              "authenticator"
            ],
            "encryption_config": [
              {
                "provider": [
                  {
                    "key_arn": "arn:aws:kms:us-west-2:724853865853:key/445f9438-eb12-4f34-bddb-032ef5b31048"
                  }
                ],
                "resources": [
                  "secrets"
                ]
              }
            ],
            "endpoint": "https://E62BC5B60564EE45617CA662B24B8A8F.gr7.us-west-2.eks.amazonaws.com",
            "id": "emr-eks-karpenter",
            "identity": [
              {
                "oidc": [
                  {
                    "issuer": "https://oidc.eks.us-west-2.amazonaws.com/id/E62BC5B60564EE45617CA662B24B8A8F"
                  }
                ]
              }
            ],
            "kubernetes_network_config": [
              {
                "ip_family": "ipv4",
                "service_ipv4_cidr": "172.20.0.0/16",
                "service_ipv6_cidr": ""
              }
            ],
            "name": "emr-eks-karpenter",
            "outpost_config": [],
            "platform_version": "eks.9",
            "role_arn": "arn:aws:iam::724853865853:role/emr-eks-karpenter-cluster-20240308063748931500000002",
            "status": "ACTIVE",
            "tags": {
              "app": "emr-eks-karpenter"
            },
            "tags_all": {
              "app": "emr-eks-karpenter"
            },
            "timeouts": {
              "create": null,
              "delete": null,
              "update": null
            },
            "version": "1.28",
            "vpc_config": [
              {
                "cluster_security_group_id": "sg-0ee26ac09926ea4cd",
                "endpoint_private_access": true,
                "endpoint_public_access": true,
                "public_access_cidrs": [
                  "0.0.0.0/0"
                ],
                "security_group_ids": [
                  "sg-0042c29114262c9cd"
                ],
                "subnet_ids": [
                  "subnet-057019d27b10482b6",
                  "subnet-084e05b50a5246beb"
                ],
                "vpc_id": "vpc-06933d905386b98a8"
              }
            ]
          },
          "sensitive_attributes": [],
          "private": "eyJlMmJmYjczMC1lY2FhLTExZTYtOGY4OC0zNDM2M2JjN2M0YzAiOnsiY3JlYXRlIjoxODAwMDAwMDAwMDAwLCJkZWxldGUiOjkwMDAwMDAwMDAwMCwidXBkYXRlIjozNjAwMDAwMDAwMDAwfX0=",
          "dependencies": [
            "data.aws_subnets.private_subnets",
            "module.eks.aws_cloudwatch_log_group.this",
            "module.eks.aws_iam_policy.cni_ipv6_policy",
            "module.eks.aws_iam_role.this",
            "module.eks.aws_iam_role_policy_attachment.this",
            "module.eks.aws_security_group.cluster",
            "module.eks.aws_security_group.node",
            "module.eks.aws_security_group_rule.cluster",
            "module.eks.aws_security_group_rule.node",
            "module.eks.data.aws_iam_policy_document.assume_role_policy",
            "module.eks.data.aws_iam_session_context.current",
            "module.eks.data.aws_partition.current",
            "module.eks.module.kms.aws_kms_external_key.this",
            "module.eks.module.kms.aws_kms_key.this",
            "module.eks.module.kms.aws_kms_replica_external_key.this",
            "module.eks.module.kms.aws_kms_replica_key.this",
            "module.eks.module.kms.data.aws_caller_identity.current",
            "module.eks.module.kms.data.aws_iam_policy_document.this",
            "module.eks.module.kms.data.aws_partition.current",
            "module.vpc.aws_vpc.this"
          ],
          "create_before_destroy": true
        }
      ]
    },
    {
      "module": "module.eks",
      "mode": "managed",
      "type": "aws_iam_openid_connect_provider",
      "name": "oidc_provider",
      "provider": "provider[\"registry.terraform.io/hashicorp/aws\"]",
      "instances": [
        {
          "index_key": 0,
          "schema_version": 0,
          "attributes": {
            "arn": "arn:aws:iam::724853865853:oidc-provider/oidc.eks.us-west-2.amazonaws.com/id/E62BC5B60564EE45617CA662B24B8A8F",
            "client_id_list": [
              "sts.amazonaws.com"
            ],
            "id": "arn:aws:iam::724853865853:oidc-provider/oidc.eks.us-west-2.amazonaws.com/id/E62BC5B60564EE45617CA662B24B8A8F",
            "tags": {
              "Name": "emr-eks-karpenter-eks-irsa",
              "app": "emr-eks-karpenter"
            },
            "tags_all": {
              "Name": "emr-eks-karpenter-eks-irsa",
              "app": "emr-eks-karpenter"
            },
            "thumbprint_list": [
              "9e99a48a9960b14926bb7f3b02e22da2b0ab7280"
            ],
            "url": "oidc.eks.us-west-2.amazonaws.com/id/E62BC5B60564EE45617CA662B24B8A8F"
          },
          "sensitive_attributes": [],
          "private": "bnVsbA==",
          "dependencies": [
            "data.aws_subnets.private_subnets",
            "module.eks.aws_cloudwatch_log_group.this",
            "module.eks.aws_eks_cluster.this",
            "module.eks.aws_iam_policy.cni_ipv6_policy",
            "module.eks.aws_iam_role.this",
            "module.eks.aws_iam_role_policy_attachment.this",
            "module.eks.aws_security_group.cluster",
            "module.eks.aws_security_group.node",
            "module.eks.aws_security_group_rule.cluster",
            "module.eks.aws_security_group_rule.node",
            "module.eks.data.aws_iam_policy_document.assume_role_policy",
            "module.eks.data.aws_iam_session_context.current",
            "module.eks.data.aws_partition.current",
            "module.eks.data.tls_certificate.this",
            "module.eks.module.kms.aws_kms_external_key.this",
            "module.eks.module.kms.aws_kms_key.this",
            "module.eks.module.kms.aws_kms_replica_external_key.this",
            "module.eks.module.kms.aws_kms_replica_key.this",
            "module.eks.module.kms.data.aws_caller_identity.current",
            "module.eks.module.kms.data.aws_iam_policy_document.this",
            "module.eks.module.kms.data.aws_partition.current",
            "module.vpc.aws_vpc.this"
          ]
        }
      ]
    },
    {
      "module": "module.eks",
      "mode": "managed",
      "type": "aws_iam_policy",
      "name": "cluster_encryption",
      "provider": "provider[\"registry.terraform.io/hashicorp/aws\"]",
      "instances": [
        {
          "index_key": 0,
          "schema_version": 0,
          "attributes": {
            "arn": "arn:aws:iam::724853865853:policy/emr-eks-karpenter-cluster-ClusterEncryption2024030806381913990000000b",
            "description": "Cluster encryption policy to allow cluster role to utilize CMK provided",
            "id": "arn:aws:iam::724853865853:policy/emr-eks-karpenter-cluster-ClusterEncryption2024030806381913990000000b",
            "name": "emr-eks-karpenter-cluster-ClusterEncryption2024030806381913990000000b",
            "name_prefix": "emr-eks-karpenter-cluster-ClusterEncryption",
            "path": "/",
            "policy": "{\"Statement\":[{\"Action\":[\"kms:Encrypt\",\"kms:Decrypt\",\"kms:ListGrants\",\"kms:DescribeKey\"],\"Effect\":\"Allow\",\"Resource\":\"arn:aws:kms:us-west-2:724853865853:key/445f9438-eb12-4f34-bddb-032ef5b31048\"}],\"Version\":\"2012-10-17\"}",
            "policy_id": "ANPA2RRFIHV6V4ZZAHFUJ",
            "tags": {
              "app": "emr-eks-karpenter"
            },
            "tags_all": {
              "app": "emr-eks-karpenter"
            }
          },
          "sensitive_attributes": [],
          "private": "bnVsbA==",
          "dependencies": [
            "module.eks.aws_iam_role.this",
            "module.eks.data.aws_iam_policy_document.assume_role_policy",
            "module.eks.data.aws_iam_session_context.current",
            "module.eks.module.kms.aws_kms_external_key.this",
            "module.eks.module.kms.aws_kms_key.this",
            "module.eks.module.kms.aws_kms_replica_external_key.this",
            "module.eks.module.kms.aws_kms_replica_key.this",
            "module.eks.module.kms.data.aws_caller_identity.current",
            "module.eks.module.kms.data.aws_iam_policy_document.this",
            "module.eks.module.kms.data.aws_partition.current"
          ]
        }
      ]
    },
    {
      "module": "module.eks",
      "mode": "managed",
      "type": "aws_iam_role",
      "name": "this",
      "provider": "provider[\"registry.terraform.io/hashicorp/aws\"]",
      "instances": [
        {
          "index_key": 0,
          "schema_version": 0,
          "attributes": {
            "arn": "arn:aws:iam::724853865853:role/emr-eks-karpenter-cluster-20240308063748931500000002",
            "assume_role_policy": "{\"Statement\":[{\"Action\":\"sts:AssumeRole\",\"Effect\":\"Allow\",\"Principal\":{\"Service\":\"eks.amazonaws.com\"},\"Sid\":\"EKSClusterAssumeRole\"}],\"Version\":\"2012-10-17\"}",
            "create_date": "2024-03-08T06:37:50Z",
            "description": "",
            "force_detach_policies": true,
            "id": "emr-eks-karpenter-cluster-20240308063748931500000002",
            "inline_policy": [
              {
                "name": "emr-eks-karpenter-cluster",
                "policy": "{\"Version\":\"2012-10-17\",\"Statement\":[{\"Action\":[\"logs:CreateLogGroup\"],\"Effect\":\"Deny\",\"Resource\":\"*\"}]}"
              }
            ],
            "managed_policy_arns": [],
            "max_session_duration": 3600,
            "name": "emr-eks-karpenter-cluster-20240308063748931500000002",
            "name_prefix": "emr-eks-karpenter-cluster-",
            "path": "/",
            "permissions_boundary": "",
            "tags": {
              "app": "emr-eks-karpenter"
            },
            "tags_all": {
              "app": "emr-eks-karpenter"
            },
            "unique_id": "AROA2RRFIHV64NGNLQFBC"
          },
          "sensitive_attributes": [],
          "private": "bnVsbA==",
          "dependencies": [
            "module.eks.data.aws_iam_policy_document.assume_role_policy"
          ],
          "create_before_destroy": true
        }
      ]
    },
    {
      "module": "module.eks",
      "mode": "managed",
      "type": "aws_iam_role_policy_attachment",
      "name": "cluster_encryption",
      "provider": "provider[\"registry.terraform.io/hashicorp/aws\"]",
      "instances": [
        {
          "index_key": 0,
          "schema_version": 0,
          "attributes": {
            "id": "emr-eks-karpenter-cluster-20240308063748931500000002-2024030806382067340000000c",
            "policy_arn": "arn:aws:iam::724853865853:policy/emr-eks-karpenter-cluster-ClusterEncryption2024030806381913990000000b",
            "role": "emr-eks-karpenter-cluster-20240308063748931500000002"
          },
          "sensitive_attributes": [],
          "private": "bnVsbA==",
          "dependencies": [
            "module.eks.aws_iam_policy.cluster_encryption",
            "module.eks.aws_iam_role.this",
            "module.eks.data.aws_iam_policy_document.assume_role_policy",
            "module.eks.data.aws_iam_session_context.current",
            "module.eks.module.kms.aws_kms_external_key.this",
            "module.eks.module.kms.aws_kms_key.this",
            "module.eks.module.kms.aws_kms_replica_external_key.this",
            "module.eks.module.kms.aws_kms_replica_key.this",
            "module.eks.module.kms.data.aws_caller_identity.current",
            "module.eks.module.kms.data.aws_iam_policy_document.this",
            "module.eks.module.kms.data.aws_partition.current"
          ]
        }
      ]
    },
    {
      "module": "module.eks",
      "mode": "managed",
      "type": "aws_iam_role_policy_attachment",
      "name": "this",
      "provider": "provider[\"registry.terraform.io/hashicorp/aws\"]",
      "instances": [
        {
          "index_key": "AmazonEKSClusterPolicy",
          "schema_version": 0,
          "attributes": {
            "id": "emr-eks-karpenter-cluster-20240308063748931500000002-20240308063753057100000009",
            "policy_arn": "arn:aws:iam::aws:policy/AmazonEKSClusterPolicy",
            "role": "emr-eks-karpenter-cluster-20240308063748931500000002"
          },
          "sensitive_attributes": [],
          "private": "bnVsbA==",
          "dependencies": [
            "module.eks.aws_iam_role.this",
            "module.eks.data.aws_iam_policy_document.assume_role_policy",
            "module.eks.data.aws_partition.current"
          ],
          "create_before_destroy": true
        },
        {
          "index_key": "AmazonEKSVPCResourceController",
          "schema_version": 0,
          "attributes": {
            "id": "emr-eks-karpenter-cluster-20240308063748931500000002-2024030806375325930000000a",
            "policy_arn": "arn:aws:iam::aws:policy/AmazonEKSVPCResourceController",
            "role": "emr-eks-karpenter-cluster-20240308063748931500000002"
          },
          "sensitive_attributes": [],
          "private": "bnVsbA==",
          "dependencies": [
            "module.eks.aws_iam_role.this",
            "module.eks.data.aws_iam_policy_document.assume_role_policy",
            "module.eks.data.aws_partition.current"
          ],
          "create_before_destroy": true
        }
      ]
    },
    {
      "module": "module.eks",
      "mode": "managed",
      "type": "aws_security_group",
      "name": "cluster",
      "provider": "provider[\"registry.terraform.io/hashicorp/aws\"]",
      "instances": [
        {
          "index_key": 0,
          "schema_version": 1,
          "attributes": {
            "arn": "arn:aws:ec2:us-west-2:724853865853:security-group/sg-0042c29114262c9cd",
            "description": "EKS cluster security group",
            "egress": [],
            "id": "sg-0042c29114262c9cd",
            "ingress": [],
            "name": "emr-eks-karpenter-cluster-20240308063748931000000001",
            "name_prefix": "emr-eks-karpenter-cluster-",
            "owner_id": "724853865853",
            "revoke_rules_on_delete": false,
            "tags": {
              "Name": "emr-eks-karpenter-cluster",
              "app": "emr-eks-karpenter"
            },
            "tags_all": {
              "Name": "emr-eks-karpenter-cluster",
              "app": "emr-eks-karpenter"
            },
            "timeouts": null,
            "vpc_id": "vpc-06933d905386b98a8"
          },
          "sensitive_attributes": [],
          "private": "eyJlMmJmYjczMC1lY2FhLTExZTYtOGY4OC0zNDM2M2JjN2M0YzAiOnsiY3JlYXRlIjo2MDAwMDAwMDAwMDAsImRlbGV0ZSI6OTAwMDAwMDAwMDAwfSwic2NoZW1hX3ZlcnNpb24iOiIxIn0=",
          "dependencies": [
            "module.vpc.aws_vpc.this"
          ],
          "create_before_destroy": true
        }
      ]
    },
    {
      "module": "module.eks",
      "mode": "managed",
      "type": "aws_security_group",
      "name": "node",
      "provider": "provider[\"registry.terraform.io/hashicorp/aws\"]",
      "instances": [
        {
          "index_key": 0,
          "schema_version": 1,
          "attributes": {
            "arn": "arn:aws:ec2:us-west-2:724853865853:security-group/sg-0c163279c6491e374",
            "description": "EKS node shared security group",
            "egress": [],
            "id": "sg-0c163279c6491e374",
            "ingress": [],
            "name": "emr-eks-karpenter-node-20240308063748931800000004",
            "name_prefix": "emr-eks-karpenter-node-",
            "owner_id": "724853865853",
            "revoke_rules_on_delete": false,
            "tags": {
              "Name": "emr-eks-karpenter-node",
              "app": "emr-eks-karpenter",
              "kubernetes.io/cluster/emr-eks-karpenter": "owned"
            },
            "tags_all": {
              "Name": "emr-eks-karpenter-node",
              "app": "emr-eks-karpenter",
              "kubernetes.io/cluster/emr-eks-karpenter": "owned"
            },
            "timeouts": null,
            "vpc_id": "vpc-06933d905386b98a8"
          },
          "sensitive_attributes": [],
          "private": "eyJlMmJmYjczMC1lY2FhLTExZTYtOGY4OC0zNDM2M2JjN2M0YzAiOnsiY3JlYXRlIjo2MDAwMDAwMDAwMDAsImRlbGV0ZSI6OTAwMDAwMDAwMDAwfSwic2NoZW1hX3ZlcnNpb24iOiIxIn0=",
          "dependencies": [
            "module.vpc.aws_vpc.this"
          ],
          "create_before_destroy": true
        }
      ]
    },
    {
      "module": "module.eks",
      "mode": "managed",
      "type": "aws_security_group_rule",
      "name": "cluster",
      "provider": "provider[\"registry.terraform.io/hashicorp/aws\"]",
      "instances": [
        {
          "index_key": "ingress_nodes_443",
          "schema_version": 2,
          "attributes": {
            "cidr_blocks": null,
            "description": "Node groups to cluster API",
            "from_port": 443,
            "id": "sgrule-2212150703",
            "ipv6_cidr_blocks": null,
            "prefix_list_ids": null,
            "protocol": "tcp",
            "security_group_id": "sg-0042c29114262c9cd",
            "security_group_rule_id": "sgr-09b44efb1990e4566",
            "self": false,
            "source_security_group_id": "sg-0c163279c6491e374",
            "timeouts": null,
            "to_port": 443,
            "type": "ingress"
          },
          "sensitive_attributes": [],
          "private": "eyJlMmJmYjczMC1lY2FhLTExZTYtOGY4OC0zNDM2M2JjN2M0YzAiOnsiY3JlYXRlIjozMDAwMDAwMDAwMDB9LCJzY2hlbWFfdmVyc2lvbiI6IjIifQ==",
          "dependencies": [
            "module.eks.aws_security_group.cluster",
            "module.eks.aws_security_group.node",
            "module.vpc.aws_vpc.this"
          ],
          "create_before_destroy": true
        },
        {
          "index_key": "ingress_nodes_ephemeral_ports_tcp",
          "schema_version": 2,
          "attributes": {
            "cidr_blocks": null,
            "description": "Nodes on ephemeral ports",
            "from_port": 1025,
            "id": "sgrule-4019599177",
            "ipv6_cidr_blocks": null,
            "prefix_list_ids": null,
            "protocol": "tcp",
            "security_group_id": "sg-0042c29114262c9cd",
            "security_group_rule_id": "sgr-0b131deb8fc8cce67",
            "self": false,
            "source_security_group_id": "sg-0c163279c6491e374",
            "timeouts": null,
            "to_port": 65535,
            "type": "ingress"
          },
          "sensitive_attributes": [],
          "private": "eyJlMmJmYjczMC1lY2FhLTExZTYtOGY4OC0zNDM2M2JjN2M0YzAiOnsiY3JlYXRlIjozMDAwMDAwMDAwMDB9LCJzY2hlbWFfdmVyc2lvbiI6IjIifQ==",
          "dependencies": [
            "module.eks.aws_security_group.cluster",
            "module.eks.aws_security_group.node",
            "module.vpc.aws_vpc.this"
          ],
          "create_before_destroy": true
        }
      ]
    },
    {
      "module": "module.eks",
      "mode": "managed",
      "type": "aws_security_group_rule",
      "name": "node",
      "provider": "provider[\"registry.terraform.io/hashicorp/aws\"]",
      "instances": [
        {
          "index_key": "egress_all",
          "schema_version": 2,
          "attributes": {
            "cidr_blocks": [
              "0.0.0.0/0"
            ],
            "description": "Allow all egress",
            "from_port": 0,
            "id": "sgrule-2696947710",
            "ipv6_cidr_blocks": null,
            "prefix_list_ids": [],
            "protocol": "-1",
            "security_group_id": "sg-0c163279c6491e374",
            "security_group_rule_id": "sgr-04259006682a09269",
            "self": false,
            "source_security_group_id": null,
            "timeouts": null,
            "to_port": 0,
            "type": "egress"
          },
          "sensitive_attributes": [],
          "private": "eyJlMmJmYjczMC1lY2FhLTExZTYtOGY4OC0zNDM2M2JjN2M0YzAiOnsiY3JlYXRlIjozMDAwMDAwMDAwMDB9LCJzY2hlbWFfdmVyc2lvbiI6IjIifQ==",
          "dependencies": [
            "module.eks.aws_security_group.cluster",
            "module.eks.aws_security_group.node",
            "module.vpc.aws_vpc.this"
          ],
          "create_before_destroy": true
        },
        {
          "index_key": "ingress_cluster_443",
          "schema_version": 2,
          "attributes": {
            "cidr_blocks": null,
            "description": "Cluster API to node groups",
            "from_port": 443,
            "id": "sgrule-26460141",
            "ipv6_cidr_blocks": null,
            "prefix_list_ids": [],
            "protocol": "tcp",
            "security_group_id": "sg-0c163279c6491e374",
            "security_group_rule_id": "sgr-06846cf65d3cfe8ed",
            "self": false,
            "source_security_group_id": "sg-0042c29114262c9cd",
            "timeouts": null,
            "to_port": 443,
            "type": "ingress"
          },
          "sensitive_attributes": [],
          "private": "eyJlMmJmYjczMC1lY2FhLTExZTYtOGY4OC0zNDM2M2JjN2M0YzAiOnsiY3JlYXRlIjozMDAwMDAwMDAwMDB9LCJzY2hlbWFfdmVyc2lvbiI6IjIifQ==",
          "dependencies": [
            "module.eks.aws_security_group.cluster",
            "module.eks.aws_security_group.node",
            "module.vpc.aws_vpc.this"
          ],
          "create_before_destroy": true
        },
        {
          "index_key": "ingress_cluster_4443_webhook",
          "schema_version": 2,
          "attributes": {
            "cidr_blocks": null,
            "description": "Cluster API to node 4443/tcp webhook",
            "from_port": 4443,
            "id": "sgrule-3841798811",
            "ipv6_cidr_blocks": null,
            "prefix_list_ids": [],
            "protocol": "tcp",
            "security_group_id": "sg-0c163279c6491e374",
            "security_group_rule_id": "sgr-0023801626dc4182b",
            "self": false,
            "source_security_group_id": "sg-0042c29114262c9cd",
            "timeouts": null,
            "to_port": 4443,
            "type": "ingress"
          },
          "sensitive_attributes": [],
          "private": "eyJlMmJmYjczMC1lY2FhLTExZTYtOGY4OC0zNDM2M2JjN2M0YzAiOnsiY3JlYXRlIjozMDAwMDAwMDAwMDB9LCJzY2hlbWFfdmVyc2lvbiI6IjIifQ==",
          "dependencies": [
            "module.eks.aws_security_group.cluster",
            "module.eks.aws_security_group.node",
            "module.vpc.aws_vpc.this"
          ],
          "create_before_destroy": true
        },
        {
          "index_key": "ingress_cluster_6443_webhook",
          "schema_version": 2,
          "attributes": {
            "cidr_blocks": null,
            "description": "Cluster API to node 6443/tcp webhook",
            "from_port": 6443,
            "id": "sgrule-767513869",
            "ipv6_cidr_blocks": null,
            "prefix_list_ids": [],
            "protocol": "tcp",
            "security_group_id": "sg-0c163279c6491e374",
            "security_group_rule_id": "sgr-0b02d6a4799339cf5",
            "self": false,
            "source_security_group_id": "sg-0042c29114262c9cd",
            "timeouts": null,
            "to_port": 6443,
            "type": "ingress"
          },
          "sensitive_attributes": [],
          "private": "eyJlMmJmYjczMC1lY2FhLTExZTYtOGY4OC0zNDM2M2JjN2M0YzAiOnsiY3JlYXRlIjozMDAwMDAwMDAwMDB9LCJzY2hlbWFfdmVyc2lvbiI6IjIifQ==",
          "dependencies": [
            "module.eks.aws_security_group.cluster",
            "module.eks.aws_security_group.node",
            "module.vpc.aws_vpc.this"
          ],
          "create_before_destroy": true
        },
        {
          "index_key": "ingress_cluster_8443_webhook",
          "schema_version": 2,
          "attributes": {
            "cidr_blocks": null,
            "description": "Cluster API to node 8443/tcp webhook",
            "from_port": 8443,
            "id": "sgrule-1055090988",
            "ipv6_cidr_blocks": null,
            "prefix_list_ids": [],
            "protocol": "tcp",
            "security_group_id": "sg-0c163279c6491e374",
            "security_group_rule_id": "sgr-0933a0a527bdd328c",
            "self": false,
            "source_security_group_id": "sg-0042c29114262c9cd",
            "timeouts": null,
            "to_port": 8443,
            "type": "ingress"
          },
          "sensitive_attributes": [],
          "private": "eyJlMmJmYjczMC1lY2FhLTExZTYtOGY4OC0zNDM2M2JjN2M0YzAiOnsiY3JlYXRlIjozMDAwMDAwMDAwMDB9LCJzY2hlbWFfdmVyc2lvbiI6IjIifQ==",
          "dependencies": [
            "module.eks.aws_security_group.cluster",
            "module.eks.aws_security_group.node",
            "module.vpc.aws_vpc.this"
          ],
          "create_before_destroy": true
        },
        {
          "index_key": "ingress_cluster_9443_webhook",
          "schema_version": 2,
          "attributes": {
            "cidr_blocks": null,
            "description": "Cluster API to node 9443/tcp webhook",
            "from_port": 9443,
            "id": "sgrule-1514298087",
            "ipv6_cidr_blocks": null,
            "prefix_list_ids": [],
            "protocol": "tcp",
            "security_group_id": "sg-0c163279c6491e374",
            "security_group_rule_id": "sgr-06a0defd0540df09a",
            "self": false,
            "source_security_group_id": "sg-0042c29114262c9cd",
            "timeouts": null,
            "to_port": 9443,
            "type": "ingress"
          },
          "sensitive_attributes": [],
          "private": "eyJlMmJmYjczMC1lY2FhLTExZTYtOGY4OC0zNDM2M2JjN2M0YzAiOnsiY3JlYXRlIjozMDAwMDAwMDAwMDB9LCJzY2hlbWFfdmVyc2lvbiI6IjIifQ==",
          "dependencies": [
            "module.eks.aws_security_group.cluster",
            "module.eks.aws_security_group.node",
            "module.vpc.aws_vpc.this"
          ],
          "create_before_destroy": true
        },
        {
          "index_key": "ingress_cluster_kubelet",
          "schema_version": 2,
          "attributes": {
            "cidr_blocks": null,
            "description": "Cluster API to node kubelets",
            "from_port": 10250,
            "id": "sgrule-3052872086",
            "ipv6_cidr_blocks": null,
            "prefix_list_ids": [],
            "protocol": "tcp",
            "security_group_id": "sg-0c163279c6491e374",
            "security_group_rule_id": "sgr-0e3557a0eb67c2a02",
            "self": false,
            "source_security_group_id": "sg-0042c29114262c9cd",
            "timeouts": null,
            "to_port": 10250,
            "type": "ingress"
          },
          "sensitive_attributes": [],
          "private": "eyJlMmJmYjczMC1lY2FhLTExZTYtOGY4OC0zNDM2M2JjN2M0YzAiOnsiY3JlYXRlIjozMDAwMDAwMDAwMDB9LCJzY2hlbWFfdmVyc2lvbiI6IjIifQ==",
          "dependencies": [
            "module.eks.aws_security_group.cluster",
            "module.eks.aws_security_group.node",
            "module.vpc.aws_vpc.this"
          ],
          "create_before_destroy": true
        },
        {
          "index_key": "ingress_nodes_ephemeral",
          "schema_version": 2,
          "attributes": {
            "cidr_blocks": null,
            "description": "Node to node ingress on ephemeral ports",
            "from_port": 1025,
            "id": "sgrule-3563525067",
            "ipv6_cidr_blocks": null,
            "prefix_list_ids": [],
            "protocol": "tcp",
            "security_group_id": "sg-0c163279c6491e374",
            "security_group_rule_id": "sgr-002a1d2253fe88844",
            "self": true,
            "source_security_group_id": null,
            "timeouts": null,
            "to_port": 65535,
            "type": "ingress"
          },
          "sensitive_attributes": [],
          "private": "eyJlMmJmYjczMC1lY2FhLTExZTYtOGY4OC0zNDM2M2JjN2M0YzAiOnsiY3JlYXRlIjozMDAwMDAwMDAwMDB9LCJzY2hlbWFfdmVyc2lvbiI6IjIifQ==",
          "dependencies": [
            "module.eks.aws_security_group.cluster",
            "module.eks.aws_security_group.node",
            "module.vpc.aws_vpc.this"
          ],
          "create_before_destroy": true
        },
        {
          "index_key": "ingress_self_all",
          "schema_version": 2,
          "attributes": {
            "cidr_blocks": null,
            "description": "Node to node all ports/protocols",
            "from_port": 0,
            "id": "sgrule-981438497",
            "ipv6_cidr_blocks": null,
            "prefix_list_ids": [],
            "protocol": "-1",
            "security_group_id": "sg-0c163279c6491e374",
            "security_group_rule_id": "sgr-04ff14d5c25308dc1",
            "self": true,
            "source_security_group_id": null,
            "timeouts": null,
            "to_port": 0,
            "type": "ingress"
          },
          "sensitive_attributes": [],
          "private": "eyJlMmJmYjczMC1lY2FhLTExZTYtOGY4OC0zNDM2M2JjN2M0YzAiOnsiY3JlYXRlIjozMDAwMDAwMDAwMDB9LCJzY2hlbWFfdmVyc2lvbiI6IjIifQ==",
          "dependencies": [
            "module.eks.aws_security_group.cluster",
            "module.eks.aws_security_group.node",
            "module.vpc.aws_vpc.this"
          ],
          "create_before_destroy": true
        },
        {
          "index_key": "ingress_self_coredns_tcp",
          "schema_version": 2,
          "attributes": {
            "cidr_blocks": null,
            "description": "Node to node CoreDNS",
            "from_port": 53,
            "id": "sgrule-2273028196",
            "ipv6_cidr_blocks": null,
            "prefix_list_ids": [],
            "protocol": "tcp",
            "security_group_id": "sg-0c163279c6491e374",
            "security_group_rule_id": "sgr-08c91ae11eb1f6084",
            "self": true,
            "source_security_group_id": null,
            "timeouts": null,
            "to_port": 53,
            "type": "ingress"
          },
          "sensitive_attributes": [],
          "private": "eyJlMmJmYjczMC1lY2FhLTExZTYtOGY4OC0zNDM2M2JjN2M0YzAiOnsiY3JlYXRlIjozMDAwMDAwMDAwMDB9LCJzY2hlbWFfdmVyc2lvbiI6IjIifQ==",
          "dependencies": [
            "module.eks.aws_security_group.cluster",
            "module.eks.aws_security_group.node",
            "module.vpc.aws_vpc.this"
          ],
          "create_before_destroy": true
        },
        {
          "index_key": "ingress_self_coredns_udp",
          "schema_version": 2,
          "attributes": {
            "cidr_blocks": null,
            "description": "Node to node CoreDNS UDP",
            "from_port": 53,
            "id": "sgrule-589564811",
            "ipv6_cidr_blocks": null,
            "prefix_list_ids": [],
            "protocol": "udp",
            "security_group_id": "sg-0c163279c6491e374",
            "security_group_rule_id": "sgr-0a844a773213949c4",
            "self": true,
            "source_security_group_id": null,
            "timeouts": null,
            "to_port": 53,
            "type": "ingress"
          },
          "sensitive_attributes": [],
          "private": "eyJlMmJmYjczMC1lY2FhLTExZTYtOGY4OC0zNDM2M2JjN2M0YzAiOnsiY3JlYXRlIjozMDAwMDAwMDAwMDB9LCJzY2hlbWFfdmVyc2lvbiI6IjIifQ==",
          "dependencies": [
            "module.eks.aws_security_group.cluster",
            "module.eks.aws_security_group.node",
            "module.vpc.aws_vpc.this"
          ],
          "create_before_destroy": true
        }
      ]
    },
    {
      "module": "module.eks",
      "mode": "managed",
      "type": "kubernetes_config_map_v1_data",
      "name": "aws_auth",
      "provider": "provider[\"registry.terraform.io/hashicorp/kubernetes\"]",
      "instances": [
        {
          "index_key": 0,
          "schema_version": 0,
          "attributes": {
            "data": {
              "mapAccounts": "[]\n",
              "mapRoles": "- \"groups\":\n  - \"system:bootstrappers\"\n  - \"system:nodes\"\n  \"rolearn\": \"arn:aws:iam::724853865853:role/core-node-group-eks-node-group-20240308063748931500000003\"\n  \"username\": \"system:node:{{EC2PrivateDNSName}}\"\n- \"groups\": []\n  \"rolearn\": \"arn:aws:iam::724853865853:role/AWSServiceRoleForAmazonEMRContainers\"\n  \"username\": \"emr-containers\"\n- \"groups\":\n  - \"system:bootstrappers\"\n  - \"system:nodes\"\n  \"rolearn\": \"arn:aws:iam::724853865853:role/emr-eks-karpenter-karpenter-node\"\n  \"username\": \"system:node:{{EC2PrivateDNSName}}\"\n",
              "mapUsers": "[]\n"
            },
            "field_manager": "Terraform",
            "force": true,
            "id": "kube-system/aws-auth",
            "metadata": [
              {
                "name": "aws-auth",
                "namespace": "kube-system"
              }
            ]
          },
          "sensitive_attributes": [],
          "private": "bnVsbA==",
          "dependencies": [
            "data.aws_caller_identity.current",
            "data.aws_ecrpublic_authorization_token.token",
            "data.aws_eks_cluster_auth.this",
            "data.aws_subnets.private_subnets",
            "module.eks.aws_cloudwatch_log_group.this",
            "module.eks.aws_eks_cluster.this",
            "module.eks.aws_iam_openid_connect_provider.oidc_provider",
            "module.eks.aws_iam_policy.cni_ipv6_policy",
            "module.eks.aws_iam_role.this",
            "module.eks.aws_iam_role_policy_attachment.this",
            "module.eks.aws_security_group.cluster",
            "module.eks.aws_security_group.node",
            "module.eks.aws_security_group_rule.cluster",
            "module.eks.aws_security_group_rule.node",
            "module.eks.data.aws_iam_policy_document.assume_role_policy",
            "module.eks.data.aws_iam_session_context.current",
            "module.eks.data.aws_partition.current",
            "module.eks.data.tls_certificate.this",
            "module.eks.kubernetes_config_map.aws_auth",
            "module.eks.module.eks_managed_node_group.aws_autoscaling_schedule.this",
            "module.eks.module.eks_managed_node_group.aws_eks_node_group.this",
            "module.eks.module.eks_managed_node_group.aws_iam_role.this",
            "module.eks.module.eks_managed_node_group.aws_iam_role_policy_attachment.additional",
            "module.eks.module.eks_managed_node_group.aws_iam_role_policy_attachment.this",
            "module.eks.module.eks_managed_node_group.aws_launch_template.this",
            "module.eks.module.eks_managed_node_group.data.aws_caller_identity.current",
            "module.eks.module.eks_managed_node_group.data.aws_iam_policy_document.assume_role_policy",
            "module.eks.module.eks_managed_node_group.data.aws_partition.current",
            "module.eks.module.eks_managed_node_group.module.user_data.data.cloudinit_config.linux_eks_managed_node_group",
            "module.eks.module.fargate_profile.aws_eks_fargate_profile.this",
            "module.eks.module.fargate_profile.aws_iam_role.this",
            "module.eks.module.fargate_profile.aws_iam_role_policy_attachment.additional",
            "module.eks.module.fargate_profile.aws_iam_role_policy_attachment.this",
            "module.eks.module.fargate_profile.data.aws_caller_identity.current",
            "module.eks.module.fargate_profile.data.aws_iam_policy_document.assume_role_policy",
            "module.eks.module.fargate_profile.data.aws_partition.current",
            "module.eks.module.kms.aws_kms_external_key.this",
            "module.eks.module.kms.aws_kms_key.this",
            "module.eks.module.kms.aws_kms_replica_external_key.this",
            "module.eks.module.kms.aws_kms_replica_key.this",
            "module.eks.module.kms.data.aws_caller_identity.current",
            "module.eks.module.kms.data.aws_iam_policy_document.this",
            "module.eks.module.kms.data.aws_partition.current",
            "module.eks.module.self_managed_node_group.aws_autoscaling_group.this",
            "module.eks.module.self_managed_node_group.aws_autoscaling_schedule.this",
            "module.eks.module.self_managed_node_group.aws_iam_instance_profile.this",
            "module.eks.module.self_managed_node_group.aws_iam_role.this",
            "module.eks.module.self_managed_node_group.aws_iam_role_policy_attachment.additional",
            "module.eks.module.self_managed_node_group.aws_iam_role_policy_attachment.this",
            "module.eks.module.self_managed_node_group.aws_launch_template.this",
            "module.eks.module.self_managed_node_group.data.aws_ami.eks_default",
            "module.eks.module.self_managed_node_group.data.aws_caller_identity.current",
            "module.eks.module.self_managed_node_group.data.aws_iam_policy_document.assume_role_policy",
            "module.eks.module.self_managed_node_group.data.aws_partition.current",
            "module.eks.module.self_managed_node_group.module.user_data.data.cloudinit_config.linux_eks_managed_node_group",
            "module.eks.time_sleep.this",
            "module.eks_blueprints_addons.aws_iam_instance_profile.karpenter",
            "module.eks_blueprints_addons.aws_iam_role.karpenter",
            "module.eks_blueprints_addons.data.aws_caller_identity.current",
            "module.eks_blueprints_addons.data.aws_iam_policy_document.karpenter",
            "module.eks_blueprints_addons.data.aws_iam_policy_document.karpenter_assume_role",
            "module.eks_blueprints_addons.data.aws_partition.current",
            "module.eks_blueprints_addons.data.aws_region.current",
            "module.eks_blueprints_addons.module.karpenter.aws_iam_policy.this",
            "module.eks_blueprints_addons.module.karpenter.aws_iam_role.this",
            "module.eks_blueprints_addons.module.karpenter.aws_iam_role_policy_attachment.additional",
            "module.eks_blueprints_addons.module.karpenter.aws_iam_role_policy_attachment.this",
            "module.eks_blueprints_addons.module.karpenter.data.aws_caller_identity.current",
            "module.eks_blueprints_addons.module.karpenter.data.aws_iam_policy_document.assume",
            "module.eks_blueprints_addons.module.karpenter.data.aws_iam_policy_document.this",
            "module.eks_blueprints_addons.module.karpenter.data.aws_partition.current",
            "module.eks_blueprints_addons.module.karpenter.helm_release.this",
            "module.eks_blueprints_addons.module.karpenter_sqs.aws_sqs_queue.dlq",
            "module.eks_blueprints_addons.module.karpenter_sqs.aws_sqs_queue.this",
            "module.eks_blueprints_addons.module.karpenter_sqs.aws_sqs_queue_policy.dlq",
            "module.eks_blueprints_addons.module.karpenter_sqs.aws_sqs_queue_policy.this",
            "module.eks_blueprints_addons.module.karpenter_sqs.aws_sqs_queue_redrive_allow_policy.dlq",
            "module.eks_blueprints_addons.module.karpenter_sqs.aws_sqs_queue_redrive_allow_policy.this",
            "module.eks_blueprints_addons.module.karpenter_sqs.aws_sqs_queue_redrive_policy.dlq",
            "module.eks_blueprints_addons.module.karpenter_sqs.aws_sqs_queue_redrive_policy.this",
            "module.eks_blueprints_addons.module.karpenter_sqs.data.aws_iam_policy_document.dlq",
            "module.eks_blueprints_addons.module.karpenter_sqs.data.aws_iam_policy_document.this",
            "module.eks_blueprints_addons.time_sleep.this",
            "module.vpc.aws_vpc.this"
          ]
        }
      ]
    },
    {
      "module": "module.eks",
      "mode": "managed",
      "type": "time_sleep",
      "name": "this",
      "provider": "provider[\"registry.terraform.io/hashicorp/time\"]",
      "instances": [
        {
          "index_key": 0,
          "schema_version": 0,
          "attributes": {
            "create_duration": "30s",
            "destroy_duration": null,
            "id": "2024-03-08T06:46:44Z",
            "triggers": {
              "cluster_certificate_authority_data": "LS0tLS1CRUdJTiBDRVJUSUZJQ0FURS0tLS0tCk1JSURCVENDQWUyZ0F3SUJBZ0lJWExEcUJzWWFtQTR3RFFZSktvWklodmNOQVFFTEJRQXdGVEVUTUJFR0ExVUUKQXhNS2EzVmlaWEp1WlhSbGN6QWVGdzB5TkRBek1EZ3dOak0zTWpsYUZ3MHpOREF6TURZd05qUXlNamxhTUJVeApFekFSQmdOVkJBTVRDbXQxWW1WeWJtVjBaWE13Z2dFaU1BMEdDU3FHU0liM0RRRUJBUVVBQTRJQkR3QXdnZ0VLCkFvSUJBUUMvVU8wK2NTU2tvbUx6Mnd0Z0tBVnFNaDJ4YVZqQUVUMDZxdlpTOEEyZVBLOUhudnYrNU96dXVmOHUKMUhoUExCYTlqMDlrZDVtWm5OSS9kaGNiMjArRWZyNGU4dTMxbHZzeTNqYkpuWGNsQ1FSWkVYT2xuRjFqSTM4RApoQ3JoUXlJNTF2QklBYWJsM3oyVU1KRHhzVTdEaWRCQnNvSitnMUJHejRod1dEeTY1NXVlYURidWxyK293OGtmCmJDN1ZZbFZkMHZuNUt4ejRDRSs3eXlJTWtqWTBzKzdiQW9kWk5VQzZHU1pCYlprSmhZMHF1N0pzaWJ6TERWa1gKMXozc3k0ZWJFZDc1aStQTXA5Ni9Pam0rbktuKzF1TEZ0NUc4cG9sNzlIaWdySHUxTG54Rkpvb1RSd2NoN3RsegpUdVc3b1B4bFZ3ZXBDUmp0L2wwMTFOWGgxemJ6QWdNQkFBR2pXVEJYTUE0R0ExVWREd0VCL3dRRUF3SUNwREFQCkJnTlZIUk1CQWY4RUJUQURBUUgvTUIwR0ExVWREZ1FXQkJRazJvSGpjQ2RDb2F4R0QwNktqZHVDc3JIVUd6QVYKQmdOVkhSRUVEakFNZ2dwcmRXSmxjbTVsZEdWek1BMEdDU3FHU0liM0RRRUJDd1VBQTRJQkFRQis5eUdva1F3YwpxcHR0UXg1bFBzT2doUjZyVmpTakV4NjNvL2hTdTBSR2RVTlNDdUxSbDFWcmlrbHhRQ01HalJKYjQwb3pTRTBoCnF2dU9vdHdPTlpMQmpCNXlDL0JSOXYvS1JiTzRsWHp5d1R6UlFuSWV5ckpFMzF0SC9tamQwaGJTamdaWW5GQ0MKS3VQVnNRWnhnVzFLQnFMYWIveEVDbkh5aEtzdFdCcFlvWUJhYzZDMTJDY1B5Tkg3dSt1a280TE1uVjgzaEZLQQpoS0xnSDhjYjJuMkdncVRXZnhiS0xnclNSc1dtZytNSzRnUjVJYW1RYUZDbngxWE8wMjdNTnptNlRVbEZYNVFBCm9NNjdiTVowUy80aXJNRE5XSEZRMG51cjFtc3RBN0l1bDRXRlJxQkxac0lOMGp2MCs0ODZBS3NDSFhaUGoxNTEKWXc4ZGlnSWZNNkgxCi0tLS0tRU5EIENFUlRJRklDQVRFLS0tLS0K",
              "cluster_endpoint": "https://E62BC5B60564EE45617CA662B24B8A8F.gr7.us-west-2.eks.amazonaws.com",
              "cluster_name": "emr-eks-karpenter",
              "cluster_version": "1.28"
            }
          },
          "sensitive_attributes": [],
          "dependencies": [
            "data.aws_subnets.private_subnets",
            "module.eks.aws_cloudwatch_log_group.this",
            "module.eks.aws_eks_cluster.this",
            "module.eks.aws_iam_policy.cni_ipv6_policy",
            "module.eks.aws_iam_role.this",
            "module.eks.aws_iam_role_policy_attachment.this",
            "module.eks.aws_security_group.cluster",
            "module.eks.aws_security_group.node",
            "module.eks.aws_security_group_rule.cluster",
            "module.eks.aws_security_group_rule.node",
            "module.eks.data.aws_iam_policy_document.assume_role_policy",
            "module.eks.data.aws_iam_session_context.current",
            "module.eks.data.aws_partition.current",
            "module.eks.module.kms.aws_kms_external_key.this",
            "module.eks.module.kms.aws_kms_key.this",
            "module.eks.module.kms.aws_kms_replica_external_key.this",
            "module.eks.module.kms.aws_kms_replica_key.this",
            "module.eks.module.kms.data.aws_caller_identity.current",
            "module.eks.module.kms.data.aws_iam_policy_document.this",
            "module.eks.module.kms.data.aws_partition.current",
            "module.vpc.aws_vpc.this"
          ],
          "create_before_destroy": true
        }
      ]
    },
    {
      "module": "module.eks.module.eks_managed_node_group[\"core_node_group\"]",
      "mode": "data",
      "type": "aws_caller_identity",
      "name": "current",
      "provider": "provider[\"registry.terraform.io/hashicorp/aws\"]",
      "instances": [
        {
          "schema_version": 0,
          "attributes": {
            "account_id": "724853865853",
            "arn": "arn:aws:iam::724853865853:user/dongdong",
            "id": "724853865853",
            "user_id": "AIDA2RRFIHV62ZOURQUK5"
          },
          "sensitive_attributes": []
        }
      ]
    },
    {
      "module": "module.eks.module.eks_managed_node_group[\"core_node_group\"]",
      "mode": "data",
      "type": "aws_iam_policy_document",
      "name": "assume_role_policy",
      "provider": "provider[\"registry.terraform.io/hashicorp/aws\"]",
      "instances": [
        {
          "index_key": 0,
          "schema_version": 0,
          "attributes": {
            "id": "2560088296",
            "json": "{\n  \"Version\": \"2012-10-17\",\n  \"Statement\": [\n    {\n      \"Sid\": \"EKSNodeAssumeRole\",\n      \"Effect\": \"Allow\",\n      \"Action\": \"sts:AssumeRole\",\n      \"Principal\": {\n        \"Service\": \"ec2.amazonaws.com\"\n      }\n    }\n  ]\n}",
            "override_policy_documents": null,
            "policy_id": null,
            "source_policy_documents": null,
            "statement": [
              {
                "actions": [
                  "sts:AssumeRole"
                ],
                "condition": [],
                "effect": "Allow",
                "not_actions": [],
                "not_principals": [],
                "not_resources": [],
                "principals": [
                  {
                    "identifiers": [
                      "ec2.amazonaws.com"
                    ],
                    "type": "Service"
                  }
                ],
                "resources": [],
                "sid": "EKSNodeAssumeRole"
              }
            ],
            "version": "2012-10-17"
          },
          "sensitive_attributes": []
        }
      ]
    },
    {
      "module": "module.eks.module.eks_managed_node_group[\"core_node_group\"]",
      "mode": "data",
      "type": "aws_partition",
      "name": "current",
      "provider": "provider[\"registry.terraform.io/hashicorp/aws\"]",
      "instances": [
        {
          "schema_version": 0,
          "attributes": {
            "dns_suffix": "amazonaws.com",
            "id": "aws",
            "partition": "aws",
            "reverse_dns_prefix": "com.amazonaws"
          },
          "sensitive_attributes": []
        }
      ]
    },
    {
      "module": "module.eks.module.eks_managed_node_group[\"core_node_group\"]",
      "mode": "managed",
      "type": "aws_eks_node_group",
      "name": "this",
      "provider": "provider[\"registry.terraform.io/hashicorp/aws\"]",
      "instances": [
        {
          "index_key": 0,
          "schema_version": 0,
          "attributes": {
            "ami_type": "AL2_x86_64",
            "arn": "arn:aws:eks:us-west-2:724853865853:nodegroup/emr-eks-karpenter/core-node-group-20240308064646801900000010/06c70e68-3a20-1de9-92cb-8fc4df6d94e4",
            "capacity_type": "ON_DEMAND",
            "cluster_name": "emr-eks-karpenter",
            "disk_size": 0,
            "force_update_version": null,
            "id": "emr-eks-karpenter:core-node-group-20240308064646801900000010",
            "instance_types": [
              "m5.xlarge"
            ],
            "labels": {
              "NodeGroupType": "core",
              "WorkerType": "ON_DEMAND"
            },
            "launch_template": [
              {
                "id": "lt-0135735f1ee6ce8c3",
                "name": "core_node_group-2024030806464491690000000e",
                "version": "1"
              }
            ],
            "node_group_name": "core-node-group-20240308064646801900000010",
            "node_group_name_prefix": "core-node-group-",
            "node_role_arn": "arn:aws:iam::724853865853:role/core-node-group-eks-node-group-20240308063748931500000003",
            "release_version": "1.28.5-20240227",
            "remote_access": [],
            "resources": [
              {
                "autoscaling_groups": [
                  {
                    "name": "eks-core-node-group-20240308064646801900000010-06c70e68-3a20-1de9-92cb-8fc4df6d94e4"
                  }
                ],
                "remote_access_security_group_id": ""
              }
            ],
            "scaling_config": [
              {
                "desired_size": 3,
                "max_size": 9,
                "min_size": 1
              }
            ],
            "status": "ACTIVE",
            "subnet_ids": [
              "subnet-057019d27b10482b6",
              "subnet-084e05b50a5246beb"
            ],
            "tags": {
              "Name": "core-node-group",
              "app": "emr-eks-karpenter",
              "karpenter.sh/discovery": "emr-eks-karpenter"
            },
            "tags_all": {
              "Name": "core-node-group",
              "app": "emr-eks-karpenter",
              "karpenter.sh/discovery": "emr-eks-karpenter"
            },
            "taint": [],
            "timeouts": {
              "create": null,
              "delete": null,
              "update": null
            },
            "update_config": [
              {
                "max_unavailable": 0,
                "max_unavailable_percentage": 33
              }
            ],
            "version": "1.28"
          },
          "sensitive_attributes": [],
          "private": "eyJlMmJmYjczMC1lY2FhLTExZTYtOGY4OC0zNDM2M2JjN2M0YzAiOnsiY3JlYXRlIjozNjAwMDAwMDAwMDAwLCJkZWxldGUiOjM2MDAwMDAwMDAwMDAsInVwZGF0ZSI6MzYwMDAwMDAwMDAwMH19",
          "dependencies": [
            "data.aws_subnets.private_subnets",
            "module.eks.aws_cloudwatch_log_group.this",
            "module.eks.aws_eks_cluster.this",
            "module.eks.aws_iam_policy.cni_ipv6_policy",
            "module.eks.aws_iam_role.this",
            "module.eks.aws_iam_role_policy_attachment.this",
            "module.eks.aws_security_group.cluster",
            "module.eks.aws_security_group.node",
            "module.eks.aws_security_group_rule.cluster",
            "module.eks.aws_security_group_rule.node",
            "module.eks.data.aws_iam_policy_document.assume_role_policy",
            "module.eks.data.aws_iam_session_context.current",
            "module.eks.data.aws_partition.current",
            "module.eks.module.eks_managed_node_group.aws_iam_role.this",
            "module.eks.module.eks_managed_node_group.aws_iam_role_policy_attachment.this",
            "module.eks.module.eks_managed_node_group.aws_launch_template.this",
            "module.eks.module.eks_managed_node_group.data.aws_caller_identity.current",
            "module.eks.module.eks_managed_node_group.data.aws_iam_policy_document.assume_role_policy",
            "module.eks.module.eks_managed_node_group.data.aws_partition.current",
            "module.eks.module.eks_managed_node_group.module.user_data.data.cloudinit_config.linux_eks_managed_node_group",
            "module.eks.module.kms.aws_kms_external_key.this",
            "module.eks.module.kms.aws_kms_key.this",
            "module.eks.module.kms.aws_kms_replica_external_key.this",
            "module.eks.module.kms.aws_kms_replica_key.this",
            "module.eks.module.kms.data.aws_caller_identity.current",
            "module.eks.module.kms.data.aws_iam_policy_document.this",
            "module.eks.module.kms.data.aws_partition.current",
            "module.eks.time_sleep.this",
            "module.vpc.aws_vpc.this"
          ],
          "create_before_destroy": true
        }
      ]
    },
    {
      "module": "module.eks.module.eks_managed_node_group[\"core_node_group\"]",
      "mode": "managed",
      "type": "aws_iam_role",
      "name": "this",
      "provider": "provider[\"registry.terraform.io/hashicorp/aws\"]",
      "instances": [
        {
          "index_key": 0,
          "schema_version": 0,
          "attributes": {
            "arn": "arn:aws:iam::724853865853:role/core-node-group-eks-node-group-20240308063748931500000003",
            "assume_role_policy": "{\"Statement\":[{\"Action\":\"sts:AssumeRole\",\"Effect\":\"Allow\",\"Principal\":{\"Service\":\"ec2.amazonaws.com\"},\"Sid\":\"EKSNodeAssumeRole\"}],\"Version\":\"2012-10-17\"}",
            "create_date": "2024-03-08T06:37:50Z",
            "description": "EKS managed node group IAM role",
            "force_detach_policies": true,
            "id": "core-node-group-eks-node-group-20240308063748931500000003",
            "inline_policy": [],
            "managed_policy_arns": [],
            "max_session_duration": 3600,
            "name": "core-node-group-eks-node-group-20240308063748931500000003",
            "name_prefix": "core-node-group-eks-node-group-",
            "path": "/",
            "permissions_boundary": "",
            "tags": {
              "Name": "core-node-grp",
              "app": "emr-eks-karpenter",
              "karpenter.sh/discovery": "emr-eks-karpenter"
            },
            "tags_all": {
              "Name": "core-node-grp",
              "app": "emr-eks-karpenter",
              "karpenter.sh/discovery": "emr-eks-karpenter"
            },
            "unique_id": "AROA2RRFIHV6Z3BR5NBWH"
          },
          "sensitive_attributes": [],
          "private": "bnVsbA==",
          "dependencies": [
            "module.eks.module.eks_managed_node_group.data.aws_iam_policy_document.assume_role_policy"
          ],
          "create_before_destroy": true
        }
      ]
    },
    {
      "module": "module.eks.module.eks_managed_node_group[\"core_node_group\"]",
      "mode": "managed",
      "type": "aws_iam_role_policy_attachment",
      "name": "additional",
      "provider": "provider[\"registry.terraform.io/hashicorp/aws\"]",
      "instances": [
        {
          "index_key": "AmazonSSMManagedInstanceCore",
          "schema_version": 0,
          "attributes": {
            "id": "core-node-group-eks-node-group-20240308063748931500000003-20240308063752239500000006",
            "policy_arn": "arn:aws:iam::aws:policy/AmazonSSMManagedInstanceCore",
            "role": "core-node-group-eks-node-group-20240308063748931500000003"
          },
          "sensitive_attributes": [],
          "private": "bnVsbA==",
          "dependencies": [
            "module.eks.module.eks_managed_node_group.aws_iam_role.this",
            "module.eks.module.eks_managed_node_group.data.aws_iam_policy_document.assume_role_policy"
          ]
        }
      ]
    },
    {
      "module": "module.eks.module.eks_managed_node_group[\"core_node_group\"]",
      "mode": "managed",
      "type": "aws_iam_role_policy_attachment",
      "name": "this",
      "provider": "provider[\"registry.terraform.io/hashicorp/aws\"]",
      "instances": [
        {
          "index_key": "arn:aws:iam::aws:policy/AmazonEC2ContainerRegistryReadOnly",
          "schema_version": 0,
          "attributes": {
            "id": "core-node-group-eks-node-group-20240308063748931500000003-20240308063752275000000007",
            "policy_arn": "arn:aws:iam::aws:policy/AmazonEC2ContainerRegistryReadOnly",
            "role": "core-node-group-eks-node-group-20240308063748931500000003"
          },
          "sensitive_attributes": [],
          "private": "bnVsbA==",
          "dependencies": [
            "module.eks.module.eks_managed_node_group.aws_iam_role.this",
            "module.eks.module.eks_managed_node_group.data.aws_caller_identity.current",
            "module.eks.module.eks_managed_node_group.data.aws_iam_policy_document.assume_role_policy",
            "module.eks.module.eks_managed_node_group.data.aws_partition.current"
          ],
          "create_before_destroy": true
        },
        {
          "index_key": "arn:aws:iam::aws:policy/AmazonEKSWorkerNodePolicy",
          "schema_version": 0,
          "attributes": {
            "id": "core-node-group-eks-node-group-20240308063748931500000003-20240308063751892200000005",
            "policy_arn": "arn:aws:iam::aws:policy/AmazonEKSWorkerNodePolicy",
            "role": "core-node-group-eks-node-group-20240308063748931500000003"
          },
          "sensitive_attributes": [],
          "private": "bnVsbA==",
          "dependencies": [
            "module.eks.module.eks_managed_node_group.aws_iam_role.this",
            "module.eks.module.eks_managed_node_group.data.aws_caller_identity.current",
            "module.eks.module.eks_managed_node_group.data.aws_iam_policy_document.assume_role_policy",
            "module.eks.module.eks_managed_node_group.data.aws_partition.current"
          ],
          "create_before_destroy": true
        },
        {
          "index_key": "arn:aws:iam::aws:policy/AmazonEKS_CNI_Policy",
          "schema_version": 0,
          "attributes": {
            "id": "core-node-group-eks-node-group-20240308063748931500000003-20240308063752612900000008",
            "policy_arn": "arn:aws:iam::aws:policy/AmazonEKS_CNI_Policy",
            "role": "core-node-group-eks-node-group-20240308063748931500000003"
          },
          "sensitive_attributes": [],
          "private": "bnVsbA==",
          "dependencies": [
            "module.eks.module.eks_managed_node_group.aws_iam_role.this",
            "module.eks.module.eks_managed_node_group.data.aws_caller_identity.current",
            "module.eks.module.eks_managed_node_group.data.aws_iam_policy_document.assume_role_policy",
            "module.eks.module.eks_managed_node_group.data.aws_partition.current"
          ],
          "create_before_destroy": true
        }
      ]
    },
    {
      "module": "module.eks.module.eks_managed_node_group[\"core_node_group\"]",
      "mode": "managed",
      "type": "aws_launch_template",
      "name": "this",
      "provider": "provider[\"registry.terraform.io/hashicorp/aws\"]",
      "instances": [
        {
          "index_key": 0,
          "schema_version": 0,
          "attributes": {
            "arn": "arn:aws:ec2:us-west-2:724853865853:launch-template/lt-0135735f1ee6ce8c3",
            "block_device_mappings": [
              {
                "device_name": "/dev/xvda",
                "ebs": [
                  {
                    "delete_on_termination": "",
                    "encrypted": "",
                    "iops": 0,
                    "kms_key_id": "",
                    "snapshot_id": "",
                    "throughput": 0,
                    "volume_size": 100,
                    "volume_type": "gp3"
                  }
                ],
                "no_device": "",
                "virtual_name": ""
              }
            ],
            "capacity_reservation_specification": [],
            "cpu_options": [],
            "credit_specification": [],
            "default_version": 1,
            "description": "Custom launch template for core-node-group EKS managed node group",
            "disable_api_stop": false,
            "disable_api_termination": false,
            "ebs_optimized": "true",
            "elastic_gpu_specifications": [],
            "elastic_inference_accelerator": [],
            "enclave_options": [],
            "hibernation_options": [],
            "iam_instance_profile": [],
            "id": "lt-0135735f1ee6ce8c3",
            "image_id": "",
            "instance_initiated_shutdown_behavior": "",
            "instance_market_options": [],
            "instance_requirements": [],
            "instance_type": "",
            "kernel_id": "",
            "key_name": "",
            "latest_version": 1,
            "license_specification": [],
            "maintenance_options": [],
            "metadata_options": [
              {
                "http_endpoint": "enabled",
                "http_protocol_ipv6": "",
                "http_put_response_hop_limit": 2,
                "http_tokens": "required",
                "instance_metadata_tags": ""
              }
            ],
            "monitoring": [
              {
                "enabled": true
              }
            ],
            "name": "core_node_group-2024030806464491690000000e",
            "name_prefix": "core_node_group-",
            "network_interfaces": [],
            "placement": [],
            "private_dns_name_options": [],
            "ram_disk_id": "",
            "security_group_names": null,
            "tag_specifications": [
              {
                "resource_type": "instance",
                "tags": {
                  "Name": "core-node-group",
                  "app": "emr-eks-karpenter",
                  "karpenter.sh/discovery": "emr-eks-karpenter"
                }
              },
              {
                "resource_type": "network-interface",
                "tags": {
                  "Name": "core-node-group",
                  "app": "emr-eks-karpenter",
                  "karpenter.sh/discovery": "emr-eks-karpenter"
                }
              },
              {
                "resource_type": "volume",
                "tags": {
                  "Name": "core-node-group",
                  "app": "emr-eks-karpenter",
                  "karpenter.sh/discovery": "emr-eks-karpenter"
                }
              }
            ],
            "tags": {
              "Name": "core-node-grp",
              "app": "emr-eks-karpenter",
              "karpenter.sh/discovery": "emr-eks-karpenter"
            },
            "tags_all": {
              "Name": "core-node-grp",
              "app": "emr-eks-karpenter",
              "karpenter.sh/discovery": "emr-eks-karpenter"
            },
            "update_default_version": true,
            "user_data": "",
            "vpc_security_group_ids": [
              "sg-0c163279c6491e374"
            ]
          },
          "sensitive_attributes": [],
          "private": "bnVsbA==",
          "dependencies": [
            "data.aws_subnets.private_subnets",
            "module.eks.aws_cloudwatch_log_group.this",
            "module.eks.aws_eks_cluster.this",
            "module.eks.aws_iam_policy.cni_ipv6_policy",
            "module.eks.aws_iam_role.this",
            "module.eks.aws_iam_role_policy_attachment.this",
            "module.eks.aws_security_group.cluster",
            "module.eks.aws_security_group.node",
            "module.eks.aws_security_group_rule.cluster",
            "module.eks.aws_security_group_rule.node",
            "module.eks.data.aws_iam_policy_document.assume_role_policy",
            "module.eks.data.aws_iam_session_context.current",
            "module.eks.data.aws_partition.current",
            "module.eks.module.eks_managed_node_group.aws_iam_role.this",
            "module.eks.module.eks_managed_node_group.aws_iam_role_policy_attachment.this",
            "module.eks.module.eks_managed_node_group.data.aws_caller_identity.current",
            "module.eks.module.eks_managed_node_group.data.aws_iam_policy_document.assume_role_policy",
            "module.eks.module.eks_managed_node_group.data.aws_partition.current",
            "module.eks.module.eks_managed_node_group.module.user_data.data.cloudinit_config.linux_eks_managed_node_group",
            "module.eks.module.kms.aws_kms_external_key.this",
            "module.eks.module.kms.aws_kms_key.this",
            "module.eks.module.kms.aws_kms_replica_external_key.this",
            "module.eks.module.kms.aws_kms_replica_key.this",
            "module.eks.module.kms.data.aws_caller_identity.current",
            "module.eks.module.kms.data.aws_iam_policy_document.this",
            "module.eks.module.kms.data.aws_partition.current",
            "module.eks.time_sleep.this",
            "module.vpc.aws_vpc.this"
          ],
          "create_before_destroy": true
        }
      ]
    },
    {
      "module": "module.eks.module.kms",
      "mode": "data",
      "type": "aws_caller_identity",
      "name": "current",
      "provider": "provider[\"registry.terraform.io/hashicorp/aws\"]",
      "instances": [
        {
          "index_key": 0,
          "schema_version": 0,
          "attributes": {
            "account_id": "724853865853",
            "arn": "arn:aws:iam::724853865853:user/dongdong",
            "id": "724853865853",
            "user_id": "AIDA2RRFIHV62ZOURQUK5"
          },
          "sensitive_attributes": []
        }
      ]
    },
    {
      "module": "module.eks.module.kms",
      "mode": "data",
      "type": "aws_iam_policy_document",
      "name": "this",
      "provider": "provider[\"registry.terraform.io/hashicorp/aws\"]",
      "instances": [
        {
          "index_key": 0,
          "schema_version": 0,
          "attributes": {
            "id": "1889197102",
            "json": "{\n  \"Version\": \"2012-10-17\",\n  \"Statement\": [\n    {\n      \"Sid\": \"KeyAdministration\",\n      \"Effect\": \"Allow\",\n      \"Action\": [\n        \"kms:Update*\",\n        \"kms:UntagResource\",\n        \"kms:TagResource\",\n        \"kms:ScheduleKeyDeletion\",\n        \"kms:Revoke*\",\n        \"kms:ReplicateKey\",\n        \"kms:Put*\",\n        \"kms:List*\",\n        \"kms:ImportKeyMaterial\",\n        \"kms:Get*\",\n        \"kms:Enable*\",\n        \"kms:Disable*\",\n        \"kms:Describe*\",\n        \"kms:Delete*\",\n        \"kms:Create*\",\n        \"kms:CancelKeyDeletion\"\n      ],\n      \"Resource\": \"*\",\n      \"Principal\": {\n        \"AWS\": \"arn:aws:iam::724853865853:user/dongdong\"\n      }\n    },\n    {\n      \"Sid\": \"KeyUsage\",\n      \"Effect\": \"Allow\",\n      \"Action\": [\n        \"kms:ReEncrypt*\",\n        \"kms:GenerateDataKey*\",\n        \"kms:Encrypt\",\n        \"kms:DescribeKey\",\n        \"kms:Decrypt\"\n      ],\n      \"Resource\": \"*\",\n      \"Principal\": {\n        \"AWS\": \"arn:aws:iam::724853865853:role/emr-eks-karpenter-cluster-20240308063748931500000002\"\n      }\n    }\n  ]\n}",
            "override_policy_documents": null,
            "policy_id": null,
            "source_policy_documents": null,
            "statement": [
              {
                "actions": [
                  "kms:CancelKeyDeletion",
                  "kms:Create*",
                  "kms:Delete*",
                  "kms:Describe*",
                  "kms:Disable*",
                  "kms:Enable*",
                  "kms:Get*",
                  "kms:ImportKeyMaterial",
                  "kms:List*",
                  "kms:Put*",
                  "kms:ReplicateKey",
                  "kms:Revoke*",
                  "kms:ScheduleKeyDeletion",
                  "kms:TagResource",
                  "kms:UntagResource",
                  "kms:Update*"
                ],
                "condition": [],
                "effect": "Allow",
                "not_actions": [],
                "not_principals": [],
                "not_resources": [],
                "principals": [
                  {
                    "identifiers": [
                      "arn:aws:iam::724853865853:user/dongdong"
                    ],
                    "type": "AWS"
                  }
                ],
                "resources": [
                  "*"
                ],
                "sid": "KeyAdministration"
              },
              {
                "actions": [
                  "kms:Decrypt",
                  "kms:DescribeKey",
                  "kms:Encrypt",
                  "kms:GenerateDataKey*",
                  "kms:ReEncrypt*"
                ],
                "condition": [],
                "effect": "Allow",
                "not_actions": [],
                "not_principals": [],
                "not_resources": [],
                "principals": [
                  {
                    "identifiers": [
                      "arn:aws:iam::724853865853:role/emr-eks-karpenter-cluster-20240308063748931500000002"
                    ],
                    "type": "AWS"
                  }
                ],
                "resources": [
                  "*"
                ],
                "sid": "KeyUsage"
              }
            ],
            "version": "2012-10-17"
          },
          "sensitive_attributes": []
        }
      ]
    },
    {
      "module": "module.eks.module.kms",
      "mode": "data",
      "type": "aws_partition",
      "name": "current",
      "provider": "provider[\"registry.terraform.io/hashicorp/aws\"]",
      "instances": [
        {
          "index_key": 0,
          "schema_version": 0,
          "attributes": {
            "dns_suffix": "amazonaws.com",
            "id": "aws",
            "partition": "aws",
            "reverse_dns_prefix": "com.amazonaws"
          },
          "sensitive_attributes": []
        }
      ]
    },
    {
      "module": "module.eks.module.kms",
      "mode": "managed",
      "type": "aws_kms_alias",
      "name": "this",
      "provider": "provider[\"registry.terraform.io/hashicorp/aws\"]",
      "instances": [
        {
          "index_key": "cluster",
          "schema_version": 0,
          "attributes": {
            "arn": "arn:aws:kms:us-west-2:724853865853:alias/eks/emr-eks-karpenter",
            "id": "alias/eks/emr-eks-karpenter",
            "name": "alias/eks/emr-eks-karpenter",
            "name_prefix": "",
            "target_key_arn": "arn:aws:kms:us-west-2:724853865853:key/445f9438-eb12-4f34-bddb-032ef5b31048",
            "target_key_id": "445f9438-eb12-4f34-bddb-032ef5b31048"
          },
          "sensitive_attributes": [],
          "private": "bnVsbA==",
          "dependencies": [
            "module.eks.aws_iam_role.this",
            "module.eks.data.aws_iam_policy_document.assume_role_policy",
            "module.eks.data.aws_iam_session_context.current",
            "module.eks.module.kms.aws_kms_external_key.this",
            "module.eks.module.kms.aws_kms_key.this",
            "module.eks.module.kms.aws_kms_replica_external_key.this",
            "module.eks.module.kms.aws_kms_replica_key.this",
            "module.eks.module.kms.data.aws_caller_identity.current",
            "module.eks.module.kms.data.aws_iam_policy_document.this",
            "module.eks.module.kms.data.aws_partition.current"
          ]
        }
      ]
    },
    {
      "module": "module.eks.module.kms",
      "mode": "managed",
      "type": "aws_kms_key",
      "name": "this",
      "provider": "provider[\"registry.terraform.io/hashicorp/aws\"]",
      "instances": [
        {
          "index_key": 0,
          "schema_version": 0,
          "attributes": {
            "arn": "arn:aws:kms:us-west-2:724853865853:key/445f9438-eb12-4f34-bddb-032ef5b31048",
            "bypass_policy_lockout_safety_check": false,
            "custom_key_store_id": "",
            "customer_master_key_spec": "SYMMETRIC_DEFAULT",
            "deletion_window_in_days": null,
            "description": "emr-eks-karpenter cluster encryption key",
            "enable_key_rotation": true,
            "id": "445f9438-eb12-4f34-bddb-032ef5b31048",
            "is_enabled": true,
            "key_id": "445f9438-eb12-4f34-bddb-032ef5b31048",
            "key_usage": "ENCRYPT_DECRYPT",
            "multi_region": false,
            "policy": "{\"Statement\":[{\"Action\":[\"kms:Update*\",\"kms:UntagResource\",\"kms:TagResource\",\"kms:ScheduleKeyDeletion\",\"kms:Revoke*\",\"kms:ReplicateKey\",\"kms:Put*\",\"kms:List*\",\"kms:ImportKeyMaterial\",\"kms:Get*\",\"kms:Enable*\",\"kms:Disable*\",\"kms:Describe*\",\"kms:Delete*\",\"kms:Create*\",\"kms:CancelKeyDeletion\"],\"Effect\":\"Allow\",\"Principal\":{\"AWS\":\"arn:aws:iam::724853865853:user/dongdong\"},\"Resource\":\"*\",\"Sid\":\"KeyAdministration\"},{\"Action\":[\"kms:ReEncrypt*\",\"kms:GenerateDataKey*\",\"kms:Encrypt\",\"kms:DescribeKey\",\"kms:Decrypt\"],\"Effect\":\"Allow\",\"Principal\":{\"AWS\":\"arn:aws:iam::724853865853:role/emr-eks-karpenter-cluster-20240308063748931500000002\"},\"Resource\":\"*\",\"Sid\":\"KeyUsage\"}],\"Version\":\"2012-10-17\"}",
            "tags": {
              "app": "emr-eks-karpenter"
            },
            "tags_all": {
              "app": "emr-eks-karpenter"
            },
            "timeouts": null,
            "xks_key_id": ""
          },
          "sensitive_attributes": [],
          "private": "eyJlMmJmYjczMC1lY2FhLTExZTYtOGY4OC0zNDM2M2JjN2M0YzAiOnsiY3JlYXRlIjoxMjAwMDAwMDAwMDB9fQ==",
          "dependencies": [
            "module.eks.aws_iam_role.this",
            "module.eks.data.aws_iam_policy_document.assume_role_policy",
            "module.eks.data.aws_iam_session_context.current",
            "module.eks.module.kms.data.aws_caller_identity.current",
            "module.eks.module.kms.data.aws_iam_policy_document.this",
            "module.eks.module.kms.data.aws_partition.current"
          ],
          "create_before_destroy": true
        }
      ]
    },
    {
      "module": "module.eks_blueprints_addons",
      "mode": "data",
      "type": "aws_caller_identity",
      "name": "current",
      "provider": "provider[\"registry.terraform.io/hashicorp/aws\"]",
      "instances": [
        {
          "schema_version": 0,
          "attributes": {
            "account_id": "724853865853",
            "arn": "arn:aws:iam::724853865853:user/dongdong",
            "id": "724853865853",
            "user_id": "AIDA2RRFIHV62ZOURQUK5"
          },
          "sensitive_attributes": []
        }
      ]
    },
    {
      "module": "module.eks_blueprints_addons",
      "mode": "data",
      "type": "aws_iam_policy_document",
      "name": "karpenter",
      "provider": "provider[\"registry.terraform.io/hashicorp/aws\"]",
      "instances": [
        {
          "index_key": 0,
          "schema_version": 0,
          "attributes": {
            "id": "3638233759",
            "json": "{\n  \"Version\": \"2012-10-17\",\n  \"Statement\": [\n    {\n      \"Effect\": \"Allow\",\n      \"Action\": [\n        \"ec2:DescribeSubnets\",\n        \"ec2:DescribeSpotPriceHistory\",\n        \"ec2:DescribeSecurityGroups\",\n        \"ec2:DescribeLaunchTemplates\",\n        \"ec2:DescribeInstances\",\n        \"ec2:DescribeInstanceTypes\",\n        \"ec2:DescribeInstanceTypeOfferings\",\n        \"ec2:DescribeImages\",\n        \"ec2:DescribeAvailabilityZones\"\n      ],\n      \"Resource\": \"*\"\n    },\n    {\n      \"Effect\": \"Allow\",\n      \"Action\": [\n        \"ec2:RunInstances\",\n        \"ec2:DeleteLaunchTemplate\",\n        \"ec2:CreateTags\",\n        \"ec2:CreateLaunchTemplate\",\n        \"ec2:CreateFleet\"\n      ],\n      \"Resource\": [\n        \"arn:aws:ec2:us-west-2::image/*\",\n        \"arn:aws:ec2:us-west-2:724853865853:*\"\n      ]\n    },\n    {\n      \"Effect\": \"Allow\",\n      \"Action\": \"iam:PassRole\",\n      \"Resource\": \"arn:aws:iam::724853865853:role/emr-eks-karpenter-karpenter-node\"\n    },\n    {\n      \"Effect\": \"Allow\",\n      \"Action\": \"pricing:GetProducts\",\n      \"Resource\": \"*\"\n    },\n    {\n      \"Effect\": \"Allow\",\n      \"Action\": \"ssm:GetParameter\",\n      \"Resource\": \"arn:aws:ssm:us-west-2::parameter/aws/service/*\"\n    },\n    {\n      \"Effect\": \"Allow\",\n      \"Action\": \"eks:DescribeCluster\",\n      \"Resource\": \"arn:aws:eks:*:724853865853:cluster/emr-eks-karpenter\"\n    },\n    {\n      \"Effect\": \"Allow\",\n      \"Action\": \"ec2:TerminateInstances\",\n      \"Resource\": \"arn:aws:ec2:us-west-2:724853865853:instance/*\",\n      \"Condition\": {\n        \"StringLike\": {\n          \"ec2:ResourceTag/kubernetes.io/cluster/emr-eks-karpenter\": \"*\"\n        }\n      }\n    },\n    {\n      \"Effect\": \"Allow\",\n      \"Action\": [\n        \"sqs:ReceiveMessage\",\n        \"sqs:GetQueueUrl\",\n        \"sqs:GetQueueAttributes\",\n        \"sqs:DeleteMessage\"\n      ],\n      \"Resource\": \"arn:aws:sqs:us-west-2:724853865853:karpenter-emr-eks-karpenter\"\n    },\n    {\n      \"Effect\": \"Allow\",\n      \"Action\": [\n        \"iam:TagInstanceProfile\",\n        \"iam:RemoveRoleFromInstanceProfile\",\n        \"iam:GetInstanceProfile\",\n        \"iam:DeleteInstanceProfile\",\n        \"iam:CreateInstanceProfile\",\n        \"iam:AddRoleToInstanceProfile\"\n      ],\n      \"Resource\": \"*\"\n    }\n  ]\n}",
            "override_policy_documents": null,
            "policy_id": null,
            "source_policy_documents": null,
            "statement": [
              {
                "actions": [
                  "ec2:DescribeAvailabilityZones",
                  "ec2:DescribeImages",
                  "ec2:DescribeInstanceTypeOfferings",
                  "ec2:DescribeInstanceTypes",
                  "ec2:DescribeInstances",
                  "ec2:DescribeLaunchTemplates",
                  "ec2:DescribeSecurityGroups",
                  "ec2:DescribeSpotPriceHistory",
                  "ec2:DescribeSubnets"
                ],
                "condition": [],
                "effect": "Allow",
                "not_actions": [],
                "not_principals": [],
                "not_resources": [],
                "principals": [],
                "resources": [
                  "*"
                ],
                "sid": ""
              },
              {
                "actions": [
                  "ec2:CreateFleet",
                  "ec2:CreateLaunchTemplate",
                  "ec2:CreateTags",
                  "ec2:DeleteLaunchTemplate",
                  "ec2:RunInstances"
                ],
                "condition": [],
                "effect": "Allow",
                "not_actions": [],
                "not_principals": [],
                "not_resources": [],
                "principals": [],
                "resources": [
                  "arn:aws:ec2:us-west-2:724853865853:*",
                  "arn:aws:ec2:us-west-2::image/*"
                ],
                "sid": ""
              },
              {
                "actions": [
                  "iam:PassRole"
                ],
                "condition": [],
                "effect": "Allow",
                "not_actions": [],
                "not_principals": [],
                "not_resources": [],
                "principals": [],
                "resources": [
                  "arn:aws:iam::724853865853:role/emr-eks-karpenter-karpenter-node"
                ],
                "sid": ""
              },
              {
                "actions": [
                  "pricing:GetProducts"
                ],
                "condition": [],
                "effect": "Allow",
                "not_actions": [],
                "not_principals": [],
                "not_resources": [],
                "principals": [],
                "resources": [
                  "*"
                ],
                "sid": ""
              },
              {
                "actions": [
                  "ssm:GetParameter"
                ],
                "condition": [],
                "effect": "Allow",
                "not_actions": [],
                "not_principals": [],
                "not_resources": [],
                "principals": [],
                "resources": [
                  "arn:aws:ssm:us-west-2::parameter/aws/service/*"
                ],
                "sid": ""
              },
              {
                "actions": [
                  "eks:DescribeCluster"
                ],
                "condition": [],
                "effect": "Allow",
                "not_actions": [],
                "not_principals": [],
                "not_resources": [],
                "principals": [],
                "resources": [
                  "arn:aws:eks:*:724853865853:cluster/emr-eks-karpenter"
                ],
                "sid": ""
              },
              {
                "actions": [
                  "ec2:TerminateInstances"
                ],
                "condition": [
                  {
                    "test": "StringLike",
                    "values": [
                      "*"
                    ],
                    "variable": "ec2:ResourceTag/kubernetes.io/cluster/emr-eks-karpenter"
                  }
                ],
                "effect": "Allow",
                "not_actions": [],
                "not_principals": [],
                "not_resources": [],
                "principals": [],
                "resources": [
                  "arn:aws:ec2:us-west-2:724853865853:instance/*"
                ],
                "sid": ""
              },
              {
                "actions": [
                  "sqs:DeleteMessage",
                  "sqs:GetQueueAttributes",
                  "sqs:GetQueueUrl",
                  "sqs:ReceiveMessage"
                ],
                "condition": [],
                "effect": "Allow",
                "not_actions": [],
                "not_principals": [],
                "not_resources": [],
                "principals": [],
                "resources": [
                  "arn:aws:sqs:us-west-2:724853865853:karpenter-emr-eks-karpenter"
                ],
                "sid": ""
              },
              {
                "actions": [
                  "iam:AddRoleToInstanceProfile",
                  "iam:CreateInstanceProfile",
                  "iam:DeleteInstanceProfile",
                  "iam:GetInstanceProfile",
                  "iam:RemoveRoleFromInstanceProfile",
                  "iam:TagInstanceProfile"
                ],
                "condition": [],
                "effect": "Allow",
                "not_actions": [],
                "not_principals": [],
                "not_resources": [],
                "principals": [],
                "resources": [
                  "*"
                ],
                "sid": ""
              }
            ],
            "version": "2012-10-17"
          },
          "sensitive_attributes": []
        }
      ]
    },
    {
      "module": "module.eks_blueprints_addons",
      "mode": "data",
      "type": "aws_iam_policy_document",
      "name": "karpenter_assume_role",
      "provider": "provider[\"registry.terraform.io/hashicorp/aws\"]",
      "instances": [
        {
          "index_key": 0,
          "schema_version": 0,
          "attributes": {
            "id": "106987850",
            "json": "{\n  \"Version\": \"2012-10-17\",\n  \"Statement\": [\n    {\n      \"Sid\": \"KarpenterNodeAssumeRole\",\n      \"Effect\": \"Allow\",\n      \"Action\": \"sts:AssumeRole\",\n      \"Principal\": {\n        \"Service\": \"ec2.amazonaws.com\"\n      }\n    }\n  ]\n}",
            "override_policy_documents": null,
            "policy_id": null,
            "source_policy_documents": null,
            "statement": [
              {
                "actions": [
                  "sts:AssumeRole"
                ],
                "condition": [],
                "effect": "Allow",
                "not_actions": [],
                "not_principals": [],
                "not_resources": [],
                "principals": [
                  {
                    "identifiers": [
                      "ec2.amazonaws.com"
                    ],
                    "type": "Service"
                  }
                ],
                "resources": [],
                "sid": "KarpenterNodeAssumeRole"
              }
            ],
            "version": "2012-10-17"
          },
          "sensitive_attributes": []
        }
      ]
    },
    {
      "module": "module.eks_blueprints_addons",
      "mode": "data",
      "type": "aws_partition",
      "name": "current",
      "provider": "provider[\"registry.terraform.io/hashicorp/aws\"]",
      "instances": [
        {
          "schema_version": 0,
          "attributes": {
            "dns_suffix": "amazonaws.com",
            "id": "aws",
            "partition": "aws",
            "reverse_dns_prefix": "com.amazonaws"
          },
          "sensitive_attributes": []
        }
      ]
    },
    {
      "module": "module.eks_blueprints_addons",
      "mode": "data",
      "type": "aws_region",
      "name": "current",
      "provider": "provider[\"registry.terraform.io/hashicorp/aws\"]",
      "instances": [
        {
          "schema_version": 0,
          "attributes": {
            "description": "US West (Oregon)",
            "endpoint": "ec2.us-west-2.amazonaws.com",
            "id": "us-west-2",
            "name": "us-west-2"
          },
          "sensitive_attributes": []
        }
      ]
    },
    {
      "module": "module.eks_blueprints_addons",
      "mode": "managed",
      "type": "aws_iam_instance_profile",
      "name": "karpenter",
      "provider": "provider[\"registry.terraform.io/hashicorp/aws\"]",
      "instances": [
        {
          "index_key": 0,
          "schema_version": 0,
          "attributes": {
            "arn": "arn:aws:iam::724853865853:instance-profile/emr-eks-karpenter-karpenter-node",
            "create_date": "2024-03-08T06:46:18Z",
            "id": "emr-eks-karpenter-karpenter-node",
            "name": "emr-eks-karpenter-karpenter-node",
            "name_prefix": "",
            "path": "/",
            "role": "emr-eks-karpenter-karpenter-node",
            "tags": {
              "app": "emr-eks-karpenter"
            },
            "tags_all": {
              "app": "emr-eks-karpenter"
            },
            "unique_id": "AIPA2RRFIHV63FAT73X5F"
          },
          "sensitive_attributes": [],
          "private": "bnVsbA==",
          "dependencies": [
            "data.aws_subnets.private_subnets",
            "module.eks.aws_cloudwatch_log_group.this",
            "module.eks.aws_eks_cluster.this",
            "module.eks.aws_iam_policy.cni_ipv6_policy",
            "module.eks.aws_iam_role.this",
            "module.eks.aws_iam_role_policy_attachment.this",
            "module.eks.aws_security_group.cluster",
            "module.eks.aws_security_group.node",
            "module.eks.aws_security_group_rule.cluster",
            "module.eks.aws_security_group_rule.node",
            "module.eks.data.aws_iam_policy_document.assume_role_policy",
            "module.eks.data.aws_iam_session_context.current",
            "module.eks.data.aws_partition.current",
            "module.eks.module.kms.aws_kms_external_key.this",
            "module.eks.module.kms.aws_kms_key.this",
            "module.eks.module.kms.aws_kms_replica_external_key.this",
            "module.eks.module.kms.aws_kms_replica_key.this",
            "module.eks.module.kms.data.aws_caller_identity.current",
            "module.eks.module.kms.data.aws_iam_policy_document.this",
            "module.eks.module.kms.data.aws_partition.current",
            "module.eks_blueprints_addons.aws_iam_role.karpenter",
            "module.eks_blueprints_addons.data.aws_iam_policy_document.karpenter_assume_role",
            "module.vpc.aws_vpc.this"
          ]
        }
      ]
    },
    {
      "module": "module.eks_blueprints_addons",
      "mode": "managed",
      "type": "aws_iam_role",
      "name": "karpenter",
      "provider": "provider[\"registry.terraform.io/hashicorp/aws\"]",
      "instances": [
        {
          "index_key": 0,
          "schema_version": 0,
          "attributes": {
            "arn": "arn:aws:iam::724853865853:role/emr-eks-karpenter-karpenter-node",
            "assume_role_policy": "{\"Statement\":[{\"Action\":\"sts:AssumeRole\",\"Effect\":\"Allow\",\"Principal\":{\"Service\":\"ec2.amazonaws.com\"},\"Sid\":\"KarpenterNodeAssumeRole\"}],\"Version\":\"2012-10-17\"}",
            "create_date": "2024-03-08T06:46:16Z",
            "description": "Karpenter EC2 node IAM role",
            "force_detach_policies": true,
            "id": "emr-eks-karpenter-karpenter-node",
            "inline_policy": [],
            "managed_policy_arns": [],
            "max_session_duration": 3600,
            "name": "emr-eks-karpenter-karpenter-node",
            "name_prefix": "",
            "path": "/",
            "permissions_boundary": "",
            "tags": {
              "app": "emr-eks-karpenter"
            },
            "tags_all": {
              "app": "emr-eks-karpenter"
            },
            "unique_id": "AROA2RRFIHV6THYXWNL32"
          },
          "sensitive_attributes": [],
          "private": "bnVsbA==",
          "dependencies": [
            "data.aws_subnets.private_subnets",
            "module.eks.aws_cloudwatch_log_group.this",
            "module.eks.aws_eks_cluster.this",
            "module.eks.aws_iam_policy.cni_ipv6_policy",
            "module.eks.aws_iam_role.this",
            "module.eks.aws_iam_role_policy_attachment.this",
            "module.eks.aws_security_group.cluster",
            "module.eks.aws_security_group.node",
            "module.eks.aws_security_group_rule.cluster",
            "module.eks.aws_security_group_rule.node",
            "module.eks.data.aws_iam_policy_document.assume_role_policy",
            "module.eks.data.aws_iam_session_context.current",
            "module.eks.data.aws_partition.current",
            "module.eks.module.kms.aws_kms_external_key.this",
            "module.eks.module.kms.aws_kms_key.this",
            "module.eks.module.kms.aws_kms_replica_external_key.this",
            "module.eks.module.kms.aws_kms_replica_key.this",
            "module.eks.module.kms.data.aws_caller_identity.current",
            "module.eks.module.kms.data.aws_iam_policy_document.this",
            "module.eks.module.kms.data.aws_partition.current",
            "module.eks_blueprints_addons.data.aws_iam_policy_document.karpenter_assume_role",
            "module.vpc.aws_vpc.this"
          ]
        }
      ]
    },
    {
      "module": "module.eks_blueprints_addons",
      "mode": "managed",
      "type": "time_sleep",
      "name": "this",
      "provider": "provider[\"registry.terraform.io/hashicorp/time\"]",
      "instances": [
        {
          "schema_version": 0,
          "attributes": {
            "create_duration": "30s",
            "destroy_duration": null,
            "id": "2024-03-08T06:46:47Z",
            "triggers": {
              "cluster_endpoint": "https://E62BC5B60564EE45617CA662B24B8A8F.gr7.us-west-2.eks.amazonaws.com",
              "cluster_name": "emr-eks-karpenter",
              "custom": "",
              "oidc_provider_arn": "arn:aws:iam::724853865853:oidc-provider/oidc.eks.us-west-2.amazonaws.com/id/E62BC5B60564EE45617CA662B24B8A8F"
            }
          },
          "sensitive_attributes": [],
          "dependencies": [
            "data.aws_subnets.private_subnets",
            "module.eks.aws_cloudwatch_log_group.this",
            "module.eks.aws_eks_cluster.this",
            "module.eks.aws_iam_openid_connect_provider.oidc_provider",
            "module.eks.aws_iam_policy.cni_ipv6_policy",
            "module.eks.aws_iam_role.this",
            "module.eks.aws_iam_role_policy_attachment.this",
            "module.eks.aws_security_group.cluster",
            "module.eks.aws_security_group.node",
            "module.eks.aws_security_group_rule.cluster",
            "module.eks.aws_security_group_rule.node",
            "module.eks.data.aws_iam_policy_document.assume_role_policy",
            "module.eks.data.aws_iam_session_context.current",
            "module.eks.data.aws_partition.current",
            "module.eks.data.tls_certificate.this",
            "module.eks.module.kms.aws_kms_external_key.this",
            "module.eks.module.kms.aws_kms_key.this",
            "module.eks.module.kms.aws_kms_replica_external_key.this",
            "module.eks.module.kms.aws_kms_replica_key.this",
            "module.eks.module.kms.data.aws_caller_identity.current",
            "module.eks.module.kms.data.aws_iam_policy_document.this",
            "module.eks.module.kms.data.aws_partition.current",
            "module.vpc.aws_vpc.this"
          ]
        }
      ]
    },
    {
      "module": "module.eks_blueprints_addons.module.karpenter",
      "mode": "data",
      "type": "aws_caller_identity",
      "name": "current",
      "provider": "provider[\"registry.terraform.io/hashicorp/aws\"]",
      "instances": [
        {
          "index_key": 0,
          "schema_version": 0,
          "attributes": {
            "account_id": "724853865853",
            "arn": "arn:aws:iam::724853865853:user/dongdong",
            "id": "724853865853",
            "user_id": "AIDA2RRFIHV62ZOURQUK5"
          },
          "sensitive_attributes": []
        }
      ]
    },
    {
      "module": "module.eks_blueprints_addons.module.karpenter",
      "mode": "data",
      "type": "aws_iam_policy_document",
      "name": "assume",
      "provider": "provider[\"registry.terraform.io/hashicorp/aws\"]",
      "instances": [
        {
          "index_key": 0,
          "schema_version": 0,
          "attributes": {
            "id": "3190134016",
            "json": "{\n  \"Version\": \"2012-10-17\",\n  \"Statement\": [\n    {\n      \"Effect\": \"Allow\",\n      \"Action\": \"sts:AssumeRoleWithWebIdentity\",\n      \"Principal\": {\n        \"Federated\": \"arn:aws:iam::724853865853:oidc-provider/oidc.eks.us-west-2.amazonaws.com/id/E62BC5B60564EE45617CA662B24B8A8F\"\n      },\n      \"Condition\": {\n        \"StringEquals\": {\n          \"oidc.eks.us-west-2.amazonaws.com/id/E62BC5B60564EE45617CA662B24B8A8F:aud\": \"sts.amazonaws.com\",\n          \"oidc.eks.us-west-2.amazonaws.com/id/E62BC5B60564EE45617CA662B24B8A8F:sub\": \"system:serviceaccount:karpenter:karpenter\"\n        }\n      }\n    }\n  ]\n}",
            "override_policy_documents": null,
            "policy_id": null,
            "source_policy_documents": null,
            "statement": [
              {
                "actions": [
                  "sts:AssumeRoleWithWebIdentity"
                ],
                "condition": [
                  {
                    "test": "StringEquals",
                    "values": [
                      "sts.amazonaws.com"
                    ],
                    "variable": "oidc.eks.us-west-2.amazonaws.com/id/E62BC5B60564EE45617CA662B24B8A8F:aud"
                  },
                  {
                    "test": "StringEquals",
                    "values": [
                      "system:serviceaccount:karpenter:karpenter"
                    ],
                    "variable": "oidc.eks.us-west-2.amazonaws.com/id/E62BC5B60564EE45617CA662B24B8A8F:sub"
                  }
                ],
                "effect": "Allow",
                "not_actions": [],
                "not_principals": [],
                "not_resources": [],
                "principals": [
                  {
                    "identifiers": [
                      "arn:aws:iam::724853865853:oidc-provider/oidc.eks.us-west-2.amazonaws.com/id/E62BC5B60564EE45617CA662B24B8A8F"
                    ],
                    "type": "Federated"
                  }
                ],
                "resources": [],
                "sid": ""
              }
            ],
            "version": "2012-10-17"
          },
          "sensitive_attributes": []
        }
      ]
    },
    {
      "module": "module.eks_blueprints_addons.module.karpenter",
      "mode": "data",
      "type": "aws_iam_policy_document",
      "name": "this",
      "provider": "provider[\"registry.terraform.io/hashicorp/aws\"]",
      "instances": [
        {
          "index_key": 0,
          "schema_version": 0,
          "attributes": {
            "id": "3638233759",
            "json": "{\n  \"Version\": \"2012-10-17\",\n  \"Statement\": [\n    {\n      \"Effect\": \"Allow\",\n      \"Action\": [\n        \"ec2:DescribeSubnets\",\n        \"ec2:DescribeSpotPriceHistory\",\n        \"ec2:DescribeSecurityGroups\",\n        \"ec2:DescribeLaunchTemplates\",\n        \"ec2:DescribeInstances\",\n        \"ec2:DescribeInstanceTypes\",\n        \"ec2:DescribeInstanceTypeOfferings\",\n        \"ec2:DescribeImages\",\n        \"ec2:DescribeAvailabilityZones\"\n      ],\n      \"Resource\": \"*\"\n    },\n    {\n      \"Effect\": \"Allow\",\n      \"Action\": [\n        \"ec2:RunInstances\",\n        \"ec2:DeleteLaunchTemplate\",\n        \"ec2:CreateTags\",\n        \"ec2:CreateLaunchTemplate\",\n        \"ec2:CreateFleet\"\n      ],\n      \"Resource\": [\n        \"arn:aws:ec2:us-west-2::image/*\",\n        \"arn:aws:ec2:us-west-2:724853865853:*\"\n      ]\n    },\n    {\n      \"Effect\": \"Allow\",\n      \"Action\": \"iam:PassRole\",\n      \"Resource\": \"arn:aws:iam::724853865853:role/emr-eks-karpenter-karpenter-node\"\n    },\n    {\n      \"Effect\": \"Allow\",\n      \"Action\": \"pricing:GetProducts\",\n      \"Resource\": \"*\"\n    },\n    {\n      \"Effect\": \"Allow\",\n      \"Action\": \"ssm:GetParameter\",\n      \"Resource\": \"arn:aws:ssm:us-west-2::parameter/aws/service/*\"\n    },\n    {\n      \"Effect\": \"Allow\",\n      \"Action\": \"eks:DescribeCluster\",\n      \"Resource\": \"arn:aws:eks:*:724853865853:cluster/emr-eks-karpenter\"\n    },\n    {\n      \"Effect\": \"Allow\",\n      \"Action\": \"ec2:TerminateInstances\",\n      \"Resource\": \"arn:aws:ec2:us-west-2:724853865853:instance/*\",\n      \"Condition\": {\n        \"StringLike\": {\n          \"ec2:ResourceTag/kubernetes.io/cluster/emr-eks-karpenter\": \"*\"\n        }\n      }\n    },\n    {\n      \"Effect\": \"Allow\",\n      \"Action\": [\n        \"sqs:ReceiveMessage\",\n        \"sqs:GetQueueUrl\",\n        \"sqs:GetQueueAttributes\",\n        \"sqs:DeleteMessage\"\n      ],\n      \"Resource\": \"arn:aws:sqs:us-west-2:724853865853:karpenter-emr-eks-karpenter\"\n    },\n    {\n      \"Effect\": \"Allow\",\n      \"Action\": [\n        \"iam:TagInstanceProfile\",\n        \"iam:RemoveRoleFromInstanceProfile\",\n        \"iam:GetInstanceProfile\",\n        \"iam:DeleteInstanceProfile\",\n        \"iam:CreateInstanceProfile\",\n        \"iam:AddRoleToInstanceProfile\"\n      ],\n      \"Resource\": \"*\"\n    }\n  ]\n}",
            "override_policy_documents": null,
            "policy_id": null,
            "source_policy_documents": [
              "{\n  \"Version\": \"2012-10-17\",\n  \"Statement\": [\n    {\n      \"Effect\": \"Allow\",\n      \"Action\": [\n        \"ec2:DescribeSubnets\",\n        \"ec2:DescribeSpotPriceHistory\",\n        \"ec2:DescribeSecurityGroups\",\n        \"ec2:DescribeLaunchTemplates\",\n        \"ec2:DescribeInstances\",\n        \"ec2:DescribeInstanceTypes\",\n        \"ec2:DescribeInstanceTypeOfferings\",\n        \"ec2:DescribeImages\",\n        \"ec2:DescribeAvailabilityZones\"\n      ],\n      \"Resource\": \"*\"\n    },\n    {\n      \"Effect\": \"Allow\",\n      \"Action\": [\n        \"ec2:RunInstances\",\n        \"ec2:DeleteLaunchTemplate\",\n        \"ec2:CreateTags\",\n        \"ec2:CreateLaunchTemplate\",\n        \"ec2:CreateFleet\"\n      ],\n      \"Resource\": [\n        \"arn:aws:ec2:us-west-2::image/*\",\n        \"arn:aws:ec2:us-west-2:724853865853:*\"\n      ]\n    },\n    {\n      \"Effect\": \"Allow\",\n      \"Action\": \"iam:PassRole\",\n      \"Resource\": \"arn:aws:iam::724853865853:role/emr-eks-karpenter-karpenter-node\"\n    },\n    {\n      \"Effect\": \"Allow\",\n      \"Action\": \"pricing:GetProducts\",\n      \"Resource\": \"*\"\n    },\n    {\n      \"Effect\": \"Allow\",\n      \"Action\": \"ssm:GetParameter\",\n      \"Resource\": \"arn:aws:ssm:us-west-2::parameter/aws/service/*\"\n    },\n    {\n      \"Effect\": \"Allow\",\n      \"Action\": \"eks:DescribeCluster\",\n      \"Resource\": \"arn:aws:eks:*:724853865853:cluster/emr-eks-karpenter\"\n    },\n    {\n      \"Effect\": \"Allow\",\n      \"Action\": \"ec2:TerminateInstances\",\n      \"Resource\": \"arn:aws:ec2:us-west-2:724853865853:instance/*\",\n      \"Condition\": {\n        \"StringLike\": {\n          \"ec2:ResourceTag/kubernetes.io/cluster/emr-eks-karpenter\": \"*\"\n        }\n      }\n    },\n    {\n      \"Effect\": \"Allow\",\n      \"Action\": [\n        \"sqs:ReceiveMessage\",\n        \"sqs:GetQueueUrl\",\n        \"sqs:GetQueueAttributes\",\n        \"sqs:DeleteMessage\"\n      ],\n      \"Resource\": \"arn:aws:sqs:us-west-2:724853865853:karpenter-emr-eks-karpenter\"\n    },\n    {\n      \"Effect\": \"Allow\",\n      \"Action\": [\n        \"iam:TagInstanceProfile\",\n        \"iam:RemoveRoleFromInstanceProfile\",\n        \"iam:GetInstanceProfile\",\n        \"iam:DeleteInstanceProfile\",\n        \"iam:CreateInstanceProfile\",\n        \"iam:AddRoleToInstanceProfile\"\n      ],\n      \"Resource\": \"*\"\n    }\n  ]\n}"
            ],
            "statement": null,
            "version": "2012-10-17"
          },
          "sensitive_attributes": []
        }
      ]
    },
    {
      "module": "module.eks_blueprints_addons.module.karpenter",
      "mode": "data",
      "type": "aws_partition",
      "name": "current",
      "provider": "provider[\"registry.terraform.io/hashicorp/aws\"]",
      "instances": [
        {
          "index_key": 0,
          "schema_version": 0,
          "attributes": {
            "dns_suffix": "amazonaws.com",
            "id": "aws",
            "partition": "aws",
            "reverse_dns_prefix": "com.amazonaws"
          },
          "sensitive_attributes": []
        }
      ]
    },
    {
      "module": "module.eks_blueprints_addons.module.karpenter",
      "mode": "managed",
      "type": "aws_iam_policy",
      "name": "this",
      "provider": "provider[\"registry.terraform.io/hashicorp/aws\"]",
      "instances": [
        {
          "index_key": 0,
          "schema_version": 0,
          "attributes": {
            "arn": "arn:aws:iam::724853865853:policy/karpenter-2024030806464308020000000d",
            "description": "IAM Policy for karpenter",
            "id": "arn:aws:iam::724853865853:policy/karpenter-2024030806464308020000000d",
            "name": "karpenter-2024030806464308020000000d",
            "name_prefix": "karpenter-",
            "path": "/",
            "policy": "{\"Statement\":[{\"Action\":[\"ec2:DescribeSubnets\",\"ec2:DescribeSpotPriceHistory\",\"ec2:DescribeSecurityGroups\",\"ec2:DescribeLaunchTemplates\",\"ec2:DescribeInstances\",\"ec2:DescribeInstanceTypes\",\"ec2:DescribeInstanceTypeOfferings\",\"ec2:DescribeImages\",\"ec2:DescribeAvailabilityZones\"],\"Effect\":\"Allow\",\"Resource\":\"*\"},{\"Action\":[\"ec2:RunInstances\",\"ec2:DeleteLaunchTemplate\",\"ec2:CreateTags\",\"ec2:CreateLaunchTemplate\",\"ec2:CreateFleet\"],\"Effect\":\"Allow\",\"Resource\":[\"arn:aws:ec2:us-west-2::image/*\",\"arn:aws:ec2:us-west-2:724853865853:*\"]},{\"Action\":\"iam:PassRole\",\"Effect\":\"Allow\",\"Resource\":\"arn:aws:iam::724853865853:role/emr-eks-karpenter-karpenter-node\"},{\"Action\":\"pricing:GetProducts\",\"Effect\":\"Allow\",\"Resource\":\"*\"},{\"Action\":\"ssm:GetParameter\",\"Effect\":\"Allow\",\"Resource\":\"arn:aws:ssm:us-west-2::parameter/aws/service/*\"},{\"Action\":\"eks:DescribeCluster\",\"Effect\":\"Allow\",\"Resource\":\"arn:aws:eks:*:724853865853:cluster/emr-eks-karpenter\"},{\"Action\":\"ec2:TerminateInstances\",\"Condition\":{\"StringLike\":{\"ec2:ResourceTag/kubernetes.io/cluster/emr-eks-karpenter\":\"*\"}},\"Effect\":\"Allow\",\"Resource\":\"arn:aws:ec2:us-west-2:724853865853:instance/*\"},{\"Action\":[\"sqs:ReceiveMessage\",\"sqs:GetQueueUrl\",\"sqs:GetQueueAttributes\",\"sqs:DeleteMessage\"],\"Effect\":\"Allow\",\"Resource\":\"arn:aws:sqs:us-west-2:724853865853:karpenter-emr-eks-karpenter\"},{\"Action\":[\"iam:TagInstanceProfile\",\"iam:RemoveRoleFromInstanceProfile\",\"iam:GetInstanceProfile\",\"iam:DeleteInstanceProfile\",\"iam:CreateInstanceProfile\",\"iam:AddRoleToInstanceProfile\"],\"Effect\":\"Allow\",\"Resource\":\"*\"}],\"Version\":\"2012-10-17\"}",
            "policy_id": "ANPA2RRFIHV6X43GHV7JS",
            "tags": {
              "app": "emr-eks-karpenter"
            },
            "tags_all": {
              "app": "emr-eks-karpenter"
            }
          },
          "sensitive_attributes": [],
          "private": "bnVsbA==",
          "dependencies": [
            "data.aws_ecrpublic_authorization_token.token",
            "data.aws_subnets.private_subnets",
            "module.eks.aws_cloudwatch_log_group.this",
            "module.eks.aws_eks_cluster.this",
            "module.eks.aws_iam_policy.cni_ipv6_policy",
            "module.eks.aws_iam_role.this",
            "module.eks.aws_iam_role_policy_attachment.this",
            "module.eks.aws_security_group.cluster",
            "module.eks.aws_security_group.node",
            "module.eks.aws_security_group_rule.cluster",
            "module.eks.aws_security_group_rule.node",
            "module.eks.data.aws_iam_policy_document.assume_role_policy",
            "module.eks.data.aws_iam_session_context.current",
            "module.eks.data.aws_partition.current",
            "module.eks.module.kms.aws_kms_external_key.this",
            "module.eks.module.kms.aws_kms_key.this",
            "module.eks.module.kms.aws_kms_replica_external_key.this",
            "module.eks.module.kms.aws_kms_replica_key.this",
            "module.eks.module.kms.data.aws_caller_identity.current",
            "module.eks.module.kms.data.aws_iam_policy_document.this",
            "module.eks.module.kms.data.aws_partition.current",
            "module.eks_blueprints_addons.aws_iam_role.karpenter",
            "module.eks_blueprints_addons.data.aws_caller_identity.current",
            "module.eks_blueprints_addons.data.aws_iam_policy_document.karpenter",
            "module.eks_blueprints_addons.data.aws_iam_policy_document.karpenter_assume_role",
            "module.eks_blueprints_addons.data.aws_partition.current",
            "module.eks_blueprints_addons.data.aws_region.current",
            "module.eks_blueprints_addons.module.karpenter.data.aws_iam_policy_document.this",
            "module.eks_blueprints_addons.module.karpenter_sqs.aws_sqs_queue.this",
            "module.vpc.aws_vpc.this"
          ]
        }
      ]
    },
    {
      "module": "module.eks_blueprints_addons.module.karpenter",
      "mode": "managed",
      "type": "aws_iam_role",
      "name": "this",
      "provider": "provider[\"registry.terraform.io/hashicorp/aws\"]",
      "instances": [
        {
          "index_key": 0,
          "schema_version": 0,
          "attributes": {
            "arn": "arn:aws:iam::724853865853:role/karpenter-20240308064647184900000012",
            "assume_role_policy": "{\"Statement\":[{\"Action\":\"sts:AssumeRoleWithWebIdentity\",\"Condition\":{\"StringEquals\":{\"oidc.eks.us-west-2.amazonaws.com/id/E62BC5B60564EE45617CA662B24B8A8F:aud\":\"sts.amazonaws.com\",\"oidc.eks.us-west-2.amazonaws.com/id/E62BC5B60564EE45617CA662B24B8A8F:sub\":\"system:serviceaccount:karpenter:karpenter\"}},\"Effect\":\"Allow\",\"Principal\":{\"Federated\":\"arn:aws:iam::724853865853:oidc-provider/oidc.eks.us-west-2.amazonaws.com/id/E62BC5B60564EE45617CA662B24B8A8F\"}}],\"Version\":\"2012-10-17\"}",
            "create_date": "2024-03-08T06:46:47Z",
            "description": "IRSA for Karpenter",
            "force_detach_policies": true,
            "id": "karpenter-20240308064647184900000012",
            "inline_policy": [],
            "managed_policy_arns": [],
            "max_session_duration": 3600,
            "name": "karpenter-20240308064647184900000012",
            "name_prefix": "karpenter-",
            "path": "/",
            "permissions_boundary": "",
            "tags": {
              "app": "emr-eks-karpenter"
            },
            "tags_all": {
              "app": "emr-eks-karpenter"
            },
            "unique_id": "AROA2RRFIHV62LAQJAHP6"
          },
          "sensitive_attributes": [],
          "private": "bnVsbA==",
          "dependencies": [
            "data.aws_ecrpublic_authorization_token.token",
            "data.aws_subnets.private_subnets",
            "module.eks.aws_cloudwatch_log_group.this",
            "module.eks.aws_eks_cluster.this",
            "module.eks.aws_iam_openid_connect_provider.oidc_provider",
            "module.eks.aws_iam_policy.cni_ipv6_policy",
            "module.eks.aws_iam_role.this",
            "module.eks.aws_iam_role_policy_attachment.this",
            "module.eks.aws_security_group.cluster",
            "module.eks.aws_security_group.node",
            "module.eks.aws_security_group_rule.cluster",
            "module.eks.aws_security_group_rule.node",
            "module.eks.data.aws_iam_policy_document.assume_role_policy",
            "module.eks.data.aws_iam_session_context.current",
            "module.eks.data.aws_partition.current",
            "module.eks.data.tls_certificate.this",
            "module.eks.module.kms.aws_kms_external_key.this",
            "module.eks.module.kms.aws_kms_key.this",
            "module.eks.module.kms.aws_kms_replica_external_key.this",
            "module.eks.module.kms.aws_kms_replica_key.this",
            "module.eks.module.kms.data.aws_caller_identity.current",
            "module.eks.module.kms.data.aws_iam_policy_document.this",
            "module.eks.module.kms.data.aws_partition.current",
            "module.eks_blueprints_addons.module.karpenter.data.aws_caller_identity.current",
            "module.eks_blueprints_addons.module.karpenter.data.aws_iam_policy_document.assume",
            "module.eks_blueprints_addons.module.karpenter.data.aws_partition.current",
            "module.eks_blueprints_addons.time_sleep.this",
            "module.vpc.aws_vpc.this"
          ]
        }
      ]
    },
    {
      "module": "module.eks_blueprints_addons.module.karpenter",
      "mode": "managed",
      "type": "aws_iam_role_policy_attachment",
      "name": "this",
      "provider": "provider[\"registry.terraform.io/hashicorp/aws\"]",
      "instances": [
        {
          "index_key": 0,
          "schema_version": 0,
          "attributes": {
            "id": "karpenter-20240308064647184900000012-20240308064649140700000013",
            "policy_arn": "arn:aws:iam::724853865853:policy/karpenter-2024030806464308020000000d",
            "role": "karpenter-20240308064647184900000012"
          },
          "sensitive_attributes": [],
          "private": "bnVsbA==",
          "dependencies": [
            "data.aws_ecrpublic_authorization_token.token",
            "data.aws_subnets.private_subnets",
            "module.eks.aws_cloudwatch_log_group.this",
            "module.eks.aws_eks_cluster.this",
            "module.eks.aws_iam_openid_connect_provider.oidc_provider",
            "module.eks.aws_iam_policy.cni_ipv6_policy",
            "module.eks.aws_iam_role.this",
            "module.eks.aws_iam_role_policy_attachment.this",
            "module.eks.aws_security_group.cluster",
            "module.eks.aws_security_group.node",
            "module.eks.aws_security_group_rule.cluster",
            "module.eks.aws_security_group_rule.node",
            "module.eks.data.aws_iam_policy_document.assume_role_policy",
            "module.eks.data.aws_iam_session_context.current",
            "module.eks.data.aws_partition.current",
            "module.eks.data.tls_certificate.this",
            "module.eks.module.kms.aws_kms_external_key.this",
            "module.eks.module.kms.aws_kms_key.this",
            "module.eks.module.kms.aws_kms_replica_external_key.this",
            "module.eks.module.kms.aws_kms_replica_key.this",
            "module.eks.module.kms.data.aws_caller_identity.current",
            "module.eks.module.kms.data.aws_iam_policy_document.this",
            "module.eks.module.kms.data.aws_partition.current",
            "module.eks_blueprints_addons.aws_iam_role.karpenter",
            "module.eks_blueprints_addons.data.aws_caller_identity.current",
            "module.eks_blueprints_addons.data.aws_iam_policy_document.karpenter",
            "module.eks_blueprints_addons.data.aws_iam_policy_document.karpenter_assume_role",
            "module.eks_blueprints_addons.data.aws_partition.current",
            "module.eks_blueprints_addons.data.aws_region.current",
            "module.eks_blueprints_addons.module.karpenter.aws_iam_policy.this",
            "module.eks_blueprints_addons.module.karpenter.aws_iam_role.this",
            "module.eks_blueprints_addons.module.karpenter.data.aws_caller_identity.current",
            "module.eks_blueprints_addons.module.karpenter.data.aws_iam_policy_document.assume",
            "module.eks_blueprints_addons.module.karpenter.data.aws_iam_policy_document.this",
            "module.eks_blueprints_addons.module.karpenter.data.aws_partition.current",
            "module.eks_blueprints_addons.module.karpenter_sqs.aws_sqs_queue.this",
            "module.eks_blueprints_addons.time_sleep.this",
            "module.vpc.aws_vpc.this"
          ]
        }
      ]
    },
    {
      "module": "module.eks_blueprints_addons.module.karpenter",
      "mode": "managed",
      "type": "helm_release",
      "name": "this",
      "provider": "provider[\"registry.terraform.io/hashicorp/helm\"]",
      "instances": [
        {
          "index_key": 0,
          "schema_version": 1,
          "attributes": {
            "atomic": false,
            "chart": "karpenter",
            "cleanup_on_fail": false,
            "create_namespace": true,
            "dependency_update": false,
            "description": "A Helm chart to deploy Karpenter",
            "devel": null,
            "disable_crd_hooks": false,
            "disable_openapi_validation": false,
            "disable_webhooks": false,
            "force_update": false,
            "id": "karpenter",
            "keyring": null,
            "lint": false,
            "manifest": null,
            "max_history": 0,
            "metadata": [
              {
                "app_version": "0.33.1",
                "chart": "karpenter",
                "name": "karpenter",
                "namespace": "karpenter",
                "revision": 1,
                "values": "{\"serviceAccount\":{\"annotations\":{\"eks.amazonaws.com/role-arn\":\"arn:aws:iam::724853865853:role/karpenter-20240308064647184900000012\"},\"name\":\"karpenter\"},\"settings\":{\"aws\":{\"clusterEndpoint\":\"https://E62BC5B60564EE45617CA662B24B8A8F.gr7.us-west-2.eks.amazonaws.com\",\"clusterName\":\"emr-eks-karpenter\",\"interruptionQueueName\":\"karpenter-emr-eks-karpenter\"},\"clusterEndpoint\":\"https://E62BC5B60564EE45617CA662B24B8A8F.gr7.us-west-2.eks.amazonaws.com\",\"clusterName\":\"emr-eks-karpenter\",\"interruptionQueue\":\"karpenter-emr-eks-karpenter\"}}",
                "version": "v0.33.1"
              }
            ],
            "name": "karpenter",
            "namespace": "karpenter",
            "pass_credentials": false,
            "postrender": [],
            "recreate_pods": false,
            "render_subchart_notes": true,
            "replace": false,
            "repository": "oci://public.ecr.aws/karpenter",
            "repository_ca_file": null,
            "repository_cert_file": null,
            "repository_key_file": null,
            "repository_password": "eyJwYXlsb2FkIjoiTmpCN01BS2cwSUI4dDdZWER3UXRoYi8rSFExWmZwdyt5U1VCUlBwZWhhQjdBNUloaFpRR1VWdUpGQ1kwTWViNERjNGhaRmtrMlYzaEJyVkFQN0FIeEdYSlZ1OE1zMUpadmNEYjYydkhBQS9MQkN5dzFqeFNSYnBxVkdxaVNObWYxTXIyclA0OE5ULzJ5dU10VEhhSHZ2UFJpa3RhNlFiOUpNUnpzd241NldOMlcwMHVpeUZpU2x4ZGNxZ05mc01LZXN2aVBOcjBPa0srT2dIZ3FVcEU0R2RZdHBwaHM4a2NaUzJKTE1pYU8rUG42UlJENml2a0dKak10cEFKTXh3QnA5VjE1NUQrZVpFWHVOREREOWkwN0lFb2FUVTN0akViOUJGM2tpOStobnh0NkRSUVhhY01Lc1N4MmNCcnE0TTErdFljNHpHc3N5UDYrSFIyMVVMY1lDVm1lOVY0ZVArYmgxRlZMbDFvWXIySEk2SHdLVnhHUVRRSnNUbUNHY3ZsNHRRVWwwOGcwOXUxZVEwU2ZvTzdUUGZnK2tjUmNhc3pFY3JtSE93MW9tOEw0bzJXUjhRKzl2YWh5RU9yaDhFRVBWN05ISHNnek5Hc2hoa0E2c2NRRXJUOGZySzNibnFoSFFPK2VWeUdSdHAxRC9PV1JmUFgzT1VYdnJwWmU1RDdwbmZXSTRYR3NlT2pOUTlhdVUyOFNONTVQclUyTEYvdERGb0g2VnJxdlY0cW9mNWRsM3FoM3lLMDJzUDJpUk1VQTVscU5EdDloUU10NHdiY3NJemp4aTMydloxdHBOUnhSbVJabElZeDhuOFJua0Rvb1ZWazVnWDFNZDJhK2d1Q2xsQ2NKcDZQWDk2dmFIM1BhaGhOYXN0VjlVQ3Z6UnZrQTNKVXJic1FUS1RSbGJKNGZKaE1wOXNoOFZBNXV6NXZrd1ZhUldJd2ZWanpXdlZwdHd3aHlERHJhazBPUW44dlpVQlRCaEN4WEIrN2JoenRvZ010a0NueGhpcHAxQ1hkMXhNb25EYjNWSEUzdEVmSTlhMlVNcW1ma1pDcEIxMXBnYmV3MUEwbWFPaWQ4ZndObTVyeU13VmdRcXc1NkRPbWhRdUUxQmRCMGhLa3p2aXFseGxDRkdETVlqa0c3emVpTzRMOXRPTXRUa0cyVk1ka001V29HZ3ViRG41ZitGaWhFVGxXaFpZdUtFM0RHM05kQWd3VGEwd2VxdHhCbXdJRlZPa0QydFFRb0taQ01zcCtHRG9DNmY4UUk5dVM2eThZRnJob3JJYURVbU80MzdHd20vMFU1bGlMcS91YUpUbENPcFdGRjJqOXFrVzVLWHcvZmx5LzQrNjJQLzM2UFpHYkNoaDVMYWVEOEN5Y3hKeFZLSmUreHZaYzFnSUYiLCJkYXRha2V5IjoiZXlKUVJGZ2lPaUp1SzFSWVQyVTNTVk0xY21Wak1VUjFRbXhJUjFoVk9ERTJUMVJsV1U5VE1pdENhVUY0VWpGdVdHRXJRVVU1Y0daclZHZGFhblZ1ZW1oRE4wMVNOWGh3YlV4dWVVOVhOeXR6V1hBeUszUjVVV0pHWkhNNWNVTTJkVFpKUVdsT01FNUpOV0pRYkhGamQybHRWa0pFV1VkeVJYRjRNelpGTlRGTVRGaDFNbGxuTW0xcldtRTJjRFJRYWk5YVZrMU5hVmcxVW1aek9FdzRkRm8xYjNOb1RXbGtiSGhOUTFCVlFqQTRUSFozTUhGNmVGSkZiRTU0YUhSemNYRlJNVVJZY2tGbWRIaHRabHBxTkZSNFNqQXZaMkkwSzFkT1VtUlVRMVJaYlc5bk1WQldVMWswVFd0NGJGWldOemczUnpKbk5sQklkMEpNT1dWb1pua3dUbFJoYlRWMVNETkVTamxEY1UweWJqSkZhVmRaWVhCcE4wb3haMnhMWjBwTlJETXJUSEZHU2pSM016TnFTMVpJTUZKNGN6RmFXVXBKZGt3eFYyMXpMM2h4Ym5oTlpGQjBUVEowVG5Bd00ySXZNMGx3WjJWeWRWTTNkR2M5UFNJc0lrbEJSQ0k2SW1oWldEbHZTVTlDUTBSd1dVOWlWa0puTmpKUVoyaFZkRTU0YkRaeVVEWkxZWGhsTjNOaFoxRm1hSFZVYUVGbWRIcEdZMHBTWjJORU16TlNNamh3U2xodGNEUmtWVUk1YUVsSmFEVlNiMkpsV205S1dIRkZTMVpGWTFaS1oyNWpZMkpyTDJOU2J5ODFaWGRpWW1Wb01HWTVZWGxwZVdaWU9GcHFUbGhJYzFKWFVsQnlTV3RPUVhGc1dYZzFVek5aU0dwdmFVNVlNbFZXZERGWWJIRnNhVEZxWlhvclFuSldWMHBZTVRsSlUydFJTbHBRUmpSNGNqbHZjR1ZQV0dkdmVXOHdiVEI0YTI5aGNsbzNPR1pwUkUxcFREazJTRmt4Vm1aRlkwZHROV0pYVkZGUWNDOUpTRkpNVUhWbGF6aGpPRTVoT0ZWdVlWQXJhRE16ZWpKM1ZrcGtTR2hXY0d4aVRVbFZXRzVNYzI5eWVXMUhUblYxTUVWWlVuVktTVkJxZWxoM1JucHhTVU5qUlVkVFRYaEhZV29yTjFGVVNqWldWMFZ2Wm5ST1VDOUpjRXAzT0ZoS05EbFJSVmRGUTA4clRWUkliVmg2WnowOUluMD0iLCJ2ZXJzaW9uIjoiMyIsInR5cGUiOiJEQVRBX0tFWSIsImV4cGlyYXRpb24iOjE3MDk5MjMwNjF9",
            "repository_username": "AWS",
            "reset_values": false,
            "reuse_values": false,
            "set": [
              {
                "name": "serviceAccount.annotations.eks\\.amazonaws\\.com/role-arn",
                "type": "",
                "value": "arn:aws:iam::724853865853:role/karpenter-20240308064647184900000012"
              },
              {
                "name": "serviceAccount.name",
                "type": "",
                "value": "karpenter"
              },
              {
                "name": "settings.aws.clusterEndpoint",
                "type": "",
                "value": "https://E62BC5B60564EE45617CA662B24B8A8F.gr7.us-west-2.eks.amazonaws.com"
              },
              {
                "name": "settings.aws.clusterName",
                "type": "",
                "value": "emr-eks-karpenter"
              },
              {
                "name": "settings.aws.interruptionQueueName",
                "type": "",
                "value": "karpenter-emr-eks-karpenter"
              },
              {
                "name": "settings.clusterEndpoint",
                "type": "",
                "value": "https://E62BC5B60564EE45617CA662B24B8A8F.gr7.us-west-2.eks.amazonaws.com"
              },
              {
                "name": "settings.clusterName",
                "type": "",
                "value": "emr-eks-karpenter"
              },
              {
                "name": "settings.interruptionQueue",
                "type": "",
                "value": "karpenter-emr-eks-karpenter"
              }
            ],
            "set_list": [],
            "set_sensitive": [],
            "skip_crds": false,
            "status": "deployed",
            "timeout": 300,
            "values": [],
            "verify": false,
            "version": "v0.33.1",
            "wait": false,
            "wait_for_jobs": false
          },
          "sensitive_attributes": [
            [
              {
                "type": "get_attr",
                "value": "repository_password"
              }
            ]
          ],
          "private": "eyJzY2hlbWFfdmVyc2lvbiI6IjEifQ==",
          "dependencies": [
            "data.aws_ecrpublic_authorization_token.token",
            "data.aws_eks_cluster_auth.this",
            "data.aws_subnets.private_subnets",
            "module.eks.aws_cloudwatch_log_group.this",
            "module.eks.aws_eks_cluster.this",
            "module.eks.aws_iam_openid_connect_provider.oidc_provider",
            "module.eks.aws_iam_policy.cni_ipv6_policy",
            "module.eks.aws_iam_role.this",
            "module.eks.aws_iam_role_policy_attachment.this",
            "module.eks.aws_security_group.cluster",
            "module.eks.aws_security_group.node",
            "module.eks.aws_security_group_rule.cluster",
            "module.eks.aws_security_group_rule.node",
            "module.eks.data.aws_iam_policy_document.assume_role_policy",
            "module.eks.data.aws_iam_session_context.current",
            "module.eks.data.aws_partition.current",
            "module.eks.data.tls_certificate.this",
            "module.eks.module.kms.aws_kms_external_key.this",
            "module.eks.module.kms.aws_kms_key.this",
            "module.eks.module.kms.aws_kms_replica_external_key.this",
            "module.eks.module.kms.aws_kms_replica_key.this",
            "module.eks.module.kms.data.aws_caller_identity.current",
            "module.eks.module.kms.data.aws_iam_policy_document.this",
            "module.eks.module.kms.data.aws_partition.current",
            "module.eks_blueprints_addons.aws_iam_instance_profile.karpenter",
            "module.eks_blueprints_addons.aws_iam_role.karpenter",
            "module.eks_blueprints_addons.data.aws_iam_policy_document.karpenter_assume_role",
            "module.eks_blueprints_addons.module.karpenter.aws_iam_role.this",
            "module.eks_blueprints_addons.module.karpenter.data.aws_caller_identity.current",
            "module.eks_blueprints_addons.module.karpenter.data.aws_iam_policy_document.assume",
            "module.eks_blueprints_addons.module.karpenter.data.aws_partition.current",
            "module.eks_blueprints_addons.module.karpenter_sqs.aws_sqs_queue.this",
            "module.eks_blueprints_addons.time_sleep.this",
            "module.vpc.aws_vpc.this"
          ]
        }
      ]
    },
    {
      "module": "module.eks_blueprints_addons.module.karpenter_sqs",
      "mode": "data",
      "type": "aws_iam_policy_document",
      "name": "this",
      "provider": "provider[\"registry.terraform.io/hashicorp/aws\"]",
      "instances": [
        {
          "index_key": 0,
          "schema_version": 0,
          "attributes": {
            "id": "4228931155",
            "json": "{\n  \"Version\": \"2012-10-17\",\n  \"Statement\": [\n    {\n      \"Sid\": \"SendEventsToQueue\",\n      \"Effect\": \"Allow\",\n      \"Action\": \"sqs:SendMessage\",\n      \"Resource\": \"arn:aws:sqs:us-west-2:724853865853:karpenter-emr-eks-karpenter\",\n      \"Principal\": {\n        \"Service\": [\n          \"sqs.amazonaws.com\",\n          \"events.amazonaws.com\"\n        ]\n      }\n    }\n  ]\n}",
            "override_policy_documents": null,
            "policy_id": null,
            "source_policy_documents": null,
            "statement": [
              {
                "actions": [
                  "sqs:SendMessage"
                ],
                "condition": [],
                "effect": "Allow",
                "not_actions": [],
                "not_principals": [],
                "not_resources": [],
                "principals": [
                  {
                    "identifiers": [
                      "events.amazonaws.com",
                      "sqs.amazonaws.com"
                    ],
                    "type": "Service"
                  }
                ],
                "resources": [
                  "arn:aws:sqs:us-west-2:724853865853:karpenter-emr-eks-karpenter"
                ],
                "sid": "SendEventsToQueue"
              }
            ],
            "version": "2012-10-17"
          },
          "sensitive_attributes": []
        }
      ]
    },
    {
      "module": "module.eks_blueprints_addons.module.karpenter_sqs",
      "mode": "managed",
      "type": "aws_sqs_queue",
      "name": "this",
      "provider": "provider[\"registry.terraform.io/hashicorp/aws\"]",
      "instances": [
        {
          "index_key": 0,
          "schema_version": 0,
          "attributes": {
            "arn": "arn:aws:sqs:us-west-2:724853865853:karpenter-emr-eks-karpenter",
            "content_based_deduplication": false,
            "deduplication_scope": "",
            "delay_seconds": 0,
            "fifo_queue": false,
            "fifo_throughput_limit": "",
            "id": "https://sqs.us-west-2.amazonaws.com/724853865853/karpenter-emr-eks-karpenter",
            "kms_data_key_reuse_period_seconds": 300,
            "kms_master_key_id": "",
            "max_message_size": 262144,
            "message_retention_seconds": 300,
            "name": "karpenter-emr-eks-karpenter",
            "name_prefix": "",
            "policy": "",
            "receive_wait_time_seconds": 0,
            "redrive_allow_policy": "",
            "redrive_policy": "",
            "sqs_managed_sse_enabled": true,
            "tags": {
              "app": "emr-eks-karpenter"
            },
            "tags_all": {
              "app": "emr-eks-karpenter"
            },
            "url": "https://sqs.us-west-2.amazonaws.com/724853865853/karpenter-emr-eks-karpenter",
            "visibility_timeout_seconds": 30
          },
          "sensitive_attributes": [],
          "private": "bnVsbA==",
          "dependencies": [
            "data.aws_subnets.private_subnets",
            "module.eks.aws_cloudwatch_log_group.this",
            "module.eks.aws_eks_cluster.this",
            "module.eks.aws_iam_policy.cni_ipv6_policy",
            "module.eks.aws_iam_role.this",
            "module.eks.aws_iam_role_policy_attachment.this",
            "module.eks.aws_security_group.cluster",
            "module.eks.aws_security_group.node",
            "module.eks.aws_security_group_rule.cluster",
            "module.eks.aws_security_group_rule.node",
            "module.eks.data.aws_iam_policy_document.assume_role_policy",
            "module.eks.data.aws_iam_session_context.current",
            "module.eks.data.aws_partition.current",
            "module.eks.module.kms.aws_kms_external_key.this",
            "module.eks.module.kms.aws_kms_key.this",
            "module.eks.module.kms.aws_kms_replica_external_key.this",
            "module.eks.module.kms.aws_kms_replica_key.this",
            "module.eks.module.kms.data.aws_caller_identity.current",
            "module.eks.module.kms.data.aws_iam_policy_document.this",
            "module.eks.module.kms.data.aws_partition.current",
            "module.vpc.aws_vpc.this"
          ]
        }
      ]
    },
    {
      "module": "module.eks_blueprints_addons.module.karpenter_sqs",
      "mode": "managed",
      "type": "aws_sqs_queue_policy",
      "name": "this",
      "provider": "provider[\"registry.terraform.io/hashicorp/aws\"]",
      "instances": [
        {
          "index_key": 0,
          "schema_version": 1,
          "attributes": {
            "id": "https://sqs.us-west-2.amazonaws.com/724853865853/karpenter-emr-eks-karpenter",
            "policy": "{\"Statement\":[{\"Action\":\"sqs:SendMessage\",\"Effect\":\"Allow\",\"Principal\":{\"Service\":[\"sqs.amazonaws.com\",\"events.amazonaws.com\"]},\"Resource\":\"arn:aws:sqs:us-west-2:724853865853:karpenter-emr-eks-karpenter\",\"Sid\":\"SendEventsToQueue\"}],\"Version\":\"2012-10-17\"}",
            "queue_url": "https://sqs.us-west-2.amazonaws.com/724853865853/karpenter-emr-eks-karpenter"
          },
          "sensitive_attributes": [],
          "private": "eyJzY2hlbWFfdmVyc2lvbiI6IjEifQ==",
          "dependencies": [
            "data.aws_subnets.private_subnets",
            "module.eks.aws_cloudwatch_log_group.this",
            "module.eks.aws_eks_cluster.this",
            "module.eks.aws_iam_policy.cni_ipv6_policy",
            "module.eks.aws_iam_role.this",
            "module.eks.aws_iam_role_policy_attachment.this",
            "module.eks.aws_security_group.cluster",
            "module.eks.aws_security_group.node",
            "module.eks.aws_security_group_rule.cluster",
            "module.eks.aws_security_group_rule.node",
            "module.eks.data.aws_iam_policy_document.assume_role_policy",
            "module.eks.data.aws_iam_session_context.current",
            "module.eks.data.aws_partition.current",
            "module.eks.module.kms.aws_kms_external_key.this",
            "module.eks.module.kms.aws_kms_key.this",
            "module.eks.module.kms.aws_kms_replica_external_key.this",
            "module.eks.module.kms.aws_kms_replica_key.this",
            "module.eks.module.kms.data.aws_caller_identity.current",
            "module.eks.module.kms.data.aws_iam_policy_document.this",
            "module.eks.module.kms.data.aws_partition.current",
            "module.eks_blueprints_addons.data.aws_partition.current",
            "module.eks_blueprints_addons.module.karpenter_sqs.aws_sqs_queue.this",
            "module.eks_blueprints_addons.module.karpenter_sqs.data.aws_iam_policy_document.this",
            "module.vpc.aws_vpc.this"
          ]
        }
      ]
    },
    {
      "module": "module.vpc",
      "mode": "managed",
      "type": "aws_default_network_acl",
      "name": "this",
      "provider": "provider[\"registry.terraform.io/hashicorp/aws\"]",
      "instances": [
        {
          "index_key": 0,
          "schema_version": 0,
          "attributes": {
            "arn": "arn:aws:ec2:us-west-2:724853865853:network-acl/acl-010fe527d6f336f63",
            "default_network_acl_id": "acl-010fe527d6f336f63",
            "egress": [
              {
                "action": "allow",
                "cidr_block": "",
                "from_port": 0,
                "icmp_code": null,
                "icmp_type": null,
                "ipv6_cidr_block": "::/0",
                "protocol": "-1",
                "rule_no": 101,
                "to_port": 0
              },
              {
                "action": "allow",
                "cidr_block": "0.0.0.0/0",
                "from_port": 0,
                "icmp_code": null,
                "icmp_type": null,
                "ipv6_cidr_block": "",
                "protocol": "-1",
                "rule_no": 100,
                "to_port": 0
              }
            ],
            "id": "acl-010fe527d6f336f63",
            "ingress": [
              {
                "action": "allow",
                "cidr_block": "",
                "from_port": 0,
                "icmp_code": null,
                "icmp_type": null,
                "ipv6_cidr_block": "::/0",
                "protocol": "-1",
                "rule_no": 101,
                "to_port": 0
              },
              {
                "action": "allow",
                "cidr_block": "0.0.0.0/0",
                "from_port": 0,
                "icmp_code": null,
                "icmp_type": null,
                "ipv6_cidr_block": "",
                "protocol": "-1",
                "rule_no": 100,
                "to_port": 0
              }
            ],
            "owner_id": "724853865853",
            "subnet_ids": [
              "subnet-057019d27b10482b6",
              "subnet-06c61a66b8e4c3b40",
              "subnet-084e05b50a5246beb",
              "subnet-0dd0587ad92664cfe"
            ],
            "tags": {
              "Name": "emr-eks-karpenter-default",
              "app": "emr-eks-karpenter"
            },
            "tags_all": {
              "Name": "emr-eks-karpenter-default",
              "app": "emr-eks-karpenter"
            },
            "vpc_id": "vpc-06933d905386b98a8"
          },
          "sensitive_attributes": [],
          "private": "bnVsbA==",
          "dependencies": [
            "module.vpc.aws_vpc.this"
          ]
        }
      ]
    },
    {
      "module": "module.vpc",
      "mode": "managed",
      "type": "aws_default_route_table",
      "name": "default",
      "provider": "provider[\"registry.terraform.io/hashicorp/aws\"]",
      "instances": [
        {
          "index_key": 0,
          "schema_version": 0,
          "attributes": {
            "arn": "arn:aws:ec2:us-west-2:724853865853:route-table/rtb-057a217af98d6ebab",
            "default_route_table_id": "rtb-057a217af98d6ebab",
            "id": "rtb-057a217af98d6ebab",
            "owner_id": "724853865853",
            "propagating_vgws": null,
            "route": [],
            "tags": {
              "Name": "emr-eks-karpenter-default",
              "app": "emr-eks-karpenter"
            },
            "tags_all": {
              "Name": "emr-eks-karpenter-default",
              "app": "emr-eks-karpenter"
            },
            "timeouts": {
              "create": "5m",
              "update": "5m"
            },
            "vpc_id": "vpc-06933d905386b98a8"
          },
          "sensitive_attributes": [],
          "private": "eyJlMmJmYjczMC1lY2FhLTExZTYtOGY4OC0zNDM2M2JjN2M0YzAiOnsiY3JlYXRlIjozMDAwMDAwMDAwMDAsInVwZGF0ZSI6MzAwMDAwMDAwMDAwfX0=",
          "dependencies": [
            "module.vpc.aws_vpc.this"
          ]
        }
      ]
    },
    {
      "module": "module.vpc",
      "mode": "managed",
      "type": "aws_default_security_group",
      "name": "this",
      "provider": "provider[\"registry.terraform.io/hashicorp/aws\"]",
      "instances": [
        {
          "index_key": 0,
          "schema_version": 1,
          "attributes": {
            "arn": "arn:aws:ec2:us-west-2:724853865853:security-group/sg-0b9fc5d14118f6761",
            "description": "default VPC security group",
            "egress": [],
            "id": "sg-0b9fc5d14118f6761",
            "ingress": [],
            "name": "default",
            "name_prefix": "",
            "owner_id": "724853865853",
            "revoke_rules_on_delete": false,
            "tags": {
              "Name": "emr-eks-karpenter-default",
              "app": "emr-eks-karpenter"
            },
            "tags_all": {
              "Name": "emr-eks-karpenter-default",
              "app": "emr-eks-karpenter"
            },
            "vpc_id": "vpc-06933d905386b98a8"
          },
          "sensitive_attributes": [],
          "private": "eyJzY2hlbWFfdmVyc2lvbiI6IjEifQ==",
          "dependencies": [
            "module.vpc.aws_vpc.this"
          ]
        }
      ]
    },
    {
      "module": "module.vpc",
      "mode": "managed",
      "type": "aws_eip",
      "name": "nat",
      "provider": "provider[\"registry.terraform.io/hashicorp/aws\"]",
      "instances": [
        {
          "index_key": 0,
          "schema_version": 0,
          "attributes": {
            "address": null,
            "allocation_id": "eipalloc-0f16e0413df74c89a",
            "associate_with_private_ip": null,
            "association_id": "",
            "carrier_ip": "",
            "customer_owned_ip": "",
            "customer_owned_ipv4_pool": "",
            "domain": "vpc",
            "id": "eipalloc-0f16e0413df74c89a",
            "instance": "",
            "network_border_group": "us-west-2",
            "network_interface": "",
            "private_dns": null,
            "private_ip": "",
            "public_dns": "ec2-44-227-165-140.us-west-2.compute.amazonaws.com",
            "public_ip": "44.227.165.140",
            "public_ipv4_pool": "amazon",
            "tags": {
              "Name": "emr-eks-karpenter-us-west-2a",
              "app": "emr-eks-karpenter"
            },
            "tags_all": {
              "Name": "emr-eks-karpenter-us-west-2a",
              "app": "emr-eks-karpenter"
            },
            "timeouts": null,
            "vpc": true
          },
          "sensitive_attributes": [],
          "private": "eyJlMmJmYjczMC1lY2FhLTExZTYtOGY4OC0zNDM2M2JjN2M0YzAiOnsiZGVsZXRlIjoxODAwMDAwMDAwMDAsInJlYWQiOjkwMDAwMDAwMDAwMCwidXBkYXRlIjozMDAwMDAwMDAwMDB9fQ==",
          "dependencies": [
            "data.aws_availability_zones.available",
            "module.vpc.aws_internet_gateway.this",
            "module.vpc.aws_vpc.this",
            "module.vpc.aws_vpc_ipv4_cidr_block_association.this"
          ]
        }
      ]
    },
    {
      "module": "module.vpc",
      "mode": "managed",
      "type": "aws_internet_gateway",
      "name": "this",
      "provider": "provider[\"registry.terraform.io/hashicorp/aws\"]",
      "instances": [
        {
          "index_key": 0,
          "schema_version": 0,
          "attributes": {
            "arn": "arn:aws:ec2:us-west-2:724853865853:internet-gateway/igw-00b83299cdeb22c9a",
            "id": "igw-00b83299cdeb22c9a",
            "owner_id": "724853865853",
            "tags": {
              "Name": "emr-eks-karpenter",
              "app": "emr-eks-karpenter"
            },
            "tags_all": {
              "Name": "emr-eks-karpenter",
              "app": "emr-eks-karpenter"
            },
            "timeouts": null,
            "vpc_id": "vpc-06933d905386b98a8"
          },
          "sensitive_attributes": [],
          "private": "eyJlMmJmYjczMC1lY2FhLTExZTYtOGY4OC0zNDM2M2JjN2M0YzAiOnsiY3JlYXRlIjoxMjAwMDAwMDAwMDAwLCJkZWxldGUiOjEyMDAwMDAwMDAwMDAsInVwZGF0ZSI6MTIwMDAwMDAwMDAwMH19",
          "dependencies": [
            "data.aws_availability_zones.available",
            "module.vpc.aws_vpc.this",
            "module.vpc.aws_vpc_ipv4_cidr_block_association.this"
          ]
        }
      ]
    },
    {
      "module": "module.vpc",
      "mode": "managed",
      "type": "aws_nat_gateway",
      "name": "this",
      "provider": "provider[\"registry.terraform.io/hashicorp/aws\"]",
      "instances": [
        {
          "index_key": 0,
          "schema_version": 0,
          "attributes": {
            "allocation_id": "eipalloc-0f16e0413df74c89a",
            "association_id": "eipassoc-060b66f9a44d99e7c",
            "connectivity_type": "public",
            "id": "nat-0c3238c9d9e3c4dc9",
            "network_interface_id": "eni-02695ab03be8617a0",
            "private_ip": "10.1.66.108",
            "public_ip": "44.227.165.140",
            "secondary_allocation_ids": null,
            "secondary_private_ip_address_count": 0,
            "secondary_private_ip_addresses": [],
            "subnet_id": "subnet-06c61a66b8e4c3b40",
            "tags": {
              "Name": "emr-eks-karpenter-us-west-2a",
              "app": "emr-eks-karpenter"
            },
            "tags_all": {
              "Name": "emr-eks-karpenter-us-west-2a",
              "app": "emr-eks-karpenter"
            },
            "timeouts": null
          },
          "sensitive_attributes": [],
          "private": "eyJlMmJmYjczMC1lY2FhLTExZTYtOGY4OC0zNDM2M2JjN2M0YzAiOnsiY3JlYXRlIjo2MDAwMDAwMDAwMDAsImRlbGV0ZSI6MTgwMDAwMDAwMDAwMCwidXBkYXRlIjo2MDAwMDAwMDAwMDB9fQ==",
          "dependencies": [
            "data.aws_availability_zones.available",
            "module.vpc.aws_eip.nat",
            "module.vpc.aws_internet_gateway.this",
            "module.vpc.aws_subnet.public",
            "module.vpc.aws_vpc.this",
            "module.vpc.aws_vpc_ipv4_cidr_block_association.this"
          ]
        }
      ]
    },
    {
      "module": "module.vpc",
      "mode": "managed",
      "type": "aws_route",
      "name": "private_nat_gateway",
      "provider": "provider[\"registry.terraform.io/hashicorp/aws\"]",
      "instances": [
        {
          "index_key": 0,
          "schema_version": 0,
          "attributes": {
            "carrier_gateway_id": "",
            "core_network_arn": "",
            "destination_cidr_block": "0.0.0.0/0",
            "destination_ipv6_cidr_block": "",
            "destination_prefix_list_id": "",
            "egress_only_gateway_id": "",
            "gateway_id": "",
            "id": "r-rtb-057bedcf756a225e41080289494",
            "instance_id": "",
            "instance_owner_id": "",
            "local_gateway_id": "",
            "nat_gateway_id": "nat-0c3238c9d9e3c4dc9",
            "network_interface_id": "",
            "origin": "CreateRoute",
            "route_table_id": "rtb-057bedcf756a225e4",
            "state": "active",
            "timeouts": {
              "create": "5m",
              "delete": null,
              "update": null
            },
            "transit_gateway_id": "",
            "vpc_endpoint_id": "",
            "vpc_peering_connection_id": ""
          },
          "sensitive_attributes": [],
          "private": "eyJlMmJmYjczMC1lY2FhLTExZTYtOGY4OC0zNDM2M2JjN2M0YzAiOnsiY3JlYXRlIjozMDAwMDAwMDAwMDAsImRlbGV0ZSI6MzAwMDAwMDAwMDAwLCJ1cGRhdGUiOjEyMDAwMDAwMDAwMH19",
          "dependencies": [
            "data.aws_availability_zones.available",
            "module.vpc.aws_eip.nat",
            "module.vpc.aws_internet_gateway.this",
            "module.vpc.aws_nat_gateway.this",
            "module.vpc.aws_route_table.private",
            "module.vpc.aws_subnet.public",
            "module.vpc.aws_vpc.this",
            "module.vpc.aws_vpc_ipv4_cidr_block_association.this"
          ]
        }
      ]
    },
    {
      "module": "module.vpc",
      "mode": "managed",
      "type": "aws_route",
      "name": "public_internet_gateway",
      "provider": "provider[\"registry.terraform.io/hashicorp/aws\"]",
      "instances": [
        {
          "index_key": 0,
          "schema_version": 0,
          "attributes": {
            "carrier_gateway_id": "",
            "core_network_arn": "",
            "destination_cidr_block": "0.0.0.0/0",
            "destination_ipv6_cidr_block": "",
            "destination_prefix_list_id": "",
            "egress_only_gateway_id": "",
            "gateway_id": "igw-00b83299cdeb22c9a",
            "id": "r-rtb-04a58000541f042311080289494",
            "instance_id": "",
            "instance_owner_id": "",
            "local_gateway_id": "",
            "nat_gateway_id": "",
            "network_interface_id": "",
            "origin": "CreateRoute",
            "route_table_id": "rtb-04a58000541f04231",
            "state": "active",
            "timeouts": {
              "create": "5m",
              "delete": null,
              "update": null
            },
            "transit_gateway_id": "",
            "vpc_endpoint_id": "",
            "vpc_peering_connection_id": ""
          },
          "sensitive_attributes": [],
          "private": "eyJlMmJmYjczMC1lY2FhLTExZTYtOGY4OC0zNDM2M2JjN2M0YzAiOnsiY3JlYXRlIjozMDAwMDAwMDAwMDAsImRlbGV0ZSI6MzAwMDAwMDAwMDAwLCJ1cGRhdGUiOjEyMDAwMDAwMDAwMH19",
          "dependencies": [
            "data.aws_availability_zones.available",
            "module.vpc.aws_internet_gateway.this",
            "module.vpc.aws_route_table.public",
            "module.vpc.aws_vpc.this",
            "module.vpc.aws_vpc_ipv4_cidr_block_association.this"
          ]
        }
      ]
    },
    {
      "module": "module.vpc",
      "mode": "managed",
      "type": "aws_route_table",
      "name": "private",
      "provider": "provider[\"registry.terraform.io/hashicorp/aws\"]",
      "instances": [
        {
          "index_key": 0,
          "schema_version": 0,
          "attributes": {
            "arn": "arn:aws:ec2:us-west-2:724853865853:route-table/rtb-057bedcf756a225e4",
            "id": "rtb-057bedcf756a225e4",
            "owner_id": "724853865853",
            "propagating_vgws": [],
            "route": [],
            "tags": {
              "Name": "emr-eks-karpenter-private",
              "app": "emr-eks-karpenter"
            },
            "tags_all": {
              "Name": "emr-eks-karpenter-private",
              "app": "emr-eks-karpenter"
            },
            "timeouts": null,
            "vpc_id": "vpc-06933d905386b98a8"
          },
          "sensitive_attributes": [],
          "private": "eyJlMmJmYjczMC1lY2FhLTExZTYtOGY4OC0zNDM2M2JjN2M0YzAiOnsiY3JlYXRlIjozMDAwMDAwMDAwMDAsImRlbGV0ZSI6MzAwMDAwMDAwMDAwLCJ1cGRhdGUiOjEyMDAwMDAwMDAwMH19",
          "dependencies": [
            "data.aws_availability_zones.available",
            "module.vpc.aws_vpc.this",
            "module.vpc.aws_vpc_ipv4_cidr_block_association.this"
          ]
        }
      ]
    },
    {
      "module": "module.vpc",
      "mode": "managed",
      "type": "aws_route_table",
      "name": "public",
      "provider": "provider[\"registry.terraform.io/hashicorp/aws\"]",
      "instances": [
        {
          "index_key": 0,
          "schema_version": 0,
          "attributes": {
            "arn": "arn:aws:ec2:us-west-2:724853865853:route-table/rtb-04a58000541f04231",
            "id": "rtb-04a58000541f04231",
            "owner_id": "724853865853",
            "propagating_vgws": [],
            "route": [],
            "tags": {
              "Name": "emr-eks-karpenter-public",
              "app": "emr-eks-karpenter"
            },
            "tags_all": {
              "Name": "emr-eks-karpenter-public",
              "app": "emr-eks-karpenter"
            },
            "timeouts": null,
            "vpc_id": "vpc-06933d905386b98a8"
          },
          "sensitive_attributes": [],
          "private": "eyJlMmJmYjczMC1lY2FhLTExZTYtOGY4OC0zNDM2M2JjN2M0YzAiOnsiY3JlYXRlIjozMDAwMDAwMDAwMDAsImRlbGV0ZSI6MzAwMDAwMDAwMDAwLCJ1cGRhdGUiOjEyMDAwMDAwMDAwMH19",
          "dependencies": [
            "data.aws_availability_zones.available",
            "module.vpc.aws_vpc.this",
            "module.vpc.aws_vpc_ipv4_cidr_block_association.this"
          ]
        }
      ]
    },
    {
      "module": "module.vpc",
      "mode": "managed",
      "type": "aws_route_table_association",
      "name": "private",
      "provider": "provider[\"registry.terraform.io/hashicorp/aws\"]",
      "instances": [
        {
          "index_key": 0,
          "schema_version": 0,
          "attributes": {
            "gateway_id": "",
            "id": "rtbassoc-0f1b43411b7f72594",
            "route_table_id": "rtb-057bedcf756a225e4",
            "subnet_id": "subnet-084e05b50a5246beb",
            "timeouts": null
          },
          "sensitive_attributes": [],
          "private": "eyJlMmJmYjczMC1lY2FhLTExZTYtOGY4OC0zNDM2M2JjN2M0YzAiOnsiY3JlYXRlIjozMDAwMDAwMDAwMDAsImRlbGV0ZSI6MzAwMDAwMDAwMDAwLCJ1cGRhdGUiOjEyMDAwMDAwMDAwMH19",
          "dependencies": [
            "data.aws_availability_zones.available",
            "module.vpc.aws_route_table.private",
            "module.vpc.aws_subnet.private",
            "module.vpc.aws_vpc.this",
            "module.vpc.aws_vpc_ipv4_cidr_block_association.this"
          ]
        },
        {
          "index_key": 1,
          "schema_version": 0,
          "attributes": {
            "gateway_id": "",
            "id": "rtbassoc-065770b0595c21da2",
            "route_table_id": "rtb-057bedcf756a225e4",
            "subnet_id": "subnet-057019d27b10482b6",
            "timeouts": null
          },
          "sensitive_attributes": [],
          "private": "eyJlMmJmYjczMC1lY2FhLTExZTYtOGY4OC0zNDM2M2JjN2M0YzAiOnsiY3JlYXRlIjozMDAwMDAwMDAwMDAsImRlbGV0ZSI6MzAwMDAwMDAwMDAwLCJ1cGRhdGUiOjEyMDAwMDAwMDAwMH19",
          "dependencies": [
            "data.aws_availability_zones.available",
            "module.vpc.aws_route_table.private",
            "module.vpc.aws_subnet.private",
            "module.vpc.aws_vpc.this",
            "module.vpc.aws_vpc_ipv4_cidr_block_association.this"
          ]
        }
      ]
    },
    {
      "module": "module.vpc",
      "mode": "managed",
      "type": "aws_route_table_association",
      "name": "public",
      "provider": "provider[\"registry.terraform.io/hashicorp/aws\"]",
      "instances": [
        {
          "index_key": 0,
          "schema_version": 0,
          "attributes": {
            "gateway_id": "",
            "id": "rtbassoc-028d4c551c66fe542",
            "route_table_id": "rtb-04a58000541f04231",
            "subnet_id": "subnet-06c61a66b8e4c3b40",
            "timeouts": null
          },
          "sensitive_attributes": [],
          "private": "eyJlMmJmYjczMC1lY2FhLTExZTYtOGY4OC0zNDM2M2JjN2M0YzAiOnsiY3JlYXRlIjozMDAwMDAwMDAwMDAsImRlbGV0ZSI6MzAwMDAwMDAwMDAwLCJ1cGRhdGUiOjEyMDAwMDAwMDAwMH19",
          "dependencies": [
            "data.aws_availability_zones.available",
            "module.vpc.aws_route_table.public",
            "module.vpc.aws_subnet.public",
            "module.vpc.aws_vpc.this",
            "module.vpc.aws_vpc_ipv4_cidr_block_association.this"
          ]
        },
        {
          "index_key": 1,
          "schema_version": 0,
          "attributes": {
            "gateway_id": "",
            "id": "rtbassoc-0e61bd29ac63f4262",
            "route_table_id": "rtb-04a58000541f04231",
            "subnet_id": "subnet-0dd0587ad92664cfe",
            "timeouts": null
          },
          "sensitive_attributes": [],
          "private": "eyJlMmJmYjczMC1lY2FhLTExZTYtOGY4OC0zNDM2M2JjN2M0YzAiOnsiY3JlYXRlIjozMDAwMDAwMDAwMDAsImRlbGV0ZSI6MzAwMDAwMDAwMDAwLCJ1cGRhdGUiOjEyMDAwMDAwMDAwMH19",
          "dependencies": [
            "data.aws_availability_zones.available",
            "module.vpc.aws_route_table.public",
            "module.vpc.aws_subnet.public",
            "module.vpc.aws_vpc.this",
            "module.vpc.aws_vpc_ipv4_cidr_block_association.this"
          ]
        }
      ]
    },
    {
      "module": "module.vpc",
      "mode": "managed",
      "type": "aws_subnet",
      "name": "private",
      "provider": "provider[\"registry.terraform.io/hashicorp/aws\"]",
      "instances": [
        {
          "index_key": 0,
          "schema_version": 1,
          "attributes": {
            "arn": "arn:aws:ec2:us-west-2:724853865853:subnet/subnet-084e05b50a5246beb",
            "assign_ipv6_address_on_creation": false,
            "availability_zone": "us-west-2a",
            "availability_zone_id": "usw2-az2",
            "cidr_block": "10.1.0.0/19",
            "customer_owned_ipv4_pool": "",
            "enable_dns64": false,
            "enable_lni_at_device_index": 0,
            "enable_resource_name_dns_a_record_on_launch": false,
            "enable_resource_name_dns_aaaa_record_on_launch": false,
            "id": "subnet-084e05b50a5246beb",
            "ipv6_cidr_block": "",
            "ipv6_cidr_block_association_id": "",
            "ipv6_native": false,
            "map_customer_owned_ip_on_launch": false,
            "map_public_ip_on_launch": false,
            "outpost_arn": "",
            "owner_id": "724853865853",
            "private_dns_hostname_type_on_launch": "ip-name",
            "tags": {
              "Name": "emr-eks-karpenter-private-us-west-2a",
              "app": "emr-eks-karpenter",
              "karpenter.sh/discovery": "emr-eks-karpenter",
              "kubernetes.io/role/internal-elb": "1",
              "type": "private"
            },
            "tags_all": {
              "Name": "emr-eks-karpenter-private-us-west-2a",
              "app": "emr-eks-karpenter",
              "karpenter.sh/discovery": "emr-eks-karpenter",
              "kubernetes.io/role/internal-elb": "1",
              "type": "private"
            },
            "timeouts": null,
            "vpc_id": "vpc-06933d905386b98a8"
          },
          "sensitive_attributes": [],
          "private": "eyJlMmJmYjczMC1lY2FhLTExZTYtOGY4OC0zNDM2M2JjN2M0YzAiOnsiY3JlYXRlIjo2MDAwMDAwMDAwMDAsImRlbGV0ZSI6MTIwMDAwMDAwMDAwMH0sInNjaGVtYV92ZXJzaW9uIjoiMSJ9",
          "dependencies": [
            "data.aws_availability_zones.available",
            "module.vpc.aws_vpc.this",
            "module.vpc.aws_vpc_ipv4_cidr_block_association.this"
          ]
        },
        {
          "index_key": 1,
          "schema_version": 1,
          "attributes": {
            "arn": "arn:aws:ec2:us-west-2:724853865853:subnet/subnet-057019d27b10482b6",
            "assign_ipv6_address_on_creation": false,
            "availability_zone": "us-west-2b",
            "availability_zone_id": "usw2-az1",
            "cidr_block": "10.1.32.0/19",
            "customer_owned_ipv4_pool": "",
            "enable_dns64": false,
            "enable_lni_at_device_index": 0,
            "enable_resource_name_dns_a_record_on_launch": false,
            "enable_resource_name_dns_aaaa_record_on_launch": false,
            "id": "subnet-057019d27b10482b6",
            "ipv6_cidr_block": "",
            "ipv6_cidr_block_association_id": "",
            "ipv6_native": false,
            "map_customer_owned_ip_on_launch": false,
            "map_public_ip_on_launch": false,
            "outpost_arn": "",
            "owner_id": "724853865853",
            "private_dns_hostname_type_on_launch": "ip-name",
            "tags": {
              "Name": "emr-eks-karpenter-private-us-west-2b",
              "app": "emr-eks-karpenter",
              "karpenter.sh/discovery": "emr-eks-karpenter",
              "kubernetes.io/role/internal-elb": "1",
              "type": "private"
            },
            "tags_all": {
              "Name": "emr-eks-karpenter-private-us-west-2b",
              "app": "emr-eks-karpenter",
              "karpenter.sh/discovery": "emr-eks-karpenter",
              "kubernetes.io/role/internal-elb": "1",
              "type": "private"
            },
            "timeouts": null,
            "vpc_id": "vpc-06933d905386b98a8"
          },
          "sensitive_attributes": [],
          "private": "eyJlMmJmYjczMC1lY2FhLTExZTYtOGY4OC0zNDM2M2JjN2M0YzAiOnsiY3JlYXRlIjo2MDAwMDAwMDAwMDAsImRlbGV0ZSI6MTIwMDAwMDAwMDAwMH0sInNjaGVtYV92ZXJzaW9uIjoiMSJ9",
          "dependencies": [
            "data.aws_availability_zones.available",
            "module.vpc.aws_vpc.this",
            "module.vpc.aws_vpc_ipv4_cidr_block_association.this"
          ]
        }
      ]
    },
    {
      "module": "module.vpc",
      "mode": "managed",
      "type": "aws_subnet",
      "name": "public",
      "provider": "provider[\"registry.terraform.io/hashicorp/aws\"]",
      "instances": [
        {
          "index_key": 0,
          "schema_version": 1,
          "attributes": {
            "arn": "arn:aws:ec2:us-west-2:724853865853:subnet/subnet-06c61a66b8e4c3b40",
            "assign_ipv6_address_on_creation": false,
            "availability_zone": "us-west-2a",
            "availability_zone_id": "usw2-az2",
            "cidr_block": "10.1.64.0/21",
            "customer_owned_ipv4_pool": "",
            "enable_dns64": false,
            "enable_lni_at_device_index": 0,
            "enable_resource_name_dns_a_record_on_launch": false,
            "enable_resource_name_dns_aaaa_record_on_launch": false,
            "id": "subnet-06c61a66b8e4c3b40",
            "ipv6_cidr_block": "",
            "ipv6_cidr_block_association_id": "",
            "ipv6_native": false,
            "map_customer_owned_ip_on_launch": false,
            "map_public_ip_on_launch": false,
            "outpost_arn": "",
            "owner_id": "724853865853",
            "private_dns_hostname_type_on_launch": "ip-name",
            "tags": {
              "Name": "emr-eks-karpenter-public-us-west-2a",
              "app": "emr-eks-karpenter",
              "kubernetes.io/role/elb": "1"
            },
            "tags_all": {
              "Name": "emr-eks-karpenter-public-us-west-2a",
              "app": "emr-eks-karpenter",
              "kubernetes.io/role/elb": "1"
            },
            "timeouts": null,
            "vpc_id": "vpc-06933d905386b98a8"
          },
          "sensitive_attributes": [],
          "private": "eyJlMmJmYjczMC1lY2FhLTExZTYtOGY4OC0zNDM2M2JjN2M0YzAiOnsiY3JlYXRlIjo2MDAwMDAwMDAwMDAsImRlbGV0ZSI6MTIwMDAwMDAwMDAwMH0sInNjaGVtYV92ZXJzaW9uIjoiMSJ9",
          "dependencies": [
            "data.aws_availability_zones.available",
            "module.vpc.aws_vpc.this",
            "module.vpc.aws_vpc_ipv4_cidr_block_association.this"
          ]
        },
        {
          "index_key": 1,
          "schema_version": 1,
          "attributes": {
            "arn": "arn:aws:ec2:us-west-2:724853865853:subnet/subnet-0dd0587ad92664cfe",
            "assign_ipv6_address_on_creation": false,
            "availability_zone": "us-west-2b",
            "availability_zone_id": "usw2-az1",
            "cidr_block": "10.1.72.0/21",
            "customer_owned_ipv4_pool": "",
            "enable_dns64": false,
            "enable_lni_at_device_index": 0,
            "enable_resource_name_dns_a_record_on_launch": false,
            "enable_resource_name_dns_aaaa_record_on_launch": false,
            "id": "subnet-0dd0587ad92664cfe",
            "ipv6_cidr_block": "",
            "ipv6_cidr_block_association_id": "",
            "ipv6_native": false,
            "map_customer_owned_ip_on_launch": false,
            "map_public_ip_on_launch": false,
            "outpost_arn": "",
            "owner_id": "724853865853",
            "private_dns_hostname_type_on_launch": "ip-name",
            "tags": {
              "Name": "emr-eks-karpenter-public-us-west-2b",
              "app": "emr-eks-karpenter",
              "kubernetes.io/role/elb": "1"
            },
            "tags_all": {
              "Name": "emr-eks-karpenter-public-us-west-2b",
              "app": "emr-eks-karpenter",
              "kubernetes.io/role/elb": "1"
            },
            "timeouts": null,
            "vpc_id": "vpc-06933d905386b98a8"
          },
          "sensitive_attributes": [],
          "private": "eyJlMmJmYjczMC1lY2FhLTExZTYtOGY4OC0zNDM2M2JjN2M0YzAiOnsiY3JlYXRlIjo2MDAwMDAwMDAwMDAsImRlbGV0ZSI6MTIwMDAwMDAwMDAwMH0sInNjaGVtYV92ZXJzaW9uIjoiMSJ9",
          "dependencies": [
            "data.aws_availability_zones.available",
            "module.vpc.aws_vpc.this",
            "module.vpc.aws_vpc_ipv4_cidr_block_association.this"
          ]
        }
      ]
    },
    {
      "module": "module.vpc",
      "mode": "managed",
      "type": "aws_vpc",
      "name": "this",
      "provider": "provider[\"registry.terraform.io/hashicorp/aws\"]",
      "instances": [
        {
          "index_key": 0,
          "schema_version": 1,
          "attributes": {
            "arn": "arn:aws:ec2:us-west-2:724853865853:vpc/vpc-06933d905386b98a8",
            "assign_generated_ipv6_cidr_block": false,
            "cidr_block": "10.1.0.0/16",
            "default_network_acl_id": "acl-010fe527d6f336f63",
            "default_route_table_id": "rtb-057a217af98d6ebab",
            "default_security_group_id": "sg-0b9fc5d14118f6761",
            "dhcp_options_id": "dopt-07aeb8d067021b219",
            "enable_dns_hostnames": true,
            "enable_dns_support": true,
            "enable_network_address_usage_metrics": false,
            "id": "vpc-06933d905386b98a8",
            "instance_tenancy": "default",
            "ipv4_ipam_pool_id": null,
            "ipv4_netmask_length": null,
            "ipv6_association_id": "",
            "ipv6_cidr_block": "",
            "ipv6_cidr_block_network_border_group": "",
            "ipv6_ipam_pool_id": "",
            "ipv6_netmask_length": 0,
            "main_route_table_id": "rtb-057a217af98d6ebab",
            "owner_id": "724853865853",
            "tags": {
              "Name": "emr-eks-karpenter",
              "app": "emr-eks-karpenter"
            },
            "tags_all": {
              "Name": "emr-eks-karpenter",
              "app": "emr-eks-karpenter"
            }
          },
          "sensitive_attributes": [],
          "private": "eyJzY2hlbWFfdmVyc2lvbiI6IjEifQ==",
          "create_before_destroy": true
        }
      ]
    }
  ],
  "check_results": null
}
