{
  "version": 4,
  "terraform_version": "1.4.6",
  "serial": 1170,
  "lineage": "ecf7c64b-c83d-88ac-9002-9f2448a6f5ce",
  "outputs": {
    "configure_kubectl": {
      "value": "aws eks --region us-west-2 update-kubeconfig --name emr-eks-karpenter",
      "type": "string"
    },
    "emr_on_eks": {
      "value": {
        "cloudwatch_log_group_arn": "arn:aws:logs:us-west-2:724853865853:log-group:/emr-on-eks-logs/emr-eks-karpenter/emr-eks",
        "cloudwatch_log_group_name": "/emr-on-eks-logs/emr-eks-karpenter/emr-eks",
        "job_execution_role_arn": "arn:aws:iam::724853865853:role/emr-eks-karpenter-emr-execution-role",
        "job_execution_role_name": "emr-eks-karpenter-emr-execution-role",
        "job_execution_role_unique_id": "AROA2RRFIHV67MEFCB2RP",
        "virtual_cluster_arn": "arn:aws:emr-containers:us-west-2:724853865853:/virtualclusters/uol9me066jvkxegsdtchwq810",
        "virtual_cluster_id": "uol9me066jvkxegsdtchwq810"
      },
      "type": [
        "object",
        {
          "cloudwatch_log_group_arn": "string",
          "cloudwatch_log_group_name": "string",
          "job_execution_role_arn": "string",
          "job_execution_role_name": "string",
          "job_execution_role_unique_id": "string",
          "virtual_cluster_arn": "string",
          "virtual_cluster_id": "string"
        }
      ]
    },
    "emr_s3_bucket_name": {
      "value": "emr-eks-karpenter-emr20240308064913356700000002",
      "type": "string"
    }
  },
  "resources": [
    {
      "mode": "data",
      "type": "aws_availability_zones",
      "name": "available",
      "provider": "provider[\"registry.terraform.io/hashicorp/aws\"]",
      "instances": [
        {
          "schema_version": 0,
          "attributes": {
            "all_availability_zones": null,
            "exclude_names": null,
            "exclude_zone_ids": null,
            "filter": null,
            "group_names": [
              "us-west-2"
            ],
            "id": "us-west-2",
            "names": [
              "us-west-2a",
              "us-west-2b",
              "us-west-2c",
              "us-west-2d"
            ],
            "state": null,
            "timeouts": null,
            "zone_ids": [
              "usw2-az2",
              "usw2-az1",
              "usw2-az3",
              "usw2-az4"
            ]
          },
          "sensitive_attributes": []
        }
      ]
    },
    {
      "mode": "data",
      "type": "aws_caller_identity",
      "name": "current",
      "provider": "provider[\"registry.terraform.io/hashicorp/aws\"]",
      "instances": [
        {
          "schema_version": 0,
          "attributes": {
            "account_id": "724853865853",
            "arn": "arn:aws:iam::724853865853:user/dongdong",
            "id": "724853865853",
            "user_id": "AIDA2RRFIHV62ZOURQUK5"
          },
          "sensitive_attributes": []
        }
      ]
    },
    {
      "mode": "data",
      "type": "aws_ecr_authorization_token",
      "name": "token",
      "provider": "provider[\"registry.terraform.io/hashicorp/aws\"]",
      "instances": [
        {
          "schema_version": 0,
          "attributes": {
            "authorization_token": "QVdTOmV5SndZWGxzYjJGa0lqb2liMkZqZFhSd1dXaDJZMHhvUVZvcmNESXhhbmxrVTNSMWVtNXRNUzlEZW0xcVdEYzRiWGhvYXpWNVN6bHJWa3hrVjB0MFpFazJaRmxxT0dSUFZFeFdXSFpKUXpaMVQzUmlUVFpZTUdKUFMwbEdURGQxTld0dVkyOXhVVFJpWWtaS01qUkNSVmx1Y0VSQ00wNUNSVkJST1hwRVdFMUpUMGh6WXpCbFZsRTFaMk5MY1dwNEwxQlRXbWRWSzNsbWFYSXpkREYxVjJKcGEwWnJaMnR0UW5KbFdFVTBOR3hrYW0xM1ZVaElSMHRQY0ZjMkwyTXZla1paWTJJMmFqTkplakZPVkdKMFZFTTBaamhaWTJkYU5FMWphSFJ3WWpJeWRXVmpWMWhTT0d0SFNrSTFjbWQ1VDJKWldsSnhReTlvU25CQk5XcEJaSFF5TDFSU1IwODFaMjVHU25Bd1RFdHZOMDF0VTBkblFqY3liMU5RTm14SU0yMVFhVGt5VTFGR1R5OU1XR2RZVldKUlVrRndVblpSZDFSTFRYbENRVnBXUVZVcldXaHRNblZSZG1SM2NVWnRaV0Z5TkhoQ1FWSjNObXAzYTFWR2VESXZNRU5vU21wTE5YSjVjRFZOUlZJemFFZElVblJDZG0xSUswRTNjalJxUTJRd1EyRlNZVWhrWXpOV2EzTkdlRFpVY25OTU5tcHBReTgyVTJWbGVVWkdTM1V4ZHpoV1NtdEpRVVZqVm1sR2VHTTNSbVJSTTFCTFRGTlNaVVIxYWpGb1ZYUkRjMDVZYkVaUmMyZG9aMDFQTjBrekwxY3ZObWt3VFdnNWJHcGtaVWw1VGtVNVdXeDVVWFJPYm1wdlUxcEVkelZGTW1oSFMzQXhibEJCZGtKRFF6VjVkazgxUkUxT2JUZHRaVU5VYzNNckx5dEllSFZMVm1JNWJHOTVRbkJqWldwNGFXNVJla2RYVEhoQ0wwTXhhMFZsVGtkR2JVSlhUMUV6U2taS1ZISk1ielpXV0N0UlNFdENORzFRV0U1NFFWbEZOSEV6TWpJMlVXWlVWVzVFWWt0RlFqZEZZbWgwTURsQ2JHNTVTelZxWjNabFMzY3pSM2hWY0RKdGFHWm9lbWxOUm5BclExZEhTVlZTWlVwaWQxRmtkRGhaZG5GaEsxUkJVbWhYWldadWJDOTJNVVJRZVd0a2MxbGhUV2hyYmpaUmJtUmlZbXAxUm1GdGF6RjFRV3hCTXk5a09GUlJSRWxoZW01eVFUUTJhWE5CV0d0dmExaEZVWEZ5VnpFclVtRlhaMm8zZUM5Nlpsb3ZWRFI0UjNoUkszYzJkVTAxUmt4YVlVdElXbGx6Wml0cmR6WktPVThyWkNzelpVMXlXVE53Y25JcmJIaFBlUzlZU1dJd2NGTk5XalV5T1doMk5rZGpVemhKYjNOWGJ5OHJSVlZQT1hObVFuaHVORlU0WjNWdGVYbERNamwyT1VoMWNHTXpkUzlSZUZKTWNHRnFVV1pKVjJ0UWMzTTNjblV4ZGl0dU1VZDRRVE5qS3pWMVIyWnhTVUp0UTBzdmNWaE9OR3RRUjFGTVZVTTRaaXMzV0RkMGExZEtOMlZUVjBkU1RGSktWSFFyYkVFd1pqVm5jMnRRVFhOeFNsVXpNMmd5YmxkSWMzWkhaM1IwV2padlVHNDJjMEpXYlZCV2FrOVNTMnhUTDJkMk1ETmlSMDVoTWs5R1dWWlpjamRwUlZwRFVERXdaRXRTWkdKaVlWQnhOakJJU1UxMFNGWXpWUzgzVVc5dk1pOUljek5vVDNweFZtTjRZV1V6YmpVMFoxZEZSbmxpYVRsdFF6SjZNemczZFVaaVVIa3lPVTF4U1daWWFsVkJhRXR6TVdKb1JtVlVLM1V2UTFSM2IzaFlZMEZMWW1oSGNXVk5OV2swTjJnNVlUTkZTR1ppVDB0NlkxUjNNalpHWXpNelJGRTlQU0lzSW1SaGRHRnJaWGtpT2lKQlVVVkNRVWhxTm14ak5GaEpTbmN2TjJ4dU1FaGpNREJFVFdWck5rZEZlRWhEWWxrMFVrbHdWRTFEU1RVNFNXNVZkMEZCUVVnMGQyWkJXVXBMYjFwSmFIWmpUa0ZSWTBkdlJ6aDNZbEZKUWtGRVFtOUNaMnR4YUd0cFJ6bDNNRUpDZDBWM1NHZFpTbGxKV2tsQlYxVkVRa0ZGZFUxQ1JVVkVVSEptYjNCVFREWldZa0p2ZVdaNVZrRkpRa1ZKUVRkUlNXcEhibHBVTUZsaGJDOW9PQzl4TjJadVprOWhSMFpHUWpkWE1ua3JaRkZYVmtOSmMxRndNSGh4VUVKeU55OXRWVWxRZW1FNFoyeENaMFJLYVZjMVpsSXhSVWRxTlZKVU1XRnVNbkJ2UFNJc0luWmxjbk5wYjI0aU9pSXlJaXdpZEhsd1pTSTZJa1JCVkVGZlMwVlpJaXdpWlhod2FYSmhkR2x2YmlJNk1UY3dPVGt5TXpjek1YMD0=",
            "expires_at": "2024-03-08T18:48:51Z",
            "id": "us-west-2",
            "password": "eyJwYXlsb2FkIjoib2FjdXRwWWh2Y0xoQVorcDIxanlkU3R1em5tMS9Dem1qWDc4bXhoazV5SzlrVkxkV0t0ZEk2ZFlqOGRPVExWWHZJQzZ1T3RiTTZYMGJPS0lGTDd1NWtuY29xUTRiYkZKMjRCRVlucERCM05CRVBROXpEWE1JT0hzYzBlVlE1Z2NLcWp4L1BTWmdVK3lmaXIzdDF1V2Jpa0ZrZ2ttQnJlWEU0NGxkam13VUhIR0tPcFc2L2MvekZZY2I2ajNJejFOVGJ0VEM0ZjhZY2daNE1jaHRwYjIydWVjV1hSOGtHSkI1cmd5T2JZWlJxQy9oSnBBNWpBZHQyL1RSR081Z25GSnAwTEtvN01tU0dnQjcyb1NQNmxIM21QaTkyU1FGTy9MWGdYVWJRUkFwUnZRd1RLTXlCQVpWQVUrWWhtMnVRdmR3cUZtZWFyNHhCQVJ3Nmp3a1VGeDIvMENoSmpLNXJ5cDVNRVIzaEdIUnRCdm1IK0E3cjRqQ2QwQ2FSYUhkYzNWa3NGeDZUcnNMNmppQy82U2VleUZGS3UxdzhWSmtJQUVjVmlGeGM3RmRRM1BLTFNSZUR1ajFoVXRDc05YbEZRc2doZ01PN0kzL1cvNmkwTWg5bGpkZUl5TkU5WWx5UXRObmpvU1pEdzVFMmhHS3AxblBBdkJDQzV5dk81RE1ObTdtZUNUc3MrLytIeHVLVmI5bG95QnBjZWp4aW5RekdXTHhCL0Mxa0VlTkdGbUJXT1EzSkZKVHJMbzZWWCtRSEtCNG1QWE54QVlFNHEzMjI2UWZUVW5EYktFQjdFYmh0MDlCbG55SzVqZ3ZlS3czR3hVcDJtaGZoemlNRnArQ1dHSVVSZUpid1FkdDhZdnFhK1RBUmhXZWZubC92MURQeWtkc1lhTWhrbjZRbmRiYmp1RmFtazF1QWxBMy9kOFRRRElhem5yQTQ2aXNBWGtva1hFUXFyVzErUmFXZ2o3eC96ZlovVDR4R3hRK3c2dU01RkxaYUtIWllzZitrdzZKOU8rZCszZU1yWTNwcnIrbHhPeS9YSWIwcFNNWjUyOWh2NkdjUzhJb3NXby8rRVVPOXNmQnhuNFU4Z3VteXlDMjl2OUh1cGMzdS9ReFJMcGFqUWZJV2tQc3M3cnUxdituMUd4QTNjKzV1R2ZxSUJtQ0svcVhONGtQR1FMVUM4Zis3WDd0a1dKN2VTV0dSTFJKVHQrbEEwZjVnc2tQTXNxSlUzM2gybldIc3ZHZ3R0WjZvUG42c0JWbVBWak9SS2xTL2d2MDNiR05hMk9GWVZZcjdpRVpDUDEwZEtSZGJiYVBxNjBISU10SFYzVS83UW9vMi9IczNoT3pxVmN4YWUzbjU0Z1dFRnliaTltQzJ6Mzg3dUZiUHkyOU1xSWZYalVBaEtzMWJoRmVUK3UvQ1R3b3hYY0FLYmhHcWVNNWk0N2g5YTNFSGZiT0t6Y1R3MjZGYzMzRFE9PSIsImRhdGFrZXkiOiJBUUVCQUhqNmxjNFhJSncvN2xuMEhjMDBETWVrNkdFeEhDYlk0UklwVE1DSTU4SW5Vd0FBQUg0d2ZBWUpLb1pJaHZjTkFRY0dvRzh3YlFJQkFEQm9CZ2txaGtpRzl3MEJCd0V3SGdZSllJWklBV1VEQkFFdU1CRUVEUHJmb3BTTDZWYkJveWZ5VkFJQkVJQTdRSWpHblpUMFlhbC9oOC9xN2ZuZk9hR0ZGQjdXMnkrZFFXVkNJc1FwMHhxUEJyNy9tVUlQemE4Z2xCZ0RKaVc1ZlIxRUdqNVJUMWFuMnBvPSIsInZlcnNpb24iOiIyIiwidHlwZSI6IkRBVEFfS0VZIiwiZXhwaXJhdGlvbiI6MTcwOTkyMzczMX0=",
            "proxy_endpoint": "https://895885662937.dkr.ecr.us-west-2.amazonaws.com",
            "registry_id": "895885662937",
            "user_name": "AWS"
          },
          "sensitive_attributes": []
        }
      ]
    },
    {
      "mode": "data",
      "type": "aws_ecrpublic_authorization_token",
      "name": "token",
      "provider": "provider[\"registry.terraform.io/hashicorp/aws\"].ecr",
      "instances": [
        {
          "schema_version": 0,
          "attributes": {
            "authorization_token": "QVdTOmV5SndZWGxzYjJGa0lqb2llbXBoVVVSaWRXUjRZM0Z6WTBSa0t6TTNjM0UyYUVkRlFWWnpURFYxTkdaRlZucHhjMlJYT1RCUlRGaEJjRkV4YWl0NldYaFBSakpPZW5kcmRqRlVTaTlsUVVSRlFVWlpXVFYzUmxaUVNFbHlRMUJ1VldoSWR6ZDNlWEpSZUVkQlRIRm1RV3hqV1ZoR1JVMWFaVkZMTm5CMGFqZDNkVlZ4T1ZFM2VXeGhXRkV2YjNWalRHODFOVzQwTjFSNlMzSkJTMGRhVDIxdmNDOVBaek0yZG1Oa2VtRmlURlIwWW01VU5WZEZkRVZCY0VKdWVtMVVNRFZsYTNkUVpXcFpSVGxRTlZkbVlreGlTSHBvUm5SNU0xRTRiVnBwZUdaWU5WbGxhWHBIU3pWc2VYRXhlazkyVlVWbFQyeFZjVmhaY0ZvcldDczBlRkJhVFhOdWNFODFTMVExZVdKRGRUUkRhRzh4ZUZCbU9HeGhaSFo2VUM5MFJXaDBkbXRJWm5sUU5VOXJhV28wVG5WTlJFaGtWVnBaVUVaRmIzbE1kazlaVkVGWVZGWjBjMDkzWVZWM04xcG9SRFUzVmxKRVRGbGtZVmxsYm04MFJWaE5aWGhzYlRkSE55OVhlV3A1TjFCeGNGZzVUMm93SzFkU2REbDNTV0Z2ZW00dmR5dHRWVkpEZGsxUU5HcGtXRmxSUkRSbGQzaHNRV2xWUXlzck0xQlFlaXR4WTJWcldXSTJVRmM0U0c5TWVubDBiMUowYjB4dmNFMXFhVU5pWWpjNGQzTnBNMlpCSzJkRGVsSm1aVE5FY2twU2FUa3pTMGRRVkhkVlJtTk1lRWgzTVZneVRsa3dPVTVXZUZoVlQzaExTVGRrYVRWd2NtMWFSM0p3VXk4NU9EUjRVV04wYW1KbE1qRk9PR04yTVhSSlZrZzBXbFpwYld4dVJqTlVkMUZMUmpSRlVWYzRkMjB5TlcxVGVFRlFlbUpRY1ZoWmVsRktNa3hMWkdaTWNFRXlaemNyVDJNNWRuQnBZbVZsUjNsT2VTOXVhbWt4S3pSR2IybGFXR3BvT1ZwblRVNW9VbUYzYTJ0U01FcHNZV3h2Wm0xeFoxWlJXWHBMU1daQ1ZtdFJTRTR3WWpWVFJHWkRha3dyT1dwb2IydENXVEozTkVWd1FWUlVLekpTUW5OV1FsSTRZVEY0TkZSUmFuWktlWG93VEhSa2NIVkhRV1JuZEdSTFFqWjFlSFJMU0RCamFIcEhaRk5wTjAxR05FWndUbFZJUjBSYU1rZGhSVEJMVEhWMWMyTm9VV3hsZHpFd1ZVVk1SSEZ5YUZOTU5FeEpWbGRzVVdKTFFUWTJVelI1ZHpKNVZYSnJiMlJaYTJoTGVXSlhWMUI2YVVKQ1lqTmFaM1JyVTBoeVZGSTJRMDVLV2pJdmFGUldPRFJCUzFObVJHMWplV3A1TDJscmFpdG9SRXhZV0dKT1ZYTklTWG96YlRaRGFpOVZjM0F5TlUxMmR6TllNbWN4Vkc5TGFFaFVlRUo0VVdKTGFVUmFOa1V5U1dSNWJ6bFdjM1p3TTBrd1ZFUklaazF3YkVNeU1TdG5SRWRLZWtkRmNUQnliRk5zZFdOSU9HaFlLME5aYTJaQ1luSlJSSHBWVDNOSFFVSlpWM1F4ZWtsTU9XaElaMmt6TW1SbGNtTnJWSFpRT1RkS2N6ZHlZVkJ5VlVaUk5YTjVZa2RFZW5SR2NsRnBRbTlSU0c5WGRDOWFiR3c1VjJzeFMzRkhNbkEzYkRCWFNuSnhVbVkwTXpCbVpGUlFPVUp5WjNoMWNESmlTa2wyU1dGVGJsUXlWa0ZxWW1odlNUSlFhbmN5TkV0dlRYbFpZV2R4YzJWNlUyY2lMQ0prWVhSaGEyVjVJam9pWlhsS1VWSkdaMmxQYVVwUFZsVkdTMlZ1VWpOVVZrbDRVMVJyTTJWdGRFNVpWbkIxVFc1c2IxSXdXa2RPTURGTllrVXdNMVJXU2xGWFJURjBZbXBXUTFGVVFscE9hbWhUVW0xYVRWRnFVWEpUUkVwM1pWUm5lR1ZyV1RKU2FtUkdWMmx6TTFGcVZuUk9la3BUU3pKR2QxSXpRblJXUlRFeFZtdFNjMk5HU2t4VlZUUjJVakF4VDJOVVpITlNWRlpWWW14T2NtTlVUa05TUjNkeVlWVk9SV0ZJUm10WFIxWXhVVmhvV0dJelRsZFNiWEJ4VFRKM2QwNXJWbGROTW5CTlZXMHhiVlJWUmtsUlZsWXlaR3hvTTJKVldrOWxWMDE1WVZVNVQwOVlRbTFPTTFwVFpESjRiRnBzVG1oaGJVWk5ZMWQwYmxsWVVsQmlhM2hXVmtWS1JXSnFXbmhMTTFKRlVsYzVUbUl4YUc5VVZGWnhaVmR2ZDFrelJsTmlXRTR6WVcxMFlWRnFTbE5UYTJoeFVXcG9SbU13U25wa1YyUnlWakJLUm1ScE9YRlZiVnB0V2tST1EwNVhPWFJqTVVaVlRteHNNRTlZV2toYVZYaE5XV3RzVW1OVVZrMVhhbVJHWTBka1UxVnJaSFZPUjJ4NVZFUmFXV0ZZVWxsak1rcHNaREozTUdKWGQzSlBSMUY2VGxoQmVHRkhZM0pVUmtaMVRsVm9Wa3d5TVhaalYyeFBUVzE0U0ZreVZrcE1Na3BWWVVNNWVsWXpXWHBUVm1STlpFWndlV1F4Y0hkbGJFNVlZbTEwU1UxRmRGZGpSMk01VUZOSmMwbHJiRUpTUTBrMlNXeHdRbFpYT1hKa1ZGWkpVVmhTZWsxcmFFOWlSVlo2VlROR1VXSXlUWGhaVnpneVkxVmFNMkZGY0hKa1JtaEhXV3BXVVU0d2RETlNhekZaVDBaV1ZXTllaRzVrTVVVd1ZsUlNjVTB3YkZGWmJHeERUakpuTVZaV1dtMU9SMUV5WW5wb1ZXUnRNWFZPTTFFMVRXcFdXVkpyT1ZaamFtaEdWVVV4V1ZOc1NuVk5SM015V2xWb1ZsRnNUbTFPUlU1WVRtMXdRazR4WjNwU1dFNVhVVlZzUTA1VVNUQmtNVXA2VGxSV1RtSkVRbEJaVkZaVVUyMVNVRkZYT1ZsWGJXaFRVekpHVGxSR2NEVlViRmwyVkZaS2ExZEhTbnBVVXprMFlXeHdlbE5HUWpCbGJVbzJXakpzUTFWdVRsaGhhM0JPWW10R2FGUXhiSGROYTJSWVZFZFNjbFJxUlhaU1ZVcElVVlU0Y2s5Rk5XcE9SbWhYWVRKbk1WUXdiRFZsV0d4dVUwUkdTbUpIVm5SU1IxcElXbXBvTlU1dGVEUmliRW8xVTJwR01tRllVWGxPVlRVMldqSldVVTFVVGpWV1J6bHJUMWh3YzA1RlZqWk5WM2QyVFVSQ1RFNVhPVmhpV0dzMVQwYzVOVlJITVZKbGJtUjNUbFpTTVdOc1dtMWlTRXBNWWxkRmQxSXpaRTlVTTJNMVlqRkpkMDVHVWxCYWVrWk5VVk01VmxKVmNFVlVlazV4U3pJeGFrdDZVbWhUU0ZJMlQwaHdWV1J0YzNoVFIwWlFVMGRvVTJSVk9WbGFiVVpvVVZRd09VbHVNRDBpTENKMlpYSnphVzl1SWpvaU15SXNJblI1Y0dVaU9pSkVRVlJCWDB0RldTSXNJbVY0Y0dseVlYUnBiMjRpT2pFM01EazVNak0zTXpKOQ==",
            "expires_at": "2024-03-08T18:48:52Z",
            "id": "us-east-1",
            "password": "eyJwYXlsb2FkIjoiemphUURidWR4Y3FzY0RkKzM3c3E2aEdFQVZzTDV1NGZFVnpxc2RXOTBRTFhBcFExait6WXhPRjJOendrdjFUSi9lQURFQUZZWTV3RlZQSElyQ1BuVWhIdzd3eXJReEdBTHFmQWxjWVhGRU1aZVFLNnB0ajd3dVVxOVE3eWxhWFEvb3VjTG81NW40N1R6S3JBS0daT21vcC9PZzM2dmNkemFiTFR0Ym5UNVdFdEVBcEJuem1UMDVla3dQZWpZRTlQNVdmYkxiSHpoRnR5M1E4bVppeGZYNVllaXpHSzVseXExek92VUVlT2xVcVhZcForWCs0eFBaTXNucE81S1Q1eWJDdTRDaG8xeFBmOGxhZHZ6UC90RWh0dmtIZnlQNU9raWo0TnVNREhkVVpZUEZFb3lMdk9ZVEFYVFZ0c093YVV3N1poRDU3VlJETFlkYVllbm80RVhNZXhsbTdHNy9XeWp5N1BxcFg5T2owK1dSdDl3SWFvem4vdyttVVJDdk1QNGpkWFlRRDRld3hsQWlVQysrM1BQeitxY2VrWWI2UFc4SG9Menl0b1J0b0xvcE1qaUNiYjc4d3NpM2ZBK2dDelJmZTNEckpSaTkzS0dQVHdVRmNMeEh3MVgyTlkwOU5WeFhVT3hLSTdkaTVwcm1aR3JwUy85ODR4UWN0amJlMjFOOGN2MXRJVkg0WlZpbWxuRjNUd1FLRjRFUVc4d20yNW1TeEFQemJQcVhZelFKMkxLZGZMcEEyZzcrT2M5dnBpYmVlR3lOeS9uamkxKzRGb2laWGpoOVpnTU5oUmF3a2tSMEpsYWxvZm1xZ1ZRWXpLSWZCVmtRSE4wYjVTRGZDakwrOWpob2tCWTJ3NEVwQVRUKzJSQnNWQlI4YTF4NFRRanZKeXowTHRkcHVHQWRndGRLQjZ1eHRLSDBjaHpHZFNpN01GNEZwTlVIR0RaMkdhRTBLTHV1c2NoUWxldzEwVUVMRHFyaFNMNExJVldsUWJLQTY2UzR5dzJ5VXJrb2RZa2hLeWJXV1B6aUJCYjNaZ3RrU0hyVFI2Q05KWjIvaFRWODRBS1NmRG1jeWp5L2lraitoRExYWGJOVXNISXozbTZDai9Vc3AyNU12dzNYMmcxVG9LaEhUeEJ4UWJLaURaNkUySWR5bzlWc3ZwM0kwVERIZk1wbEMyMStnREdKekdFcTBybFNsdWNIOGhYK0NZa2ZCYnJRRHpVT3NHQUJZV3QxeklMOWhIZ2kzMmRlcmNrVHZQOTdKczdyYVByVUZRNXN5YkdEenRGclFpQm9RSG9XdC9abGw5V2sxS3FHMnA3bDBXSnJxUmY0MzBmZFRQOUJyZ3h1cDJiSkl2SWFTblQyVkFqYmhvSTJQancyNEtvTXlZYWdxc2V6U2ciLCJkYXRha2V5IjoiZXlKUVJGZ2lPaUpPVlVGS2VuUjNUVkl4U1RrM2VtdE5ZVnB1TW5sb1IwWkdOMDFNYkUwM1RWSlFXRTF0YmpWQ1FUQlpOamhTUm1aTVFqUXJTREp3ZVRneGVrWTJSamRGV2lzM1FqVnROekpTSzJGd1IzQnRWRTExVmtSc2NGSkxVVTR2UjAxT2NUZHNSVFZVYmxOcmNUTkNSR3dyYVVORWFIRmtXR1YxUVhoWGIzTldSbXBxTTJ3d05rVldNMnBNVW0xbVRVRklRVlYyZGxoM2JVWk9lV015YVU5T09YQm1OM1pTZDJ4bFpsTmhhbUZNY1d0bllYUlBia3hWVkVKRWJqWnhLM1JFUlc5TmIxaG9UVFZxZVdvd1kzRlNiWE4zYW10YVFqSlNTa2hxUWpoRmMwSnpkV2RyVjBKRmRpOXFVbVptWkROQ05XOXRjMUZVTmxsME9YWkhaVXhNWWtsUmNUVk1XamRGY0dkU1VrZHVOR2x5VERaWWFYUlljMkpsZDJ3MGJXd3JPR1F6TlhBeGFHY3JURkZ1TlVoVkwyMXZjV2xPTW14SFkyVkpMMkpVYUM5elYzWXpTVmRNZEZweWQxcHdlbE5YYm10SU1FdFdjR2M5UFNJc0lrbEJSQ0k2SWxwQlZXOXJkVFZJUVhSek1raE9iRVZ6VTNGUWIyTXhZVzgyY1VaM2FFcHJkRmhHWWpWUU4wdDNSazFZT0ZWVWNYZG5kMUUwVlRScU0wbFFZbGxDTjJnMVZWWm1OR1EyYnpoVWRtMXVOM1E1TWpWWVJrOVZjamhGVUUxWVNsSnVNR3MyWlVoVlFsTm1ORU5YTm1wQk4xZ3pSWE5XUVVsQ05USTBkMUp6TlRWTmJEQlBZVFZUU21SUFFXOVlXbWhTUzJGTlRGcDVUbFl2VFZKa1dHSnpUUzk0YWxwelNGQjBlbUo2WjJsQ1VuTlhha3BOYmtGaFQxbHdNa2RYVEdSclRqRXZSVUpIUVU4ck9FNWpORmhXYTJnMVQwbDVlWGxuU0RGSmJHVnRSR1pIWmpoNU5teDRibEo1U2pGMmFYUXlOVTU2WjJWUU1UTjVWRzlrT1hwc05FVjZNV3d2TURCTE5XOVhiWGs1T0c5NVRHMVJlbmR3TlZSMWNsWm1iSEpMYldFd1IzZE9UM2M1YjFJd05GUlBaekZNUVM5VlJVcEVUek5xSzIxakt6UmhTSFI2T0hwVWRtc3hTR0ZQU0doU2RVOVlabUZoUVQwOUluMD0iLCJ2ZXJzaW9uIjoiMyIsInR5cGUiOiJEQVRBX0tFWSIsImV4cGlyYXRpb24iOjE3MDk5MjM3MzJ9",
            "user_name": "AWS"
          },
          "sensitive_attributes": []
        }
      ]
    },
    {
      "mode": "data",
      "type": "aws_eks_cluster_auth",
      "name": "this",
      "provider": "provider[\"registry.terraform.io/hashicorp/aws\"]",
      "instances": [
        {
          "schema_version": 0,
          "attributes": {
            "id": "emr-eks-karpenter",
            "name": "emr-eks-karpenter",
            "token": "k8s-aws-v1.aHR0cHM6Ly9zdHMudXMtd2VzdC0yLmFtYXpvbmF3cy5jb20vP0FjdGlvbj1HZXRDYWxsZXJJZGVudGl0eSZWZXJzaW9uPTIwMTEtMDYtMTUmWC1BbXotQWxnb3JpdGhtPUFXUzQtSE1BQy1TSEEyNTYmWC1BbXotQ3JlZGVudGlhbD1BS0lBMlJSRklIVjZaQzJFQ0RHMiUyRjIwMjQwMzA4JTJGdXMtd2VzdC0yJTJGc3RzJTJGYXdzNF9yZXF1ZXN0JlgtQW16LURhdGU9MjAyNDAzMDhUMDY0ODU3WiZYLUFtei1FeHBpcmVzPTAmWC1BbXotU2lnbmVkSGVhZGVycz1ob3N0JTNCeC1rOHMtYXdzLWlkJlgtQW16LVNpZ25hdHVyZT0zNDFiZWY2MTQxZTNjNjlhYjE1NjNhZjYxNmJkN2ZjMTE0NWQzNTAwNzZhYTIzMDM3ZjBkYzQyOGViNzU1NWMz"
          },
          "sensitive_attributes": []
        }
      ]
    },
    {
      "mode": "data",
      "type": "aws_partition",
      "name": "current",
      "provider": "provider[\"registry.terraform.io/hashicorp/aws\"]",
      "instances": [
        {
          "schema_version": 0,
          "attributes": {
            "dns_suffix": "amazonaws.com",
            "id": "aws",
            "partition": "aws",
            "reverse_dns_prefix": "com.amazonaws"
          },
          "sensitive_attributes": []
        }
      ]
    },
    {
      "mode": "data",
      "type": "aws_region",
      "name": "current",
      "provider": "provider[\"registry.terraform.io/hashicorp/aws\"]",
      "instances": [
        {
          "schema_version": 0,
          "attributes": {
            "description": "US West (Oregon)",
            "endpoint": "ec2.us-west-2.amazonaws.com",
            "id": "us-west-2",
            "name": "us-west-2"
          },
          "sensitive_attributes": []
        }
      ]
    },
    {
      "mode": "data",
      "type": "aws_subnets",
      "name": "private_subnets",
      "provider": "provider[\"registry.terraform.io/hashicorp/aws\"]",
      "instances": [
        {
          "schema_version": 0,
          "attributes": {
            "filter": [
              {
                "name": "vpc-id",
                "values": [
                  "vpc-06933d905386b98a8"
                ]
              }
            ],
            "id": "us-west-2",
            "ids": [
              "subnet-057019d27b10482b6",
              "subnet-084e05b50a5246beb"
            ],
            "tags": {
              "type": "private"
            },
            "timeouts": null
          },
          "sensitive_attributes": []
        }
      ]
    },
    {
      "mode": "data",
      "type": "kubectl_path_documents",
      "name": "karpenter_provisioners",
      "provider": "provider[\"registry.terraform.io/gavinbunney/kubectl\"]",
      "instances": [
        {
          "schema_version": 0,
          "attributes": {
            "disable_template": false,
            "documents": [
              "---\napiVersion: karpenter.sh/v1beta1\nkind: NodePool # Previously kind: Provisioner\nmetadata:\n  name: emr-eks-default\n  namespace: karpenter # Same namespace as Karpenter add-on installed\nspec:\n  template:\n    metadata:\n      labels:\n        type: karpenter\n        provisioner: emr-eks-default\n        NodeGroupType: SparkComputeOptimized\n    spec:\n      nodeClassRef:\n        name: emr-eks-default\n      requirements:\n        - key: \"topology.kubernetes.io/zone\"\n          operator: In\n          values: [us-west-2a] #Update the correct region and zones\n        - key: \"karpenter.sh/capacity-type\"\n          operator: In\n          values: [\"spot\", \"on-demand\"]\n        - key: \"kubernetes.io/arch\"\n          operator: In\n          values: [\"amd64\"]\n        - key: \"karpenter.k8s.aws/instance-category\"\n          operator: In\n          values: [\"c\"]\n        - key: \"karpenter.k8s.aws/instance-family\"\n          operator: In\n          values: [\"c5d\"]\n        - key: \"karpenter.k8s.aws/instance-cpu\"\n          operator: In\n          values: [\"4\", \"8\", \"16\", \"36\"]\n        - key: \"karpenter.k8s.aws/instance-hypervisor\"\n          operator: In\n          values: [\"nitro\"]\n        - key: \"karpenter.k8s.aws/instance-generation\"\n          operator: Gt\n          values: [\"2\"]\n  limits:\n    cpu: 1000\n  disruption:\n    # Describes which types of Nodes Karpenter should consider for consolidation\n    # If using 'WhenUnderutilized', Karpenter will consider all nodes for consolidation and attempt to remove or replace Nodes when it discovers that the Node is underutilized and could be changed to reduce cost\n    # If using `WhenEmpty`, Karpenter will only consider nodes for consolidation that contain no workload pods\n    consolidationPolicy: WhenEmpty\n    # The amount of time Karpenter should wait after discovering a consolidation decision\n    # This value can currently only be set when the consolidationPolicy is 'WhenEmpty'\n    # You can choose to disable consolidation entirely by setting the string value 'Never' here\n    consolidateAfter: 30s\n    # The amount of time a Node can live on the cluster before being removed\n    # Avoiding long-running Nodes helps to reduce security vulnerabilities as well as to reduce the chance of issues that can plague Nodes with long uptimes such as file fragmentation or memory leaks from system processes\n    # You can choose to disable expiration entirely by setting the string value 'Never' here\n    expireAfter: 720h\n\n  # Priority given to the NodePool when the scheduler considers which NodePool\n  # to select. Higher weights indicate higher priority when comparing NodePools.\n  # Specifying no weight is equivalent to specifying a weight of 0.\n  weight: 10\n\n\n# NOTE: Multiple NodePools may point to the same EC2NodeClass.",
              "apiVersion: karpenter.k8s.aws/v1beta1\nkind: EC2NodeClass # Previously kind: AWSNodeTemplate\nmetadata:\n  name: emr-eks-default\n  namespace: karpenter\nspec:\n  amiFamily: AL2\n  blockDeviceMappings:\n    - deviceName: /dev/xvda\n      ebs:\n        volumeSize: 50Gi\n        volumeType: gp3\n        encrypted: true\n        deleteOnTermination: true\n  role: \"emr-eks-karpenter-karpenter-node\"\n  subnetSelectorTerms:\n    - tags: # Update the correct region and zones\n        karpenter.sh/discovery: \"emr-eks-karpenter\"\n  securityGroupSelectorTerms:\n    - name: \"emr-eks-karpenter-node*\"\n  tags:\n    InstanceType: \"emr-eks-default\"    # optional, add tags for your own use"
            ],
            "id": "05cedd6ac634db7c09114bd26dc8f4e04631dfea8e8fe5351bcc47e74317db7f",
            "manifests": {
              "/apis/karpenter.k8s.aws/v1beta1/namespaces/karpenter/ec2nodeclasses/emr-eks-default": "apiVersion: karpenter.k8s.aws/v1beta1\nkind: EC2NodeClass\nmetadata:\n  name: emr-eks-default\n  namespace: karpenter\nspec:\n  amiFamily: AL2\n  blockDeviceMappings:\n  - deviceName: /dev/xvda\n    ebs:\n      deleteOnTermination: true\n      encrypted: true\n      volumeSize: 50Gi\n      volumeType: gp3\n  role: emr-eks-karpenter-karpenter-node\n  securityGroupSelectorTerms:\n  - name: emr-eks-karpenter-node*\n  subnetSelectorTerms:\n  - tags:\n      karpenter.sh/discovery: emr-eks-karpenter\n  tags:\n    InstanceType: emr-eks-default\n",
              "/apis/karpenter.sh/v1beta1/namespaces/karpenter/nodepools/emr-eks-default": "apiVersion: karpenter.sh/v1beta1\nkind: NodePool\nmetadata:\n  name: emr-eks-default\n  namespace: karpenter\nspec:\n  disruption:\n    consolidateAfter: 30s\n    consolidationPolicy: WhenEmpty\n    expireAfter: 720h\n  limits:\n    cpu: 1000\n  template:\n    metadata:\n      labels:\n        NodeGroupType: SparkComputeOptimized\n        provisioner: emr-eks-default\n        type: karpenter\n    spec:\n      nodeClassRef:\n        name: emr-eks-default\n      requirements:\n      - key: topology.kubernetes.io/zone\n        operator: In\n        values:\n        - us-west-2a\n      - key: karpenter.sh/capacity-type\n        operator: In\n        values:\n        - spot\n        - on-demand\n      - key: kubernetes.io/arch\n        operator: In\n        values:\n        - amd64\n      - key: karpenter.k8s.aws/instance-category\n        operator: In\n        values:\n        - c\n      - key: karpenter.k8s.aws/instance-family\n        operator: In\n        values:\n        - c5d\n      - key: karpenter.k8s.aws/instance-cpu\n        operator: In\n        values:\n        - \"4\"\n        - \"8\"\n        - \"16\"\n        - \"36\"\n      - key: karpenter.k8s.aws/instance-hypervisor\n        operator: In\n        values:\n        - nitro\n      - key: karpenter.k8s.aws/instance-generation\n        operator: Gt\n        values:\n        - \"2\"\n  weight: 10\n"
            },
            "pattern": "./karpenter-configs/spark*.yaml",
            "sensitive_vars": null,
            "vars": {
              "azs": "us-west-2",
              "eks_cluster_id": "emr-eks-karpenter",
              "karpenter_pool_name": "emr-eks-default"
            }
          },
          "sensitive_attributes": []
        }
      ]
    },
    {
      "mode": "data",
      "type": "kubectl_path_documents",
      "name": "spark_monitor",
      "provider": "provider[\"registry.terraform.io/gavinbunney/kubectl\"]",
      "instances": [
        {
          "schema_version": 0,
          "attributes": {
            "disable_template": false,
            "documents": [
              "apiVersion: monitoring.coreos.com/v1\nkind: PodMonitor\nmetadata:\n  labels:\n    prometheus: \"true\"\n  name: spark-driver-monitoring\nspec:\n  jobLabel: spark-driver-monitoring\n  namespaceSelector:\n    matchNames: [emr-eks]\n  podMetricsEndpoints:\n    - port: \"web-ui\"\n      path: /metrics/executors/prometheus/\n  selector:\n    matchLabels:\n      spark-role: driver\n      emr-containers.amazonaws.com/resource.type: job.run",
              "apiVersion: monitoring.coreos.com/v1\nkind: ServiceMonitor\nmetadata:\n  labels:\n    prometheus: \"true\"\n  name: spark-service-monitoring\nspec:\n  namespaceSelector:\n    matchNames: [emr-eks]\n  endpoints:\n    - port: \"web-ui\"\n      path: /metrics/driver/prometheus/\n  selector:\n    matchLabels:\n      spark_role: driver\n      emr-containers.amazonaws.com/resource.type: job.run"
            ],
            "id": "d8c5eafaf5b0e4e23faee1fd3072285a0c0b7951631c6e11a15b176a419c44bb",
            "manifests": {
              "/apis/monitoring.coreos.com/v1/podmonitors/spark-driver-monitoring": "apiVersion: monitoring.coreos.com/v1\nkind: PodMonitor\nmetadata:\n  labels:\n    prometheus: \"true\"\n  name: spark-driver-monitoring\nspec:\n  jobLabel: spark-driver-monitoring\n  namespaceSelector:\n    matchNames:\n    - emr-eks\n  podMetricsEndpoints:\n  - path: /metrics/executors/prometheus/\n    port: web-ui\n  selector:\n    matchLabels:\n      emr-containers.amazonaws.com/resource.type: job.run\n      spark-role: driver\n",
              "/apis/monitoring.coreos.com/v1/servicemonitors/spark-service-monitoring": "apiVersion: monitoring.coreos.com/v1\nkind: ServiceMonitor\nmetadata:\n  labels:\n    prometheus: \"true\"\n  name: spark-service-monitoring\nspec:\n  endpoints:\n  - path: /metrics/driver/prometheus/\n    port: web-ui\n  namespaceSelector:\n    matchNames:\n    - emr-eks\n  selector:\n    matchLabels:\n      emr-containers.amazonaws.com/resource.type: job.run\n      spark_role: driver\n"
            },
            "pattern": "./emr-grafana-dashboard/spark-monitor.yaml",
            "sensitive_vars": null,
            "vars": {
              "namesapce": "emr-eks"
            }
          },
          "sensitive_attributes": []
        }
      ]
    },
    {
      "mode": "managed",
      "type": "aws_s3_object",
      "name": "this",
      "provider": "provider[\"registry.terraform.io/hashicorp/aws\"]",
      "instances": [
        {
          "schema_version": 0,
          "attributes": {
            "acl": null,
            "bucket": "emr-eks-karpenter-emr20240308064913356700000002",
            "bucket_key_enabled": false,
            "cache_control": "",
            "checksum_algorithm": null,
            "checksum_crc32": "",
            "checksum_crc32c": "",
            "checksum_sha1": "",
            "checksum_sha256": "",
            "content": null,
            "content_base64": null,
            "content_disposition": "",
            "content_encoding": "",
            "content_language": "",
            "content_type": "application/x-directory",
            "etag": "d41d8cd98f00b204e9800998ecf8427e",
            "force_destroy": false,
            "id": "spark-event-logs/",
            "key": "spark-event-logs/",
            "kms_key_id": null,
            "metadata": null,
            "object_lock_legal_hold_status": "",
            "object_lock_mode": "",
            "object_lock_retain_until_date": "",
            "override_provider": [],
            "server_side_encryption": "AES256",
            "source": null,
            "source_hash": null,
            "storage_class": "STANDARD",
            "tags": null,
            "tags_all": {},
            "version_id": "",
            "website_redirect": ""
          },
          "sensitive_attributes": [],
          "private": "bnVsbA==",
          "dependencies": [
            "module.s3_bucket.aws_s3_bucket.this",
            "module.s3_bucket.aws_s3_bucket_policy.this"
          ]
        }
      ]
    },
    {
      "mode": "managed",
      "type": "kubectl_manifest",
      "name": "karpenter_provisioner",
      "provider": "provider[\"registry.terraform.io/gavinbunney/kubectl\"]",
      "instances": [
        {
          "index_key": "---\napiVersion: karpenter.sh/v1beta1\nkind: NodePool # Previously kind: Provisioner\nmetadata:\n  name: emr-eks-default\n  namespace: karpenter # Same namespace as Karpenter add-on installed\nspec:\n  template:\n    metadata:\n      labels:\n        type: karpenter\n        provisioner: emr-eks-default\n        NodeGroupType: SparkComputeOptimized\n    spec:\n      nodeClassRef:\n        name: emr-eks-default\n      requirements:\n        - key: \"topology.kubernetes.io/zone\"\n          operator: In\n          values: [us-west-2a] #Update the correct region and zones\n        - key: \"karpenter.sh/capacity-type\"\n          operator: In\n          values: [\"spot\", \"on-demand\"]\n        - key: \"kubernetes.io/arch\"\n          operator: In\n          values: [\"amd64\"]\n        - key: \"karpenter.k8s.aws/instance-category\"\n          operator: In\n          values: [\"c\"]\n        - key: \"karpenter.k8s.aws/instance-family\"\n          operator: In\n          values: [\"c5d\"]\n        - key: \"karpenter.k8s.aws/instance-cpu\"\n          operator: In\n          values: [\"4\", \"8\", \"16\", \"36\"]\n        - key: \"karpenter.k8s.aws/instance-hypervisor\"\n          operator: In\n          values: [\"nitro\"]\n        - key: \"karpenter.k8s.aws/instance-generation\"\n          operator: Gt\n          values: [\"2\"]\n  limits:\n    cpu: 1000\n  disruption:\n    # Describes which types of Nodes Karpenter should consider for consolidation\n    # If using 'WhenUnderutilized', Karpenter will consider all nodes for consolidation and attempt to remove or replace Nodes when it discovers that the Node is underutilized and could be changed to reduce cost\n    # If using `WhenEmpty`, Karpenter will only consider nodes for consolidation that contain no workload pods\n    consolidationPolicy: WhenEmpty\n    # The amount of time Karpenter should wait after discovering a consolidation decision\n    # This value can currently only be set when the consolidationPolicy is 'WhenEmpty'\n    # You can choose to disable consolidation entirely by setting the string value 'Never' here\n    consolidateAfter: 30s\n    # The amount of time a Node can live on the cluster before being removed\n    # Avoiding long-running Nodes helps to reduce security vulnerabilities as well as to reduce the chance of issues that can plague Nodes with long uptimes such as file fragmentation or memory leaks from system processes\n    # You can choose to disable expiration entirely by setting the string value 'Never' here\n    expireAfter: 720h\n\n  # Priority given to the NodePool when the scheduler considers which NodePool\n  # to select. Higher weights indicate higher priority when comparing NodePools.\n  # Specifying no weight is equivalent to specifying a weight of 0.\n  weight: 10\n\n\n# NOTE: Multiple NodePools may point to the same EC2NodeClass.",
          "schema_version": 1,
          "attributes": {
            "api_version": "karpenter.sh/v1beta1",
            "apply_only": false,
            "force_conflicts": false,
            "force_new": false,
            "id": "/apis/karpenter.sh/v1beta1/nodepools/emr-eks-default",
            "ignore_fields": null,
            "kind": "NodePool",
            "live_manifest_incluster": "b50bf9e91e11c6eaa53a38a3fb232b2a79e9fbd4d53d62346e5b9cad2ce1d99e",
            "live_uid": "078e9419-f590-48e6-9f31-65911e0fd921",
            "name": "emr-eks-default",
            "namespace": "karpenter",
            "override_namespace": null,
            "sensitive_fields": null,
            "server_side_apply": false,
            "timeouts": null,
            "uid": "078e9419-f590-48e6-9f31-65911e0fd921",
            "validate_schema": true,
            "wait": null,
            "wait_for_rollout": true,
            "yaml_body": "---\napiVersion: karpenter.sh/v1beta1\nkind: NodePool # Previously kind: Provisioner\nmetadata:\n  name: emr-eks-default\n  namespace: karpenter # Same namespace as Karpenter add-on installed\nspec:\n  template:\n    metadata:\n      labels:\n        type: karpenter\n        provisioner: emr-eks-default\n        NodeGroupType: SparkComputeOptimized\n    spec:\n      nodeClassRef:\n        name: emr-eks-default\n      requirements:\n        - key: \"topology.kubernetes.io/zone\"\n          operator: In\n          values: [us-west-2a] #Update the correct region and zones\n        - key: \"karpenter.sh/capacity-type\"\n          operator: In\n          values: [\"spot\", \"on-demand\"]\n        - key: \"kubernetes.io/arch\"\n          operator: In\n          values: [\"amd64\"]\n        - key: \"karpenter.k8s.aws/instance-category\"\n          operator: In\n          values: [\"c\"]\n        - key: \"karpenter.k8s.aws/instance-family\"\n          operator: In\n          values: [\"c5d\"]\n        - key: \"karpenter.k8s.aws/instance-cpu\"\n          operator: In\n          values: [\"4\", \"8\", \"16\", \"36\"]\n        - key: \"karpenter.k8s.aws/instance-hypervisor\"\n          operator: In\n          values: [\"nitro\"]\n        - key: \"karpenter.k8s.aws/instance-generation\"\n          operator: Gt\n          values: [\"2\"]\n  limits:\n    cpu: 1000\n  disruption:\n    # Describes which types of Nodes Karpenter should consider for consolidation\n    # If using 'WhenUnderutilized', Karpenter will consider all nodes for consolidation and attempt to remove or replace Nodes when it discovers that the Node is underutilized and could be changed to reduce cost\n    # If using `WhenEmpty`, Karpenter will only consider nodes for consolidation that contain no workload pods\n    consolidationPolicy: WhenEmpty\n    # The amount of time Karpenter should wait after discovering a consolidation decision\n    # This value can currently only be set when the consolidationPolicy is 'WhenEmpty'\n    # You can choose to disable consolidation entirely by setting the string value 'Never' here\n    consolidateAfter: 30s\n    # The amount of time a Node can live on the cluster before being removed\n    # Avoiding long-running Nodes helps to reduce security vulnerabilities as well as to reduce the chance of issues that can plague Nodes with long uptimes such as file fragmentation or memory leaks from system processes\n    # You can choose to disable expiration entirely by setting the string value 'Never' here\n    expireAfter: 720h\n\n  # Priority given to the NodePool when the scheduler considers which NodePool\n  # to select. Higher weights indicate higher priority when comparing NodePools.\n  # Specifying no weight is equivalent to specifying a weight of 0.\n  weight: 10\n\n\n# NOTE: Multiple NodePools may point to the same EC2NodeClass.",
            "yaml_body_parsed": "apiVersion: karpenter.sh/v1beta1\nkind: NodePool\nmetadata:\n  name: emr-eks-default\n  namespace: karpenter\nspec:\n  disruption:\n    consolidateAfter: 30s\n    consolidationPolicy: WhenEmpty\n    expireAfter: 720h\n  limits:\n    cpu: 1000\n  template:\n    metadata:\n      labels:\n        NodeGroupType: SparkComputeOptimized\n        provisioner: emr-eks-default\n        type: karpenter\n    spec:\n      nodeClassRef:\n        name: emr-eks-default\n      requirements:\n      - key: topology.kubernetes.io/zone\n        operator: In\n        values:\n        - us-west-2a\n      - key: karpenter.sh/capacity-type\n        operator: In\n        values:\n        - spot\n        - on-demand\n      - key: kubernetes.io/arch\n        operator: In\n        values:\n        - amd64\n      - key: karpenter.k8s.aws/instance-category\n        operator: In\n        values:\n        - c\n      - key: karpenter.k8s.aws/instance-family\n        operator: In\n        values:\n        - c5d\n      - key: karpenter.k8s.aws/instance-cpu\n        operator: In\n        values:\n        - \"4\"\n        - \"8\"\n        - \"16\"\n        - \"36\"\n      - key: karpenter.k8s.aws/instance-hypervisor\n        operator: In\n        values:\n        - nitro\n      - key: karpenter.k8s.aws/instance-generation\n        operator: Gt\n        values:\n        - \"2\"\n  weight: 10\n",
            "yaml_incluster": "b50bf9e91e11c6eaa53a38a3fb232b2a79e9fbd4d53d62346e5b9cad2ce1d99e"
          },
          "sensitive_attributes": [],
          "private": "eyJlMmJmYjczMC1lY2FhLTExZTYtOGY4OC0zNDM2M2JjN2M0YzAiOnsiY3JlYXRlIjo2MDAwMDAwMDAwMDB9LCJzY2hlbWFfdmVyc2lvbiI6IjEifQ==",
          "dependencies": [
            "data.aws_ecrpublic_authorization_token.token",
            "data.aws_eks_cluster_auth.this",
            "data.kubectl_path_documents.karpenter_provisioners",
            "module.ebs_csi_driver_irsa.aws_iam_role.this",
            "module.ebs_csi_driver_irsa.data.aws_iam_policy_document.this",
            "module.eks.aws_eks_cluster.this",
            "module.eks.aws_iam_openid_connect_provider.oidc_provider",
            "module.eks_blueprints_addons.aws_autoscaling_group_tag.aws_node_termination_handler",
            "module.eks_blueprints_addons.aws_autoscaling_lifecycle_hook.aws_node_termination_handler",
            "module.eks_blueprints_addons.aws_cloudwatch_event_rule.aws_node_termination_handler",
            "module.eks_blueprints_addons.aws_cloudwatch_event_rule.karpenter",
            "module.eks_blueprints_addons.aws_cloudwatch_event_target.aws_node_termination_handler",
            "module.eks_blueprints_addons.aws_cloudwatch_event_target.karpenter",
            "module.eks_blueprints_addons.aws_cloudwatch_log_group.aws_for_fluentbit",
            "module.eks_blueprints_addons.aws_cloudwatch_log_group.fargate_fluentbit",
            "module.eks_blueprints_addons.aws_eks_addon.this",
            "module.eks_blueprints_addons.aws_iam_instance_profile.karpenter",
            "module.eks_blueprints_addons.aws_iam_policy.fargate_fluentbit",
            "module.eks_blueprints_addons.aws_iam_role.karpenter",
            "module.eks_blueprints_addons.aws_iam_role_policy_attachment.additional",
            "module.eks_blueprints_addons.aws_iam_role_policy_attachment.karpenter",
            "module.eks_blueprints_addons.data.aws_caller_identity.current",
            "module.eks_blueprints_addons.data.aws_eks_addon_version.this",
            "module.eks_blueprints_addons.data.aws_iam_policy_document.aws_efs_csi_driver",
            "module.eks_blueprints_addons.data.aws_iam_policy_document.aws_for_fluentbit",
            "module.eks_blueprints_addons.data.aws_iam_policy_document.aws_fsx_csi_driver",
            "module.eks_blueprints_addons.data.aws_iam_policy_document.aws_gateway_api_controller",
            "module.eks_blueprints_addons.data.aws_iam_policy_document.aws_load_balancer_controller",
            "module.eks_blueprints_addons.data.aws_iam_policy_document.aws_node_termination_handler",
            "module.eks_blueprints_addons.data.aws_iam_policy_document.aws_privateca_issuer",
            "module.eks_blueprints_addons.data.aws_iam_policy_document.cert_manager",
            "module.eks_blueprints_addons.data.aws_iam_policy_document.cluster_autoscaler",
            "module.eks_blueprints_addons.data.aws_iam_policy_document.external_dns",
            "module.eks_blueprints_addons.data.aws_iam_policy_document.external_secrets",
            "module.eks_blueprints_addons.data.aws_iam_policy_document.fargate_fluentbit",
            "module.eks_blueprints_addons.data.aws_iam_policy_document.karpenter",
            "module.eks_blueprints_addons.data.aws_iam_policy_document.karpenter_assume_role",
            "module.eks_blueprints_addons.data.aws_iam_policy_document.velero",
            "module.eks_blueprints_addons.data.aws_partition.current",
            "module.eks_blueprints_addons.data.aws_region.current",
            "module.eks_blueprints_addons.helm_release.this",
            "module.eks_blueprints_addons.kubernetes_config_map_v1.aws_logging",
            "module.eks_blueprints_addons.kubernetes_config_map_v1_data.aws_for_fluentbit_containerinsights",
            "module.eks_blueprints_addons.kubernetes_namespace_v1.aws_observability",
            "module.eks_blueprints_addons.module.argo_events.aws_iam_policy.this",
            "module.eks_blueprints_addons.module.argo_events.aws_iam_role.this",
            "module.eks_blueprints_addons.module.argo_events.aws_iam_role_policy_attachment.additional",
            "module.eks_blueprints_addons.module.argo_events.aws_iam_role_policy_attachment.this",
            "module.eks_blueprints_addons.module.argo_events.data.aws_caller_identity.current",
            "module.eks_blueprints_addons.module.argo_events.data.aws_iam_policy_document.assume",
            "module.eks_blueprints_addons.module.argo_events.data.aws_iam_policy_document.this",
            "module.eks_blueprints_addons.module.argo_events.data.aws_partition.current",
            "module.eks_blueprints_addons.module.argo_events.helm_release.this",
            "module.eks_blueprints_addons.module.argo_rollouts.aws_iam_policy.this",
            "module.eks_blueprints_addons.module.argo_rollouts.aws_iam_role.this",
            "module.eks_blueprints_addons.module.argo_rollouts.aws_iam_role_policy_attachment.additional",
            "module.eks_blueprints_addons.module.argo_rollouts.aws_iam_role_policy_attachment.this",
            "module.eks_blueprints_addons.module.argo_rollouts.data.aws_caller_identity.current",
            "module.eks_blueprints_addons.module.argo_rollouts.data.aws_iam_policy_document.assume",
            "module.eks_blueprints_addons.module.argo_rollouts.data.aws_iam_policy_document.this",
            "module.eks_blueprints_addons.module.argo_rollouts.data.aws_partition.current",
            "module.eks_blueprints_addons.module.argo_rollouts.helm_release.this",
            "module.eks_blueprints_addons.module.argo_workflows.aws_iam_policy.this",
            "module.eks_blueprints_addons.module.argo_workflows.aws_iam_role.this",
            "module.eks_blueprints_addons.module.argo_workflows.aws_iam_role_policy_attachment.additional",
            "module.eks_blueprints_addons.module.argo_workflows.aws_iam_role_policy_attachment.this",
            "module.eks_blueprints_addons.module.argo_workflows.data.aws_caller_identity.current",
            "module.eks_blueprints_addons.module.argo_workflows.data.aws_iam_policy_document.assume",
            "module.eks_blueprints_addons.module.argo_workflows.data.aws_iam_policy_document.this",
            "module.eks_blueprints_addons.module.argo_workflows.data.aws_partition.current",
            "module.eks_blueprints_addons.module.argo_workflows.helm_release.this",
            "module.eks_blueprints_addons.module.argocd.aws_iam_policy.this",
            "module.eks_blueprints_addons.module.argocd.aws_iam_role.this",
            "module.eks_blueprints_addons.module.argocd.aws_iam_role_policy_attachment.additional",
            "module.eks_blueprints_addons.module.argocd.aws_iam_role_policy_attachment.this",
            "module.eks_blueprints_addons.module.argocd.data.aws_caller_identity.current",
            "module.eks_blueprints_addons.module.argocd.data.aws_iam_policy_document.assume",
            "module.eks_blueprints_addons.module.argocd.data.aws_iam_policy_document.this",
            "module.eks_blueprints_addons.module.argocd.data.aws_partition.current",
            "module.eks_blueprints_addons.module.argocd.helm_release.this",
            "module.eks_blueprints_addons.module.aws_cloudwatch_metrics.aws_iam_policy.this",
            "module.eks_blueprints_addons.module.aws_cloudwatch_metrics.aws_iam_role.this",
            "module.eks_blueprints_addons.module.aws_cloudwatch_metrics.aws_iam_role_policy_attachment.additional",
            "module.eks_blueprints_addons.module.aws_cloudwatch_metrics.aws_iam_role_policy_attachment.this",
            "module.eks_blueprints_addons.module.aws_cloudwatch_metrics.data.aws_caller_identity.current",
            "module.eks_blueprints_addons.module.aws_cloudwatch_metrics.data.aws_iam_policy_document.assume",
            "module.eks_blueprints_addons.module.aws_cloudwatch_metrics.data.aws_iam_policy_document.this",
            "module.eks_blueprints_addons.module.aws_cloudwatch_metrics.data.aws_partition.current",
            "module.eks_blueprints_addons.module.aws_cloudwatch_metrics.helm_release.this",
            "module.eks_blueprints_addons.module.aws_efs_csi_driver.aws_iam_policy.this",
            "module.eks_blueprints_addons.module.aws_efs_csi_driver.aws_iam_role.this",
            "module.eks_blueprints_addons.module.aws_efs_csi_driver.aws_iam_role_policy_attachment.additional",
            "module.eks_blueprints_addons.module.aws_efs_csi_driver.aws_iam_role_policy_attachment.this",
            "module.eks_blueprints_addons.module.aws_efs_csi_driver.data.aws_caller_identity.current",
            "module.eks_blueprints_addons.module.aws_efs_csi_driver.data.aws_iam_policy_document.assume",
            "module.eks_blueprints_addons.module.aws_efs_csi_driver.data.aws_iam_policy_document.this",
            "module.eks_blueprints_addons.module.aws_efs_csi_driver.data.aws_partition.current",
            "module.eks_blueprints_addons.module.aws_efs_csi_driver.helm_release.this",
            "module.eks_blueprints_addons.module.aws_for_fluentbit.aws_iam_policy.this",
            "module.eks_blueprints_addons.module.aws_for_fluentbit.aws_iam_role.this",
            "module.eks_blueprints_addons.module.aws_for_fluentbit.aws_iam_role_policy_attachment.additional",
            "module.eks_blueprints_addons.module.aws_for_fluentbit.aws_iam_role_policy_attachment.this",
            "module.eks_blueprints_addons.module.aws_for_fluentbit.data.aws_caller_identity.current",
            "module.eks_blueprints_addons.module.aws_for_fluentbit.data.aws_iam_policy_document.assume",
            "module.eks_blueprints_addons.module.aws_for_fluentbit.data.aws_iam_policy_document.this",
            "module.eks_blueprints_addons.module.aws_for_fluentbit.data.aws_partition.current",
            "module.eks_blueprints_addons.module.aws_for_fluentbit.helm_release.this",
            "module.eks_blueprints_addons.module.aws_fsx_csi_driver.aws_iam_policy.this",
            "module.eks_blueprints_addons.module.aws_fsx_csi_driver.aws_iam_role.this",
            "module.eks_blueprints_addons.module.aws_fsx_csi_driver.aws_iam_role_policy_attachment.additional",
            "module.eks_blueprints_addons.module.aws_fsx_csi_driver.aws_iam_role_policy_attachment.this",
            "module.eks_blueprints_addons.module.aws_fsx_csi_driver.data.aws_caller_identity.current",
            "module.eks_blueprints_addons.module.aws_fsx_csi_driver.data.aws_iam_policy_document.assume",
            "module.eks_blueprints_addons.module.aws_fsx_csi_driver.data.aws_iam_policy_document.this",
            "module.eks_blueprints_addons.module.aws_fsx_csi_driver.data.aws_partition.current",
            "module.eks_blueprints_addons.module.aws_fsx_csi_driver.helm_release.this",
            "module.eks_blueprints_addons.module.aws_gateway_api_controller.aws_iam_policy.this",
            "module.eks_blueprints_addons.module.aws_gateway_api_controller.aws_iam_role.this",
            "module.eks_blueprints_addons.module.aws_gateway_api_controller.aws_iam_role_policy_attachment.additional",
            "module.eks_blueprints_addons.module.aws_gateway_api_controller.aws_iam_role_policy_attachment.this",
            "module.eks_blueprints_addons.module.aws_gateway_api_controller.data.aws_caller_identity.current",
            "module.eks_blueprints_addons.module.aws_gateway_api_controller.data.aws_iam_policy_document.assume",
            "module.eks_blueprints_addons.module.aws_gateway_api_controller.data.aws_iam_policy_document.this",
            "module.eks_blueprints_addons.module.aws_gateway_api_controller.data.aws_partition.current",
            "module.eks_blueprints_addons.module.aws_gateway_api_controller.helm_release.this",
            "module.eks_blueprints_addons.module.aws_load_balancer_controller.aws_iam_policy.this",
            "module.eks_blueprints_addons.module.aws_load_balancer_controller.aws_iam_role.this",
            "module.eks_blueprints_addons.module.aws_load_balancer_controller.aws_iam_role_policy_attachment.additional",
            "module.eks_blueprints_addons.module.aws_load_balancer_controller.aws_iam_role_policy_attachment.this",
            "module.eks_blueprints_addons.module.aws_load_balancer_controller.data.aws_caller_identity.current",
            "module.eks_blueprints_addons.module.aws_load_balancer_controller.data.aws_iam_policy_document.assume",
            "module.eks_blueprints_addons.module.aws_load_balancer_controller.data.aws_iam_policy_document.this",
            "module.eks_blueprints_addons.module.aws_load_balancer_controller.data.aws_partition.current",
            "module.eks_blueprints_addons.module.aws_load_balancer_controller.helm_release.this",
            "module.eks_blueprints_addons.module.aws_node_termination_handler.aws_iam_policy.this",
            "module.eks_blueprints_addons.module.aws_node_termination_handler.aws_iam_role.this",
            "module.eks_blueprints_addons.module.aws_node_termination_handler.aws_iam_role_policy_attachment.additional",
            "module.eks_blueprints_addons.module.aws_node_termination_handler.aws_iam_role_policy_attachment.this",
            "module.eks_blueprints_addons.module.aws_node_termination_handler.data.aws_caller_identity.current",
            "module.eks_blueprints_addons.module.aws_node_termination_handler.data.aws_iam_policy_document.assume",
            "module.eks_blueprints_addons.module.aws_node_termination_handler.data.aws_iam_policy_document.this",
            "module.eks_blueprints_addons.module.aws_node_termination_handler.data.aws_partition.current",
            "module.eks_blueprints_addons.module.aws_node_termination_handler.helm_release.this",
            "module.eks_blueprints_addons.module.aws_node_termination_handler_sqs.aws_sqs_queue.dlq",
            "module.eks_blueprints_addons.module.aws_node_termination_handler_sqs.aws_sqs_queue.this",
            "module.eks_blueprints_addons.module.aws_node_termination_handler_sqs.aws_sqs_queue_policy.dlq",
            "module.eks_blueprints_addons.module.aws_node_termination_handler_sqs.aws_sqs_queue_policy.this",
            "module.eks_blueprints_addons.module.aws_node_termination_handler_sqs.aws_sqs_queue_redrive_allow_policy.dlq",
            "module.eks_blueprints_addons.module.aws_node_termination_handler_sqs.aws_sqs_queue_redrive_allow_policy.this",
            "module.eks_blueprints_addons.module.aws_node_termination_handler_sqs.aws_sqs_queue_redrive_policy.dlq",
            "module.eks_blueprints_addons.module.aws_node_termination_handler_sqs.aws_sqs_queue_redrive_policy.this",
            "module.eks_blueprints_addons.module.aws_node_termination_handler_sqs.data.aws_iam_policy_document.dlq",
            "module.eks_blueprints_addons.module.aws_node_termination_handler_sqs.data.aws_iam_policy_document.this",
            "module.eks_blueprints_addons.module.aws_privateca_issuer.aws_iam_policy.this",
            "module.eks_blueprints_addons.module.aws_privateca_issuer.aws_iam_role.this",
            "module.eks_blueprints_addons.module.aws_privateca_issuer.aws_iam_role_policy_attachment.additional",
            "module.eks_blueprints_addons.module.aws_privateca_issuer.aws_iam_role_policy_attachment.this",
            "module.eks_blueprints_addons.module.aws_privateca_issuer.data.aws_caller_identity.current",
            "module.eks_blueprints_addons.module.aws_privateca_issuer.data.aws_iam_policy_document.assume",
            "module.eks_blueprints_addons.module.aws_privateca_issuer.data.aws_iam_policy_document.this",
            "module.eks_blueprints_addons.module.aws_privateca_issuer.data.aws_partition.current",
            "module.eks_blueprints_addons.module.aws_privateca_issuer.helm_release.this",
            "module.eks_blueprints_addons.module.bottlerocket_shadow.aws_iam_policy.this",
            "module.eks_blueprints_addons.module.bottlerocket_shadow.aws_iam_role.this",
            "module.eks_blueprints_addons.module.bottlerocket_shadow.aws_iam_role_policy_attachment.additional",
            "module.eks_blueprints_addons.module.bottlerocket_shadow.aws_iam_role_policy_attachment.this",
            "module.eks_blueprints_addons.module.bottlerocket_shadow.data.aws_caller_identity.current",
            "module.eks_blueprints_addons.module.bottlerocket_shadow.data.aws_iam_policy_document.assume",
            "module.eks_blueprints_addons.module.bottlerocket_shadow.data.aws_iam_policy_document.this",
            "module.eks_blueprints_addons.module.bottlerocket_shadow.data.aws_partition.current",
            "module.eks_blueprints_addons.module.bottlerocket_shadow.helm_release.this",
            "module.eks_blueprints_addons.module.bottlerocket_update_operator.aws_iam_policy.this",
            "module.eks_blueprints_addons.module.bottlerocket_update_operator.aws_iam_role.this",
            "module.eks_blueprints_addons.module.bottlerocket_update_operator.aws_iam_role_policy_attachment.additional",
            "module.eks_blueprints_addons.module.bottlerocket_update_operator.aws_iam_role_policy_attachment.this",
            "module.eks_blueprints_addons.module.bottlerocket_update_operator.data.aws_caller_identity.current",
            "module.eks_blueprints_addons.module.bottlerocket_update_operator.data.aws_iam_policy_document.assume",
            "module.eks_blueprints_addons.module.bottlerocket_update_operator.data.aws_iam_policy_document.this",
            "module.eks_blueprints_addons.module.bottlerocket_update_operator.data.aws_partition.current",
            "module.eks_blueprints_addons.module.bottlerocket_update_operator.helm_release.this",
            "module.eks_blueprints_addons.module.cert_manager.aws_iam_policy.this",
            "module.eks_blueprints_addons.module.cert_manager.aws_iam_role.this",
            "module.eks_blueprints_addons.module.cert_manager.aws_iam_role_policy_attachment.additional",
            "module.eks_blueprints_addons.module.cert_manager.aws_iam_role_policy_attachment.this",
            "module.eks_blueprints_addons.module.cert_manager.data.aws_caller_identity.current",
            "module.eks_blueprints_addons.module.cert_manager.data.aws_iam_policy_document.assume",
            "module.eks_blueprints_addons.module.cert_manager.data.aws_iam_policy_document.this",
            "module.eks_blueprints_addons.module.cert_manager.data.aws_partition.current",
            "module.eks_blueprints_addons.module.cert_manager.helm_release.this",
            "module.eks_blueprints_addons.module.cluster_autoscaler.aws_iam_policy.this",
            "module.eks_blueprints_addons.module.cluster_autoscaler.aws_iam_role.this",
            "module.eks_blueprints_addons.module.cluster_autoscaler.aws_iam_role_policy_attachment.additional",
            "module.eks_blueprints_addons.module.cluster_autoscaler.aws_iam_role_policy_attachment.this",
            "module.eks_blueprints_addons.module.cluster_autoscaler.data.aws_caller_identity.current",
            "module.eks_blueprints_addons.module.cluster_autoscaler.data.aws_iam_policy_document.assume",
            "module.eks_blueprints_addons.module.cluster_autoscaler.data.aws_iam_policy_document.this",
            "module.eks_blueprints_addons.module.cluster_autoscaler.data.aws_partition.current",
            "module.eks_blueprints_addons.module.cluster_autoscaler.helm_release.this",
            "module.eks_blueprints_addons.module.cluster_proportional_autoscaler.aws_iam_policy.this",
            "module.eks_blueprints_addons.module.cluster_proportional_autoscaler.aws_iam_role.this",
            "module.eks_blueprints_addons.module.cluster_proportional_autoscaler.aws_iam_role_policy_attachment.additional",
            "module.eks_blueprints_addons.module.cluster_proportional_autoscaler.aws_iam_role_policy_attachment.this",
            "module.eks_blueprints_addons.module.cluster_proportional_autoscaler.data.aws_caller_identity.current",
            "module.eks_blueprints_addons.module.cluster_proportional_autoscaler.data.aws_iam_policy_document.assume",
            "module.eks_blueprints_addons.module.cluster_proportional_autoscaler.data.aws_iam_policy_document.this",
            "module.eks_blueprints_addons.module.cluster_proportional_autoscaler.data.aws_partition.current",
            "module.eks_blueprints_addons.module.cluster_proportional_autoscaler.helm_release.this",
            "module.eks_blueprints_addons.module.external_dns.aws_iam_policy.this",
            "module.eks_blueprints_addons.module.external_dns.aws_iam_role.this",
            "module.eks_blueprints_addons.module.external_dns.aws_iam_role_policy_attachment.additional",
            "module.eks_blueprints_addons.module.external_dns.aws_iam_role_policy_attachment.this",
            "module.eks_blueprints_addons.module.external_dns.data.aws_caller_identity.current",
            "module.eks_blueprints_addons.module.external_dns.data.aws_iam_policy_document.assume",
            "module.eks_blueprints_addons.module.external_dns.data.aws_iam_policy_document.this",
            "module.eks_blueprints_addons.module.external_dns.data.aws_partition.current",
            "module.eks_blueprints_addons.module.external_dns.helm_release.this",
            "module.eks_blueprints_addons.module.external_secrets.aws_iam_policy.this",
            "module.eks_blueprints_addons.module.external_secrets.aws_iam_role.this",
            "module.eks_blueprints_addons.module.external_secrets.aws_iam_role_policy_attachment.additional",
            "module.eks_blueprints_addons.module.external_secrets.aws_iam_role_policy_attachment.this",
            "module.eks_blueprints_addons.module.external_secrets.data.aws_caller_identity.current",
            "module.eks_blueprints_addons.module.external_secrets.data.aws_iam_policy_document.assume",
            "module.eks_blueprints_addons.module.external_secrets.data.aws_iam_policy_document.this",
            "module.eks_blueprints_addons.module.external_secrets.data.aws_partition.current",
            "module.eks_blueprints_addons.module.external_secrets.helm_release.this",
            "module.eks_blueprints_addons.module.gatekeeper.aws_iam_policy.this",
            "module.eks_blueprints_addons.module.gatekeeper.aws_iam_role.this",
            "module.eks_blueprints_addons.module.gatekeeper.aws_iam_role_policy_attachment.additional",
            "module.eks_blueprints_addons.module.gatekeeper.aws_iam_role_policy_attachment.this",
            "module.eks_blueprints_addons.module.gatekeeper.data.aws_caller_identity.current",
            "module.eks_blueprints_addons.module.gatekeeper.data.aws_iam_policy_document.assume",
            "module.eks_blueprints_addons.module.gatekeeper.data.aws_iam_policy_document.this",
            "module.eks_blueprints_addons.module.gatekeeper.data.aws_partition.current",
            "module.eks_blueprints_addons.module.gatekeeper.helm_release.this",
            "module.eks_blueprints_addons.module.ingress_nginx.aws_iam_policy.this",
            "module.eks_blueprints_addons.module.ingress_nginx.aws_iam_role.this",
            "module.eks_blueprints_addons.module.ingress_nginx.aws_iam_role_policy_attachment.additional",
            "module.eks_blueprints_addons.module.ingress_nginx.aws_iam_role_policy_attachment.this",
            "module.eks_blueprints_addons.module.ingress_nginx.data.aws_caller_identity.current",
            "module.eks_blueprints_addons.module.ingress_nginx.data.aws_iam_policy_document.assume",
            "module.eks_blueprints_addons.module.ingress_nginx.data.aws_iam_policy_document.this",
            "module.eks_blueprints_addons.module.ingress_nginx.data.aws_partition.current",
            "module.eks_blueprints_addons.module.ingress_nginx.helm_release.this",
            "module.eks_blueprints_addons.module.karpenter.aws_iam_policy.this",
            "module.eks_blueprints_addons.module.karpenter.aws_iam_role.this",
            "module.eks_blueprints_addons.module.karpenter.aws_iam_role_policy_attachment.additional",
            "module.eks_blueprints_addons.module.karpenter.aws_iam_role_policy_attachment.this",
            "module.eks_blueprints_addons.module.karpenter.data.aws_caller_identity.current",
            "module.eks_blueprints_addons.module.karpenter.data.aws_iam_policy_document.assume",
            "module.eks_blueprints_addons.module.karpenter.data.aws_iam_policy_document.this",
            "module.eks_blueprints_addons.module.karpenter.data.aws_partition.current",
            "module.eks_blueprints_addons.module.karpenter.helm_release.this",
            "module.eks_blueprints_addons.module.karpenter_sqs.aws_sqs_queue.dlq",
            "module.eks_blueprints_addons.module.karpenter_sqs.aws_sqs_queue.this",
            "module.eks_blueprints_addons.module.karpenter_sqs.aws_sqs_queue_policy.dlq",
            "module.eks_blueprints_addons.module.karpenter_sqs.aws_sqs_queue_policy.this",
            "module.eks_blueprints_addons.module.karpenter_sqs.aws_sqs_queue_redrive_allow_policy.dlq",
            "module.eks_blueprints_addons.module.karpenter_sqs.aws_sqs_queue_redrive_allow_policy.this",
            "module.eks_blueprints_addons.module.karpenter_sqs.aws_sqs_queue_redrive_policy.dlq",
            "module.eks_blueprints_addons.module.karpenter_sqs.aws_sqs_queue_redrive_policy.this",
            "module.eks_blueprints_addons.module.karpenter_sqs.data.aws_iam_policy_document.dlq",
            "module.eks_blueprints_addons.module.karpenter_sqs.data.aws_iam_policy_document.this",
            "module.eks_blueprints_addons.module.kube_prometheus_stack.aws_iam_policy.this",
            "module.eks_blueprints_addons.module.kube_prometheus_stack.aws_iam_role.this",
            "module.eks_blueprints_addons.module.kube_prometheus_stack.aws_iam_role_policy_attachment.additional",
            "module.eks_blueprints_addons.module.kube_prometheus_stack.aws_iam_role_policy_attachment.this",
            "module.eks_blueprints_addons.module.kube_prometheus_stack.data.aws_caller_identity.current",
            "module.eks_blueprints_addons.module.kube_prometheus_stack.data.aws_iam_policy_document.assume",
            "module.eks_blueprints_addons.module.kube_prometheus_stack.data.aws_iam_policy_document.this",
            "module.eks_blueprints_addons.module.kube_prometheus_stack.data.aws_partition.current",
            "module.eks_blueprints_addons.module.kube_prometheus_stack.helm_release.this",
            "module.eks_blueprints_addons.module.metrics_server.aws_iam_policy.this",
            "module.eks_blueprints_addons.module.metrics_server.aws_iam_role.this",
            "module.eks_blueprints_addons.module.metrics_server.aws_iam_role_policy_attachment.additional",
            "module.eks_blueprints_addons.module.metrics_server.aws_iam_role_policy_attachment.this",
            "module.eks_blueprints_addons.module.metrics_server.data.aws_caller_identity.current",
            "module.eks_blueprints_addons.module.metrics_server.data.aws_iam_policy_document.assume",
            "module.eks_blueprints_addons.module.metrics_server.data.aws_iam_policy_document.this",
            "module.eks_blueprints_addons.module.metrics_server.data.aws_partition.current",
            "module.eks_blueprints_addons.module.metrics_server.helm_release.this",
            "module.eks_blueprints_addons.module.secrets_store_csi_driver.aws_iam_policy.this",
            "module.eks_blueprints_addons.module.secrets_store_csi_driver.aws_iam_role.this",
            "module.eks_blueprints_addons.module.secrets_store_csi_driver.aws_iam_role_policy_attachment.additional",
            "module.eks_blueprints_addons.module.secrets_store_csi_driver.aws_iam_role_policy_attachment.this",
            "module.eks_blueprints_addons.module.secrets_store_csi_driver.data.aws_caller_identity.current",
            "module.eks_blueprints_addons.module.secrets_store_csi_driver.data.aws_iam_policy_document.assume",
            "module.eks_blueprints_addons.module.secrets_store_csi_driver.data.aws_iam_policy_document.this",
            "module.eks_blueprints_addons.module.secrets_store_csi_driver.data.aws_partition.current",
            "module.eks_blueprints_addons.module.secrets_store_csi_driver.helm_release.this",
            "module.eks_blueprints_addons.module.secrets_store_csi_driver_provider_aws.aws_iam_policy.this",
            "module.eks_blueprints_addons.module.secrets_store_csi_driver_provider_aws.aws_iam_role.this",
            "module.eks_blueprints_addons.module.secrets_store_csi_driver_provider_aws.aws_iam_role_policy_attachment.additional",
            "module.eks_blueprints_addons.module.secrets_store_csi_driver_provider_aws.aws_iam_role_policy_attachment.this",
            "module.eks_blueprints_addons.module.secrets_store_csi_driver_provider_aws.data.aws_caller_identity.current",
            "module.eks_blueprints_addons.module.secrets_store_csi_driver_provider_aws.data.aws_iam_policy_document.assume",
            "module.eks_blueprints_addons.module.secrets_store_csi_driver_provider_aws.data.aws_iam_policy_document.this",
            "module.eks_blueprints_addons.module.secrets_store_csi_driver_provider_aws.data.aws_partition.current",
            "module.eks_blueprints_addons.module.secrets_store_csi_driver_provider_aws.helm_release.this",
            "module.eks_blueprints_addons.module.velero.aws_iam_policy.this",
            "module.eks_blueprints_addons.module.velero.aws_iam_role.this",
            "module.eks_blueprints_addons.module.velero.aws_iam_role_policy_attachment.additional",
            "module.eks_blueprints_addons.module.velero.aws_iam_role_policy_attachment.this",
            "module.eks_blueprints_addons.module.velero.data.aws_caller_identity.current",
            "module.eks_blueprints_addons.module.velero.data.aws_iam_policy_document.assume",
            "module.eks_blueprints_addons.module.velero.data.aws_iam_policy_document.this",
            "module.eks_blueprints_addons.module.velero.data.aws_partition.current",
            "module.eks_blueprints_addons.module.velero.helm_release.this",
            "module.eks_blueprints_addons.module.vpa.aws_iam_policy.this",
            "module.eks_blueprints_addons.module.vpa.aws_iam_role.this",
            "module.eks_blueprints_addons.module.vpa.aws_iam_role_policy_attachment.additional",
            "module.eks_blueprints_addons.module.vpa.aws_iam_role_policy_attachment.this",
            "module.eks_blueprints_addons.module.vpa.data.aws_caller_identity.current",
            "module.eks_blueprints_addons.module.vpa.data.aws_iam_policy_document.assume",
            "module.eks_blueprints_addons.module.vpa.data.aws_iam_policy_document.this",
            "module.eks_blueprints_addons.module.vpa.data.aws_partition.current",
            "module.eks_blueprints_addons.module.vpa.helm_release.this",
            "module.eks_blueprints_addons.time_sleep.this"
          ]
        },
        {
          "index_key": "apiVersion: karpenter.k8s.aws/v1beta1\nkind: EC2NodeClass # Previously kind: AWSNodeTemplate\nmetadata:\n  name: emr-eks-default\n  namespace: karpenter\nspec:\n  amiFamily: AL2\n  blockDeviceMappings:\n    - deviceName: /dev/xvda\n      ebs:\n        volumeSize: 50Gi\n        volumeType: gp3\n        encrypted: true\n        deleteOnTermination: true\n  role: \"emr-eks-karpenter-karpenter-node\"\n  subnetSelectorTerms:\n    - tags: # Update the correct region and zones\n        karpenter.sh/discovery: \"emr-eks-karpenter\"\n  securityGroupSelectorTerms:\n    - name: \"emr-eks-karpenter-node*\"\n  tags:\n    InstanceType: \"emr-eks-default\"    # optional, add tags for your own use",
          "schema_version": 1,
          "attributes": {
            "api_version": "karpenter.k8s.aws/v1beta1",
            "apply_only": false,
            "force_conflicts": false,
            "force_new": false,
            "id": "/apis/karpenter.k8s.aws/v1beta1/ec2nodeclasses/emr-eks-default",
            "ignore_fields": null,
            "kind": "EC2NodeClass",
            "live_manifest_incluster": "57fe11d80b1d719e40a6777fb2bb58d045bc55c2320dc0180bbb9ee72b3b1ca2",
            "live_uid": "9c0e0ae4-d678-4e4c-aff9-8d063d6f36ee",
            "name": "emr-eks-default",
            "namespace": "karpenter",
            "override_namespace": null,
            "sensitive_fields": null,
            "server_side_apply": false,
            "timeouts": null,
            "uid": "9c0e0ae4-d678-4e4c-aff9-8d063d6f36ee",
            "validate_schema": true,
            "wait": null,
            "wait_for_rollout": true,
            "yaml_body": "apiVersion: karpenter.k8s.aws/v1beta1\nkind: EC2NodeClass # Previously kind: AWSNodeTemplate\nmetadata:\n  name: emr-eks-default\n  namespace: karpenter\nspec:\n  amiFamily: AL2\n  blockDeviceMappings:\n    - deviceName: /dev/xvda\n      ebs:\n        volumeSize: 50Gi\n        volumeType: gp3\n        encrypted: true\n        deleteOnTermination: true\n  role: \"emr-eks-karpenter-karpenter-node\"\n  subnetSelectorTerms:\n    - tags: # Update the correct region and zones\n        karpenter.sh/discovery: \"emr-eks-karpenter\"\n  securityGroupSelectorTerms:\n    - name: \"emr-eks-karpenter-node*\"\n  tags:\n    InstanceType: \"emr-eks-default\"    # optional, add tags for your own use",
            "yaml_body_parsed": "apiVersion: karpenter.k8s.aws/v1beta1\nkind: EC2NodeClass\nmetadata:\n  name: emr-eks-default\n  namespace: karpenter\nspec:\n  amiFamily: AL2\n  blockDeviceMappings:\n  - deviceName: /dev/xvda\n    ebs:\n      deleteOnTermination: true\n      encrypted: true\n      volumeSize: 50Gi\n      volumeType: gp3\n  role: emr-eks-karpenter-karpenter-node\n  securityGroupSelectorTerms:\n  - name: emr-eks-karpenter-node*\n  subnetSelectorTerms:\n  - tags:\n      karpenter.sh/discovery: emr-eks-karpenter\n  tags:\n    InstanceType: emr-eks-default\n",
            "yaml_incluster": "57fe11d80b1d719e40a6777fb2bb58d045bc55c2320dc0180bbb9ee72b3b1ca2"
          },
          "sensitive_attributes": [],
          "private": "eyJlMmJmYjczMC1lY2FhLTExZTYtOGY4OC0zNDM2M2JjN2M0YzAiOnsiY3JlYXRlIjo2MDAwMDAwMDAwMDB9LCJzY2hlbWFfdmVyc2lvbiI6IjEifQ==",
          "dependencies": [
            "data.aws_ecrpublic_authorization_token.token",
            "data.aws_eks_cluster_auth.this",
            "data.kubectl_path_documents.karpenter_provisioners",
            "module.ebs_csi_driver_irsa.aws_iam_role.this",
            "module.ebs_csi_driver_irsa.data.aws_iam_policy_document.this",
            "module.eks.aws_eks_cluster.this",
            "module.eks.aws_iam_openid_connect_provider.oidc_provider",
            "module.eks_blueprints_addons.aws_autoscaling_group_tag.aws_node_termination_handler",
            "module.eks_blueprints_addons.aws_autoscaling_lifecycle_hook.aws_node_termination_handler",
            "module.eks_blueprints_addons.aws_cloudwatch_event_rule.aws_node_termination_handler",
            "module.eks_blueprints_addons.aws_cloudwatch_event_rule.karpenter",
            "module.eks_blueprints_addons.aws_cloudwatch_event_target.aws_node_termination_handler",
            "module.eks_blueprints_addons.aws_cloudwatch_event_target.karpenter",
            "module.eks_blueprints_addons.aws_cloudwatch_log_group.aws_for_fluentbit",
            "module.eks_blueprints_addons.aws_cloudwatch_log_group.fargate_fluentbit",
            "module.eks_blueprints_addons.aws_eks_addon.this",
            "module.eks_blueprints_addons.aws_iam_instance_profile.karpenter",
            "module.eks_blueprints_addons.aws_iam_policy.fargate_fluentbit",
            "module.eks_blueprints_addons.aws_iam_role.karpenter",
            "module.eks_blueprints_addons.aws_iam_role_policy_attachment.additional",
            "module.eks_blueprints_addons.aws_iam_role_policy_attachment.karpenter",
            "module.eks_blueprints_addons.data.aws_caller_identity.current",
            "module.eks_blueprints_addons.data.aws_eks_addon_version.this",
            "module.eks_blueprints_addons.data.aws_iam_policy_document.aws_efs_csi_driver",
            "module.eks_blueprints_addons.data.aws_iam_policy_document.aws_for_fluentbit",
            "module.eks_blueprints_addons.data.aws_iam_policy_document.aws_fsx_csi_driver",
            "module.eks_blueprints_addons.data.aws_iam_policy_document.aws_gateway_api_controller",
            "module.eks_blueprints_addons.data.aws_iam_policy_document.aws_load_balancer_controller",
            "module.eks_blueprints_addons.data.aws_iam_policy_document.aws_node_termination_handler",
            "module.eks_blueprints_addons.data.aws_iam_policy_document.aws_privateca_issuer",
            "module.eks_blueprints_addons.data.aws_iam_policy_document.cert_manager",
            "module.eks_blueprints_addons.data.aws_iam_policy_document.cluster_autoscaler",
            "module.eks_blueprints_addons.data.aws_iam_policy_document.external_dns",
            "module.eks_blueprints_addons.data.aws_iam_policy_document.external_secrets",
            "module.eks_blueprints_addons.data.aws_iam_policy_document.fargate_fluentbit",
            "module.eks_blueprints_addons.data.aws_iam_policy_document.karpenter",
            "module.eks_blueprints_addons.data.aws_iam_policy_document.karpenter_assume_role",
            "module.eks_blueprints_addons.data.aws_iam_policy_document.velero",
            "module.eks_blueprints_addons.data.aws_partition.current",
            "module.eks_blueprints_addons.data.aws_region.current",
            "module.eks_blueprints_addons.helm_release.this",
            "module.eks_blueprints_addons.kubernetes_config_map_v1.aws_logging",
            "module.eks_blueprints_addons.kubernetes_config_map_v1_data.aws_for_fluentbit_containerinsights",
            "module.eks_blueprints_addons.kubernetes_namespace_v1.aws_observability",
            "module.eks_blueprints_addons.module.argo_events.aws_iam_policy.this",
            "module.eks_blueprints_addons.module.argo_events.aws_iam_role.this",
            "module.eks_blueprints_addons.module.argo_events.aws_iam_role_policy_attachment.additional",
            "module.eks_blueprints_addons.module.argo_events.aws_iam_role_policy_attachment.this",
            "module.eks_blueprints_addons.module.argo_events.data.aws_caller_identity.current",
            "module.eks_blueprints_addons.module.argo_events.data.aws_iam_policy_document.assume",
            "module.eks_blueprints_addons.module.argo_events.data.aws_iam_policy_document.this",
            "module.eks_blueprints_addons.module.argo_events.data.aws_partition.current",
            "module.eks_blueprints_addons.module.argo_events.helm_release.this",
            "module.eks_blueprints_addons.module.argo_rollouts.aws_iam_policy.this",
            "module.eks_blueprints_addons.module.argo_rollouts.aws_iam_role.this",
            "module.eks_blueprints_addons.module.argo_rollouts.aws_iam_role_policy_attachment.additional",
            "module.eks_blueprints_addons.module.argo_rollouts.aws_iam_role_policy_attachment.this",
            "module.eks_blueprints_addons.module.argo_rollouts.data.aws_caller_identity.current",
            "module.eks_blueprints_addons.module.argo_rollouts.data.aws_iam_policy_document.assume",
            "module.eks_blueprints_addons.module.argo_rollouts.data.aws_iam_policy_document.this",
            "module.eks_blueprints_addons.module.argo_rollouts.data.aws_partition.current",
            "module.eks_blueprints_addons.module.argo_rollouts.helm_release.this",
            "module.eks_blueprints_addons.module.argo_workflows.aws_iam_policy.this",
            "module.eks_blueprints_addons.module.argo_workflows.aws_iam_role.this",
            "module.eks_blueprints_addons.module.argo_workflows.aws_iam_role_policy_attachment.additional",
            "module.eks_blueprints_addons.module.argo_workflows.aws_iam_role_policy_attachment.this",
            "module.eks_blueprints_addons.module.argo_workflows.data.aws_caller_identity.current",
            "module.eks_blueprints_addons.module.argo_workflows.data.aws_iam_policy_document.assume",
            "module.eks_blueprints_addons.module.argo_workflows.data.aws_iam_policy_document.this",
            "module.eks_blueprints_addons.module.argo_workflows.data.aws_partition.current",
            "module.eks_blueprints_addons.module.argo_workflows.helm_release.this",
            "module.eks_blueprints_addons.module.argocd.aws_iam_policy.this",
            "module.eks_blueprints_addons.module.argocd.aws_iam_role.this",
            "module.eks_blueprints_addons.module.argocd.aws_iam_role_policy_attachment.additional",
            "module.eks_blueprints_addons.module.argocd.aws_iam_role_policy_attachment.this",
            "module.eks_blueprints_addons.module.argocd.data.aws_caller_identity.current",
            "module.eks_blueprints_addons.module.argocd.data.aws_iam_policy_document.assume",
            "module.eks_blueprints_addons.module.argocd.data.aws_iam_policy_document.this",
            "module.eks_blueprints_addons.module.argocd.data.aws_partition.current",
            "module.eks_blueprints_addons.module.argocd.helm_release.this",
            "module.eks_blueprints_addons.module.aws_cloudwatch_metrics.aws_iam_policy.this",
            "module.eks_blueprints_addons.module.aws_cloudwatch_metrics.aws_iam_role.this",
            "module.eks_blueprints_addons.module.aws_cloudwatch_metrics.aws_iam_role_policy_attachment.additional",
            "module.eks_blueprints_addons.module.aws_cloudwatch_metrics.aws_iam_role_policy_attachment.this",
            "module.eks_blueprints_addons.module.aws_cloudwatch_metrics.data.aws_caller_identity.current",
            "module.eks_blueprints_addons.module.aws_cloudwatch_metrics.data.aws_iam_policy_document.assume",
            "module.eks_blueprints_addons.module.aws_cloudwatch_metrics.data.aws_iam_policy_document.this",
            "module.eks_blueprints_addons.module.aws_cloudwatch_metrics.data.aws_partition.current",
            "module.eks_blueprints_addons.module.aws_cloudwatch_metrics.helm_release.this",
            "module.eks_blueprints_addons.module.aws_efs_csi_driver.aws_iam_policy.this",
            "module.eks_blueprints_addons.module.aws_efs_csi_driver.aws_iam_role.this",
            "module.eks_blueprints_addons.module.aws_efs_csi_driver.aws_iam_role_policy_attachment.additional",
            "module.eks_blueprints_addons.module.aws_efs_csi_driver.aws_iam_role_policy_attachment.this",
            "module.eks_blueprints_addons.module.aws_efs_csi_driver.data.aws_caller_identity.current",
            "module.eks_blueprints_addons.module.aws_efs_csi_driver.data.aws_iam_policy_document.assume",
            "module.eks_blueprints_addons.module.aws_efs_csi_driver.data.aws_iam_policy_document.this",
            "module.eks_blueprints_addons.module.aws_efs_csi_driver.data.aws_partition.current",
            "module.eks_blueprints_addons.module.aws_efs_csi_driver.helm_release.this",
            "module.eks_blueprints_addons.module.aws_for_fluentbit.aws_iam_policy.this",
            "module.eks_blueprints_addons.module.aws_for_fluentbit.aws_iam_role.this",
            "module.eks_blueprints_addons.module.aws_for_fluentbit.aws_iam_role_policy_attachment.additional",
            "module.eks_blueprints_addons.module.aws_for_fluentbit.aws_iam_role_policy_attachment.this",
            "module.eks_blueprints_addons.module.aws_for_fluentbit.data.aws_caller_identity.current",
            "module.eks_blueprints_addons.module.aws_for_fluentbit.data.aws_iam_policy_document.assume",
            "module.eks_blueprints_addons.module.aws_for_fluentbit.data.aws_iam_policy_document.this",
            "module.eks_blueprints_addons.module.aws_for_fluentbit.data.aws_partition.current",
            "module.eks_blueprints_addons.module.aws_for_fluentbit.helm_release.this",
            "module.eks_blueprints_addons.module.aws_fsx_csi_driver.aws_iam_policy.this",
            "module.eks_blueprints_addons.module.aws_fsx_csi_driver.aws_iam_role.this",
            "module.eks_blueprints_addons.module.aws_fsx_csi_driver.aws_iam_role_policy_attachment.additional",
            "module.eks_blueprints_addons.module.aws_fsx_csi_driver.aws_iam_role_policy_attachment.this",
            "module.eks_blueprints_addons.module.aws_fsx_csi_driver.data.aws_caller_identity.current",
            "module.eks_blueprints_addons.module.aws_fsx_csi_driver.data.aws_iam_policy_document.assume",
            "module.eks_blueprints_addons.module.aws_fsx_csi_driver.data.aws_iam_policy_document.this",
            "module.eks_blueprints_addons.module.aws_fsx_csi_driver.data.aws_partition.current",
            "module.eks_blueprints_addons.module.aws_fsx_csi_driver.helm_release.this",
            "module.eks_blueprints_addons.module.aws_gateway_api_controller.aws_iam_policy.this",
            "module.eks_blueprints_addons.module.aws_gateway_api_controller.aws_iam_role.this",
            "module.eks_blueprints_addons.module.aws_gateway_api_controller.aws_iam_role_policy_attachment.additional",
            "module.eks_blueprints_addons.module.aws_gateway_api_controller.aws_iam_role_policy_attachment.this",
            "module.eks_blueprints_addons.module.aws_gateway_api_controller.data.aws_caller_identity.current",
            "module.eks_blueprints_addons.module.aws_gateway_api_controller.data.aws_iam_policy_document.assume",
            "module.eks_blueprints_addons.module.aws_gateway_api_controller.data.aws_iam_policy_document.this",
            "module.eks_blueprints_addons.module.aws_gateway_api_controller.data.aws_partition.current",
            "module.eks_blueprints_addons.module.aws_gateway_api_controller.helm_release.this",
            "module.eks_blueprints_addons.module.aws_load_balancer_controller.aws_iam_policy.this",
            "module.eks_blueprints_addons.module.aws_load_balancer_controller.aws_iam_role.this",
            "module.eks_blueprints_addons.module.aws_load_balancer_controller.aws_iam_role_policy_attachment.additional",
            "module.eks_blueprints_addons.module.aws_load_balancer_controller.aws_iam_role_policy_attachment.this",
            "module.eks_blueprints_addons.module.aws_load_balancer_controller.data.aws_caller_identity.current",
            "module.eks_blueprints_addons.module.aws_load_balancer_controller.data.aws_iam_policy_document.assume",
            "module.eks_blueprints_addons.module.aws_load_balancer_controller.data.aws_iam_policy_document.this",
            "module.eks_blueprints_addons.module.aws_load_balancer_controller.data.aws_partition.current",
            "module.eks_blueprints_addons.module.aws_load_balancer_controller.helm_release.this",
            "module.eks_blueprints_addons.module.aws_node_termination_handler.aws_iam_policy.this",
            "module.eks_blueprints_addons.module.aws_node_termination_handler.aws_iam_role.this",
            "module.eks_blueprints_addons.module.aws_node_termination_handler.aws_iam_role_policy_attachment.additional",
            "module.eks_blueprints_addons.module.aws_node_termination_handler.aws_iam_role_policy_attachment.this",
            "module.eks_blueprints_addons.module.aws_node_termination_handler.data.aws_caller_identity.current",
            "module.eks_blueprints_addons.module.aws_node_termination_handler.data.aws_iam_policy_document.assume",
            "module.eks_blueprints_addons.module.aws_node_termination_handler.data.aws_iam_policy_document.this",
            "module.eks_blueprints_addons.module.aws_node_termination_handler.data.aws_partition.current",
            "module.eks_blueprints_addons.module.aws_node_termination_handler.helm_release.this",
            "module.eks_blueprints_addons.module.aws_node_termination_handler_sqs.aws_sqs_queue.dlq",
            "module.eks_blueprints_addons.module.aws_node_termination_handler_sqs.aws_sqs_queue.this",
            "module.eks_blueprints_addons.module.aws_node_termination_handler_sqs.aws_sqs_queue_policy.dlq",
            "module.eks_blueprints_addons.module.aws_node_termination_handler_sqs.aws_sqs_queue_policy.this",
            "module.eks_blueprints_addons.module.aws_node_termination_handler_sqs.aws_sqs_queue_redrive_allow_policy.dlq",
            "module.eks_blueprints_addons.module.aws_node_termination_handler_sqs.aws_sqs_queue_redrive_allow_policy.this",
            "module.eks_blueprints_addons.module.aws_node_termination_handler_sqs.aws_sqs_queue_redrive_policy.dlq",
            "module.eks_blueprints_addons.module.aws_node_termination_handler_sqs.aws_sqs_queue_redrive_policy.this",
            "module.eks_blueprints_addons.module.aws_node_termination_handler_sqs.data.aws_iam_policy_document.dlq",
            "module.eks_blueprints_addons.module.aws_node_termination_handler_sqs.data.aws_iam_policy_document.this",
            "module.eks_blueprints_addons.module.aws_privateca_issuer.aws_iam_policy.this",
            "module.eks_blueprints_addons.module.aws_privateca_issuer.aws_iam_role.this",
            "module.eks_blueprints_addons.module.aws_privateca_issuer.aws_iam_role_policy_attachment.additional",
            "module.eks_blueprints_addons.module.aws_privateca_issuer.aws_iam_role_policy_attachment.this",
            "module.eks_blueprints_addons.module.aws_privateca_issuer.data.aws_caller_identity.current",
            "module.eks_blueprints_addons.module.aws_privateca_issuer.data.aws_iam_policy_document.assume",
            "module.eks_blueprints_addons.module.aws_privateca_issuer.data.aws_iam_policy_document.this",
            "module.eks_blueprints_addons.module.aws_privateca_issuer.data.aws_partition.current",
            "module.eks_blueprints_addons.module.aws_privateca_issuer.helm_release.this",
            "module.eks_blueprints_addons.module.bottlerocket_shadow.aws_iam_policy.this",
            "module.eks_blueprints_addons.module.bottlerocket_shadow.aws_iam_role.this",
            "module.eks_blueprints_addons.module.bottlerocket_shadow.aws_iam_role_policy_attachment.additional",
            "module.eks_blueprints_addons.module.bottlerocket_shadow.aws_iam_role_policy_attachment.this",
            "module.eks_blueprints_addons.module.bottlerocket_shadow.data.aws_caller_identity.current",
            "module.eks_blueprints_addons.module.bottlerocket_shadow.data.aws_iam_policy_document.assume",
            "module.eks_blueprints_addons.module.bottlerocket_shadow.data.aws_iam_policy_document.this",
            "module.eks_blueprints_addons.module.bottlerocket_shadow.data.aws_partition.current",
            "module.eks_blueprints_addons.module.bottlerocket_shadow.helm_release.this",
            "module.eks_blueprints_addons.module.bottlerocket_update_operator.aws_iam_policy.this",
            "module.eks_blueprints_addons.module.bottlerocket_update_operator.aws_iam_role.this",
            "module.eks_blueprints_addons.module.bottlerocket_update_operator.aws_iam_role_policy_attachment.additional",
            "module.eks_blueprints_addons.module.bottlerocket_update_operator.aws_iam_role_policy_attachment.this",
            "module.eks_blueprints_addons.module.bottlerocket_update_operator.data.aws_caller_identity.current",
            "module.eks_blueprints_addons.module.bottlerocket_update_operator.data.aws_iam_policy_document.assume",
            "module.eks_blueprints_addons.module.bottlerocket_update_operator.data.aws_iam_policy_document.this",
            "module.eks_blueprints_addons.module.bottlerocket_update_operator.data.aws_partition.current",
            "module.eks_blueprints_addons.module.bottlerocket_update_operator.helm_release.this",
            "module.eks_blueprints_addons.module.cert_manager.aws_iam_policy.this",
            "module.eks_blueprints_addons.module.cert_manager.aws_iam_role.this",
            "module.eks_blueprints_addons.module.cert_manager.aws_iam_role_policy_attachment.additional",
            "module.eks_blueprints_addons.module.cert_manager.aws_iam_role_policy_attachment.this",
            "module.eks_blueprints_addons.module.cert_manager.data.aws_caller_identity.current",
            "module.eks_blueprints_addons.module.cert_manager.data.aws_iam_policy_document.assume",
            "module.eks_blueprints_addons.module.cert_manager.data.aws_iam_policy_document.this",
            "module.eks_blueprints_addons.module.cert_manager.data.aws_partition.current",
            "module.eks_blueprints_addons.module.cert_manager.helm_release.this",
            "module.eks_blueprints_addons.module.cluster_autoscaler.aws_iam_policy.this",
            "module.eks_blueprints_addons.module.cluster_autoscaler.aws_iam_role.this",
            "module.eks_blueprints_addons.module.cluster_autoscaler.aws_iam_role_policy_attachment.additional",
            "module.eks_blueprints_addons.module.cluster_autoscaler.aws_iam_role_policy_attachment.this",
            "module.eks_blueprints_addons.module.cluster_autoscaler.data.aws_caller_identity.current",
            "module.eks_blueprints_addons.module.cluster_autoscaler.data.aws_iam_policy_document.assume",
            "module.eks_blueprints_addons.module.cluster_autoscaler.data.aws_iam_policy_document.this",
            "module.eks_blueprints_addons.module.cluster_autoscaler.data.aws_partition.current",
            "module.eks_blueprints_addons.module.cluster_autoscaler.helm_release.this",
            "module.eks_blueprints_addons.module.cluster_proportional_autoscaler.aws_iam_policy.this",
            "module.eks_blueprints_addons.module.cluster_proportional_autoscaler.aws_iam_role.this",
            "module.eks_blueprints_addons.module.cluster_proportional_autoscaler.aws_iam_role_policy_attachment.additional",
            "module.eks_blueprints_addons.module.cluster_proportional_autoscaler.aws_iam_role_policy_attachment.this",
            "module.eks_blueprints_addons.module.cluster_proportional_autoscaler.data.aws_caller_identity.current",
            "module.eks_blueprints_addons.module.cluster_proportional_autoscaler.data.aws_iam_policy_document.assume",
            "module.eks_blueprints_addons.module.cluster_proportional_autoscaler.data.aws_iam_policy_document.this",
            "module.eks_blueprints_addons.module.cluster_proportional_autoscaler.data.aws_partition.current",
            "module.eks_blueprints_addons.module.cluster_proportional_autoscaler.helm_release.this",
            "module.eks_blueprints_addons.module.external_dns.aws_iam_policy.this",
            "module.eks_blueprints_addons.module.external_dns.aws_iam_role.this",
            "module.eks_blueprints_addons.module.external_dns.aws_iam_role_policy_attachment.additional",
            "module.eks_blueprints_addons.module.external_dns.aws_iam_role_policy_attachment.this",
            "module.eks_blueprints_addons.module.external_dns.data.aws_caller_identity.current",
            "module.eks_blueprints_addons.module.external_dns.data.aws_iam_policy_document.assume",
            "module.eks_blueprints_addons.module.external_dns.data.aws_iam_policy_document.this",
            "module.eks_blueprints_addons.module.external_dns.data.aws_partition.current",
            "module.eks_blueprints_addons.module.external_dns.helm_release.this",
            "module.eks_blueprints_addons.module.external_secrets.aws_iam_policy.this",
            "module.eks_blueprints_addons.module.external_secrets.aws_iam_role.this",
            "module.eks_blueprints_addons.module.external_secrets.aws_iam_role_policy_attachment.additional",
            "module.eks_blueprints_addons.module.external_secrets.aws_iam_role_policy_attachment.this",
            "module.eks_blueprints_addons.module.external_secrets.data.aws_caller_identity.current",
            "module.eks_blueprints_addons.module.external_secrets.data.aws_iam_policy_document.assume",
            "module.eks_blueprints_addons.module.external_secrets.data.aws_iam_policy_document.this",
            "module.eks_blueprints_addons.module.external_secrets.data.aws_partition.current",
            "module.eks_blueprints_addons.module.external_secrets.helm_release.this",
            "module.eks_blueprints_addons.module.gatekeeper.aws_iam_policy.this",
            "module.eks_blueprints_addons.module.gatekeeper.aws_iam_role.this",
            "module.eks_blueprints_addons.module.gatekeeper.aws_iam_role_policy_attachment.additional",
            "module.eks_blueprints_addons.module.gatekeeper.aws_iam_role_policy_attachment.this",
            "module.eks_blueprints_addons.module.gatekeeper.data.aws_caller_identity.current",
            "module.eks_blueprints_addons.module.gatekeeper.data.aws_iam_policy_document.assume",
            "module.eks_blueprints_addons.module.gatekeeper.data.aws_iam_policy_document.this",
            "module.eks_blueprints_addons.module.gatekeeper.data.aws_partition.current",
            "module.eks_blueprints_addons.module.gatekeeper.helm_release.this",
            "module.eks_blueprints_addons.module.ingress_nginx.aws_iam_policy.this",
            "module.eks_blueprints_addons.module.ingress_nginx.aws_iam_role.this",
            "module.eks_blueprints_addons.module.ingress_nginx.aws_iam_role_policy_attachment.additional",
            "module.eks_blueprints_addons.module.ingress_nginx.aws_iam_role_policy_attachment.this",
            "module.eks_blueprints_addons.module.ingress_nginx.data.aws_caller_identity.current",
            "module.eks_blueprints_addons.module.ingress_nginx.data.aws_iam_policy_document.assume",
            "module.eks_blueprints_addons.module.ingress_nginx.data.aws_iam_policy_document.this",
            "module.eks_blueprints_addons.module.ingress_nginx.data.aws_partition.current",
            "module.eks_blueprints_addons.module.ingress_nginx.helm_release.this",
            "module.eks_blueprints_addons.module.karpenter.aws_iam_policy.this",
            "module.eks_blueprints_addons.module.karpenter.aws_iam_role.this",
            "module.eks_blueprints_addons.module.karpenter.aws_iam_role_policy_attachment.additional",
            "module.eks_blueprints_addons.module.karpenter.aws_iam_role_policy_attachment.this",
            "module.eks_blueprints_addons.module.karpenter.data.aws_caller_identity.current",
            "module.eks_blueprints_addons.module.karpenter.data.aws_iam_policy_document.assume",
            "module.eks_blueprints_addons.module.karpenter.data.aws_iam_policy_document.this",
            "module.eks_blueprints_addons.module.karpenter.data.aws_partition.current",
            "module.eks_blueprints_addons.module.karpenter.helm_release.this",
            "module.eks_blueprints_addons.module.karpenter_sqs.aws_sqs_queue.dlq",
            "module.eks_blueprints_addons.module.karpenter_sqs.aws_sqs_queue.this",
            "module.eks_blueprints_addons.module.karpenter_sqs.aws_sqs_queue_policy.dlq",
            "module.eks_blueprints_addons.module.karpenter_sqs.aws_sqs_queue_policy.this",
            "module.eks_blueprints_addons.module.karpenter_sqs.aws_sqs_queue_redrive_allow_policy.dlq",
            "module.eks_blueprints_addons.module.karpenter_sqs.aws_sqs_queue_redrive_allow_policy.this",
            "module.eks_blueprints_addons.module.karpenter_sqs.aws_sqs_queue_redrive_policy.dlq",
            "module.eks_blueprints_addons.module.karpenter_sqs.aws_sqs_queue_redrive_policy.this",
            "module.eks_blueprints_addons.module.karpenter_sqs.data.aws_iam_policy_document.dlq",
            "module.eks_blueprints_addons.module.karpenter_sqs.data.aws_iam_policy_document.this",
            "module.eks_blueprints_addons.module.kube_prometheus_stack.aws_iam_policy.this",
            "module.eks_blueprints_addons.module.kube_prometheus_stack.aws_iam_role.this",
            "module.eks_blueprints_addons.module.kube_prometheus_stack.aws_iam_role_policy_attachment.additional",
            "module.eks_blueprints_addons.module.kube_prometheus_stack.aws_iam_role_policy_attachment.this",
            "module.eks_blueprints_addons.module.kube_prometheus_stack.data.aws_caller_identity.current",
            "module.eks_blueprints_addons.module.kube_prometheus_stack.data.aws_iam_policy_document.assume",
            "module.eks_blueprints_addons.module.kube_prometheus_stack.data.aws_iam_policy_document.this",
            "module.eks_blueprints_addons.module.kube_prometheus_stack.data.aws_partition.current",
            "module.eks_blueprints_addons.module.kube_prometheus_stack.helm_release.this",
            "module.eks_blueprints_addons.module.metrics_server.aws_iam_policy.this",
            "module.eks_blueprints_addons.module.metrics_server.aws_iam_role.this",
            "module.eks_blueprints_addons.module.metrics_server.aws_iam_role_policy_attachment.additional",
            "module.eks_blueprints_addons.module.metrics_server.aws_iam_role_policy_attachment.this",
            "module.eks_blueprints_addons.module.metrics_server.data.aws_caller_identity.current",
            "module.eks_blueprints_addons.module.metrics_server.data.aws_iam_policy_document.assume",
            "module.eks_blueprints_addons.module.metrics_server.data.aws_iam_policy_document.this",
            "module.eks_blueprints_addons.module.metrics_server.data.aws_partition.current",
            "module.eks_blueprints_addons.module.metrics_server.helm_release.this",
            "module.eks_blueprints_addons.module.secrets_store_csi_driver.aws_iam_policy.this",
            "module.eks_blueprints_addons.module.secrets_store_csi_driver.aws_iam_role.this",
            "module.eks_blueprints_addons.module.secrets_store_csi_driver.aws_iam_role_policy_attachment.additional",
            "module.eks_blueprints_addons.module.secrets_store_csi_driver.aws_iam_role_policy_attachment.this",
            "module.eks_blueprints_addons.module.secrets_store_csi_driver.data.aws_caller_identity.current",
            "module.eks_blueprints_addons.module.secrets_store_csi_driver.data.aws_iam_policy_document.assume",
            "module.eks_blueprints_addons.module.secrets_store_csi_driver.data.aws_iam_policy_document.this",
            "module.eks_blueprints_addons.module.secrets_store_csi_driver.data.aws_partition.current",
            "module.eks_blueprints_addons.module.secrets_store_csi_driver.helm_release.this",
            "module.eks_blueprints_addons.module.secrets_store_csi_driver_provider_aws.aws_iam_policy.this",
            "module.eks_blueprints_addons.module.secrets_store_csi_driver_provider_aws.aws_iam_role.this",
            "module.eks_blueprints_addons.module.secrets_store_csi_driver_provider_aws.aws_iam_role_policy_attachment.additional",
            "module.eks_blueprints_addons.module.secrets_store_csi_driver_provider_aws.aws_iam_role_policy_attachment.this",
            "module.eks_blueprints_addons.module.secrets_store_csi_driver_provider_aws.data.aws_caller_identity.current",
            "module.eks_blueprints_addons.module.secrets_store_csi_driver_provider_aws.data.aws_iam_policy_document.assume",
            "module.eks_blueprints_addons.module.secrets_store_csi_driver_provider_aws.data.aws_iam_policy_document.this",
            "module.eks_blueprints_addons.module.secrets_store_csi_driver_provider_aws.data.aws_partition.current",
            "module.eks_blueprints_addons.module.secrets_store_csi_driver_provider_aws.helm_release.this",
            "module.eks_blueprints_addons.module.velero.aws_iam_policy.this",
            "module.eks_blueprints_addons.module.velero.aws_iam_role.this",
            "module.eks_blueprints_addons.module.velero.aws_iam_role_policy_attachment.additional",
            "module.eks_blueprints_addons.module.velero.aws_iam_role_policy_attachment.this",
            "module.eks_blueprints_addons.module.velero.data.aws_caller_identity.current",
            "module.eks_blueprints_addons.module.velero.data.aws_iam_policy_document.assume",
            "module.eks_blueprints_addons.module.velero.data.aws_iam_policy_document.this",
            "module.eks_blueprints_addons.module.velero.data.aws_partition.current",
            "module.eks_blueprints_addons.module.velero.helm_release.this",
            "module.eks_blueprints_addons.module.vpa.aws_iam_policy.this",
            "module.eks_blueprints_addons.module.vpa.aws_iam_role.this",
            "module.eks_blueprints_addons.module.vpa.aws_iam_role_policy_attachment.additional",
            "module.eks_blueprints_addons.module.vpa.aws_iam_role_policy_attachment.this",
            "module.eks_blueprints_addons.module.vpa.data.aws_caller_identity.current",
            "module.eks_blueprints_addons.module.vpa.data.aws_iam_policy_document.assume",
            "module.eks_blueprints_addons.module.vpa.data.aws_iam_policy_document.this",
            "module.eks_blueprints_addons.module.vpa.data.aws_partition.current",
            "module.eks_blueprints_addons.module.vpa.helm_release.this",
            "module.eks_blueprints_addons.time_sleep.this"
          ]
        }
      ]
    },
    {
      "mode": "managed",
      "type": "kubectl_manifest",
      "name": "spark_monitor",
      "provider": "provider[\"registry.terraform.io/gavinbunney/kubectl\"]",
      "instances": [
        {
          "index_key": "apiVersion: monitoring.coreos.com/v1\nkind: PodMonitor\nmetadata:\n  labels:\n    prometheus: \"true\"\n  name: spark-driver-monitoring\nspec:\n  jobLabel: spark-driver-monitoring\n  namespaceSelector:\n    matchNames: [emr-eks]\n  podMetricsEndpoints:\n    - port: \"web-ui\"\n      path: /metrics/executors/prometheus/\n  selector:\n    matchLabels:\n      spark-role: driver\n      emr-containers.amazonaws.com/resource.type: job.run",
          "schema_version": 1,
          "attributes": {
            "api_version": "monitoring.coreos.com/v1",
            "apply_only": false,
            "force_conflicts": false,
            "force_new": false,
            "id": "/apis/monitoring.coreos.com/v1/namespaces/default/podmonitors/spark-driver-monitoring",
            "ignore_fields": null,
            "kind": "PodMonitor",
            "live_manifest_incluster": "e2ee1cc47ef691bfd85532c61d6a8c0b65c766eabcd24dd73abde7fcc2eaaf02",
            "live_uid": "6c3d772b-afa5-4e47-a11d-3794af96a409",
            "name": "spark-driver-monitoring",
            "namespace": null,
            "override_namespace": null,
            "sensitive_fields": null,
            "server_side_apply": false,
            "timeouts": null,
            "uid": "6c3d772b-afa5-4e47-a11d-3794af96a409",
            "validate_schema": true,
            "wait": null,
            "wait_for_rollout": true,
            "yaml_body": "apiVersion: monitoring.coreos.com/v1\nkind: PodMonitor\nmetadata:\n  labels:\n    prometheus: \"true\"\n  name: spark-driver-monitoring\nspec:\n  jobLabel: spark-driver-monitoring\n  namespaceSelector:\n    matchNames: [emr-eks]\n  podMetricsEndpoints:\n    - port: \"web-ui\"\n      path: /metrics/executors/prometheus/\n  selector:\n    matchLabels:\n      spark-role: driver\n      emr-containers.amazonaws.com/resource.type: job.run",
            "yaml_body_parsed": "apiVersion: monitoring.coreos.com/v1\nkind: PodMonitor\nmetadata:\n  labels:\n    prometheus: \"true\"\n  name: spark-driver-monitoring\nspec:\n  jobLabel: spark-driver-monitoring\n  namespaceSelector:\n    matchNames:\n    - emr-eks\n  podMetricsEndpoints:\n  - path: /metrics/executors/prometheus/\n    port: web-ui\n  selector:\n    matchLabels:\n      emr-containers.amazonaws.com/resource.type: job.run\n      spark-role: driver\n",
            "yaml_incluster": "e2ee1cc47ef691bfd85532c61d6a8c0b65c766eabcd24dd73abde7fcc2eaaf02"
          },
          "sensitive_attributes": [],
          "private": "eyJlMmJmYjczMC1lY2FhLTExZTYtOGY4OC0zNDM2M2JjN2M0YzAiOnsiY3JlYXRlIjo2MDAwMDAwMDAwMDB9LCJzY2hlbWFfdmVyc2lvbiI6IjEifQ==",
          "dependencies": [
            "data.aws_ecrpublic_authorization_token.token",
            "data.aws_eks_cluster_auth.this",
            "data.kubectl_path_documents.spark_monitor",
            "module.ebs_csi_driver_irsa.aws_iam_role.this",
            "module.ebs_csi_driver_irsa.data.aws_iam_policy_document.this",
            "module.eks.aws_eks_cluster.this",
            "module.eks.aws_iam_openid_connect_provider.oidc_provider",
            "module.eks_blueprints_addons.aws_autoscaling_group_tag.aws_node_termination_handler",
            "module.eks_blueprints_addons.aws_autoscaling_lifecycle_hook.aws_node_termination_handler",
            "module.eks_blueprints_addons.aws_cloudwatch_event_rule.aws_node_termination_handler",
            "module.eks_blueprints_addons.aws_cloudwatch_event_rule.karpenter",
            "module.eks_blueprints_addons.aws_cloudwatch_event_target.aws_node_termination_handler",
            "module.eks_blueprints_addons.aws_cloudwatch_event_target.karpenter",
            "module.eks_blueprints_addons.aws_cloudwatch_log_group.aws_for_fluentbit",
            "module.eks_blueprints_addons.aws_cloudwatch_log_group.fargate_fluentbit",
            "module.eks_blueprints_addons.aws_eks_addon.this",
            "module.eks_blueprints_addons.aws_iam_instance_profile.karpenter",
            "module.eks_blueprints_addons.aws_iam_policy.fargate_fluentbit",
            "module.eks_blueprints_addons.aws_iam_role.karpenter",
            "module.eks_blueprints_addons.aws_iam_role_policy_attachment.additional",
            "module.eks_blueprints_addons.aws_iam_role_policy_attachment.karpenter",
            "module.eks_blueprints_addons.data.aws_caller_identity.current",
            "module.eks_blueprints_addons.data.aws_eks_addon_version.this",
            "module.eks_blueprints_addons.data.aws_iam_policy_document.aws_efs_csi_driver",
            "module.eks_blueprints_addons.data.aws_iam_policy_document.aws_for_fluentbit",
            "module.eks_blueprints_addons.data.aws_iam_policy_document.aws_fsx_csi_driver",
            "module.eks_blueprints_addons.data.aws_iam_policy_document.aws_gateway_api_controller",
            "module.eks_blueprints_addons.data.aws_iam_policy_document.aws_load_balancer_controller",
            "module.eks_blueprints_addons.data.aws_iam_policy_document.aws_node_termination_handler",
            "module.eks_blueprints_addons.data.aws_iam_policy_document.aws_privateca_issuer",
            "module.eks_blueprints_addons.data.aws_iam_policy_document.cert_manager",
            "module.eks_blueprints_addons.data.aws_iam_policy_document.cluster_autoscaler",
            "module.eks_blueprints_addons.data.aws_iam_policy_document.external_dns",
            "module.eks_blueprints_addons.data.aws_iam_policy_document.external_secrets",
            "module.eks_blueprints_addons.data.aws_iam_policy_document.fargate_fluentbit",
            "module.eks_blueprints_addons.data.aws_iam_policy_document.karpenter",
            "module.eks_blueprints_addons.data.aws_iam_policy_document.karpenter_assume_role",
            "module.eks_blueprints_addons.data.aws_iam_policy_document.velero",
            "module.eks_blueprints_addons.data.aws_partition.current",
            "module.eks_blueprints_addons.data.aws_region.current",
            "module.eks_blueprints_addons.helm_release.this",
            "module.eks_blueprints_addons.kubernetes_config_map_v1.aws_logging",
            "module.eks_blueprints_addons.kubernetes_config_map_v1_data.aws_for_fluentbit_containerinsights",
            "module.eks_blueprints_addons.kubernetes_namespace_v1.aws_observability",
            "module.eks_blueprints_addons.module.argo_events.aws_iam_policy.this",
            "module.eks_blueprints_addons.module.argo_events.aws_iam_role.this",
            "module.eks_blueprints_addons.module.argo_events.aws_iam_role_policy_attachment.additional",
            "module.eks_blueprints_addons.module.argo_events.aws_iam_role_policy_attachment.this",
            "module.eks_blueprints_addons.module.argo_events.data.aws_caller_identity.current",
            "module.eks_blueprints_addons.module.argo_events.data.aws_iam_policy_document.assume",
            "module.eks_blueprints_addons.module.argo_events.data.aws_iam_policy_document.this",
            "module.eks_blueprints_addons.module.argo_events.data.aws_partition.current",
            "module.eks_blueprints_addons.module.argo_events.helm_release.this",
            "module.eks_blueprints_addons.module.argo_rollouts.aws_iam_policy.this",
            "module.eks_blueprints_addons.module.argo_rollouts.aws_iam_role.this",
            "module.eks_blueprints_addons.module.argo_rollouts.aws_iam_role_policy_attachment.additional",
            "module.eks_blueprints_addons.module.argo_rollouts.aws_iam_role_policy_attachment.this",
            "module.eks_blueprints_addons.module.argo_rollouts.data.aws_caller_identity.current",
            "module.eks_blueprints_addons.module.argo_rollouts.data.aws_iam_policy_document.assume",
            "module.eks_blueprints_addons.module.argo_rollouts.data.aws_iam_policy_document.this",
            "module.eks_blueprints_addons.module.argo_rollouts.data.aws_partition.current",
            "module.eks_blueprints_addons.module.argo_rollouts.helm_release.this",
            "module.eks_blueprints_addons.module.argo_workflows.aws_iam_policy.this",
            "module.eks_blueprints_addons.module.argo_workflows.aws_iam_role.this",
            "module.eks_blueprints_addons.module.argo_workflows.aws_iam_role_policy_attachment.additional",
            "module.eks_blueprints_addons.module.argo_workflows.aws_iam_role_policy_attachment.this",
            "module.eks_blueprints_addons.module.argo_workflows.data.aws_caller_identity.current",
            "module.eks_blueprints_addons.module.argo_workflows.data.aws_iam_policy_document.assume",
            "module.eks_blueprints_addons.module.argo_workflows.data.aws_iam_policy_document.this",
            "module.eks_blueprints_addons.module.argo_workflows.data.aws_partition.current",
            "module.eks_blueprints_addons.module.argo_workflows.helm_release.this",
            "module.eks_blueprints_addons.module.argocd.aws_iam_policy.this",
            "module.eks_blueprints_addons.module.argocd.aws_iam_role.this",
            "module.eks_blueprints_addons.module.argocd.aws_iam_role_policy_attachment.additional",
            "module.eks_blueprints_addons.module.argocd.aws_iam_role_policy_attachment.this",
            "module.eks_blueprints_addons.module.argocd.data.aws_caller_identity.current",
            "module.eks_blueprints_addons.module.argocd.data.aws_iam_policy_document.assume",
            "module.eks_blueprints_addons.module.argocd.data.aws_iam_policy_document.this",
            "module.eks_blueprints_addons.module.argocd.data.aws_partition.current",
            "module.eks_blueprints_addons.module.argocd.helm_release.this",
            "module.eks_blueprints_addons.module.aws_cloudwatch_metrics.aws_iam_policy.this",
            "module.eks_blueprints_addons.module.aws_cloudwatch_metrics.aws_iam_role.this",
            "module.eks_blueprints_addons.module.aws_cloudwatch_metrics.aws_iam_role_policy_attachment.additional",
            "module.eks_blueprints_addons.module.aws_cloudwatch_metrics.aws_iam_role_policy_attachment.this",
            "module.eks_blueprints_addons.module.aws_cloudwatch_metrics.data.aws_caller_identity.current",
            "module.eks_blueprints_addons.module.aws_cloudwatch_metrics.data.aws_iam_policy_document.assume",
            "module.eks_blueprints_addons.module.aws_cloudwatch_metrics.data.aws_iam_policy_document.this",
            "module.eks_blueprints_addons.module.aws_cloudwatch_metrics.data.aws_partition.current",
            "module.eks_blueprints_addons.module.aws_cloudwatch_metrics.helm_release.this",
            "module.eks_blueprints_addons.module.aws_efs_csi_driver.aws_iam_policy.this",
            "module.eks_blueprints_addons.module.aws_efs_csi_driver.aws_iam_role.this",
            "module.eks_blueprints_addons.module.aws_efs_csi_driver.aws_iam_role_policy_attachment.additional",
            "module.eks_blueprints_addons.module.aws_efs_csi_driver.aws_iam_role_policy_attachment.this",
            "module.eks_blueprints_addons.module.aws_efs_csi_driver.data.aws_caller_identity.current",
            "module.eks_blueprints_addons.module.aws_efs_csi_driver.data.aws_iam_policy_document.assume",
            "module.eks_blueprints_addons.module.aws_efs_csi_driver.data.aws_iam_policy_document.this",
            "module.eks_blueprints_addons.module.aws_efs_csi_driver.data.aws_partition.current",
            "module.eks_blueprints_addons.module.aws_efs_csi_driver.helm_release.this",
            "module.eks_blueprints_addons.module.aws_for_fluentbit.aws_iam_policy.this",
            "module.eks_blueprints_addons.module.aws_for_fluentbit.aws_iam_role.this",
            "module.eks_blueprints_addons.module.aws_for_fluentbit.aws_iam_role_policy_attachment.additional",
            "module.eks_blueprints_addons.module.aws_for_fluentbit.aws_iam_role_policy_attachment.this",
            "module.eks_blueprints_addons.module.aws_for_fluentbit.data.aws_caller_identity.current",
            "module.eks_blueprints_addons.module.aws_for_fluentbit.data.aws_iam_policy_document.assume",
            "module.eks_blueprints_addons.module.aws_for_fluentbit.data.aws_iam_policy_document.this",
            "module.eks_blueprints_addons.module.aws_for_fluentbit.data.aws_partition.current",
            "module.eks_blueprints_addons.module.aws_for_fluentbit.helm_release.this",
            "module.eks_blueprints_addons.module.aws_fsx_csi_driver.aws_iam_policy.this",
            "module.eks_blueprints_addons.module.aws_fsx_csi_driver.aws_iam_role.this",
            "module.eks_blueprints_addons.module.aws_fsx_csi_driver.aws_iam_role_policy_attachment.additional",
            "module.eks_blueprints_addons.module.aws_fsx_csi_driver.aws_iam_role_policy_attachment.this",
            "module.eks_blueprints_addons.module.aws_fsx_csi_driver.data.aws_caller_identity.current",
            "module.eks_blueprints_addons.module.aws_fsx_csi_driver.data.aws_iam_policy_document.assume",
            "module.eks_blueprints_addons.module.aws_fsx_csi_driver.data.aws_iam_policy_document.this",
            "module.eks_blueprints_addons.module.aws_fsx_csi_driver.data.aws_partition.current",
            "module.eks_blueprints_addons.module.aws_fsx_csi_driver.helm_release.this",
            "module.eks_blueprints_addons.module.aws_gateway_api_controller.aws_iam_policy.this",
            "module.eks_blueprints_addons.module.aws_gateway_api_controller.aws_iam_role.this",
            "module.eks_blueprints_addons.module.aws_gateway_api_controller.aws_iam_role_policy_attachment.additional",
            "module.eks_blueprints_addons.module.aws_gateway_api_controller.aws_iam_role_policy_attachment.this",
            "module.eks_blueprints_addons.module.aws_gateway_api_controller.data.aws_caller_identity.current",
            "module.eks_blueprints_addons.module.aws_gateway_api_controller.data.aws_iam_policy_document.assume",
            "module.eks_blueprints_addons.module.aws_gateway_api_controller.data.aws_iam_policy_document.this",
            "module.eks_blueprints_addons.module.aws_gateway_api_controller.data.aws_partition.current",
            "module.eks_blueprints_addons.module.aws_gateway_api_controller.helm_release.this",
            "module.eks_blueprints_addons.module.aws_load_balancer_controller.aws_iam_policy.this",
            "module.eks_blueprints_addons.module.aws_load_balancer_controller.aws_iam_role.this",
            "module.eks_blueprints_addons.module.aws_load_balancer_controller.aws_iam_role_policy_attachment.additional",
            "module.eks_blueprints_addons.module.aws_load_balancer_controller.aws_iam_role_policy_attachment.this",
            "module.eks_blueprints_addons.module.aws_load_balancer_controller.data.aws_caller_identity.current",
            "module.eks_blueprints_addons.module.aws_load_balancer_controller.data.aws_iam_policy_document.assume",
            "module.eks_blueprints_addons.module.aws_load_balancer_controller.data.aws_iam_policy_document.this",
            "module.eks_blueprints_addons.module.aws_load_balancer_controller.data.aws_partition.current",
            "module.eks_blueprints_addons.module.aws_load_balancer_controller.helm_release.this",
            "module.eks_blueprints_addons.module.aws_node_termination_handler.aws_iam_policy.this",
            "module.eks_blueprints_addons.module.aws_node_termination_handler.aws_iam_role.this",
            "module.eks_blueprints_addons.module.aws_node_termination_handler.aws_iam_role_policy_attachment.additional",
            "module.eks_blueprints_addons.module.aws_node_termination_handler.aws_iam_role_policy_attachment.this",
            "module.eks_blueprints_addons.module.aws_node_termination_handler.data.aws_caller_identity.current",
            "module.eks_blueprints_addons.module.aws_node_termination_handler.data.aws_iam_policy_document.assume",
            "module.eks_blueprints_addons.module.aws_node_termination_handler.data.aws_iam_policy_document.this",
            "module.eks_blueprints_addons.module.aws_node_termination_handler.data.aws_partition.current",
            "module.eks_blueprints_addons.module.aws_node_termination_handler.helm_release.this",
            "module.eks_blueprints_addons.module.aws_node_termination_handler_sqs.aws_sqs_queue.dlq",
            "module.eks_blueprints_addons.module.aws_node_termination_handler_sqs.aws_sqs_queue.this",
            "module.eks_blueprints_addons.module.aws_node_termination_handler_sqs.aws_sqs_queue_policy.dlq",
            "module.eks_blueprints_addons.module.aws_node_termination_handler_sqs.aws_sqs_queue_policy.this",
            "module.eks_blueprints_addons.module.aws_node_termination_handler_sqs.aws_sqs_queue_redrive_allow_policy.dlq",
            "module.eks_blueprints_addons.module.aws_node_termination_handler_sqs.aws_sqs_queue_redrive_allow_policy.this",
            "module.eks_blueprints_addons.module.aws_node_termination_handler_sqs.aws_sqs_queue_redrive_policy.dlq",
            "module.eks_blueprints_addons.module.aws_node_termination_handler_sqs.aws_sqs_queue_redrive_policy.this",
            "module.eks_blueprints_addons.module.aws_node_termination_handler_sqs.data.aws_iam_policy_document.dlq",
            "module.eks_blueprints_addons.module.aws_node_termination_handler_sqs.data.aws_iam_policy_document.this",
            "module.eks_blueprints_addons.module.aws_privateca_issuer.aws_iam_policy.this",
            "module.eks_blueprints_addons.module.aws_privateca_issuer.aws_iam_role.this",
            "module.eks_blueprints_addons.module.aws_privateca_issuer.aws_iam_role_policy_attachment.additional",
            "module.eks_blueprints_addons.module.aws_privateca_issuer.aws_iam_role_policy_attachment.this",
            "module.eks_blueprints_addons.module.aws_privateca_issuer.data.aws_caller_identity.current",
            "module.eks_blueprints_addons.module.aws_privateca_issuer.data.aws_iam_policy_document.assume",
            "module.eks_blueprints_addons.module.aws_privateca_issuer.data.aws_iam_policy_document.this",
            "module.eks_blueprints_addons.module.aws_privateca_issuer.data.aws_partition.current",
            "module.eks_blueprints_addons.module.aws_privateca_issuer.helm_release.this",
            "module.eks_blueprints_addons.module.bottlerocket_shadow.aws_iam_policy.this",
            "module.eks_blueprints_addons.module.bottlerocket_shadow.aws_iam_role.this",
            "module.eks_blueprints_addons.module.bottlerocket_shadow.aws_iam_role_policy_attachment.additional",
            "module.eks_blueprints_addons.module.bottlerocket_shadow.aws_iam_role_policy_attachment.this",
            "module.eks_blueprints_addons.module.bottlerocket_shadow.data.aws_caller_identity.current",
            "module.eks_blueprints_addons.module.bottlerocket_shadow.data.aws_iam_policy_document.assume",
            "module.eks_blueprints_addons.module.bottlerocket_shadow.data.aws_iam_policy_document.this",
            "module.eks_blueprints_addons.module.bottlerocket_shadow.data.aws_partition.current",
            "module.eks_blueprints_addons.module.bottlerocket_shadow.helm_release.this",
            "module.eks_blueprints_addons.module.bottlerocket_update_operator.aws_iam_policy.this",
            "module.eks_blueprints_addons.module.bottlerocket_update_operator.aws_iam_role.this",
            "module.eks_blueprints_addons.module.bottlerocket_update_operator.aws_iam_role_policy_attachment.additional",
            "module.eks_blueprints_addons.module.bottlerocket_update_operator.aws_iam_role_policy_attachment.this",
            "module.eks_blueprints_addons.module.bottlerocket_update_operator.data.aws_caller_identity.current",
            "module.eks_blueprints_addons.module.bottlerocket_update_operator.data.aws_iam_policy_document.assume",
            "module.eks_blueprints_addons.module.bottlerocket_update_operator.data.aws_iam_policy_document.this",
            "module.eks_blueprints_addons.module.bottlerocket_update_operator.data.aws_partition.current",
            "module.eks_blueprints_addons.module.bottlerocket_update_operator.helm_release.this",
            "module.eks_blueprints_addons.module.cert_manager.aws_iam_policy.this",
            "module.eks_blueprints_addons.module.cert_manager.aws_iam_role.this",
            "module.eks_blueprints_addons.module.cert_manager.aws_iam_role_policy_attachment.additional",
            "module.eks_blueprints_addons.module.cert_manager.aws_iam_role_policy_attachment.this",
            "module.eks_blueprints_addons.module.cert_manager.data.aws_caller_identity.current",
            "module.eks_blueprints_addons.module.cert_manager.data.aws_iam_policy_document.assume",
            "module.eks_blueprints_addons.module.cert_manager.data.aws_iam_policy_document.this",
            "module.eks_blueprints_addons.module.cert_manager.data.aws_partition.current",
            "module.eks_blueprints_addons.module.cert_manager.helm_release.this",
            "module.eks_blueprints_addons.module.cluster_autoscaler.aws_iam_policy.this",
            "module.eks_blueprints_addons.module.cluster_autoscaler.aws_iam_role.this",
            "module.eks_blueprints_addons.module.cluster_autoscaler.aws_iam_role_policy_attachment.additional",
            "module.eks_blueprints_addons.module.cluster_autoscaler.aws_iam_role_policy_attachment.this",
            "module.eks_blueprints_addons.module.cluster_autoscaler.data.aws_caller_identity.current",
            "module.eks_blueprints_addons.module.cluster_autoscaler.data.aws_iam_policy_document.assume",
            "module.eks_blueprints_addons.module.cluster_autoscaler.data.aws_iam_policy_document.this",
            "module.eks_blueprints_addons.module.cluster_autoscaler.data.aws_partition.current",
            "module.eks_blueprints_addons.module.cluster_autoscaler.helm_release.this",
            "module.eks_blueprints_addons.module.cluster_proportional_autoscaler.aws_iam_policy.this",
            "module.eks_blueprints_addons.module.cluster_proportional_autoscaler.aws_iam_role.this",
            "module.eks_blueprints_addons.module.cluster_proportional_autoscaler.aws_iam_role_policy_attachment.additional",
            "module.eks_blueprints_addons.module.cluster_proportional_autoscaler.aws_iam_role_policy_attachment.this",
            "module.eks_blueprints_addons.module.cluster_proportional_autoscaler.data.aws_caller_identity.current",
            "module.eks_blueprints_addons.module.cluster_proportional_autoscaler.data.aws_iam_policy_document.assume",
            "module.eks_blueprints_addons.module.cluster_proportional_autoscaler.data.aws_iam_policy_document.this",
            "module.eks_blueprints_addons.module.cluster_proportional_autoscaler.data.aws_partition.current",
            "module.eks_blueprints_addons.module.cluster_proportional_autoscaler.helm_release.this",
            "module.eks_blueprints_addons.module.external_dns.aws_iam_policy.this",
            "module.eks_blueprints_addons.module.external_dns.aws_iam_role.this",
            "module.eks_blueprints_addons.module.external_dns.aws_iam_role_policy_attachment.additional",
            "module.eks_blueprints_addons.module.external_dns.aws_iam_role_policy_attachment.this",
            "module.eks_blueprints_addons.module.external_dns.data.aws_caller_identity.current",
            "module.eks_blueprints_addons.module.external_dns.data.aws_iam_policy_document.assume",
            "module.eks_blueprints_addons.module.external_dns.data.aws_iam_policy_document.this",
            "module.eks_blueprints_addons.module.external_dns.data.aws_partition.current",
            "module.eks_blueprints_addons.module.external_dns.helm_release.this",
            "module.eks_blueprints_addons.module.external_secrets.aws_iam_policy.this",
            "module.eks_blueprints_addons.module.external_secrets.aws_iam_role.this",
            "module.eks_blueprints_addons.module.external_secrets.aws_iam_role_policy_attachment.additional",
            "module.eks_blueprints_addons.module.external_secrets.aws_iam_role_policy_attachment.this",
            "module.eks_blueprints_addons.module.external_secrets.data.aws_caller_identity.current",
            "module.eks_blueprints_addons.module.external_secrets.data.aws_iam_policy_document.assume",
            "module.eks_blueprints_addons.module.external_secrets.data.aws_iam_policy_document.this",
            "module.eks_blueprints_addons.module.external_secrets.data.aws_partition.current",
            "module.eks_blueprints_addons.module.external_secrets.helm_release.this",
            "module.eks_blueprints_addons.module.gatekeeper.aws_iam_policy.this",
            "module.eks_blueprints_addons.module.gatekeeper.aws_iam_role.this",
            "module.eks_blueprints_addons.module.gatekeeper.aws_iam_role_policy_attachment.additional",
            "module.eks_blueprints_addons.module.gatekeeper.aws_iam_role_policy_attachment.this",
            "module.eks_blueprints_addons.module.gatekeeper.data.aws_caller_identity.current",
            "module.eks_blueprints_addons.module.gatekeeper.data.aws_iam_policy_document.assume",
            "module.eks_blueprints_addons.module.gatekeeper.data.aws_iam_policy_document.this",
            "module.eks_blueprints_addons.module.gatekeeper.data.aws_partition.current",
            "module.eks_blueprints_addons.module.gatekeeper.helm_release.this",
            "module.eks_blueprints_addons.module.ingress_nginx.aws_iam_policy.this",
            "module.eks_blueprints_addons.module.ingress_nginx.aws_iam_role.this",
            "module.eks_blueprints_addons.module.ingress_nginx.aws_iam_role_policy_attachment.additional",
            "module.eks_blueprints_addons.module.ingress_nginx.aws_iam_role_policy_attachment.this",
            "module.eks_blueprints_addons.module.ingress_nginx.data.aws_caller_identity.current",
            "module.eks_blueprints_addons.module.ingress_nginx.data.aws_iam_policy_document.assume",
            "module.eks_blueprints_addons.module.ingress_nginx.data.aws_iam_policy_document.this",
            "module.eks_blueprints_addons.module.ingress_nginx.data.aws_partition.current",
            "module.eks_blueprints_addons.module.ingress_nginx.helm_release.this",
            "module.eks_blueprints_addons.module.karpenter.aws_iam_policy.this",
            "module.eks_blueprints_addons.module.karpenter.aws_iam_role.this",
            "module.eks_blueprints_addons.module.karpenter.aws_iam_role_policy_attachment.additional",
            "module.eks_blueprints_addons.module.karpenter.aws_iam_role_policy_attachment.this",
            "module.eks_blueprints_addons.module.karpenter.data.aws_caller_identity.current",
            "module.eks_blueprints_addons.module.karpenter.data.aws_iam_policy_document.assume",
            "module.eks_blueprints_addons.module.karpenter.data.aws_iam_policy_document.this",
            "module.eks_blueprints_addons.module.karpenter.data.aws_partition.current",
            "module.eks_blueprints_addons.module.karpenter.helm_release.this",
            "module.eks_blueprints_addons.module.karpenter_sqs.aws_sqs_queue.dlq",
            "module.eks_blueprints_addons.module.karpenter_sqs.aws_sqs_queue.this",
            "module.eks_blueprints_addons.module.karpenter_sqs.aws_sqs_queue_policy.dlq",
            "module.eks_blueprints_addons.module.karpenter_sqs.aws_sqs_queue_policy.this",
            "module.eks_blueprints_addons.module.karpenter_sqs.aws_sqs_queue_redrive_allow_policy.dlq",
            "module.eks_blueprints_addons.module.karpenter_sqs.aws_sqs_queue_redrive_allow_policy.this",
            "module.eks_blueprints_addons.module.karpenter_sqs.aws_sqs_queue_redrive_policy.dlq",
            "module.eks_blueprints_addons.module.karpenter_sqs.aws_sqs_queue_redrive_policy.this",
            "module.eks_blueprints_addons.module.karpenter_sqs.data.aws_iam_policy_document.dlq",
            "module.eks_blueprints_addons.module.karpenter_sqs.data.aws_iam_policy_document.this",
            "module.eks_blueprints_addons.module.kube_prometheus_stack.aws_iam_policy.this",
            "module.eks_blueprints_addons.module.kube_prometheus_stack.aws_iam_role.this",
            "module.eks_blueprints_addons.module.kube_prometheus_stack.aws_iam_role_policy_attachment.additional",
            "module.eks_blueprints_addons.module.kube_prometheus_stack.aws_iam_role_policy_attachment.this",
            "module.eks_blueprints_addons.module.kube_prometheus_stack.data.aws_caller_identity.current",
            "module.eks_blueprints_addons.module.kube_prometheus_stack.data.aws_iam_policy_document.assume",
            "module.eks_blueprints_addons.module.kube_prometheus_stack.data.aws_iam_policy_document.this",
            "module.eks_blueprints_addons.module.kube_prometheus_stack.data.aws_partition.current",
            "module.eks_blueprints_addons.module.kube_prometheus_stack.helm_release.this",
            "module.eks_blueprints_addons.module.metrics_server.aws_iam_policy.this",
            "module.eks_blueprints_addons.module.metrics_server.aws_iam_role.this",
            "module.eks_blueprints_addons.module.metrics_server.aws_iam_role_policy_attachment.additional",
            "module.eks_blueprints_addons.module.metrics_server.aws_iam_role_policy_attachment.this",
            "module.eks_blueprints_addons.module.metrics_server.data.aws_caller_identity.current",
            "module.eks_blueprints_addons.module.metrics_server.data.aws_iam_policy_document.assume",
            "module.eks_blueprints_addons.module.metrics_server.data.aws_iam_policy_document.this",
            "module.eks_blueprints_addons.module.metrics_server.data.aws_partition.current",
            "module.eks_blueprints_addons.module.metrics_server.helm_release.this",
            "module.eks_blueprints_addons.module.secrets_store_csi_driver.aws_iam_policy.this",
            "module.eks_blueprints_addons.module.secrets_store_csi_driver.aws_iam_role.this",
            "module.eks_blueprints_addons.module.secrets_store_csi_driver.aws_iam_role_policy_attachment.additional",
            "module.eks_blueprints_addons.module.secrets_store_csi_driver.aws_iam_role_policy_attachment.this",
            "module.eks_blueprints_addons.module.secrets_store_csi_driver.data.aws_caller_identity.current",
            "module.eks_blueprints_addons.module.secrets_store_csi_driver.data.aws_iam_policy_document.assume",
            "module.eks_blueprints_addons.module.secrets_store_csi_driver.data.aws_iam_policy_document.this",
            "module.eks_blueprints_addons.module.secrets_store_csi_driver.data.aws_partition.current",
            "module.eks_blueprints_addons.module.secrets_store_csi_driver.helm_release.this",
            "module.eks_blueprints_addons.module.secrets_store_csi_driver_provider_aws.aws_iam_policy.this",
            "module.eks_blueprints_addons.module.secrets_store_csi_driver_provider_aws.aws_iam_role.this",
            "module.eks_blueprints_addons.module.secrets_store_csi_driver_provider_aws.aws_iam_role_policy_attachment.additional",
            "module.eks_blueprints_addons.module.secrets_store_csi_driver_provider_aws.aws_iam_role_policy_attachment.this",
            "module.eks_blueprints_addons.module.secrets_store_csi_driver_provider_aws.data.aws_caller_identity.current",
            "module.eks_blueprints_addons.module.secrets_store_csi_driver_provider_aws.data.aws_iam_policy_document.assume",
            "module.eks_blueprints_addons.module.secrets_store_csi_driver_provider_aws.data.aws_iam_policy_document.this",
            "module.eks_blueprints_addons.module.secrets_store_csi_driver_provider_aws.data.aws_partition.current",
            "module.eks_blueprints_addons.module.secrets_store_csi_driver_provider_aws.helm_release.this",
            "module.eks_blueprints_addons.module.velero.aws_iam_policy.this",
            "module.eks_blueprints_addons.module.velero.aws_iam_role.this",
            "module.eks_blueprints_addons.module.velero.aws_iam_role_policy_attachment.additional",
            "module.eks_blueprints_addons.module.velero.aws_iam_role_policy_attachment.this",
            "module.eks_blueprints_addons.module.velero.data.aws_caller_identity.current",
            "module.eks_blueprints_addons.module.velero.data.aws_iam_policy_document.assume",
            "module.eks_blueprints_addons.module.velero.data.aws_iam_policy_document.this",
            "module.eks_blueprints_addons.module.velero.data.aws_partition.current",
            "module.eks_blueprints_addons.module.velero.helm_release.this",
            "module.eks_blueprints_addons.module.vpa.aws_iam_policy.this",
            "module.eks_blueprints_addons.module.vpa.aws_iam_role.this",
            "module.eks_blueprints_addons.module.vpa.aws_iam_role_policy_attachment.additional",
            "module.eks_blueprints_addons.module.vpa.aws_iam_role_policy_attachment.this",
            "module.eks_blueprints_addons.module.vpa.data.aws_caller_identity.current",
            "module.eks_blueprints_addons.module.vpa.data.aws_iam_policy_document.assume",
            "module.eks_blueprints_addons.module.vpa.data.aws_iam_policy_document.this",
            "module.eks_blueprints_addons.module.vpa.data.aws_partition.current",
            "module.eks_blueprints_addons.module.vpa.helm_release.this",
            "module.eks_blueprints_addons.time_sleep.this"
          ]
        },
        {
          "index_key": "apiVersion: monitoring.coreos.com/v1\nkind: ServiceMonitor\nmetadata:\n  labels:\n    prometheus: \"true\"\n  name: spark-service-monitoring\nspec:\n  namespaceSelector:\n    matchNames: [emr-eks]\n  endpoints:\n    - port: \"web-ui\"\n      path: /metrics/driver/prometheus/\n  selector:\n    matchLabels:\n      spark_role: driver\n      emr-containers.amazonaws.com/resource.type: job.run",
          "schema_version": 1,
          "attributes": {
            "api_version": "monitoring.coreos.com/v1",
            "apply_only": false,
            "force_conflicts": false,
            "force_new": false,
            "id": "/apis/monitoring.coreos.com/v1/namespaces/default/servicemonitors/spark-service-monitoring",
            "ignore_fields": null,
            "kind": "ServiceMonitor",
            "live_manifest_incluster": "7407c12b8e68aa4e5ba8ea847fecff47308ce864133a6329333ebc377024c074",
            "live_uid": "c5d84abd-373d-424c-ae05-25b89f528963",
            "name": "spark-service-monitoring",
            "namespace": null,
            "override_namespace": null,
            "sensitive_fields": null,
            "server_side_apply": false,
            "timeouts": null,
            "uid": "c5d84abd-373d-424c-ae05-25b89f528963",
            "validate_schema": true,
            "wait": null,
            "wait_for_rollout": true,
            "yaml_body": "apiVersion: monitoring.coreos.com/v1\nkind: ServiceMonitor\nmetadata:\n  labels:\n    prometheus: \"true\"\n  name: spark-service-monitoring\nspec:\n  namespaceSelector:\n    matchNames: [emr-eks]\n  endpoints:\n    - port: \"web-ui\"\n      path: /metrics/driver/prometheus/\n  selector:\n    matchLabels:\n      spark_role: driver\n      emr-containers.amazonaws.com/resource.type: job.run",
            "yaml_body_parsed": "apiVersion: monitoring.coreos.com/v1\nkind: ServiceMonitor\nmetadata:\n  labels:\n    prometheus: \"true\"\n  name: spark-service-monitoring\nspec:\n  endpoints:\n  - path: /metrics/driver/prometheus/\n    port: web-ui\n  namespaceSelector:\n    matchNames:\n    - emr-eks\n  selector:\n    matchLabels:\n      emr-containers.amazonaws.com/resource.type: job.run\n      spark_role: driver\n",
            "yaml_incluster": "7407c12b8e68aa4e5ba8ea847fecff47308ce864133a6329333ebc377024c074"
          },
          "sensitive_attributes": [],
          "private": "eyJlMmJmYjczMC1lY2FhLTExZTYtOGY4OC0zNDM2M2JjN2M0YzAiOnsiY3JlYXRlIjo2MDAwMDAwMDAwMDB9LCJzY2hlbWFfdmVyc2lvbiI6IjEifQ==",
          "dependencies": [
            "data.aws_ecrpublic_authorization_token.token",
            "data.aws_eks_cluster_auth.this",
            "data.kubectl_path_documents.spark_monitor",
            "module.ebs_csi_driver_irsa.aws_iam_role.this",
            "module.ebs_csi_driver_irsa.data.aws_iam_policy_document.this",
            "module.eks.aws_eks_cluster.this",
            "module.eks.aws_iam_openid_connect_provider.oidc_provider",
            "module.eks_blueprints_addons.aws_autoscaling_group_tag.aws_node_termination_handler",
            "module.eks_blueprints_addons.aws_autoscaling_lifecycle_hook.aws_node_termination_handler",
            "module.eks_blueprints_addons.aws_cloudwatch_event_rule.aws_node_termination_handler",
            "module.eks_blueprints_addons.aws_cloudwatch_event_rule.karpenter",
            "module.eks_blueprints_addons.aws_cloudwatch_event_target.aws_node_termination_handler",
            "module.eks_blueprints_addons.aws_cloudwatch_event_target.karpenter",
            "module.eks_blueprints_addons.aws_cloudwatch_log_group.aws_for_fluentbit",
            "module.eks_blueprints_addons.aws_cloudwatch_log_group.fargate_fluentbit",
            "module.eks_blueprints_addons.aws_eks_addon.this",
            "module.eks_blueprints_addons.aws_iam_instance_profile.karpenter",
            "module.eks_blueprints_addons.aws_iam_policy.fargate_fluentbit",
            "module.eks_blueprints_addons.aws_iam_role.karpenter",
            "module.eks_blueprints_addons.aws_iam_role_policy_attachment.additional",
            "module.eks_blueprints_addons.aws_iam_role_policy_attachment.karpenter",
            "module.eks_blueprints_addons.data.aws_caller_identity.current",
            "module.eks_blueprints_addons.data.aws_eks_addon_version.this",
            "module.eks_blueprints_addons.data.aws_iam_policy_document.aws_efs_csi_driver",
            "module.eks_blueprints_addons.data.aws_iam_policy_document.aws_for_fluentbit",
            "module.eks_blueprints_addons.data.aws_iam_policy_document.aws_fsx_csi_driver",
            "module.eks_blueprints_addons.data.aws_iam_policy_document.aws_gateway_api_controller",
            "module.eks_blueprints_addons.data.aws_iam_policy_document.aws_load_balancer_controller",
            "module.eks_blueprints_addons.data.aws_iam_policy_document.aws_node_termination_handler",
            "module.eks_blueprints_addons.data.aws_iam_policy_document.aws_privateca_issuer",
            "module.eks_blueprints_addons.data.aws_iam_policy_document.cert_manager",
            "module.eks_blueprints_addons.data.aws_iam_policy_document.cluster_autoscaler",
            "module.eks_blueprints_addons.data.aws_iam_policy_document.external_dns",
            "module.eks_blueprints_addons.data.aws_iam_policy_document.external_secrets",
            "module.eks_blueprints_addons.data.aws_iam_policy_document.fargate_fluentbit",
            "module.eks_blueprints_addons.data.aws_iam_policy_document.karpenter",
            "module.eks_blueprints_addons.data.aws_iam_policy_document.karpenter_assume_role",
            "module.eks_blueprints_addons.data.aws_iam_policy_document.velero",
            "module.eks_blueprints_addons.data.aws_partition.current",
            "module.eks_blueprints_addons.data.aws_region.current",
            "module.eks_blueprints_addons.helm_release.this",
            "module.eks_blueprints_addons.kubernetes_config_map_v1.aws_logging",
            "module.eks_blueprints_addons.kubernetes_config_map_v1_data.aws_for_fluentbit_containerinsights",
            "module.eks_blueprints_addons.kubernetes_namespace_v1.aws_observability",
            "module.eks_blueprints_addons.module.argo_events.aws_iam_policy.this",
            "module.eks_blueprints_addons.module.argo_events.aws_iam_role.this",
            "module.eks_blueprints_addons.module.argo_events.aws_iam_role_policy_attachment.additional",
            "module.eks_blueprints_addons.module.argo_events.aws_iam_role_policy_attachment.this",
            "module.eks_blueprints_addons.module.argo_events.data.aws_caller_identity.current",
            "module.eks_blueprints_addons.module.argo_events.data.aws_iam_policy_document.assume",
            "module.eks_blueprints_addons.module.argo_events.data.aws_iam_policy_document.this",
            "module.eks_blueprints_addons.module.argo_events.data.aws_partition.current",
            "module.eks_blueprints_addons.module.argo_events.helm_release.this",
            "module.eks_blueprints_addons.module.argo_rollouts.aws_iam_policy.this",
            "module.eks_blueprints_addons.module.argo_rollouts.aws_iam_role.this",
            "module.eks_blueprints_addons.module.argo_rollouts.aws_iam_role_policy_attachment.additional",
            "module.eks_blueprints_addons.module.argo_rollouts.aws_iam_role_policy_attachment.this",
            "module.eks_blueprints_addons.module.argo_rollouts.data.aws_caller_identity.current",
            "module.eks_blueprints_addons.module.argo_rollouts.data.aws_iam_policy_document.assume",
            "module.eks_blueprints_addons.module.argo_rollouts.data.aws_iam_policy_document.this",
            "module.eks_blueprints_addons.module.argo_rollouts.data.aws_partition.current",
            "module.eks_blueprints_addons.module.argo_rollouts.helm_release.this",
            "module.eks_blueprints_addons.module.argo_workflows.aws_iam_policy.this",
            "module.eks_blueprints_addons.module.argo_workflows.aws_iam_role.this",
            "module.eks_blueprints_addons.module.argo_workflows.aws_iam_role_policy_attachment.additional",
            "module.eks_blueprints_addons.module.argo_workflows.aws_iam_role_policy_attachment.this",
            "module.eks_blueprints_addons.module.argo_workflows.data.aws_caller_identity.current",
            "module.eks_blueprints_addons.module.argo_workflows.data.aws_iam_policy_document.assume",
            "module.eks_blueprints_addons.module.argo_workflows.data.aws_iam_policy_document.this",
            "module.eks_blueprints_addons.module.argo_workflows.data.aws_partition.current",
            "module.eks_blueprints_addons.module.argo_workflows.helm_release.this",
            "module.eks_blueprints_addons.module.argocd.aws_iam_policy.this",
            "module.eks_blueprints_addons.module.argocd.aws_iam_role.this",
            "module.eks_blueprints_addons.module.argocd.aws_iam_role_policy_attachment.additional",
            "module.eks_blueprints_addons.module.argocd.aws_iam_role_policy_attachment.this",
            "module.eks_blueprints_addons.module.argocd.data.aws_caller_identity.current",
            "module.eks_blueprints_addons.module.argocd.data.aws_iam_policy_document.assume",
            "module.eks_blueprints_addons.module.argocd.data.aws_iam_policy_document.this",
            "module.eks_blueprints_addons.module.argocd.data.aws_partition.current",
            "module.eks_blueprints_addons.module.argocd.helm_release.this",
            "module.eks_blueprints_addons.module.aws_cloudwatch_metrics.aws_iam_policy.this",
            "module.eks_blueprints_addons.module.aws_cloudwatch_metrics.aws_iam_role.this",
            "module.eks_blueprints_addons.module.aws_cloudwatch_metrics.aws_iam_role_policy_attachment.additional",
            "module.eks_blueprints_addons.module.aws_cloudwatch_metrics.aws_iam_role_policy_attachment.this",
            "module.eks_blueprints_addons.module.aws_cloudwatch_metrics.data.aws_caller_identity.current",
            "module.eks_blueprints_addons.module.aws_cloudwatch_metrics.data.aws_iam_policy_document.assume",
            "module.eks_blueprints_addons.module.aws_cloudwatch_metrics.data.aws_iam_policy_document.this",
            "module.eks_blueprints_addons.module.aws_cloudwatch_metrics.data.aws_partition.current",
            "module.eks_blueprints_addons.module.aws_cloudwatch_metrics.helm_release.this",
            "module.eks_blueprints_addons.module.aws_efs_csi_driver.aws_iam_policy.this",
            "module.eks_blueprints_addons.module.aws_efs_csi_driver.aws_iam_role.this",
            "module.eks_blueprints_addons.module.aws_efs_csi_driver.aws_iam_role_policy_attachment.additional",
            "module.eks_blueprints_addons.module.aws_efs_csi_driver.aws_iam_role_policy_attachment.this",
            "module.eks_blueprints_addons.module.aws_efs_csi_driver.data.aws_caller_identity.current",
            "module.eks_blueprints_addons.module.aws_efs_csi_driver.data.aws_iam_policy_document.assume",
            "module.eks_blueprints_addons.module.aws_efs_csi_driver.data.aws_iam_policy_document.this",
            "module.eks_blueprints_addons.module.aws_efs_csi_driver.data.aws_partition.current",
            "module.eks_blueprints_addons.module.aws_efs_csi_driver.helm_release.this",
            "module.eks_blueprints_addons.module.aws_for_fluentbit.aws_iam_policy.this",
            "module.eks_blueprints_addons.module.aws_for_fluentbit.aws_iam_role.this",
            "module.eks_blueprints_addons.module.aws_for_fluentbit.aws_iam_role_policy_attachment.additional",
            "module.eks_blueprints_addons.module.aws_for_fluentbit.aws_iam_role_policy_attachment.this",
            "module.eks_blueprints_addons.module.aws_for_fluentbit.data.aws_caller_identity.current",
            "module.eks_blueprints_addons.module.aws_for_fluentbit.data.aws_iam_policy_document.assume",
            "module.eks_blueprints_addons.module.aws_for_fluentbit.data.aws_iam_policy_document.this",
            "module.eks_blueprints_addons.module.aws_for_fluentbit.data.aws_partition.current",
            "module.eks_blueprints_addons.module.aws_for_fluentbit.helm_release.this",
            "module.eks_blueprints_addons.module.aws_fsx_csi_driver.aws_iam_policy.this",
            "module.eks_blueprints_addons.module.aws_fsx_csi_driver.aws_iam_role.this",
            "module.eks_blueprints_addons.module.aws_fsx_csi_driver.aws_iam_role_policy_attachment.additional",
            "module.eks_blueprints_addons.module.aws_fsx_csi_driver.aws_iam_role_policy_attachment.this",
            "module.eks_blueprints_addons.module.aws_fsx_csi_driver.data.aws_caller_identity.current",
            "module.eks_blueprints_addons.module.aws_fsx_csi_driver.data.aws_iam_policy_document.assume",
            "module.eks_blueprints_addons.module.aws_fsx_csi_driver.data.aws_iam_policy_document.this",
            "module.eks_blueprints_addons.module.aws_fsx_csi_driver.data.aws_partition.current",
            "module.eks_blueprints_addons.module.aws_fsx_csi_driver.helm_release.this",
            "module.eks_blueprints_addons.module.aws_gateway_api_controller.aws_iam_policy.this",
            "module.eks_blueprints_addons.module.aws_gateway_api_controller.aws_iam_role.this",
            "module.eks_blueprints_addons.module.aws_gateway_api_controller.aws_iam_role_policy_attachment.additional",
            "module.eks_blueprints_addons.module.aws_gateway_api_controller.aws_iam_role_policy_attachment.this",
            "module.eks_blueprints_addons.module.aws_gateway_api_controller.data.aws_caller_identity.current",
            "module.eks_blueprints_addons.module.aws_gateway_api_controller.data.aws_iam_policy_document.assume",
            "module.eks_blueprints_addons.module.aws_gateway_api_controller.data.aws_iam_policy_document.this",
            "module.eks_blueprints_addons.module.aws_gateway_api_controller.data.aws_partition.current",
            "module.eks_blueprints_addons.module.aws_gateway_api_controller.helm_release.this",
            "module.eks_blueprints_addons.module.aws_load_balancer_controller.aws_iam_policy.this",
            "module.eks_blueprints_addons.module.aws_load_balancer_controller.aws_iam_role.this",
            "module.eks_blueprints_addons.module.aws_load_balancer_controller.aws_iam_role_policy_attachment.additional",
            "module.eks_blueprints_addons.module.aws_load_balancer_controller.aws_iam_role_policy_attachment.this",
            "module.eks_blueprints_addons.module.aws_load_balancer_controller.data.aws_caller_identity.current",
            "module.eks_blueprints_addons.module.aws_load_balancer_controller.data.aws_iam_policy_document.assume",
            "module.eks_blueprints_addons.module.aws_load_balancer_controller.data.aws_iam_policy_document.this",
            "module.eks_blueprints_addons.module.aws_load_balancer_controller.data.aws_partition.current",
            "module.eks_blueprints_addons.module.aws_load_balancer_controller.helm_release.this",
            "module.eks_blueprints_addons.module.aws_node_termination_handler.aws_iam_policy.this",
            "module.eks_blueprints_addons.module.aws_node_termination_handler.aws_iam_role.this",
            "module.eks_blueprints_addons.module.aws_node_termination_handler.aws_iam_role_policy_attachment.additional",
            "module.eks_blueprints_addons.module.aws_node_termination_handler.aws_iam_role_policy_attachment.this",
            "module.eks_blueprints_addons.module.aws_node_termination_handler.data.aws_caller_identity.current",
            "module.eks_blueprints_addons.module.aws_node_termination_handler.data.aws_iam_policy_document.assume",
            "module.eks_blueprints_addons.module.aws_node_termination_handler.data.aws_iam_policy_document.this",
            "module.eks_blueprints_addons.module.aws_node_termination_handler.data.aws_partition.current",
            "module.eks_blueprints_addons.module.aws_node_termination_handler.helm_release.this",
            "module.eks_blueprints_addons.module.aws_node_termination_handler_sqs.aws_sqs_queue.dlq",
            "module.eks_blueprints_addons.module.aws_node_termination_handler_sqs.aws_sqs_queue.this",
            "module.eks_blueprints_addons.module.aws_node_termination_handler_sqs.aws_sqs_queue_policy.dlq",
            "module.eks_blueprints_addons.module.aws_node_termination_handler_sqs.aws_sqs_queue_policy.this",
            "module.eks_blueprints_addons.module.aws_node_termination_handler_sqs.aws_sqs_queue_redrive_allow_policy.dlq",
            "module.eks_blueprints_addons.module.aws_node_termination_handler_sqs.aws_sqs_queue_redrive_allow_policy.this",
            "module.eks_blueprints_addons.module.aws_node_termination_handler_sqs.aws_sqs_queue_redrive_policy.dlq",
            "module.eks_blueprints_addons.module.aws_node_termination_handler_sqs.aws_sqs_queue_redrive_policy.this",
            "module.eks_blueprints_addons.module.aws_node_termination_handler_sqs.data.aws_iam_policy_document.dlq",
            "module.eks_blueprints_addons.module.aws_node_termination_handler_sqs.data.aws_iam_policy_document.this",
            "module.eks_blueprints_addons.module.aws_privateca_issuer.aws_iam_policy.this",
            "module.eks_blueprints_addons.module.aws_privateca_issuer.aws_iam_role.this",
            "module.eks_blueprints_addons.module.aws_privateca_issuer.aws_iam_role_policy_attachment.additional",
            "module.eks_blueprints_addons.module.aws_privateca_issuer.aws_iam_role_policy_attachment.this",
            "module.eks_blueprints_addons.module.aws_privateca_issuer.data.aws_caller_identity.current",
            "module.eks_blueprints_addons.module.aws_privateca_issuer.data.aws_iam_policy_document.assume",
            "module.eks_blueprints_addons.module.aws_privateca_issuer.data.aws_iam_policy_document.this",
            "module.eks_blueprints_addons.module.aws_privateca_issuer.data.aws_partition.current",
            "module.eks_blueprints_addons.module.aws_privateca_issuer.helm_release.this",
            "module.eks_blueprints_addons.module.bottlerocket_shadow.aws_iam_policy.this",
            "module.eks_blueprints_addons.module.bottlerocket_shadow.aws_iam_role.this",
            "module.eks_blueprints_addons.module.bottlerocket_shadow.aws_iam_role_policy_attachment.additional",
            "module.eks_blueprints_addons.module.bottlerocket_shadow.aws_iam_role_policy_attachment.this",
            "module.eks_blueprints_addons.module.bottlerocket_shadow.data.aws_caller_identity.current",
            "module.eks_blueprints_addons.module.bottlerocket_shadow.data.aws_iam_policy_document.assume",
            "module.eks_blueprints_addons.module.bottlerocket_shadow.data.aws_iam_policy_document.this",
            "module.eks_blueprints_addons.module.bottlerocket_shadow.data.aws_partition.current",
            "module.eks_blueprints_addons.module.bottlerocket_shadow.helm_release.this",
            "module.eks_blueprints_addons.module.bottlerocket_update_operator.aws_iam_policy.this",
            "module.eks_blueprints_addons.module.bottlerocket_update_operator.aws_iam_role.this",
            "module.eks_blueprints_addons.module.bottlerocket_update_operator.aws_iam_role_policy_attachment.additional",
            "module.eks_blueprints_addons.module.bottlerocket_update_operator.aws_iam_role_policy_attachment.this",
            "module.eks_blueprints_addons.module.bottlerocket_update_operator.data.aws_caller_identity.current",
            "module.eks_blueprints_addons.module.bottlerocket_update_operator.data.aws_iam_policy_document.assume",
            "module.eks_blueprints_addons.module.bottlerocket_update_operator.data.aws_iam_policy_document.this",
            "module.eks_blueprints_addons.module.bottlerocket_update_operator.data.aws_partition.current",
            "module.eks_blueprints_addons.module.bottlerocket_update_operator.helm_release.this",
            "module.eks_blueprints_addons.module.cert_manager.aws_iam_policy.this",
            "module.eks_blueprints_addons.module.cert_manager.aws_iam_role.this",
            "module.eks_blueprints_addons.module.cert_manager.aws_iam_role_policy_attachment.additional",
            "module.eks_blueprints_addons.module.cert_manager.aws_iam_role_policy_attachment.this",
            "module.eks_blueprints_addons.module.cert_manager.data.aws_caller_identity.current",
            "module.eks_blueprints_addons.module.cert_manager.data.aws_iam_policy_document.assume",
            "module.eks_blueprints_addons.module.cert_manager.data.aws_iam_policy_document.this",
            "module.eks_blueprints_addons.module.cert_manager.data.aws_partition.current",
            "module.eks_blueprints_addons.module.cert_manager.helm_release.this",
            "module.eks_blueprints_addons.module.cluster_autoscaler.aws_iam_policy.this",
            "module.eks_blueprints_addons.module.cluster_autoscaler.aws_iam_role.this",
            "module.eks_blueprints_addons.module.cluster_autoscaler.aws_iam_role_policy_attachment.additional",
            "module.eks_blueprints_addons.module.cluster_autoscaler.aws_iam_role_policy_attachment.this",
            "module.eks_blueprints_addons.module.cluster_autoscaler.data.aws_caller_identity.current",
            "module.eks_blueprints_addons.module.cluster_autoscaler.data.aws_iam_policy_document.assume",
            "module.eks_blueprints_addons.module.cluster_autoscaler.data.aws_iam_policy_document.this",
            "module.eks_blueprints_addons.module.cluster_autoscaler.data.aws_partition.current",
            "module.eks_blueprints_addons.module.cluster_autoscaler.helm_release.this",
            "module.eks_blueprints_addons.module.cluster_proportional_autoscaler.aws_iam_policy.this",
            "module.eks_blueprints_addons.module.cluster_proportional_autoscaler.aws_iam_role.this",
            "module.eks_blueprints_addons.module.cluster_proportional_autoscaler.aws_iam_role_policy_attachment.additional",
            "module.eks_blueprints_addons.module.cluster_proportional_autoscaler.aws_iam_role_policy_attachment.this",
            "module.eks_blueprints_addons.module.cluster_proportional_autoscaler.data.aws_caller_identity.current",
            "module.eks_blueprints_addons.module.cluster_proportional_autoscaler.data.aws_iam_policy_document.assume",
            "module.eks_blueprints_addons.module.cluster_proportional_autoscaler.data.aws_iam_policy_document.this",
            "module.eks_blueprints_addons.module.cluster_proportional_autoscaler.data.aws_partition.current",
            "module.eks_blueprints_addons.module.cluster_proportional_autoscaler.helm_release.this",
            "module.eks_blueprints_addons.module.external_dns.aws_iam_policy.this",
            "module.eks_blueprints_addons.module.external_dns.aws_iam_role.this",
            "module.eks_blueprints_addons.module.external_dns.aws_iam_role_policy_attachment.additional",
            "module.eks_blueprints_addons.module.external_dns.aws_iam_role_policy_attachment.this",
            "module.eks_blueprints_addons.module.external_dns.data.aws_caller_identity.current",
            "module.eks_blueprints_addons.module.external_dns.data.aws_iam_policy_document.assume",
            "module.eks_blueprints_addons.module.external_dns.data.aws_iam_policy_document.this",
            "module.eks_blueprints_addons.module.external_dns.data.aws_partition.current",
            "module.eks_blueprints_addons.module.external_dns.helm_release.this",
            "module.eks_blueprints_addons.module.external_secrets.aws_iam_policy.this",
            "module.eks_blueprints_addons.module.external_secrets.aws_iam_role.this",
            "module.eks_blueprints_addons.module.external_secrets.aws_iam_role_policy_attachment.additional",
            "module.eks_blueprints_addons.module.external_secrets.aws_iam_role_policy_attachment.this",
            "module.eks_blueprints_addons.module.external_secrets.data.aws_caller_identity.current",
            "module.eks_blueprints_addons.module.external_secrets.data.aws_iam_policy_document.assume",
            "module.eks_blueprints_addons.module.external_secrets.data.aws_iam_policy_document.this",
            "module.eks_blueprints_addons.module.external_secrets.data.aws_partition.current",
            "module.eks_blueprints_addons.module.external_secrets.helm_release.this",
            "module.eks_blueprints_addons.module.gatekeeper.aws_iam_policy.this",
            "module.eks_blueprints_addons.module.gatekeeper.aws_iam_role.this",
            "module.eks_blueprints_addons.module.gatekeeper.aws_iam_role_policy_attachment.additional",
            "module.eks_blueprints_addons.module.gatekeeper.aws_iam_role_policy_attachment.this",
            "module.eks_blueprints_addons.module.gatekeeper.data.aws_caller_identity.current",
            "module.eks_blueprints_addons.module.gatekeeper.data.aws_iam_policy_document.assume",
            "module.eks_blueprints_addons.module.gatekeeper.data.aws_iam_policy_document.this",
            "module.eks_blueprints_addons.module.gatekeeper.data.aws_partition.current",
            "module.eks_blueprints_addons.module.gatekeeper.helm_release.this",
            "module.eks_blueprints_addons.module.ingress_nginx.aws_iam_policy.this",
            "module.eks_blueprints_addons.module.ingress_nginx.aws_iam_role.this",
            "module.eks_blueprints_addons.module.ingress_nginx.aws_iam_role_policy_attachment.additional",
            "module.eks_blueprints_addons.module.ingress_nginx.aws_iam_role_policy_attachment.this",
            "module.eks_blueprints_addons.module.ingress_nginx.data.aws_caller_identity.current",
            "module.eks_blueprints_addons.module.ingress_nginx.data.aws_iam_policy_document.assume",
            "module.eks_blueprints_addons.module.ingress_nginx.data.aws_iam_policy_document.this",
            "module.eks_blueprints_addons.module.ingress_nginx.data.aws_partition.current",
            "module.eks_blueprints_addons.module.ingress_nginx.helm_release.this",
            "module.eks_blueprints_addons.module.karpenter.aws_iam_policy.this",
            "module.eks_blueprints_addons.module.karpenter.aws_iam_role.this",
            "module.eks_blueprints_addons.module.karpenter.aws_iam_role_policy_attachment.additional",
            "module.eks_blueprints_addons.module.karpenter.aws_iam_role_policy_attachment.this",
            "module.eks_blueprints_addons.module.karpenter.data.aws_caller_identity.current",
            "module.eks_blueprints_addons.module.karpenter.data.aws_iam_policy_document.assume",
            "module.eks_blueprints_addons.module.karpenter.data.aws_iam_policy_document.this",
            "module.eks_blueprints_addons.module.karpenter.data.aws_partition.current",
            "module.eks_blueprints_addons.module.karpenter.helm_release.this",
            "module.eks_blueprints_addons.module.karpenter_sqs.aws_sqs_queue.dlq",
            "module.eks_blueprints_addons.module.karpenter_sqs.aws_sqs_queue.this",
            "module.eks_blueprints_addons.module.karpenter_sqs.aws_sqs_queue_policy.dlq",
            "module.eks_blueprints_addons.module.karpenter_sqs.aws_sqs_queue_policy.this",
            "module.eks_blueprints_addons.module.karpenter_sqs.aws_sqs_queue_redrive_allow_policy.dlq",
            "module.eks_blueprints_addons.module.karpenter_sqs.aws_sqs_queue_redrive_allow_policy.this",
            "module.eks_blueprints_addons.module.karpenter_sqs.aws_sqs_queue_redrive_policy.dlq",
            "module.eks_blueprints_addons.module.karpenter_sqs.aws_sqs_queue_redrive_policy.this",
            "module.eks_blueprints_addons.module.karpenter_sqs.data.aws_iam_policy_document.dlq",
            "module.eks_blueprints_addons.module.karpenter_sqs.data.aws_iam_policy_document.this",
            "module.eks_blueprints_addons.module.kube_prometheus_stack.aws_iam_policy.this",
            "module.eks_blueprints_addons.module.kube_prometheus_stack.aws_iam_role.this",
            "module.eks_blueprints_addons.module.kube_prometheus_stack.aws_iam_role_policy_attachment.additional",
            "module.eks_blueprints_addons.module.kube_prometheus_stack.aws_iam_role_policy_attachment.this",
            "module.eks_blueprints_addons.module.kube_prometheus_stack.data.aws_caller_identity.current",
            "module.eks_blueprints_addons.module.kube_prometheus_stack.data.aws_iam_policy_document.assume",
            "module.eks_blueprints_addons.module.kube_prometheus_stack.data.aws_iam_policy_document.this",
            "module.eks_blueprints_addons.module.kube_prometheus_stack.data.aws_partition.current",
            "module.eks_blueprints_addons.module.kube_prometheus_stack.helm_release.this",
            "module.eks_blueprints_addons.module.metrics_server.aws_iam_policy.this",
            "module.eks_blueprints_addons.module.metrics_server.aws_iam_role.this",
            "module.eks_blueprints_addons.module.metrics_server.aws_iam_role_policy_attachment.additional",
            "module.eks_blueprints_addons.module.metrics_server.aws_iam_role_policy_attachment.this",
            "module.eks_blueprints_addons.module.metrics_server.data.aws_caller_identity.current",
            "module.eks_blueprints_addons.module.metrics_server.data.aws_iam_policy_document.assume",
            "module.eks_blueprints_addons.module.metrics_server.data.aws_iam_policy_document.this",
            "module.eks_blueprints_addons.module.metrics_server.data.aws_partition.current",
            "module.eks_blueprints_addons.module.metrics_server.helm_release.this",
            "module.eks_blueprints_addons.module.secrets_store_csi_driver.aws_iam_policy.this",
            "module.eks_blueprints_addons.module.secrets_store_csi_driver.aws_iam_role.this",
            "module.eks_blueprints_addons.module.secrets_store_csi_driver.aws_iam_role_policy_attachment.additional",
            "module.eks_blueprints_addons.module.secrets_store_csi_driver.aws_iam_role_policy_attachment.this",
            "module.eks_blueprints_addons.module.secrets_store_csi_driver.data.aws_caller_identity.current",
            "module.eks_blueprints_addons.module.secrets_store_csi_driver.data.aws_iam_policy_document.assume",
            "module.eks_blueprints_addons.module.secrets_store_csi_driver.data.aws_iam_policy_document.this",
            "module.eks_blueprints_addons.module.secrets_store_csi_driver.data.aws_partition.current",
            "module.eks_blueprints_addons.module.secrets_store_csi_driver.helm_release.this",
            "module.eks_blueprints_addons.module.secrets_store_csi_driver_provider_aws.aws_iam_policy.this",
            "module.eks_blueprints_addons.module.secrets_store_csi_driver_provider_aws.aws_iam_role.this",
            "module.eks_blueprints_addons.module.secrets_store_csi_driver_provider_aws.aws_iam_role_policy_attachment.additional",
            "module.eks_blueprints_addons.module.secrets_store_csi_driver_provider_aws.aws_iam_role_policy_attachment.this",
            "module.eks_blueprints_addons.module.secrets_store_csi_driver_provider_aws.data.aws_caller_identity.current",
            "module.eks_blueprints_addons.module.secrets_store_csi_driver_provider_aws.data.aws_iam_policy_document.assume",
            "module.eks_blueprints_addons.module.secrets_store_csi_driver_provider_aws.data.aws_iam_policy_document.this",
            "module.eks_blueprints_addons.module.secrets_store_csi_driver_provider_aws.data.aws_partition.current",
            "module.eks_blueprints_addons.module.secrets_store_csi_driver_provider_aws.helm_release.this",
            "module.eks_blueprints_addons.module.velero.aws_iam_policy.this",
            "module.eks_blueprints_addons.module.velero.aws_iam_role.this",
            "module.eks_blueprints_addons.module.velero.aws_iam_role_policy_attachment.additional",
            "module.eks_blueprints_addons.module.velero.aws_iam_role_policy_attachment.this",
            "module.eks_blueprints_addons.module.velero.data.aws_caller_identity.current",
            "module.eks_blueprints_addons.module.velero.data.aws_iam_policy_document.assume",
            "module.eks_blueprints_addons.module.velero.data.aws_iam_policy_document.this",
            "module.eks_blueprints_addons.module.velero.data.aws_partition.current",
            "module.eks_blueprints_addons.module.velero.helm_release.this",
            "module.eks_blueprints_addons.module.vpa.aws_iam_policy.this",
            "module.eks_blueprints_addons.module.vpa.aws_iam_role.this",
            "module.eks_blueprints_addons.module.vpa.aws_iam_role_policy_attachment.additional",
            "module.eks_blueprints_addons.module.vpa.aws_iam_role_policy_attachment.this",
            "module.eks_blueprints_addons.module.vpa.data.aws_caller_identity.current",
            "module.eks_blueprints_addons.module.vpa.data.aws_iam_policy_document.assume",
            "module.eks_blueprints_addons.module.vpa.data.aws_iam_policy_document.this",
            "module.eks_blueprints_addons.module.vpa.data.aws_partition.current",
            "module.eks_blueprints_addons.module.vpa.helm_release.this",
            "module.eks_blueprints_addons.time_sleep.this"
          ]
        }
      ]
    },
    {
      "module": "module.ebs_csi_driver_irsa",
      "mode": "data",
      "type": "aws_caller_identity",
      "name": "current",
      "provider": "provider[\"registry.terraform.io/hashicorp/aws\"]",
      "instances": [
        {
          "schema_version": 0,
          "attributes": {
            "account_id": "724853865853",
            "arn": "arn:aws:iam::724853865853:user/dongdong",
            "id": "724853865853",
            "user_id": "AIDA2RRFIHV62ZOURQUK5"
          },
          "sensitive_attributes": []
        }
      ]
    },
    {
      "module": "module.ebs_csi_driver_irsa",
      "mode": "data",
      "type": "aws_iam_policy_document",
      "name": "ebs_csi",
      "provider": "provider[\"registry.terraform.io/hashicorp/aws\"]",
      "instances": [
        {
          "index_key": 0,
          "schema_version": 0,
          "attributes": {
            "id": "932695789",
            "json": "{\n  \"Version\": \"2012-10-17\",\n  \"Statement\": [\n    {\n      \"Effect\": \"Allow\",\n      \"Action\": [\n        \"ec2:ModifyVolume\",\n        \"ec2:DetachVolume\",\n        \"ec2:DescribeVolumesModifications\",\n        \"ec2:DescribeVolumes\",\n        \"ec2:DescribeTags\",\n        \"ec2:DescribeSnapshots\",\n        \"ec2:DescribeInstances\",\n        \"ec2:DescribeAvailabilityZones\",\n        \"ec2:CreateSnapshot\",\n        \"ec2:AttachVolume\"\n      ],\n      \"Resource\": \"*\"\n    },\n    {\n      \"Effect\": \"Allow\",\n      \"Action\": \"ec2:CreateTags\",\n      \"Resource\": [\n        \"arn:aws:ec2:*:*:volume/*\",\n        \"arn:aws:ec2:*:*:snapshot/*\"\n      ],\n      \"Condition\": {\n        \"StringEquals\": {\n          \"ec2:CreateAction\": [\n            \"CreateVolume\",\n            \"CreateSnapshot\"\n          ]\n        }\n      }\n    },\n    {\n      \"Effect\": \"Allow\",\n      \"Action\": \"ec2:DeleteTags\",\n      \"Resource\": [\n        \"arn:aws:ec2:*:*:volume/*\",\n        \"arn:aws:ec2:*:*:snapshot/*\"\n      ]\n    },\n    {\n      \"Effect\": \"Allow\",\n      \"Action\": \"ec2:CreateVolume\",\n      \"Resource\": \"*\",\n      \"Condition\": {\n        \"StringLike\": {\n          \"aws:RequestTag/ebs.csi.aws.com/cluster\": \"true\"\n        }\n      }\n    },\n    {\n      \"Effect\": \"Allow\",\n      \"Action\": \"ec2:CreateVolume\",\n      \"Resource\": \"*\",\n      \"Condition\": {\n        \"StringLike\": {\n          \"aws:RequestTag/CSIVolumeName\": \"*\"\n        }\n      }\n    },\n    {\n      \"Effect\": \"Allow\",\n      \"Action\": \"ec2:CreateVolume\",\n      \"Resource\": \"*\",\n      \"Condition\": {\n        \"StringLike\": {\n          \"aws:RequestTag/kubernetes.io/cluster/*\": \"owned\"\n        }\n      }\n    },\n    {\n      \"Effect\": \"Allow\",\n      \"Action\": \"ec2:DeleteVolume\",\n      \"Resource\": \"*\",\n      \"Condition\": {\n        \"StringLike\": {\n          \"ec2:ResourceTag/ebs.csi.aws.com/cluster\": \"true\"\n        }\n      }\n    },\n    {\n      \"Effect\": \"Allow\",\n      \"Action\": \"ec2:DeleteVolume\",\n      \"Resource\": \"*\",\n      \"Condition\": {\n        \"StringLike\": {\n          \"ec2:ResourceTag/CSIVolumeName\": \"*\"\n        }\n      }\n    },\n    {\n      \"Effect\": \"Allow\",\n      \"Action\": \"ec2:DeleteVolume\",\n      \"Resource\": \"*\",\n      \"Condition\": {\n        \"StringLike\": {\n          \"ec2:ResourceTag/kubernetes.io/cluster/*\": \"owned\"\n        }\n      }\n    },\n    {\n      \"Effect\": \"Allow\",\n      \"Action\": \"ec2:DeleteVolume\",\n      \"Resource\": \"*\",\n      \"Condition\": {\n        \"StringLike\": {\n          \"ec2:ResourceTag/kubernetes.io/created-for/pvc/name\": \"*\"\n        }\n      }\n    },\n    {\n      \"Effect\": \"Allow\",\n      \"Action\": \"ec2:DeleteSnapshot\",\n      \"Resource\": \"*\",\n      \"Condition\": {\n        \"StringLike\": {\n          \"ec2:ResourceTag/CSIVolumeSnapshotName\": \"*\"\n        }\n      }\n    },\n    {\n      \"Effect\": \"Allow\",\n      \"Action\": \"ec2:DeleteSnapshot\",\n      \"Resource\": \"*\",\n      \"Condition\": {\n        \"StringLike\": {\n          \"ec2:ResourceTag/ebs.csi.aws.com/cluster\": \"true\"\n        }\n      }\n    }\n  ]\n}",
            "override_policy_documents": null,
            "policy_id": null,
            "source_policy_documents": null,
            "statement": [
              {
                "actions": [
                  "ec2:AttachVolume",
                  "ec2:CreateSnapshot",
                  "ec2:DescribeAvailabilityZones",
                  "ec2:DescribeInstances",
                  "ec2:DescribeSnapshots",
                  "ec2:DescribeTags",
                  "ec2:DescribeVolumes",
                  "ec2:DescribeVolumesModifications",
                  "ec2:DetachVolume",
                  "ec2:ModifyVolume"
                ],
                "condition": [],
                "effect": "Allow",
                "not_actions": [],
                "not_principals": [],
                "not_resources": [],
                "principals": [],
                "resources": [
                  "*"
                ],
                "sid": ""
              },
              {
                "actions": [
                  "ec2:CreateTags"
                ],
                "condition": [
                  {
                    "test": "StringEquals",
                    "values": [
                      "CreateVolume",
                      "CreateSnapshot"
                    ],
                    "variable": "ec2:CreateAction"
                  }
                ],
                "effect": "Allow",
                "not_actions": [],
                "not_principals": [],
                "not_resources": [],
                "principals": [],
                "resources": [
                  "arn:aws:ec2:*:*:snapshot/*",
                  "arn:aws:ec2:*:*:volume/*"
                ],
                "sid": ""
              },
              {
                "actions": [
                  "ec2:DeleteTags"
                ],
                "condition": [],
                "effect": "Allow",
                "not_actions": [],
                "not_principals": [],
                "not_resources": [],
                "principals": [],
                "resources": [
                  "arn:aws:ec2:*:*:snapshot/*",
                  "arn:aws:ec2:*:*:volume/*"
                ],
                "sid": ""
              },
              {
                "actions": [
                  "ec2:CreateVolume"
                ],
                "condition": [
                  {
                    "test": "StringLike",
                    "values": [
                      "true"
                    ],
                    "variable": "aws:RequestTag/ebs.csi.aws.com/cluster"
                  }
                ],
                "effect": "Allow",
                "not_actions": [],
                "not_principals": [],
                "not_resources": [],
                "principals": [],
                "resources": [
                  "*"
                ],
                "sid": ""
              },
              {
                "actions": [
                  "ec2:CreateVolume"
                ],
                "condition": [
                  {
                    "test": "StringLike",
                    "values": [
                      "*"
                    ],
                    "variable": "aws:RequestTag/CSIVolumeName"
                  }
                ],
                "effect": "Allow",
                "not_actions": [],
                "not_principals": [],
                "not_resources": [],
                "principals": [],
                "resources": [
                  "*"
                ],
                "sid": ""
              },
              {
                "actions": [
                  "ec2:CreateVolume"
                ],
                "condition": [
                  {
                    "test": "StringLike",
                    "values": [
                      "owned"
                    ],
                    "variable": "aws:RequestTag/kubernetes.io/cluster/*"
                  }
                ],
                "effect": "Allow",
                "not_actions": [],
                "not_principals": [],
                "not_resources": [],
                "principals": [],
                "resources": [
                  "*"
                ],
                "sid": ""
              },
              {
                "actions": [
                  "ec2:DeleteVolume"
                ],
                "condition": [
                  {
                    "test": "StringLike",
                    "values": [
                      "true"
                    ],
                    "variable": "ec2:ResourceTag/ebs.csi.aws.com/cluster"
                  }
                ],
                "effect": "Allow",
                "not_actions": [],
                "not_principals": [],
                "not_resources": [],
                "principals": [],
                "resources": [
                  "*"
                ],
                "sid": ""
              },
              {
                "actions": [
                  "ec2:DeleteVolume"
                ],
                "condition": [
                  {
                    "test": "StringLike",
                    "values": [
                      "*"
                    ],
                    "variable": "ec2:ResourceTag/CSIVolumeName"
                  }
                ],
                "effect": "Allow",
                "not_actions": [],
                "not_principals": [],
                "not_resources": [],
                "principals": [],
                "resources": [
                  "*"
                ],
                "sid": ""
              },
              {
                "actions": [
                  "ec2:DeleteVolume"
                ],
                "condition": [
                  {
                    "test": "StringLike",
                    "values": [
                      "owned"
                    ],
                    "variable": "ec2:ResourceTag/kubernetes.io/cluster/*"
                  }
                ],
                "effect": "Allow",
                "not_actions": [],
                "not_principals": [],
                "not_resources": [],
                "principals": [],
                "resources": [
                  "*"
                ],
                "sid": ""
              },
              {
                "actions": [
                  "ec2:DeleteVolume"
                ],
                "condition": [
                  {
                    "test": "StringLike",
                    "values": [
                      "*"
                    ],
                    "variable": "ec2:ResourceTag/kubernetes.io/created-for/pvc/name"
                  }
                ],
                "effect": "Allow",
                "not_actions": [],
                "not_principals": [],
                "not_resources": [],
                "principals": [],
                "resources": [
                  "*"
                ],
                "sid": ""
              },
              {
                "actions": [
                  "ec2:DeleteSnapshot"
                ],
                "condition": [
                  {
                    "test": "StringLike",
                    "values": [
                      "*"
                    ],
                    "variable": "ec2:ResourceTag/CSIVolumeSnapshotName"
                  }
                ],
                "effect": "Allow",
                "not_actions": [],
                "not_principals": [],
                "not_resources": [],
                "principals": [],
                "resources": [
                  "*"
                ],
                "sid": ""
              },
              {
                "actions": [
                  "ec2:DeleteSnapshot"
                ],
                "condition": [
                  {
                    "test": "StringLike",
                    "values": [
                      "true"
                    ],
                    "variable": "ec2:ResourceTag/ebs.csi.aws.com/cluster"
                  }
                ],
                "effect": "Allow",
                "not_actions": [],
                "not_principals": [],
                "not_resources": [],
                "principals": [],
                "resources": [
                  "*"
                ],
                "sid": ""
              }
            ],
            "version": "2012-10-17"
          },
          "sensitive_attributes": []
        }
      ]
    },
    {
      "module": "module.ebs_csi_driver_irsa",
      "mode": "data",
      "type": "aws_iam_policy_document",
      "name": "this",
      "provider": "provider[\"registry.terraform.io/hashicorp/aws\"]",
      "instances": [
        {
          "index_key": 0,
          "schema_version": 0,
          "attributes": {
            "id": "2022345467",
            "json": "{\n  \"Version\": \"2012-10-17\",\n  \"Statement\": [\n    {\n      \"Effect\": \"Allow\",\n      \"Action\": \"sts:AssumeRoleWithWebIdentity\",\n      \"Principal\": {\n        \"Federated\": \"arn:aws:iam::724853865853:oidc-provider/oidc.eks.us-west-2.amazonaws.com/id/E62BC5B60564EE45617CA662B24B8A8F\"\n      },\n      \"Condition\": {\n        \"StringEquals\": {\n          \"oidc.eks.us-west-2.amazonaws.com/id/E62BC5B60564EE45617CA662B24B8A8F:aud\": \"sts.amazonaws.com\",\n          \"oidc.eks.us-west-2.amazonaws.com/id/E62BC5B60564EE45617CA662B24B8A8F:sub\": \"system:serviceaccount:kube-system:ebs-csi-controller-sa\"\n        }\n      }\n    }\n  ]\n}",
            "override_policy_documents": null,
            "policy_id": null,
            "source_policy_documents": null,
            "statement": [
              {
                "actions": [
                  "sts:AssumeRoleWithWebIdentity"
                ],
                "condition": [
                  {
                    "test": "StringEquals",
                    "values": [
                      "sts.amazonaws.com"
                    ],
                    "variable": "oidc.eks.us-west-2.amazonaws.com/id/E62BC5B60564EE45617CA662B24B8A8F:aud"
                  },
                  {
                    "test": "StringEquals",
                    "values": [
                      "system:serviceaccount:kube-system:ebs-csi-controller-sa"
                    ],
                    "variable": "oidc.eks.us-west-2.amazonaws.com/id/E62BC5B60564EE45617CA662B24B8A8F:sub"
                  }
                ],
                "effect": "Allow",
                "not_actions": [],
                "not_principals": [],
                "not_resources": [],
                "principals": [
                  {
                    "identifiers": [
                      "arn:aws:iam::724853865853:oidc-provider/oidc.eks.us-west-2.amazonaws.com/id/E62BC5B60564EE45617CA662B24B8A8F"
                    ],
                    "type": "Federated"
                  }
                ],
                "resources": [],
                "sid": ""
              }
            ],
            "version": "2012-10-17"
          },
          "sensitive_attributes": []
        }
      ]
    },
    {
      "module": "module.ebs_csi_driver_irsa",
      "mode": "data",
      "type": "aws_partition",
      "name": "current",
      "provider": "provider[\"registry.terraform.io/hashicorp/aws\"]",
      "instances": [
        {
          "schema_version": 0,
          "attributes": {
            "dns_suffix": "amazonaws.com",
            "id": "aws",
            "partition": "aws",
            "reverse_dns_prefix": "com.amazonaws"
          },
          "sensitive_attributes": []
        }
      ]
    },
    {
      "module": "module.ebs_csi_driver_irsa",
      "mode": "data",
      "type": "aws_region",
      "name": "current",
      "provider": "provider[\"registry.terraform.io/hashicorp/aws\"]",
      "instances": [
        {
          "schema_version": 0,
          "attributes": {
            "description": "US West (Oregon)",
            "endpoint": "ec2.us-west-2.amazonaws.com",
            "id": "us-west-2",
            "name": "us-west-2"
          },
          "sensitive_attributes": []
        }
      ]
    },
    {
      "module": "module.ebs_csi_driver_irsa",
      "mode": "managed",
      "type": "aws_iam_policy",
      "name": "ebs_csi",
      "provider": "provider[\"registry.terraform.io/hashicorp/aws\"]",
      "instances": [
        {
          "index_key": 0,
          "schema_version": 0,
          "attributes": {
            "arn": "arn:aws:iam::724853865853:policy/AmazonEKS_EBS_CSI_Policy-20240308064913354800000001",
            "description": "Provides permissions to manage EBS volumes via the container storage interface driver",
            "id": "arn:aws:iam::724853865853:policy/AmazonEKS_EBS_CSI_Policy-20240308064913354800000001",
            "name": "AmazonEKS_EBS_CSI_Policy-20240308064913354800000001",
            "name_prefix": "AmazonEKS_EBS_CSI_Policy-",
            "path": "/",
            "policy": "{\"Statement\":[{\"Action\":[\"ec2:ModifyVolume\",\"ec2:DetachVolume\",\"ec2:DescribeVolumesModifications\",\"ec2:DescribeVolumes\",\"ec2:DescribeTags\",\"ec2:DescribeSnapshots\",\"ec2:DescribeInstances\",\"ec2:DescribeAvailabilityZones\",\"ec2:CreateSnapshot\",\"ec2:AttachVolume\"],\"Effect\":\"Allow\",\"Resource\":\"*\"},{\"Action\":\"ec2:CreateTags\",\"Condition\":{\"StringEquals\":{\"ec2:CreateAction\":[\"CreateVolume\",\"CreateSnapshot\"]}},\"Effect\":\"Allow\",\"Resource\":[\"arn:aws:ec2:*:*:volume/*\",\"arn:aws:ec2:*:*:snapshot/*\"]},{\"Action\":\"ec2:DeleteTags\",\"Effect\":\"Allow\",\"Resource\":[\"arn:aws:ec2:*:*:volume/*\",\"arn:aws:ec2:*:*:snapshot/*\"]},{\"Action\":\"ec2:CreateVolume\",\"Condition\":{\"StringLike\":{\"aws:RequestTag/ebs.csi.aws.com/cluster\":\"true\"}},\"Effect\":\"Allow\",\"Resource\":\"*\"},{\"Action\":\"ec2:CreateVolume\",\"Condition\":{\"StringLike\":{\"aws:RequestTag/CSIVolumeName\":\"*\"}},\"Effect\":\"Allow\",\"Resource\":\"*\"},{\"Action\":\"ec2:CreateVolume\",\"Condition\":{\"StringLike\":{\"aws:RequestTag/kubernetes.io/cluster/*\":\"owned\"}},\"Effect\":\"Allow\",\"Resource\":\"*\"},{\"Action\":\"ec2:DeleteVolume\",\"Condition\":{\"StringLike\":{\"ec2:ResourceTag/ebs.csi.aws.com/cluster\":\"true\"}},\"Effect\":\"Allow\",\"Resource\":\"*\"},{\"Action\":\"ec2:DeleteVolume\",\"Condition\":{\"StringLike\":{\"ec2:ResourceTag/CSIVolumeName\":\"*\"}},\"Effect\":\"Allow\",\"Resource\":\"*\"},{\"Action\":\"ec2:DeleteVolume\",\"Condition\":{\"StringLike\":{\"ec2:ResourceTag/kubernetes.io/cluster/*\":\"owned\"}},\"Effect\":\"Allow\",\"Resource\":\"*\"},{\"Action\":\"ec2:DeleteVolume\",\"Condition\":{\"StringLike\":{\"ec2:ResourceTag/kubernetes.io/created-for/pvc/name\":\"*\"}},\"Effect\":\"Allow\",\"Resource\":\"*\"},{\"Action\":\"ec2:DeleteSnapshot\",\"Condition\":{\"StringLike\":{\"ec2:ResourceTag/CSIVolumeSnapshotName\":\"*\"}},\"Effect\":\"Allow\",\"Resource\":\"*\"},{\"Action\":\"ec2:DeleteSnapshot\",\"Condition\":{\"StringLike\":{\"ec2:ResourceTag/ebs.csi.aws.com/cluster\":\"true\"}},\"Effect\":\"Allow\",\"Resource\":\"*\"}],\"Version\":\"2012-10-17\"}",
            "policy_id": "ANPA2RRFIHV6QMUUSR6J7",
            "tags": {
              "app": "emr-eks-karpenter"
            },
            "tags_all": {
              "app": "emr-eks-karpenter"
            }
          },
          "sensitive_attributes": [],
          "private": "bnVsbA==",
          "dependencies": [
            "module.ebs_csi_driver_irsa.data.aws_iam_policy_document.ebs_csi"
          ]
        }
      ]
    },
    {
      "module": "module.ebs_csi_driver_irsa",
      "mode": "managed",
      "type": "aws_iam_role",
      "name": "this",
      "provider": "provider[\"registry.terraform.io/hashicorp/aws\"]",
      "instances": [
        {
          "index_key": 0,
          "schema_version": 0,
          "attributes": {
            "arn": "arn:aws:iam::724853865853:role/emr-eks-karpenter-ebs-csi-driver-20240308064913644500000003",
            "assume_role_policy": "{\"Statement\":[{\"Action\":\"sts:AssumeRoleWithWebIdentity\",\"Condition\":{\"StringEquals\":{\"oidc.eks.us-west-2.amazonaws.com/id/E62BC5B60564EE45617CA662B24B8A8F:aud\":\"sts.amazonaws.com\",\"oidc.eks.us-west-2.amazonaws.com/id/E62BC5B60564EE45617CA662B24B8A8F:sub\":\"system:serviceaccount:kube-system:ebs-csi-controller-sa\"}},\"Effect\":\"Allow\",\"Principal\":{\"Federated\":\"arn:aws:iam::724853865853:oidc-provider/oidc.eks.us-west-2.amazonaws.com/id/E62BC5B60564EE45617CA662B24B8A8F\"}}],\"Version\":\"2012-10-17\"}",
            "create_date": "2024-03-08T06:49:14Z",
            "description": "",
            "force_detach_policies": true,
            "id": "emr-eks-karpenter-ebs-csi-driver-20240308064913644500000003",
            "inline_policy": [],
            "managed_policy_arns": [],
            "max_session_duration": 3600,
            "name": "emr-eks-karpenter-ebs-csi-driver-20240308064913644500000003",
            "name_prefix": "emr-eks-karpenter-ebs-csi-driver-",
            "path": "/",
            "permissions_boundary": "",
            "tags": {
              "app": "emr-eks-karpenter"
            },
            "tags_all": {
              "app": "emr-eks-karpenter"
            },
            "unique_id": "AROA2RRFIHV64JAESIF3F"
          },
          "sensitive_attributes": [],
          "private": "bnVsbA==",
          "dependencies": [
            "module.ebs_csi_driver_irsa.data.aws_iam_policy_document.this"
          ]
        }
      ]
    },
    {
      "module": "module.ebs_csi_driver_irsa",
      "mode": "managed",
      "type": "aws_iam_role_policy_attachment",
      "name": "ebs_csi",
      "provider": "provider[\"registry.terraform.io/hashicorp/aws\"]",
      "instances": [
        {
          "index_key": 0,
          "schema_version": 0,
          "attributes": {
            "id": "emr-eks-karpenter-ebs-csi-driver-20240308064913644500000003-20240308064916580100000010",
            "policy_arn": "arn:aws:iam::724853865853:policy/AmazonEKS_EBS_CSI_Policy-20240308064913354800000001",
            "role": "emr-eks-karpenter-ebs-csi-driver-20240308064913644500000003"
          },
          "sensitive_attributes": [],
          "private": "bnVsbA==",
          "dependencies": [
            "module.ebs_csi_driver_irsa.aws_iam_policy.ebs_csi",
            "module.ebs_csi_driver_irsa.aws_iam_role.this",
            "module.ebs_csi_driver_irsa.data.aws_iam_policy_document.ebs_csi",
            "module.ebs_csi_driver_irsa.data.aws_iam_policy_document.this"
          ]
        }
      ]
    },
    {
      "module": "module.eks",
      "mode": "data",
      "type": "aws_caller_identity",
      "name": "current",
      "provider": "provider[\"registry.terraform.io/hashicorp/aws\"]",
      "instances": [
        {
          "schema_version": 0,
          "attributes": {
            "account_id": "724853865853",
            "arn": "arn:aws:iam::724853865853:user/dongdong",
            "id": "724853865853",
            "user_id": "AIDA2RRFIHV62ZOURQUK5"
          },
          "sensitive_attributes": []
        }
      ]
    },
    {
      "module": "module.eks",
      "mode": "data",
      "type": "aws_iam_policy_document",
      "name": "assume_role_policy",
      "provider": "provider[\"registry.terraform.io/hashicorp/aws\"]",
      "instances": [
        {
          "index_key": 0,
          "schema_version": 0,
          "attributes": {
            "id": "2764486067",
            "json": "{\n  \"Version\": \"2012-10-17\",\n  \"Statement\": [\n    {\n      \"Sid\": \"EKSClusterAssumeRole\",\n      \"Effect\": \"Allow\",\n      \"Action\": \"sts:AssumeRole\",\n      \"Principal\": {\n        \"Service\": \"eks.amazonaws.com\"\n      }\n    }\n  ]\n}",
            "override_policy_documents": null,
            "policy_id": null,
            "source_policy_documents": null,
            "statement": [
              {
                "actions": [
                  "sts:AssumeRole"
                ],
                "condition": [],
                "effect": "Allow",
                "not_actions": [],
                "not_principals": [],
                "not_resources": [],
                "principals": [
                  {
                    "identifiers": [
                      "eks.amazonaws.com"
                    ],
                    "type": "Service"
                  }
                ],
                "resources": [],
                "sid": "EKSClusterAssumeRole"
              }
            ],
            "version": "2012-10-17"
          },
          "sensitive_attributes": []
        }
      ]
    },
    {
      "module": "module.eks",
      "mode": "data",
      "type": "aws_iam_session_context",
      "name": "current",
      "provider": "provider[\"registry.terraform.io/hashicorp/aws\"]",
      "instances": [
        {
          "schema_version": 0,
          "attributes": {
            "arn": "arn:aws:iam::724853865853:user/dongdong",
            "id": "arn:aws:iam::724853865853:user/dongdong",
            "issuer_arn": "arn:aws:iam::724853865853:user/dongdong",
            "issuer_id": "",
            "issuer_name": "",
            "session_name": ""
          },
          "sensitive_attributes": []
        }
      ]
    },
    {
      "module": "module.eks",
      "mode": "data",
      "type": "aws_partition",
      "name": "current",
      "provider": "provider[\"registry.terraform.io/hashicorp/aws\"]",
      "instances": [
        {
          "schema_version": 0,
          "attributes": {
            "dns_suffix": "amazonaws.com",
            "id": "aws",
            "partition": "aws",
            "reverse_dns_prefix": "com.amazonaws"
          },
          "sensitive_attributes": []
        }
      ]
    },
    {
      "module": "module.eks",
      "mode": "data",
      "type": "tls_certificate",
      "name": "this",
      "provider": "provider[\"registry.terraform.io/hashicorp/tls\"]",
      "instances": [
        {
          "index_key": 0,
          "schema_version": 0,
          "attributes": {
            "certificates": [
              {
                "cert_pem": "-----BEGIN CERTIFICATE-----\nMIIEdTCCA12gAwIBAgIJAKcOSkw0grd/MA0GCSqGSIb3DQEBCwUAMGgxCzAJBgNV\nBAYTAlVTMSUwIwYDVQQKExxTdGFyZmllbGQgVGVjaG5vbG9naWVzLCBJbmMuMTIw\nMAYDVQQLEylTdGFyZmllbGQgQ2xhc3MgMiBDZXJ0aWZpY2F0aW9uIEF1dGhvcml0\neTAeFw0wOTA5MDIwMDAwMDBaFw0zNDA2MjgxNzM5MTZaMIGYMQswCQYDVQQGEwJV\nUzEQMA4GA1UECBMHQXJpem9uYTETMBEGA1UEBxMKU2NvdHRzZGFsZTElMCMGA1UE\nChMcU3RhcmZpZWxkIFRlY2hub2xvZ2llcywgSW5jLjE7MDkGA1UEAxMyU3RhcmZp\nZWxkIFNlcnZpY2VzIFJvb3QgQ2VydGlmaWNhdGUgQXV0aG9yaXR5IC0gRzIwggEi\nMA0GCSqGSIb3DQEBAQUAA4IBDwAwggEKAoIBAQDVDDrEKvlO4vW+GZdfjohTsR8/\ny8+fIBNtKTrID30892t2OGPZNmCom15cAICyL1l/9of5JUOG52kbUpqQ4XHj2C0N\nTm/2yEnZtvMaVq4rtnQU68/7JuMauh2WLmo7WJSJR1b/JaCTcFOD2oR0FMNnngRo\nOt+OQFodSk7PQ5E751bWAHDLUu57fa4657wx+UX2wmDPE1kCK4DMNEffud6QZW0C\nzyyRpqbn3oUYSXxmTqM6bam17jQuug0DuDPfR+uxa40l2ZvOgdFFRjKWcIfeAg5J\nQ4W2bHO7ZOphQazJ1FTfhy/HIrImzJ9ZVGif/L4qL8RVHHVAYBeFAlU5i38FAgMB\nAAGjgfAwge0wDwYDVR0TAQH/BAUwAwEB/zAOBgNVHQ8BAf8EBAMCAYYwHQYDVR0O\nBBYEFJxfAN+qAdcwKziIorhtSpzyEZGDMB8GA1UdIwQYMBaAFL9ft9HO3R+G9FtV\nrNzXEMIOqYjnME8GCCsGAQUFBwEBBEMwQTAcBggrBgEFBQcwAYYQaHR0cDovL28u\nc3MyLnVzLzAhBggrBgEFBQcwAoYVaHR0cDovL3guc3MyLnVzL3guY2VyMCYGA1Ud\nHwQfMB0wG6AZoBeGFWh0dHA6Ly9zLnNzMi51cy9yLmNybDARBgNVHSAECjAIMAYG\nBFUdIAAwDQYJKoZIhvcNAQELBQADggEBACMd44pXyn3pF3lM8R5V/cxTbj5HD9/G\nVfKyBDbtgB9TxF00KGu+x1X8Z+rLP3+QsjPNG1gQggL4+C/1E2DUBc7xgQjB3ad1\nl08YuW3e95ORCLp+QCztweq7dp4zBncdDQh/U90bZKuCJ/Fp1U1ervShw3WnWEQt\n8jxwmKy6abaVd38PMV4s/KCHOkdp8Hlf9BRUpJVeEXgSYCfOn8J3/yNTd126/+pZ\n59vPr5KW7ySaNRB6nJHGDn2Z9j8Z3/VyVOEVqQdZe4O/Ui5GjLIAZHYcSNPYeehu\nVsyuLAOQ1xk4meTKCRlb/weWsKh/NEnfVqn3sF/tM+2MR7cwA130A4w=\n-----END CERTIFICATE-----\n",
                "is_ca": true,
                "issuer": "OU=Starfield Class 2 Certification Authority,O=Starfield Technologies\\, Inc.,C=US",
                "not_after": "2034-06-28T17:39:16Z",
                "not_before": "2009-09-02T00:00:00Z",
                "public_key_algorithm": "RSA",
                "serial_number": "12037640545166866303",
                "sha1_fingerprint": "9e99a48a9960b14926bb7f3b02e22da2b0ab7280",
                "signature_algorithm": "SHA256-RSA",
                "subject": "CN=Starfield Services Root Certificate Authority - G2,O=Starfield Technologies\\, Inc.,L=Scottsdale,ST=Arizona,C=US",
                "version": 3
              },
              {
                "cert_pem": "-----BEGIN CERTIFICATE-----\nMIIEkjCCA3qgAwIBAgITBn+USionzfP6wq4rAfkI7rnExjANBgkqhkiG9w0BAQsF\nADCBmDELMAkGA1UEBhMCVVMxEDAOBgNVBAgTB0FyaXpvbmExEzARBgNVBAcTClNj\nb3R0c2RhbGUxJTAjBgNVBAoTHFN0YXJmaWVsZCBUZWNobm9sb2dpZXMsIEluYy4x\nOzA5BgNVBAMTMlN0YXJmaWVsZCBTZXJ2aWNlcyBSb290IENlcnRpZmljYXRlIEF1\ndGhvcml0eSAtIEcyMB4XDTE1MDUyNTEyMDAwMFoXDTM3MTIzMTAxMDAwMFowOTEL\nMAkGA1UEBhMCVVMxDzANBgNVBAoTBkFtYXpvbjEZMBcGA1UEAxMQQW1hem9uIFJv\nb3QgQ0EgMTCCASIwDQYJKoZIhvcNAQEBBQADggEPADCCAQoCggEBALJ4gHHKeNXj\nca9HgFB0fW7Y14h29Jlo91ghYPl0hAEvrAIthtOgQ3pOsqTQNroBvo3bSMgHFzZM\n9O6II8c+6zf1tRn4SWiw3te5djgdYZ6k/oI2peVKVuRF4fn9tBb6dNqcmzU5L/qw\nIFAGbHrQgLKm+a/sRxmPUDgH3KKHOVj4utWp+UhnMJbulHheb4mjUcAwhmahRWa6\nVOujw5H5SNz/0egwLX0tdHA114gk957EWW67c4cX8jJGKLhD+rcdqsq08p8kDi1L\n93FcXmn/6pUCyziKrlA4b9v7LWIbxcceVOF34GfID5yHI9Y/QCB/IIDEgEw+OyQm\njgSubJrIqg0CAwEAAaOCATEwggEtMA8GA1UdEwEB/wQFMAMBAf8wDgYDVR0PAQH/\nBAQDAgGGMB0GA1UdDgQWBBSEGMyFNOy8DJSULghZnMeyEE4KCDAfBgNVHSMEGDAW\ngBScXwDfqgHXMCs4iKK4bUqc8hGRgzB4BggrBgEFBQcBAQRsMGowLgYIKwYBBQUH\nMAGGImh0dHA6Ly9vY3NwLnJvb3RnMi5hbWF6b250cnVzdC5jb20wOAYIKwYBBQUH\nMAKGLGh0dHA6Ly9jcnQucm9vdGcyLmFtYXpvbnRydXN0LmNvbS9yb290ZzIuY2Vy\nMD0GA1UdHwQ2MDQwMqAwoC6GLGh0dHA6Ly9jcmwucm9vdGcyLmFtYXpvbnRydXN0\nLmNvbS9yb290ZzIuY3JsMBEGA1UdIAQKMAgwBgYEVR0gADANBgkqhkiG9w0BAQsF\nAAOCAQEAYjdCXLwQtT6LLOkMm2xF4gcAevnFWAu5CIw+7bMlPLVvUOTNNWqnkzSW\nMiGpSESrnO09tKpzbeR/FoCJbM8oAxiDR3mjEH4wW6w7sGDgd9QIpuEdfF7Au/ma\neyKdpwAJfqxGF4PcnCZXmTA5YpaP7dreqsXMGz7KQ2hsVxa81Q4gLv7/wmpdLqBK\nbRRYh5TmOTFffHPLkIhqhBGWJ6bt2YFGpn6jcgAKUj6DiAdjd4lpFw85hdKrCEVN\n0FE6/V1dN2RMfjCyVSRCnTawXZwXgWHxyvkQAiSr6w10kY17RSlQOYiypok1JR4U\nakcjMS9cmvqtmg5iUaQqqcT5NJ0hGA==\n-----END CERTIFICATE-----\n",
                "is_ca": true,
                "issuer": "CN=Starfield Services Root Certificate Authority - G2,O=Starfield Technologies\\, Inc.,L=Scottsdale,ST=Arizona,C=US",
                "not_after": "2037-12-31T01:00:00Z",
                "not_before": "2015-05-25T12:00:00Z",
                "public_key_algorithm": "RSA",
                "serial_number": "144918191876577076464031512351042010504348870",
                "sha1_fingerprint": "06b25927c42a721631c1efd9431e648fa62e1e39",
                "signature_algorithm": "SHA256-RSA",
                "subject": "CN=Amazon Root CA 1,O=Amazon,C=US",
                "version": 3
              },
              {
                "cert_pem": "-----BEGIN CERTIFICATE-----\nMIIEXjCCA0agAwIBAgITB3MSOAudZoijOx7Zv5zNpo4ODzANBgkqhkiG9w0BAQsF\nADA5MQswCQYDVQQGEwJVUzEPMA0GA1UEChMGQW1hem9uMRkwFwYDVQQDExBBbWF6\nb24gUm9vdCBDQSAxMB4XDTIyMDgyMzIyMjEyOFoXDTMwMDgyMzIyMjEyOFowPDEL\nMAkGA1UEBhMCVVMxDzANBgNVBAoTBkFtYXpvbjEcMBoGA1UEAxMTQW1hem9uIFJT\nQSAyMDQ4IE0wMTCCASIwDQYJKoZIhvcNAQEBBQADggEPADCCAQoCggEBAOtxLKnL\nH4gokjIwr4pXD3i3NyWVVYesZ1yX0yLI2qIUZ2t88Gfa4gMqs1YSXca1R/lnCKeT\nepWSGA+0+fkQNpp/L4C2T7oTTsddUx7g3ZYzByDTlrwS5HRQQqEFE3O1T5tEJP4t\nf+28IoXsNiEzl3UGzicYgtzj2cWCB41eJgEmJmcf2T8TzzK6a614ZPyq/w4CPAff\nnAV4coz96nW3AyiE2uhuB4zQUIXvgVSycW7sbWLvj5TDXunEpNCRwC4kkZjK7rol\njtT2cbb7W2s4Bkg3R42G3PLqBvt2N32e/0JOTViCk8/iccJ4sXqrS1uUN4iB5Nmv\nJK74csVl+0u0UecCAwEAAaOCAVowggFWMBIGA1UdEwEB/wQIMAYBAf8CAQAwDgYD\nVR0PAQH/BAQDAgGGMB0GA1UdJQQWMBQGCCsGAQUFBwMBBggrBgEFBQcDAjAdBgNV\nHQ4EFgQUgbgOY4qJEhjl+js7UJWf5uWQE4UwHwYDVR0jBBgwFoAUhBjMhTTsvAyU\nlC4IWZzHshBOCggwewYIKwYBBQUHAQEEbzBtMC8GCCsGAQUFBzABhiNodHRwOi8v\nb2NzcC5yb290Y2ExLmFtYXpvbnRydXN0LmNvbTA6BggrBgEFBQcwAoYuaHR0cDov\nL2NydC5yb290Y2ExLmFtYXpvbnRydXN0LmNvbS9yb290Y2ExLmNlcjA/BgNVHR8E\nODA2MDSgMqAwhi5odHRwOi8vY3JsLnJvb3RjYTEuYW1hem9udHJ1c3QuY29tL3Jv\nb3RjYTEuY3JsMBMGA1UdIAQMMAowCAYGZ4EMAQIBMA0GCSqGSIb3DQEBCwUAA4IB\nAQCtAN4CBSMuBjJitGuxlBbkEUDeK/pZwTXv4KqPK0G50fOHOQAd8j21p0cMBgbG\nkfMHVwLU7b0XwZCav0h1ogdPMN1KakK1DT0VwA/+hFvGPJnMV1Kx2G4S1ZaSk0uU\n5QfoiYIIano01J5k4T2HapKQmmOhS/iPtuo00wW+IMLeBuKMn3OLn005hcrOGTad\nhcmeyfhQP7Z+iKHvyoQGi1C0ClymHETx/chhQGDyYSWqB/THwnN15AwLQo0E5V9E\nSJlbe4mBlqeInUsNYugExNf+tOiybcrswBy8OFsd34XOW3rjSUtsuafd9AWySa3h\nxRRrwszrzX/WWGm6wyB+f7C4\n-----END CERTIFICATE-----\n",
                "is_ca": true,
                "issuer": "CN=Amazon Root CA 1,O=Amazon,C=US",
                "not_after": "2030-08-23T22:21:28Z",
                "not_before": "2022-08-23T22:21:28Z",
                "public_key_algorithm": "RSA",
                "serial_number": "166129328851546858514271303855646110030630415",
                "sha1_fingerprint": "2ad974a775f73cbdbbd8f5ac3a49255fa8fb1f8c",
                "signature_algorithm": "SHA256-RSA",
                "subject": "CN=Amazon RSA 2048 M01,O=Amazon,C=US",
                "version": 3
              },
              {
                "cert_pem": "-----BEGIN CERTIFICATE-----\nMIIF7TCCBNWgAwIBAgIQDAMZajMylZveIhA3JfaDkzANBgkqhkiG9w0BAQsFADA8\nMQswCQYDVQQGEwJVUzEPMA0GA1UEChMGQW1hem9uMRwwGgYDVQQDExNBbWF6b24g\nUlNBIDIwNDggTTAxMB4XDTIzMDQxMzAwMDAwMFoXDTI0MDUxMTIzNTk1OVowKzEp\nMCcGA1UEAxMgb2lkYy5la3MudXMtd2VzdC0yLmFtYXpvbmF3cy5jb20wggEiMA0G\nCSqGSIb3DQEBAQUAA4IBDwAwggEKAoIBAQCPZcUrPoakGvhWyoBhbOpCizY18tRP\nck5uA2m0p4CqnFVP0qU8whlmtAALUGkpMBg11VmEjRqW09l36Mg+1IzP1VHQTTc4\nJJa9jCibHsYRNyIdh3d4CoW1tV+5TQFZ7dcuK3a5XMPRVe+LdeBB+UjHky/kvgkZ\nwQAC0EGp4jztSxEiaiLH7hDhEugUR6yJNgD29Qd1LnovJ6zs8nUd719Dh5x/etWJ\n3z04TKzhriTz+9FEE4Xrl2k0qZxQsKGRtsqE+Ra9ZpytFNCVSL8EK2zlb97umWwJ\nyhG/fdvKfOuMX7qUAuWzgaaPlkQDibDQjY6OTfFbfKMDDVTFtQEbUQD9AgMBAAGj\nggL6MIIC9jAfBgNVHSMEGDAWgBSBuA5jiokSGOX6OztQlZ/m5ZAThTAdBgNVHQ4E\nFgQUnBmr23OxmnGzVwNOzSVgMw1pQcAwKwYDVR0RBCQwIoIgb2lkYy5la3MudXMt\nd2VzdC0yLmFtYXpvbmF3cy5jb20wDgYDVR0PAQH/BAQDAgWgMB0GA1UdJQQWMBQG\nCCsGAQUFBwMBBggrBgEFBQcDAjA7BgNVHR8ENDAyMDCgLqAshipodHRwOi8vY3Js\nLnIybTAxLmFtYXpvbnRydXN0LmNvbS9yMm0wMS5jcmwwEwYDVR0gBAwwCjAIBgZn\ngQwBAgEwdQYIKwYBBQUHAQEEaTBnMC0GCCsGAQUFBzABhiFodHRwOi8vb2NzcC5y\nMm0wMS5hbWF6b250cnVzdC5jb20wNgYIKwYBBQUHMAKGKmh0dHA6Ly9jcnQucjJt\nMDEuYW1hem9udHJ1c3QuY29tL3IybTAxLmNlcjAMBgNVHRMBAf8EAjAAMIIBfwYK\nKwYBBAHWeQIEAgSCAW8EggFrAWkAdwDuzdBk1dsazsVct520zROiModGfLzs3sNR\nSFlGcR+1mwAAAYd4O9dqAAAEAwBIMEYCIQDO28u4eYZCvCNjZhMZSsB3Fu8VJImr\nv2a0i5AF9PbvWQIhANQcunFuOYph/lhOvSqw3+XlDR1ML8OJKtfL713/7n93AHYA\nSLDja9qmRzQP5WoC+p0w6xxSActW3SyB2bu/qznYhHMAAAGHeDvXmAAABAMARzBF\nAiEAr28QhaZMvCEmxdb9dVBYR4ov5aHr89pGPiGzAkix8AECIBMKc+QxtzcAJMHS\nDtAfbHwfbXbp4czqmiB5TTirm8FxAHYA2ra/az+1tiKfm8K7XGvocJFxbLtRhIU0\nvaQ9MEjX+6sAAAGHeDvXZQAABAMARzBFAiBoclNKW27c9oUdEGfcDF0v2c52pQQQ\nDkvL6wnA5xY5egIhANSogtAL30hmiOGf4yRIFTcIlt1rL855WMmgvhPD3HCUMA0G\nCSqGSIb3DQEBCwUAA4IBAQAvv031iNDVLeCL0kQ7VQDSuS9IzR9p8Vuccc08WBP6\n1Iqmiveq3k/wSwXhKxw4vaxvzpIXUaW/IEfRKXd+BuRtJmz+mfZmNvaB7CPp007+\nMbCblsrfvGBwHvORZy5jPRxHfoxto/FuJDvQVUfVB60gBjG602yAU6wipPmzNHTs\nOQ6+xp0t6e/P31czkpWvZWeEhBRexRkRaU5UoIY2+M07kGQePfdaJtqQbefHmDSc\nj2kx2HU3kCEiFjQr56+cPhzQNAjsRAR/9EIc0QHj1jdVTimMvYQ4nMa6VqsvmtWT\nm7oLVSrA4/8EhLS5SRwlGIYYjmv+pwkHydqYzEcKA0lz\n-----END CERTIFICATE-----\n",
                "is_ca": false,
                "issuer": "CN=Amazon RSA 2048 M01,O=Amazon,C=US",
                "not_after": "2024-05-11T23:59:59Z",
                "not_before": "2023-04-13T00:00:00Z",
                "public_key_algorithm": "RSA",
                "serial_number": "15966828314264801061238642629783487379",
                "sha1_fingerprint": "e1d31a1f94725daaef02dcf1c1bb0ff4a28a6060",
                "signature_algorithm": "SHA256-RSA",
                "subject": "CN=oidc.eks.us-west-2.amazonaws.com",
                "version": 3
              }
            ],
            "content": null,
            "id": "34b882443ccd2d1a84de1dbac994b28b7f371f17",
            "url": "https://oidc.eks.us-west-2.amazonaws.com/id/E62BC5B60564EE45617CA662B24B8A8F",
            "verify_chain": true
          },
          "sensitive_attributes": []
        }
      ]
    },
    {
      "module": "module.eks",
      "mode": "managed",
      "type": "aws_cloudwatch_log_group",
      "name": "this",
      "provider": "provider[\"registry.terraform.io/hashicorp/aws\"]",
      "instances": [
        {
          "index_key": 0,
          "schema_version": 0,
          "attributes": {
            "arn": "arn:aws:logs:us-west-2:724853865853:log-group:/aws/eks/emr-eks-karpenter/cluster",
            "id": "/aws/eks/emr-eks-karpenter/cluster",
            "kms_key_id": "",
            "log_group_class": "STANDARD",
            "name": "/aws/eks/emr-eks-karpenter/cluster",
            "name_prefix": "",
            "retention_in_days": 90,
            "skip_destroy": false,
            "tags": {
              "Name": "/aws/eks/emr-eks-karpenter/cluster",
              "app": "emr-eks-karpenter"
            },
            "tags_all": {
              "Name": "/aws/eks/emr-eks-karpenter/cluster",
              "app": "emr-eks-karpenter"
            }
          },
          "sensitive_attributes": [],
          "private": "bnVsbA==",
          "create_before_destroy": true
        }
      ]
    },
    {
      "module": "module.eks",
      "mode": "managed",
      "type": "aws_ec2_tag",
      "name": "cluster_primary_security_group",
      "provider": "provider[\"registry.terraform.io/hashicorp/aws\"]",
      "instances": [
        {
          "index_key": "app",
          "schema_version": 0,
          "attributes": {
            "id": "sg-0ee26ac09926ea4cd,app",
            "key": "app",
            "resource_id": "sg-0ee26ac09926ea4cd",
            "value": "emr-eks-karpenter"
          },
          "sensitive_attributes": [],
          "private": "bnVsbA==",
          "dependencies": [
            "data.aws_subnets.private_subnets",
            "module.eks.aws_cloudwatch_log_group.this",
            "module.eks.aws_eks_cluster.this",
            "module.eks.aws_iam_policy.cni_ipv6_policy",
            "module.eks.aws_iam_role.this",
            "module.eks.aws_iam_role_policy_attachment.this",
            "module.eks.aws_security_group.cluster",
            "module.eks.aws_security_group.node",
            "module.eks.aws_security_group_rule.cluster",
            "module.eks.aws_security_group_rule.node",
            "module.eks.data.aws_caller_identity.current",
            "module.eks.data.aws_iam_policy_document.assume_role_policy",
            "module.eks.data.aws_iam_policy_document.cni_ipv6_policy",
            "module.eks.data.aws_iam_session_context.current",
            "module.eks.data.aws_partition.current",
            "module.eks.module.kms.aws_kms_external_key.this",
            "module.eks.module.kms.aws_kms_key.this",
            "module.eks.module.kms.aws_kms_replica_external_key.this",
            "module.eks.module.kms.aws_kms_replica_key.this",
            "module.eks.module.kms.data.aws_caller_identity.current",
            "module.eks.module.kms.data.aws_iam_policy_document.this",
            "module.eks.module.kms.data.aws_partition.current",
            "module.vpc.aws_vpc.this"
          ]
        }
      ]
    },
    {
      "module": "module.eks",
      "mode": "managed",
      "type": "aws_eks_cluster",
      "name": "this",
      "provider": "provider[\"registry.terraform.io/hashicorp/aws\"]",
      "instances": [
        {
          "index_key": 0,
          "schema_version": 0,
          "attributes": {
            "access_config": [
              {
                "authentication_mode": "CONFIG_MAP",
                "bootstrap_cluster_creator_admin_permissions": false
              }
            ],
            "arn": "arn:aws:eks:us-west-2:724853865853:cluster/emr-eks-karpenter",
            "certificate_authority": [
              {
                "data": "LS0tLS1CRUdJTiBDRVJUSUZJQ0FURS0tLS0tCk1JSURCVENDQWUyZ0F3SUJBZ0lJWExEcUJzWWFtQTR3RFFZSktvWklodmNOQVFFTEJRQXdGVEVUTUJFR0ExVUUKQXhNS2EzVmlaWEp1WlhSbGN6QWVGdzB5TkRBek1EZ3dOak0zTWpsYUZ3MHpOREF6TURZd05qUXlNamxhTUJVeApFekFSQmdOVkJBTVRDbXQxWW1WeWJtVjBaWE13Z2dFaU1BMEdDU3FHU0liM0RRRUJBUVVBQTRJQkR3QXdnZ0VLCkFvSUJBUUMvVU8wK2NTU2tvbUx6Mnd0Z0tBVnFNaDJ4YVZqQUVUMDZxdlpTOEEyZVBLOUhudnYrNU96dXVmOHUKMUhoUExCYTlqMDlrZDVtWm5OSS9kaGNiMjArRWZyNGU4dTMxbHZzeTNqYkpuWGNsQ1FSWkVYT2xuRjFqSTM4RApoQ3JoUXlJNTF2QklBYWJsM3oyVU1KRHhzVTdEaWRCQnNvSitnMUJHejRod1dEeTY1NXVlYURidWxyK293OGtmCmJDN1ZZbFZkMHZuNUt4ejRDRSs3eXlJTWtqWTBzKzdiQW9kWk5VQzZHU1pCYlprSmhZMHF1N0pzaWJ6TERWa1gKMXozc3k0ZWJFZDc1aStQTXA5Ni9Pam0rbktuKzF1TEZ0NUc4cG9sNzlIaWdySHUxTG54Rkpvb1RSd2NoN3RsegpUdVc3b1B4bFZ3ZXBDUmp0L2wwMTFOWGgxemJ6QWdNQkFBR2pXVEJYTUE0R0ExVWREd0VCL3dRRUF3SUNwREFQCkJnTlZIUk1CQWY4RUJUQURBUUgvTUIwR0ExVWREZ1FXQkJRazJvSGpjQ2RDb2F4R0QwNktqZHVDc3JIVUd6QVYKQmdOVkhSRUVEakFNZ2dwcmRXSmxjbTVsZEdWek1BMEdDU3FHU0liM0RRRUJDd1VBQTRJQkFRQis5eUdva1F3YwpxcHR0UXg1bFBzT2doUjZyVmpTakV4NjNvL2hTdTBSR2RVTlNDdUxSbDFWcmlrbHhRQ01HalJKYjQwb3pTRTBoCnF2dU9vdHdPTlpMQmpCNXlDL0JSOXYvS1JiTzRsWHp5d1R6UlFuSWV5ckpFMzF0SC9tamQwaGJTamdaWW5GQ0MKS3VQVnNRWnhnVzFLQnFMYWIveEVDbkh5aEtzdFdCcFlvWUJhYzZDMTJDY1B5Tkg3dSt1a280TE1uVjgzaEZLQQpoS0xnSDhjYjJuMkdncVRXZnhiS0xnclNSc1dtZytNSzRnUjVJYW1RYUZDbngxWE8wMjdNTnptNlRVbEZYNVFBCm9NNjdiTVowUy80aXJNRE5XSEZRMG51cjFtc3RBN0l1bDRXRlJxQkxac0lOMGp2MCs0ODZBS3NDSFhaUGoxNTEKWXc4ZGlnSWZNNkgxCi0tLS0tRU5EIENFUlRJRklDQVRFLS0tLS0K"
              }
            ],
            "cluster_id": null,
            "created_at": "2024-03-08 06:38:22.212 +0000 UTC",
            "enabled_cluster_log_types": [
              "api",
              "audit",
              "authenticator"
            ],
            "encryption_config": [
              {
                "provider": [
                  {
                    "key_arn": "arn:aws:kms:us-west-2:724853865853:key/445f9438-eb12-4f34-bddb-032ef5b31048"
                  }
                ],
                "resources": [
                  "secrets"
                ]
              }
            ],
            "endpoint": "https://E62BC5B60564EE45617CA662B24B8A8F.gr7.us-west-2.eks.amazonaws.com",
            "id": "emr-eks-karpenter",
            "identity": [
              {
                "oidc": [
                  {
                    "issuer": "https://oidc.eks.us-west-2.amazonaws.com/id/E62BC5B60564EE45617CA662B24B8A8F"
                  }
                ]
              }
            ],
            "kubernetes_network_config": [
              {
                "ip_family": "ipv4",
                "service_ipv4_cidr": "172.20.0.0/16",
                "service_ipv6_cidr": ""
              }
            ],
            "name": "emr-eks-karpenter",
            "outpost_config": [],
            "platform_version": "eks.9",
            "role_arn": "arn:aws:iam::724853865853:role/emr-eks-karpenter-cluster-20240308063748931500000002",
            "status": "ACTIVE",
            "tags": {
              "app": "emr-eks-karpenter"
            },
            "tags_all": {
              "app": "emr-eks-karpenter"
            },
            "timeouts": {
              "create": null,
              "delete": null,
              "update": null
            },
            "version": "1.28",
            "vpc_config": [
              {
                "cluster_security_group_id": "sg-0ee26ac09926ea4cd",
                "endpoint_private_access": true,
                "endpoint_public_access": true,
                "public_access_cidrs": [
                  "0.0.0.0/0"
                ],
                "security_group_ids": [
                  "sg-0042c29114262c9cd"
                ],
                "subnet_ids": [
                  "subnet-057019d27b10482b6",
                  "subnet-084e05b50a5246beb"
                ],
                "vpc_id": "vpc-06933d905386b98a8"
              }
            ]
          },
          "sensitive_attributes": [],
          "private": "eyJlMmJmYjczMC1lY2FhLTExZTYtOGY4OC0zNDM2M2JjN2M0YzAiOnsiY3JlYXRlIjoxODAwMDAwMDAwMDAwLCJkZWxldGUiOjkwMDAwMDAwMDAwMCwidXBkYXRlIjozNjAwMDAwMDAwMDAwfX0=",
          "dependencies": [
            "data.aws_subnets.private_subnets",
            "module.eks.aws_cloudwatch_log_group.this",
            "module.eks.aws_iam_policy.cni_ipv6_policy",
            "module.eks.aws_iam_role.this",
            "module.eks.aws_iam_role_policy_attachment.this",
            "module.eks.aws_security_group.cluster",
            "module.eks.aws_security_group.node",
            "module.eks.aws_security_group_rule.cluster",
            "module.eks.aws_security_group_rule.node",
            "module.eks.data.aws_caller_identity.current",
            "module.eks.data.aws_iam_policy_document.assume_role_policy",
            "module.eks.data.aws_iam_policy_document.cni_ipv6_policy",
            "module.eks.data.aws_iam_session_context.current",
            "module.eks.data.aws_partition.current",
            "module.eks.module.kms.aws_kms_external_key.this",
            "module.eks.module.kms.aws_kms_key.this",
            "module.eks.module.kms.aws_kms_replica_external_key.this",
            "module.eks.module.kms.aws_kms_replica_key.this",
            "module.eks.module.kms.data.aws_caller_identity.current",
            "module.eks.module.kms.data.aws_iam_policy_document.this",
            "module.eks.module.kms.data.aws_partition.current",
            "module.vpc.aws_vpc.this"
          ],
          "create_before_destroy": true
        }
      ]
    },
    {
      "module": "module.eks",
      "mode": "managed",
      "type": "aws_iam_openid_connect_provider",
      "name": "oidc_provider",
      "provider": "provider[\"registry.terraform.io/hashicorp/aws\"]",
      "instances": [
        {
          "index_key": 0,
          "schema_version": 0,
          "attributes": {
            "arn": "arn:aws:iam::724853865853:oidc-provider/oidc.eks.us-west-2.amazonaws.com/id/E62BC5B60564EE45617CA662B24B8A8F",
            "client_id_list": [
              "sts.amazonaws.com"
            ],
            "id": "arn:aws:iam::724853865853:oidc-provider/oidc.eks.us-west-2.amazonaws.com/id/E62BC5B60564EE45617CA662B24B8A8F",
            "tags": {
              "Name": "emr-eks-karpenter-eks-irsa",
              "app": "emr-eks-karpenter"
            },
            "tags_all": {
              "Name": "emr-eks-karpenter-eks-irsa",
              "app": "emr-eks-karpenter"
            },
            "thumbprint_list": [
              "9e99a48a9960b14926bb7f3b02e22da2b0ab7280"
            ],
            "url": "oidc.eks.us-west-2.amazonaws.com/id/E62BC5B60564EE45617CA662B24B8A8F"
          },
          "sensitive_attributes": [],
          "private": "bnVsbA==",
          "dependencies": [
            "data.aws_subnets.private_subnets",
            "module.eks.aws_cloudwatch_log_group.this",
            "module.eks.aws_eks_cluster.this",
            "module.eks.aws_iam_policy.cni_ipv6_policy",
            "module.eks.aws_iam_role.this",
            "module.eks.aws_iam_role_policy_attachment.this",
            "module.eks.aws_security_group.cluster",
            "module.eks.aws_security_group.node",
            "module.eks.aws_security_group_rule.cluster",
            "module.eks.aws_security_group_rule.node",
            "module.eks.data.aws_caller_identity.current",
            "module.eks.data.aws_iam_policy_document.assume_role_policy",
            "module.eks.data.aws_iam_policy_document.cni_ipv6_policy",
            "module.eks.data.aws_iam_session_context.current",
            "module.eks.data.aws_partition.current",
            "module.eks.data.tls_certificate.this",
            "module.eks.module.kms.aws_kms_external_key.this",
            "module.eks.module.kms.aws_kms_key.this",
            "module.eks.module.kms.aws_kms_replica_external_key.this",
            "module.eks.module.kms.aws_kms_replica_key.this",
            "module.eks.module.kms.data.aws_caller_identity.current",
            "module.eks.module.kms.data.aws_iam_policy_document.this",
            "module.eks.module.kms.data.aws_partition.current",
            "module.vpc.aws_vpc.this"
          ]
        }
      ]
    },
    {
      "module": "module.eks",
      "mode": "managed",
      "type": "aws_iam_policy",
      "name": "cluster_encryption",
      "provider": "provider[\"registry.terraform.io/hashicorp/aws\"]",
      "instances": [
        {
          "index_key": 0,
          "schema_version": 0,
          "attributes": {
            "arn": "arn:aws:iam::724853865853:policy/emr-eks-karpenter-cluster-ClusterEncryption2024030806381913990000000b",
            "description": "Cluster encryption policy to allow cluster role to utilize CMK provided",
            "id": "arn:aws:iam::724853865853:policy/emr-eks-karpenter-cluster-ClusterEncryption2024030806381913990000000b",
            "name": "emr-eks-karpenter-cluster-ClusterEncryption2024030806381913990000000b",
            "name_prefix": "emr-eks-karpenter-cluster-ClusterEncryption",
            "path": "/",
            "policy": "{\"Statement\":[{\"Action\":[\"kms:Encrypt\",\"kms:Decrypt\",\"kms:ListGrants\",\"kms:DescribeKey\"],\"Effect\":\"Allow\",\"Resource\":\"arn:aws:kms:us-west-2:724853865853:key/445f9438-eb12-4f34-bddb-032ef5b31048\"}],\"Version\":\"2012-10-17\"}",
            "policy_id": "ANPA2RRFIHV6V4ZZAHFUJ",
            "tags": {
              "app": "emr-eks-karpenter"
            },
            "tags_all": {
              "app": "emr-eks-karpenter"
            }
          },
          "sensitive_attributes": [],
          "private": "bnVsbA==",
          "dependencies": [
            "module.eks.aws_iam_role.this",
            "module.eks.data.aws_caller_identity.current",
            "module.eks.data.aws_iam_policy_document.assume_role_policy",
            "module.eks.data.aws_iam_session_context.current",
            "module.eks.data.aws_partition.current",
            "module.eks.module.kms.aws_kms_external_key.this",
            "module.eks.module.kms.aws_kms_key.this",
            "module.eks.module.kms.aws_kms_replica_external_key.this",
            "module.eks.module.kms.aws_kms_replica_key.this",
            "module.eks.module.kms.data.aws_caller_identity.current",
            "module.eks.module.kms.data.aws_iam_policy_document.this",
            "module.eks.module.kms.data.aws_partition.current"
          ]
        }
      ]
    },
    {
      "module": "module.eks",
      "mode": "managed",
      "type": "aws_iam_role",
      "name": "this",
      "provider": "provider[\"registry.terraform.io/hashicorp/aws\"]",
      "instances": [
        {
          "index_key": 0,
          "schema_version": 0,
          "attributes": {
            "arn": "arn:aws:iam::724853865853:role/emr-eks-karpenter-cluster-20240308063748931500000002",
            "assume_role_policy": "{\"Statement\":[{\"Action\":\"sts:AssumeRole\",\"Effect\":\"Allow\",\"Principal\":{\"Service\":\"eks.amazonaws.com\"},\"Sid\":\"EKSClusterAssumeRole\"}],\"Version\":\"2012-10-17\"}",
            "create_date": "2024-03-08T06:37:50Z",
            "description": "",
            "force_detach_policies": true,
            "id": "emr-eks-karpenter-cluster-20240308063748931500000002",
            "inline_policy": [
              {
                "name": "emr-eks-karpenter-cluster",
                "policy": "{\"Version\":\"2012-10-17\",\"Statement\":[{\"Action\":[\"logs:CreateLogGroup\"],\"Effect\":\"Deny\",\"Resource\":\"*\"}]}"
              }
            ],
            "managed_policy_arns": [
              "arn:aws:iam::724853865853:policy/emr-eks-karpenter-cluster-ClusterEncryption2024030806381913990000000b",
              "arn:aws:iam::aws:policy/AmazonEKSClusterPolicy",
              "arn:aws:iam::aws:policy/AmazonEKSVPCResourceController"
            ],
            "max_session_duration": 3600,
            "name": "emr-eks-karpenter-cluster-20240308063748931500000002",
            "name_prefix": "emr-eks-karpenter-cluster-",
            "path": "/",
            "permissions_boundary": "",
            "tags": {
              "app": "emr-eks-karpenter"
            },
            "tags_all": {
              "app": "emr-eks-karpenter"
            },
            "unique_id": "AROA2RRFIHV64NGNLQFBC"
          },
          "sensitive_attributes": [],
          "private": "bnVsbA==",
          "dependencies": [
            "module.eks.data.aws_iam_policy_document.assume_role_policy",
            "module.eks.data.aws_partition.current"
          ],
          "create_before_destroy": true
        }
      ]
    },
    {
      "module": "module.eks",
      "mode": "managed",
      "type": "aws_iam_role_policy_attachment",
      "name": "cluster_encryption",
      "provider": "provider[\"registry.terraform.io/hashicorp/aws\"]",
      "instances": [
        {
          "index_key": 0,
          "schema_version": 0,
          "attributes": {
            "id": "emr-eks-karpenter-cluster-20240308063748931500000002-2024030806382067340000000c",
            "policy_arn": "arn:aws:iam::724853865853:policy/emr-eks-karpenter-cluster-ClusterEncryption2024030806381913990000000b",
            "role": "emr-eks-karpenter-cluster-20240308063748931500000002"
          },
          "sensitive_attributes": [],
          "private": "bnVsbA==",
          "dependencies": [
            "module.eks.aws_iam_policy.cluster_encryption",
            "module.eks.aws_iam_role.this",
            "module.eks.data.aws_caller_identity.current",
            "module.eks.data.aws_iam_policy_document.assume_role_policy",
            "module.eks.data.aws_iam_session_context.current",
            "module.eks.data.aws_partition.current",
            "module.eks.module.kms.aws_kms_external_key.this",
            "module.eks.module.kms.aws_kms_key.this",
            "module.eks.module.kms.aws_kms_replica_external_key.this",
            "module.eks.module.kms.aws_kms_replica_key.this",
            "module.eks.module.kms.data.aws_caller_identity.current",
            "module.eks.module.kms.data.aws_iam_policy_document.this",
            "module.eks.module.kms.data.aws_partition.current"
          ]
        }
      ]
    },
    {
      "module": "module.eks",
      "mode": "managed",
      "type": "aws_iam_role_policy_attachment",
      "name": "this",
      "provider": "provider[\"registry.terraform.io/hashicorp/aws\"]",
      "instances": [
        {
          "index_key": "AmazonEKSClusterPolicy",
          "schema_version": 0,
          "attributes": {
            "id": "emr-eks-karpenter-cluster-20240308063748931500000002-20240308063753057100000009",
            "policy_arn": "arn:aws:iam::aws:policy/AmazonEKSClusterPolicy",
            "role": "emr-eks-karpenter-cluster-20240308063748931500000002"
          },
          "sensitive_attributes": [],
          "private": "bnVsbA==",
          "dependencies": [
            "module.eks.aws_iam_role.this",
            "module.eks.data.aws_iam_policy_document.assume_role_policy",
            "module.eks.data.aws_partition.current"
          ],
          "create_before_destroy": true
        },
        {
          "index_key": "AmazonEKSVPCResourceController",
          "schema_version": 0,
          "attributes": {
            "id": "emr-eks-karpenter-cluster-20240308063748931500000002-2024030806375325930000000a",
            "policy_arn": "arn:aws:iam::aws:policy/AmazonEKSVPCResourceController",
            "role": "emr-eks-karpenter-cluster-20240308063748931500000002"
          },
          "sensitive_attributes": [],
          "private": "bnVsbA==",
          "dependencies": [
            "module.eks.aws_iam_role.this",
            "module.eks.data.aws_iam_policy_document.assume_role_policy",
            "module.eks.data.aws_partition.current"
          ],
          "create_before_destroy": true
        }
      ]
    },
    {
      "module": "module.eks",
      "mode": "managed",
      "type": "aws_security_group",
      "name": "cluster",
      "provider": "provider[\"registry.terraform.io/hashicorp/aws\"]",
      "instances": [
        {
          "index_key": 0,
          "schema_version": 1,
          "attributes": {
            "arn": "arn:aws:ec2:us-west-2:724853865853:security-group/sg-0042c29114262c9cd",
            "description": "EKS cluster security group",
            "egress": [],
            "id": "sg-0042c29114262c9cd",
            "ingress": [
              {
                "cidr_blocks": [],
                "description": "Node groups to cluster API",
                "from_port": 443,
                "ipv6_cidr_blocks": [],
                "prefix_list_ids": [],
                "protocol": "tcp",
                "security_groups": [
                  "sg-0c163279c6491e374"
                ],
                "self": false,
                "to_port": 443
              },
              {
                "cidr_blocks": [],
                "description": "Nodes on ephemeral ports",
                "from_port": 1025,
                "ipv6_cidr_blocks": [],
                "prefix_list_ids": [],
                "protocol": "tcp",
                "security_groups": [
                  "sg-0c163279c6491e374"
                ],
                "self": false,
                "to_port": 65535
              }
            ],
            "name": "emr-eks-karpenter-cluster-20240308063748931000000001",
            "name_prefix": "emr-eks-karpenter-cluster-",
            "owner_id": "724853865853",
            "revoke_rules_on_delete": false,
            "tags": {
              "Name": "emr-eks-karpenter-cluster",
              "app": "emr-eks-karpenter"
            },
            "tags_all": {
              "Name": "emr-eks-karpenter-cluster",
              "app": "emr-eks-karpenter"
            },
            "timeouts": null,
            "vpc_id": "vpc-06933d905386b98a8"
          },
          "sensitive_attributes": [],
          "private": "eyJlMmJmYjczMC1lY2FhLTExZTYtOGY4OC0zNDM2M2JjN2M0YzAiOnsiY3JlYXRlIjo2MDAwMDAwMDAwMDAsImRlbGV0ZSI6OTAwMDAwMDAwMDAwfSwic2NoZW1hX3ZlcnNpb24iOiIxIn0=",
          "dependencies": [
            "module.vpc.aws_vpc.this"
          ],
          "create_before_destroy": true
        }
      ]
    },
    {
      "module": "module.eks",
      "mode": "managed",
      "type": "aws_security_group",
      "name": "node",
      "provider": "provider[\"registry.terraform.io/hashicorp/aws\"]",
      "instances": [
        {
          "index_key": 0,
          "schema_version": 1,
          "attributes": {
            "arn": "arn:aws:ec2:us-west-2:724853865853:security-group/sg-0c163279c6491e374",
            "description": "EKS node shared security group",
            "egress": [
              {
                "cidr_blocks": [
                  "0.0.0.0/0"
                ],
                "description": "Allow all egress",
                "from_port": 0,
                "ipv6_cidr_blocks": [],
                "prefix_list_ids": [],
                "protocol": "-1",
                "security_groups": [],
                "self": false,
                "to_port": 0
              }
            ],
            "id": "sg-0c163279c6491e374",
            "ingress": [
              {
                "cidr_blocks": [],
                "description": "Cluster API to node 4443/tcp webhook",
                "from_port": 4443,
                "ipv6_cidr_blocks": [],
                "prefix_list_ids": [],
                "protocol": "tcp",
                "security_groups": [
                  "sg-0042c29114262c9cd"
                ],
                "self": false,
                "to_port": 4443
              },
              {
                "cidr_blocks": [],
                "description": "Cluster API to node 6443/tcp webhook",
                "from_port": 6443,
                "ipv6_cidr_blocks": [],
                "prefix_list_ids": [],
                "protocol": "tcp",
                "security_groups": [
                  "sg-0042c29114262c9cd"
                ],
                "self": false,
                "to_port": 6443
              },
              {
                "cidr_blocks": [],
                "description": "Cluster API to node 8443/tcp webhook",
                "from_port": 8443,
                "ipv6_cidr_blocks": [],
                "prefix_list_ids": [],
                "protocol": "tcp",
                "security_groups": [
                  "sg-0042c29114262c9cd"
                ],
                "self": false,
                "to_port": 8443
              },
              {
                "cidr_blocks": [],
                "description": "Cluster API to node 9443/tcp webhook",
                "from_port": 9443,
                "ipv6_cidr_blocks": [],
                "prefix_list_ids": [],
                "protocol": "tcp",
                "security_groups": [
                  "sg-0042c29114262c9cd"
                ],
                "self": false,
                "to_port": 9443
              },
              {
                "cidr_blocks": [],
                "description": "Cluster API to node groups",
                "from_port": 443,
                "ipv6_cidr_blocks": [],
                "prefix_list_ids": [],
                "protocol": "tcp",
                "security_groups": [
                  "sg-0042c29114262c9cd"
                ],
                "self": false,
                "to_port": 443
              },
              {
                "cidr_blocks": [],
                "description": "Cluster API to node kubelets",
                "from_port": 10250,
                "ipv6_cidr_blocks": [],
                "prefix_list_ids": [],
                "protocol": "tcp",
                "security_groups": [
                  "sg-0042c29114262c9cd"
                ],
                "self": false,
                "to_port": 10250
              },
              {
                "cidr_blocks": [],
                "description": "Node to node CoreDNS UDP",
                "from_port": 53,
                "ipv6_cidr_blocks": [],
                "prefix_list_ids": [],
                "protocol": "udp",
                "security_groups": [],
                "self": true,
                "to_port": 53
              },
              {
                "cidr_blocks": [],
                "description": "Node to node CoreDNS",
                "from_port": 53,
                "ipv6_cidr_blocks": [],
                "prefix_list_ids": [],
                "protocol": "tcp",
                "security_groups": [],
                "self": true,
                "to_port": 53
              },
              {
                "cidr_blocks": [],
                "description": "Node to node all ports/protocols",
                "from_port": 0,
                "ipv6_cidr_blocks": [],
                "prefix_list_ids": [],
                "protocol": "-1",
                "security_groups": [],
                "self": true,
                "to_port": 0
              },
              {
                "cidr_blocks": [],
                "description": "Node to node ingress on ephemeral ports",
                "from_port": 1025,
                "ipv6_cidr_blocks": [],
                "prefix_list_ids": [],
                "protocol": "tcp",
                "security_groups": [],
                "self": true,
                "to_port": 65535
              }
            ],
            "name": "emr-eks-karpenter-node-20240308063748931800000004",
            "name_prefix": "emr-eks-karpenter-node-",
            "owner_id": "724853865853",
            "revoke_rules_on_delete": false,
            "tags": {
              "Name": "emr-eks-karpenter-node",
              "app": "emr-eks-karpenter",
              "kubernetes.io/cluster/emr-eks-karpenter": "owned"
            },
            "tags_all": {
              "Name": "emr-eks-karpenter-node",
              "app": "emr-eks-karpenter",
              "kubernetes.io/cluster/emr-eks-karpenter": "owned"
            },
            "timeouts": null,
            "vpc_id": "vpc-06933d905386b98a8"
          },
          "sensitive_attributes": [],
          "private": "eyJlMmJmYjczMC1lY2FhLTExZTYtOGY4OC0zNDM2M2JjN2M0YzAiOnsiY3JlYXRlIjo2MDAwMDAwMDAwMDAsImRlbGV0ZSI6OTAwMDAwMDAwMDAwfSwic2NoZW1hX3ZlcnNpb24iOiIxIn0=",
          "dependencies": [
            "module.vpc.aws_vpc.this"
          ],
          "create_before_destroy": true
        }
      ]
    },
    {
      "module": "module.eks",
      "mode": "managed",
      "type": "aws_security_group_rule",
      "name": "cluster",
      "provider": "provider[\"registry.terraform.io/hashicorp/aws\"]",
      "instances": [
        {
          "index_key": "ingress_nodes_443",
          "schema_version": 2,
          "attributes": {
            "cidr_blocks": null,
            "description": "Node groups to cluster API",
            "from_port": 443,
            "id": "sgrule-2212150703",
            "ipv6_cidr_blocks": null,
            "prefix_list_ids": null,
            "protocol": "tcp",
            "security_group_id": "sg-0042c29114262c9cd",
            "security_group_rule_id": "sgr-09b44efb1990e4566",
            "self": false,
            "source_security_group_id": "sg-0c163279c6491e374",
            "timeouts": null,
            "to_port": 443,
            "type": "ingress"
          },
          "sensitive_attributes": [],
          "private": "eyJlMmJmYjczMC1lY2FhLTExZTYtOGY4OC0zNDM2M2JjN2M0YzAiOnsiY3JlYXRlIjozMDAwMDAwMDAwMDB9LCJzY2hlbWFfdmVyc2lvbiI6IjIifQ==",
          "dependencies": [
            "module.eks.aws_security_group.cluster",
            "module.eks.aws_security_group.node",
            "module.vpc.aws_vpc.this"
          ],
          "create_before_destroy": true
        },
        {
          "index_key": "ingress_nodes_ephemeral_ports_tcp",
          "schema_version": 2,
          "attributes": {
            "cidr_blocks": null,
            "description": "Nodes on ephemeral ports",
            "from_port": 1025,
            "id": "sgrule-4019599177",
            "ipv6_cidr_blocks": null,
            "prefix_list_ids": null,
            "protocol": "tcp",
            "security_group_id": "sg-0042c29114262c9cd",
            "security_group_rule_id": "sgr-0b131deb8fc8cce67",
            "self": false,
            "source_security_group_id": "sg-0c163279c6491e374",
            "timeouts": null,
            "to_port": 65535,
            "type": "ingress"
          },
          "sensitive_attributes": [],
          "private": "eyJlMmJmYjczMC1lY2FhLTExZTYtOGY4OC0zNDM2M2JjN2M0YzAiOnsiY3JlYXRlIjozMDAwMDAwMDAwMDB9LCJzY2hlbWFfdmVyc2lvbiI6IjIifQ==",
          "dependencies": [
            "module.eks.aws_security_group.cluster",
            "module.eks.aws_security_group.node",
            "module.vpc.aws_vpc.this"
          ],
          "create_before_destroy": true
        }
      ]
    },
    {
      "module": "module.eks",
      "mode": "managed",
      "type": "aws_security_group_rule",
      "name": "node",
      "provider": "provider[\"registry.terraform.io/hashicorp/aws\"]",
      "instances": [
        {
          "index_key": "egress_all",
          "schema_version": 2,
          "attributes": {
            "cidr_blocks": [
              "0.0.0.0/0"
            ],
            "description": "Allow all egress",
            "from_port": 0,
            "id": "sgrule-2696947710",
            "ipv6_cidr_blocks": null,
            "prefix_list_ids": [],
            "protocol": "-1",
            "security_group_id": "sg-0c163279c6491e374",
            "security_group_rule_id": "sgr-04259006682a09269",
            "self": false,
            "source_security_group_id": null,
            "timeouts": null,
            "to_port": 0,
            "type": "egress"
          },
          "sensitive_attributes": [],
          "private": "eyJlMmJmYjczMC1lY2FhLTExZTYtOGY4OC0zNDM2M2JjN2M0YzAiOnsiY3JlYXRlIjozMDAwMDAwMDAwMDB9LCJzY2hlbWFfdmVyc2lvbiI6IjIifQ==",
          "dependencies": [
            "module.eks.aws_security_group.cluster",
            "module.eks.aws_security_group.node",
            "module.vpc.aws_vpc.this"
          ],
          "create_before_destroy": true
        },
        {
          "index_key": "ingress_cluster_443",
          "schema_version": 2,
          "attributes": {
            "cidr_blocks": null,
            "description": "Cluster API to node groups",
            "from_port": 443,
            "id": "sgrule-26460141",
            "ipv6_cidr_blocks": null,
            "prefix_list_ids": [],
            "protocol": "tcp",
            "security_group_id": "sg-0c163279c6491e374",
            "security_group_rule_id": "sgr-06846cf65d3cfe8ed",
            "self": false,
            "source_security_group_id": "sg-0042c29114262c9cd",
            "timeouts": null,
            "to_port": 443,
            "type": "ingress"
          },
          "sensitive_attributes": [],
          "private": "eyJlMmJmYjczMC1lY2FhLTExZTYtOGY4OC0zNDM2M2JjN2M0YzAiOnsiY3JlYXRlIjozMDAwMDAwMDAwMDB9LCJzY2hlbWFfdmVyc2lvbiI6IjIifQ==",
          "dependencies": [
            "module.eks.aws_security_group.cluster",
            "module.eks.aws_security_group.node",
            "module.vpc.aws_vpc.this"
          ],
          "create_before_destroy": true
        },
        {
          "index_key": "ingress_cluster_4443_webhook",
          "schema_version": 2,
          "attributes": {
            "cidr_blocks": null,
            "description": "Cluster API to node 4443/tcp webhook",
            "from_port": 4443,
            "id": "sgrule-3841798811",
            "ipv6_cidr_blocks": null,
            "prefix_list_ids": [],
            "protocol": "tcp",
            "security_group_id": "sg-0c163279c6491e374",
            "security_group_rule_id": "sgr-0023801626dc4182b",
            "self": false,
            "source_security_group_id": "sg-0042c29114262c9cd",
            "timeouts": null,
            "to_port": 4443,
            "type": "ingress"
          },
          "sensitive_attributes": [],
          "private": "eyJlMmJmYjczMC1lY2FhLTExZTYtOGY4OC0zNDM2M2JjN2M0YzAiOnsiY3JlYXRlIjozMDAwMDAwMDAwMDB9LCJzY2hlbWFfdmVyc2lvbiI6IjIifQ==",
          "dependencies": [
            "module.eks.aws_security_group.cluster",
            "module.eks.aws_security_group.node",
            "module.vpc.aws_vpc.this"
          ],
          "create_before_destroy": true
        },
        {
          "index_key": "ingress_cluster_6443_webhook",
          "schema_version": 2,
          "attributes": {
            "cidr_blocks": null,
            "description": "Cluster API to node 6443/tcp webhook",
            "from_port": 6443,
            "id": "sgrule-767513869",
            "ipv6_cidr_blocks": null,
            "prefix_list_ids": [],
            "protocol": "tcp",
            "security_group_id": "sg-0c163279c6491e374",
            "security_group_rule_id": "sgr-0b02d6a4799339cf5",
            "self": false,
            "source_security_group_id": "sg-0042c29114262c9cd",
            "timeouts": null,
            "to_port": 6443,
            "type": "ingress"
          },
          "sensitive_attributes": [],
          "private": "eyJlMmJmYjczMC1lY2FhLTExZTYtOGY4OC0zNDM2M2JjN2M0YzAiOnsiY3JlYXRlIjozMDAwMDAwMDAwMDB9LCJzY2hlbWFfdmVyc2lvbiI6IjIifQ==",
          "dependencies": [
            "module.eks.aws_security_group.cluster",
            "module.eks.aws_security_group.node",
            "module.vpc.aws_vpc.this"
          ],
          "create_before_destroy": true
        },
        {
          "index_key": "ingress_cluster_8443_webhook",
          "schema_version": 2,
          "attributes": {
            "cidr_blocks": null,
            "description": "Cluster API to node 8443/tcp webhook",
            "from_port": 8443,
            "id": "sgrule-1055090988",
            "ipv6_cidr_blocks": null,
            "prefix_list_ids": [],
            "protocol": "tcp",
            "security_group_id": "sg-0c163279c6491e374",
            "security_group_rule_id": "sgr-0933a0a527bdd328c",
            "self": false,
            "source_security_group_id": "sg-0042c29114262c9cd",
            "timeouts": null,
            "to_port": 8443,
            "type": "ingress"
          },
          "sensitive_attributes": [],
          "private": "eyJlMmJmYjczMC1lY2FhLTExZTYtOGY4OC0zNDM2M2JjN2M0YzAiOnsiY3JlYXRlIjozMDAwMDAwMDAwMDB9LCJzY2hlbWFfdmVyc2lvbiI6IjIifQ==",
          "dependencies": [
            "module.eks.aws_security_group.cluster",
            "module.eks.aws_security_group.node",
            "module.vpc.aws_vpc.this"
          ],
          "create_before_destroy": true
        },
        {
          "index_key": "ingress_cluster_9443_webhook",
          "schema_version": 2,
          "attributes": {
            "cidr_blocks": null,
            "description": "Cluster API to node 9443/tcp webhook",
            "from_port": 9443,
            "id": "sgrule-1514298087",
            "ipv6_cidr_blocks": null,
            "prefix_list_ids": [],
            "protocol": "tcp",
            "security_group_id": "sg-0c163279c6491e374",
            "security_group_rule_id": "sgr-06a0defd0540df09a",
            "self": false,
            "source_security_group_id": "sg-0042c29114262c9cd",
            "timeouts": null,
            "to_port": 9443,
            "type": "ingress"
          },
          "sensitive_attributes": [],
          "private": "eyJlMmJmYjczMC1lY2FhLTExZTYtOGY4OC0zNDM2M2JjN2M0YzAiOnsiY3JlYXRlIjozMDAwMDAwMDAwMDB9LCJzY2hlbWFfdmVyc2lvbiI6IjIifQ==",
          "dependencies": [
            "module.eks.aws_security_group.cluster",
            "module.eks.aws_security_group.node",
            "module.vpc.aws_vpc.this"
          ],
          "create_before_destroy": true
        },
        {
          "index_key": "ingress_cluster_kubelet",
          "schema_version": 2,
          "attributes": {
            "cidr_blocks": null,
            "description": "Cluster API to node kubelets",
            "from_port": 10250,
            "id": "sgrule-3052872086",
            "ipv6_cidr_blocks": null,
            "prefix_list_ids": [],
            "protocol": "tcp",
            "security_group_id": "sg-0c163279c6491e374",
            "security_group_rule_id": "sgr-0e3557a0eb67c2a02",
            "self": false,
            "source_security_group_id": "sg-0042c29114262c9cd",
            "timeouts": null,
            "to_port": 10250,
            "type": "ingress"
          },
          "sensitive_attributes": [],
          "private": "eyJlMmJmYjczMC1lY2FhLTExZTYtOGY4OC0zNDM2M2JjN2M0YzAiOnsiY3JlYXRlIjozMDAwMDAwMDAwMDB9LCJzY2hlbWFfdmVyc2lvbiI6IjIifQ==",
          "dependencies": [
            "module.eks.aws_security_group.cluster",
            "module.eks.aws_security_group.node",
            "module.vpc.aws_vpc.this"
          ],
          "create_before_destroy": true
        },
        {
          "index_key": "ingress_nodes_ephemeral",
          "schema_version": 2,
          "attributes": {
            "cidr_blocks": null,
            "description": "Node to node ingress on ephemeral ports",
            "from_port": 1025,
            "id": "sgrule-3563525067",
            "ipv6_cidr_blocks": null,
            "prefix_list_ids": [],
            "protocol": "tcp",
            "security_group_id": "sg-0c163279c6491e374",
            "security_group_rule_id": "sgr-002a1d2253fe88844",
            "self": true,
            "source_security_group_id": null,
            "timeouts": null,
            "to_port": 65535,
            "type": "ingress"
          },
          "sensitive_attributes": [],
          "private": "eyJlMmJmYjczMC1lY2FhLTExZTYtOGY4OC0zNDM2M2JjN2M0YzAiOnsiY3JlYXRlIjozMDAwMDAwMDAwMDB9LCJzY2hlbWFfdmVyc2lvbiI6IjIifQ==",
          "dependencies": [
            "module.eks.aws_security_group.cluster",
            "module.eks.aws_security_group.node",
            "module.vpc.aws_vpc.this"
          ],
          "create_before_destroy": true
        },
        {
          "index_key": "ingress_self_all",
          "schema_version": 2,
          "attributes": {
            "cidr_blocks": null,
            "description": "Node to node all ports/protocols",
            "from_port": 0,
            "id": "sgrule-981438497",
            "ipv6_cidr_blocks": null,
            "prefix_list_ids": [],
            "protocol": "-1",
            "security_group_id": "sg-0c163279c6491e374",
            "security_group_rule_id": "sgr-04ff14d5c25308dc1",
            "self": true,
            "source_security_group_id": null,
            "timeouts": null,
            "to_port": 0,
            "type": "ingress"
          },
          "sensitive_attributes": [],
          "private": "eyJlMmJmYjczMC1lY2FhLTExZTYtOGY4OC0zNDM2M2JjN2M0YzAiOnsiY3JlYXRlIjozMDAwMDAwMDAwMDB9LCJzY2hlbWFfdmVyc2lvbiI6IjIifQ==",
          "dependencies": [
            "module.eks.aws_security_group.cluster",
            "module.eks.aws_security_group.node",
            "module.vpc.aws_vpc.this"
          ],
          "create_before_destroy": true
        },
        {
          "index_key": "ingress_self_coredns_tcp",
          "schema_version": 2,
          "attributes": {
            "cidr_blocks": null,
            "description": "Node to node CoreDNS",
            "from_port": 53,
            "id": "sgrule-2273028196",
            "ipv6_cidr_blocks": null,
            "prefix_list_ids": [],
            "protocol": "tcp",
            "security_group_id": "sg-0c163279c6491e374",
            "security_group_rule_id": "sgr-08c91ae11eb1f6084",
            "self": true,
            "source_security_group_id": null,
            "timeouts": null,
            "to_port": 53,
            "type": "ingress"
          },
          "sensitive_attributes": [],
          "private": "eyJlMmJmYjczMC1lY2FhLTExZTYtOGY4OC0zNDM2M2JjN2M0YzAiOnsiY3JlYXRlIjozMDAwMDAwMDAwMDB9LCJzY2hlbWFfdmVyc2lvbiI6IjIifQ==",
          "dependencies": [
            "module.eks.aws_security_group.cluster",
            "module.eks.aws_security_group.node",
            "module.vpc.aws_vpc.this"
          ],
          "create_before_destroy": true
        },
        {
          "index_key": "ingress_self_coredns_udp",
          "schema_version": 2,
          "attributes": {
            "cidr_blocks": null,
            "description": "Node to node CoreDNS UDP",
            "from_port": 53,
            "id": "sgrule-589564811",
            "ipv6_cidr_blocks": null,
            "prefix_list_ids": [],
            "protocol": "udp",
            "security_group_id": "sg-0c163279c6491e374",
            "security_group_rule_id": "sgr-0a844a773213949c4",
            "self": true,
            "source_security_group_id": null,
            "timeouts": null,
            "to_port": 53,
            "type": "ingress"
          },
          "sensitive_attributes": [],
          "private": "eyJlMmJmYjczMC1lY2FhLTExZTYtOGY4OC0zNDM2M2JjN2M0YzAiOnsiY3JlYXRlIjozMDAwMDAwMDAwMDB9LCJzY2hlbWFfdmVyc2lvbiI6IjIifQ==",
          "dependencies": [
            "module.eks.aws_security_group.cluster",
            "module.eks.aws_security_group.node",
            "module.vpc.aws_vpc.this"
          ],
          "create_before_destroy": true
        }
      ]
    },
    {
      "module": "module.eks",
      "mode": "managed",
      "type": "kubernetes_config_map_v1_data",
      "name": "aws_auth",
      "provider": "provider[\"registry.terraform.io/hashicorp/kubernetes\"]",
      "instances": [
        {
          "index_key": 0,
          "schema_version": 0,
          "attributes": {
            "data": {
              "mapAccounts": "[]\n",
              "mapRoles": "- \"groups\":\n  - \"system:bootstrappers\"\n  - \"system:nodes\"\n  \"rolearn\": \"arn:aws:iam::724853865853:role/core-node-group-eks-node-group-20240308063748931500000003\"\n  \"username\": \"system:node:{{EC2PrivateDNSName}}\"\n- \"groups\": []\n  \"rolearn\": \"arn:aws:iam::724853865853:role/AWSServiceRoleForAmazonEMRContainers\"\n  \"username\": \"emr-containers\"\n- \"groups\":\n  - \"system:bootstrappers\"\n  - \"system:nodes\"\n  \"rolearn\": \"arn:aws:iam::724853865853:role/emr-eks-karpenter-karpenter-node\"\n  \"username\": \"system:node:{{EC2PrivateDNSName}}\"\n",
              "mapUsers": "[]\n"
            },
            "field_manager": "Terraform",
            "force": true,
            "id": "kube-system/aws-auth",
            "metadata": [
              {
                "name": "aws-auth",
                "namespace": "kube-system"
              }
            ]
          },
          "sensitive_attributes": [],
          "private": "bnVsbA==",
          "dependencies": [
            "data.aws_caller_identity.current",
            "data.aws_ecrpublic_authorization_token.token",
            "data.aws_eks_cluster_auth.this",
            "data.aws_subnets.private_subnets",
            "module.eks.aws_cloudwatch_log_group.this",
            "module.eks.aws_eks_cluster.this",
            "module.eks.aws_iam_openid_connect_provider.oidc_provider",
            "module.eks.aws_iam_policy.cni_ipv6_policy",
            "module.eks.aws_iam_role.this",
            "module.eks.aws_iam_role_policy_attachment.this",
            "module.eks.aws_security_group.cluster",
            "module.eks.aws_security_group.node",
            "module.eks.aws_security_group_rule.cluster",
            "module.eks.aws_security_group_rule.node",
            "module.eks.data.aws_caller_identity.current",
            "module.eks.data.aws_iam_policy_document.assume_role_policy",
            "module.eks.data.aws_iam_policy_document.cni_ipv6_policy",
            "module.eks.data.aws_iam_session_context.current",
            "module.eks.data.aws_partition.current",
            "module.eks.data.tls_certificate.this",
            "module.eks.kubernetes_config_map.aws_auth",
            "module.eks.module.eks_managed_node_group.aws_autoscaling_schedule.this",
            "module.eks.module.eks_managed_node_group.aws_eks_node_group.this",
            "module.eks.module.eks_managed_node_group.aws_iam_role.this",
            "module.eks.module.eks_managed_node_group.aws_iam_role_policy_attachment.additional",
            "module.eks.module.eks_managed_node_group.aws_iam_role_policy_attachment.this",
            "module.eks.module.eks_managed_node_group.aws_launch_template.this",
            "module.eks.module.eks_managed_node_group.data.aws_caller_identity.current",
            "module.eks.module.eks_managed_node_group.data.aws_iam_policy_document.assume_role_policy",
            "module.eks.module.eks_managed_node_group.data.aws_partition.current",
            "module.eks.module.eks_managed_node_group.module.user_data.data.cloudinit_config.linux_eks_managed_node_group",
            "module.eks.module.fargate_profile.aws_eks_fargate_profile.this",
            "module.eks.module.fargate_profile.aws_iam_role.this",
            "module.eks.module.fargate_profile.aws_iam_role_policy_attachment.additional",
            "module.eks.module.fargate_profile.aws_iam_role_policy_attachment.this",
            "module.eks.module.fargate_profile.data.aws_caller_identity.current",
            "module.eks.module.fargate_profile.data.aws_iam_policy_document.assume_role_policy",
            "module.eks.module.fargate_profile.data.aws_partition.current",
            "module.eks.module.kms.aws_kms_external_key.this",
            "module.eks.module.kms.aws_kms_key.this",
            "module.eks.module.kms.aws_kms_replica_external_key.this",
            "module.eks.module.kms.aws_kms_replica_key.this",
            "module.eks.module.kms.data.aws_caller_identity.current",
            "module.eks.module.kms.data.aws_iam_policy_document.this",
            "module.eks.module.kms.data.aws_partition.current",
            "module.eks.module.self_managed_node_group.aws_autoscaling_group.this",
            "module.eks.module.self_managed_node_group.aws_autoscaling_schedule.this",
            "module.eks.module.self_managed_node_group.aws_iam_instance_profile.this",
            "module.eks.module.self_managed_node_group.aws_iam_role.this",
            "module.eks.module.self_managed_node_group.aws_iam_role_policy_attachment.additional",
            "module.eks.module.self_managed_node_group.aws_iam_role_policy_attachment.this",
            "module.eks.module.self_managed_node_group.aws_launch_template.this",
            "module.eks.module.self_managed_node_group.data.aws_ami.eks_default",
            "module.eks.module.self_managed_node_group.data.aws_caller_identity.current",
            "module.eks.module.self_managed_node_group.data.aws_iam_policy_document.assume_role_policy",
            "module.eks.module.self_managed_node_group.data.aws_partition.current",
            "module.eks.module.self_managed_node_group.module.user_data.data.cloudinit_config.linux_eks_managed_node_group",
            "module.eks.time_sleep.this",
            "module.eks_blueprints_addons.aws_iam_instance_profile.karpenter",
            "module.eks_blueprints_addons.aws_iam_role.karpenter",
            "module.eks_blueprints_addons.data.aws_caller_identity.current",
            "module.eks_blueprints_addons.data.aws_iam_policy_document.karpenter",
            "module.eks_blueprints_addons.data.aws_iam_policy_document.karpenter_assume_role",
            "module.eks_blueprints_addons.data.aws_partition.current",
            "module.eks_blueprints_addons.data.aws_region.current",
            "module.eks_blueprints_addons.module.karpenter.aws_iam_policy.this",
            "module.eks_blueprints_addons.module.karpenter.aws_iam_role.this",
            "module.eks_blueprints_addons.module.karpenter.aws_iam_role_policy_attachment.additional",
            "module.eks_blueprints_addons.module.karpenter.aws_iam_role_policy_attachment.this",
            "module.eks_blueprints_addons.module.karpenter.data.aws_caller_identity.current",
            "module.eks_blueprints_addons.module.karpenter.data.aws_iam_policy_document.assume",
            "module.eks_blueprints_addons.module.karpenter.data.aws_iam_policy_document.this",
            "module.eks_blueprints_addons.module.karpenter.data.aws_partition.current",
            "module.eks_blueprints_addons.module.karpenter.helm_release.this",
            "module.eks_blueprints_addons.module.karpenter_sqs.aws_sqs_queue.dlq",
            "module.eks_blueprints_addons.module.karpenter_sqs.aws_sqs_queue.this",
            "module.eks_blueprints_addons.module.karpenter_sqs.aws_sqs_queue_policy.dlq",
            "module.eks_blueprints_addons.module.karpenter_sqs.aws_sqs_queue_policy.this",
            "module.eks_blueprints_addons.module.karpenter_sqs.aws_sqs_queue_redrive_allow_policy.dlq",
            "module.eks_blueprints_addons.module.karpenter_sqs.aws_sqs_queue_redrive_allow_policy.this",
            "module.eks_blueprints_addons.module.karpenter_sqs.aws_sqs_queue_redrive_policy.dlq",
            "module.eks_blueprints_addons.module.karpenter_sqs.aws_sqs_queue_redrive_policy.this",
            "module.eks_blueprints_addons.module.karpenter_sqs.data.aws_iam_policy_document.dlq",
            "module.eks_blueprints_addons.module.karpenter_sqs.data.aws_iam_policy_document.this",
            "module.eks_blueprints_addons.time_sleep.this",
            "module.vpc.aws_vpc.this"
          ]
        }
      ]
    },
    {
      "module": "module.eks",
      "mode": "managed",
      "type": "time_sleep",
      "name": "this",
      "provider": "provider[\"registry.terraform.io/hashicorp/time\"]",
      "instances": [
        {
          "index_key": 0,
          "schema_version": 0,
          "attributes": {
            "create_duration": "30s",
            "destroy_duration": null,
            "id": "2024-03-08T06:46:44Z",
            "triggers": {
              "cluster_certificate_authority_data": "LS0tLS1CRUdJTiBDRVJUSUZJQ0FURS0tLS0tCk1JSURCVENDQWUyZ0F3SUJBZ0lJWExEcUJzWWFtQTR3RFFZSktvWklodmNOQVFFTEJRQXdGVEVUTUJFR0ExVUUKQXhNS2EzVmlaWEp1WlhSbGN6QWVGdzB5TkRBek1EZ3dOak0zTWpsYUZ3MHpOREF6TURZd05qUXlNamxhTUJVeApFekFSQmdOVkJBTVRDbXQxWW1WeWJtVjBaWE13Z2dFaU1BMEdDU3FHU0liM0RRRUJBUVVBQTRJQkR3QXdnZ0VLCkFvSUJBUUMvVU8wK2NTU2tvbUx6Mnd0Z0tBVnFNaDJ4YVZqQUVUMDZxdlpTOEEyZVBLOUhudnYrNU96dXVmOHUKMUhoUExCYTlqMDlrZDVtWm5OSS9kaGNiMjArRWZyNGU4dTMxbHZzeTNqYkpuWGNsQ1FSWkVYT2xuRjFqSTM4RApoQ3JoUXlJNTF2QklBYWJsM3oyVU1KRHhzVTdEaWRCQnNvSitnMUJHejRod1dEeTY1NXVlYURidWxyK293OGtmCmJDN1ZZbFZkMHZuNUt4ejRDRSs3eXlJTWtqWTBzKzdiQW9kWk5VQzZHU1pCYlprSmhZMHF1N0pzaWJ6TERWa1gKMXozc3k0ZWJFZDc1aStQTXA5Ni9Pam0rbktuKzF1TEZ0NUc4cG9sNzlIaWdySHUxTG54Rkpvb1RSd2NoN3RsegpUdVc3b1B4bFZ3ZXBDUmp0L2wwMTFOWGgxemJ6QWdNQkFBR2pXVEJYTUE0R0ExVWREd0VCL3dRRUF3SUNwREFQCkJnTlZIUk1CQWY4RUJUQURBUUgvTUIwR0ExVWREZ1FXQkJRazJvSGpjQ2RDb2F4R0QwNktqZHVDc3JIVUd6QVYKQmdOVkhSRUVEakFNZ2dwcmRXSmxjbTVsZEdWek1BMEdDU3FHU0liM0RRRUJDd1VBQTRJQkFRQis5eUdva1F3YwpxcHR0UXg1bFBzT2doUjZyVmpTakV4NjNvL2hTdTBSR2RVTlNDdUxSbDFWcmlrbHhRQ01HalJKYjQwb3pTRTBoCnF2dU9vdHdPTlpMQmpCNXlDL0JSOXYvS1JiTzRsWHp5d1R6UlFuSWV5ckpFMzF0SC9tamQwaGJTamdaWW5GQ0MKS3VQVnNRWnhnVzFLQnFMYWIveEVDbkh5aEtzdFdCcFlvWUJhYzZDMTJDY1B5Tkg3dSt1a280TE1uVjgzaEZLQQpoS0xnSDhjYjJuMkdncVRXZnhiS0xnclNSc1dtZytNSzRnUjVJYW1RYUZDbngxWE8wMjdNTnptNlRVbEZYNVFBCm9NNjdiTVowUy80aXJNRE5XSEZRMG51cjFtc3RBN0l1bDRXRlJxQkxac0lOMGp2MCs0ODZBS3NDSFhaUGoxNTEKWXc4ZGlnSWZNNkgxCi0tLS0tRU5EIENFUlRJRklDQVRFLS0tLS0K",
              "cluster_endpoint": "https://E62BC5B60564EE45617CA662B24B8A8F.gr7.us-west-2.eks.amazonaws.com",
              "cluster_name": "emr-eks-karpenter",
              "cluster_version": "1.28"
            }
          },
          "sensitive_attributes": [],
          "dependencies": [
            "data.aws_subnets.private_subnets",
            "module.eks.aws_cloudwatch_log_group.this",
            "module.eks.aws_eks_cluster.this",
            "module.eks.aws_iam_policy.cni_ipv6_policy",
            "module.eks.aws_iam_role.this",
            "module.eks.aws_iam_role_policy_attachment.this",
            "module.eks.aws_security_group.cluster",
            "module.eks.aws_security_group.node",
            "module.eks.aws_security_group_rule.cluster",
            "module.eks.aws_security_group_rule.node",
            "module.eks.data.aws_caller_identity.current",
            "module.eks.data.aws_iam_policy_document.assume_role_policy",
            "module.eks.data.aws_iam_policy_document.cni_ipv6_policy",
            "module.eks.data.aws_iam_session_context.current",
            "module.eks.data.aws_partition.current",
            "module.eks.module.kms.aws_kms_external_key.this",
            "module.eks.module.kms.aws_kms_key.this",
            "module.eks.module.kms.aws_kms_replica_external_key.this",
            "module.eks.module.kms.aws_kms_replica_key.this",
            "module.eks.module.kms.data.aws_caller_identity.current",
            "module.eks.module.kms.data.aws_iam_policy_document.this",
            "module.eks.module.kms.data.aws_partition.current",
            "module.vpc.aws_vpc.this"
          ],
          "create_before_destroy": true
        }
      ]
    },
    {
      "module": "module.eks.module.eks_managed_node_group[\"core_node_group\"]",
      "mode": "data",
      "type": "aws_caller_identity",
      "name": "current",
      "provider": "provider[\"registry.terraform.io/hashicorp/aws\"]",
      "instances": [
        {
          "schema_version": 0,
          "attributes": {
            "account_id": "724853865853",
            "arn": "arn:aws:iam::724853865853:user/dongdong",
            "id": "724853865853",
            "user_id": "AIDA2RRFIHV62ZOURQUK5"
          },
          "sensitive_attributes": []
        }
      ]
    },
    {
      "module": "module.eks.module.eks_managed_node_group[\"core_node_group\"]",
      "mode": "data",
      "type": "aws_iam_policy_document",
      "name": "assume_role_policy",
      "provider": "provider[\"registry.terraform.io/hashicorp/aws\"]",
      "instances": [
        {
          "index_key": 0,
          "schema_version": 0,
          "attributes": {
            "id": "2560088296",
            "json": "{\n  \"Version\": \"2012-10-17\",\n  \"Statement\": [\n    {\n      \"Sid\": \"EKSNodeAssumeRole\",\n      \"Effect\": \"Allow\",\n      \"Action\": \"sts:AssumeRole\",\n      \"Principal\": {\n        \"Service\": \"ec2.amazonaws.com\"\n      }\n    }\n  ]\n}",
            "override_policy_documents": null,
            "policy_id": null,
            "source_policy_documents": null,
            "statement": [
              {
                "actions": [
                  "sts:AssumeRole"
                ],
                "condition": [],
                "effect": "Allow",
                "not_actions": [],
                "not_principals": [],
                "not_resources": [],
                "principals": [
                  {
                    "identifiers": [
                      "ec2.amazonaws.com"
                    ],
                    "type": "Service"
                  }
                ],
                "resources": [],
                "sid": "EKSNodeAssumeRole"
              }
            ],
            "version": "2012-10-17"
          },
          "sensitive_attributes": []
        }
      ]
    },
    {
      "module": "module.eks.module.eks_managed_node_group[\"core_node_group\"]",
      "mode": "data",
      "type": "aws_partition",
      "name": "current",
      "provider": "provider[\"registry.terraform.io/hashicorp/aws\"]",
      "instances": [
        {
          "schema_version": 0,
          "attributes": {
            "dns_suffix": "amazonaws.com",
            "id": "aws",
            "partition": "aws",
            "reverse_dns_prefix": "com.amazonaws"
          },
          "sensitive_attributes": []
        }
      ]
    },
    {
      "module": "module.eks.module.eks_managed_node_group[\"core_node_group\"]",
      "mode": "managed",
      "type": "aws_eks_node_group",
      "name": "this",
      "provider": "provider[\"registry.terraform.io/hashicorp/aws\"]",
      "instances": [
        {
          "index_key": 0,
          "schema_version": 0,
          "attributes": {
            "ami_type": "AL2_x86_64",
            "arn": "arn:aws:eks:us-west-2:724853865853:nodegroup/emr-eks-karpenter/core-node-group-20240308064646801900000010/06c70e68-3a20-1de9-92cb-8fc4df6d94e4",
            "capacity_type": "ON_DEMAND",
            "cluster_name": "emr-eks-karpenter",
            "disk_size": 0,
            "force_update_version": null,
            "id": "emr-eks-karpenter:core-node-group-20240308064646801900000010",
            "instance_types": [
              "m5.xlarge"
            ],
            "labels": {
              "NodeGroupType": "core",
              "WorkerType": "ON_DEMAND"
            },
            "launch_template": [
              {
                "id": "lt-0135735f1ee6ce8c3",
                "name": "core_node_group-2024030806464491690000000e",
                "version": "1"
              }
            ],
            "node_group_name": "core-node-group-20240308064646801900000010",
            "node_group_name_prefix": "core-node-group-",
            "node_role_arn": "arn:aws:iam::724853865853:role/core-node-group-eks-node-group-20240308063748931500000003",
            "release_version": "1.28.5-20240227",
            "remote_access": [],
            "resources": [
              {
                "autoscaling_groups": [
                  {
                    "name": "eks-core-node-group-20240308064646801900000010-06c70e68-3a20-1de9-92cb-8fc4df6d94e4"
                  }
                ],
                "remote_access_security_group_id": ""
              }
            ],
            "scaling_config": [
              {
                "desired_size": 3,
                "max_size": 9,
                "min_size": 1
              }
            ],
            "status": "ACTIVE",
            "subnet_ids": [
              "subnet-057019d27b10482b6",
              "subnet-084e05b50a5246beb"
            ],
            "tags": {
              "Name": "core-node-group",
              "app": "emr-eks-karpenter",
              "karpenter.sh/discovery": "emr-eks-karpenter"
            },
            "tags_all": {
              "Name": "core-node-group",
              "app": "emr-eks-karpenter",
              "karpenter.sh/discovery": "emr-eks-karpenter"
            },
            "taint": [],
            "timeouts": {
              "create": null,
              "delete": null,
              "update": null
            },
            "update_config": [
              {
                "max_unavailable": 0,
                "max_unavailable_percentage": 33
              }
            ],
            "version": "1.28"
          },
          "sensitive_attributes": [],
          "private": "eyJlMmJmYjczMC1lY2FhLTExZTYtOGY4OC0zNDM2M2JjN2M0YzAiOnsiY3JlYXRlIjozNjAwMDAwMDAwMDAwLCJkZWxldGUiOjM2MDAwMDAwMDAwMDAsInVwZGF0ZSI6MzYwMDAwMDAwMDAwMH19",
          "dependencies": [
            "data.aws_subnets.private_subnets",
            "module.eks.aws_cloudwatch_log_group.this",
            "module.eks.aws_eks_cluster.this",
            "module.eks.aws_iam_policy.cni_ipv6_policy",
            "module.eks.aws_iam_role.this",
            "module.eks.aws_iam_role_policy_attachment.this",
            "module.eks.aws_security_group.cluster",
            "module.eks.aws_security_group.node",
            "module.eks.aws_security_group_rule.cluster",
            "module.eks.aws_security_group_rule.node",
            "module.eks.data.aws_caller_identity.current",
            "module.eks.data.aws_iam_policy_document.assume_role_policy",
            "module.eks.data.aws_iam_policy_document.cni_ipv6_policy",
            "module.eks.data.aws_iam_session_context.current",
            "module.eks.data.aws_partition.current",
            "module.eks.module.eks_managed_node_group.aws_iam_role.this",
            "module.eks.module.eks_managed_node_group.aws_iam_role_policy_attachment.this",
            "module.eks.module.eks_managed_node_group.aws_launch_template.this",
            "module.eks.module.eks_managed_node_group.data.aws_caller_identity.current",
            "module.eks.module.eks_managed_node_group.data.aws_iam_policy_document.assume_role_policy",
            "module.eks.module.eks_managed_node_group.data.aws_partition.current",
            "module.eks.module.eks_managed_node_group.module.user_data.data.cloudinit_config.linux_eks_managed_node_group",
            "module.eks.module.kms.aws_kms_external_key.this",
            "module.eks.module.kms.aws_kms_key.this",
            "module.eks.module.kms.aws_kms_replica_external_key.this",
            "module.eks.module.kms.aws_kms_replica_key.this",
            "module.eks.module.kms.data.aws_caller_identity.current",
            "module.eks.module.kms.data.aws_iam_policy_document.this",
            "module.eks.module.kms.data.aws_partition.current",
            "module.eks.time_sleep.this",
            "module.vpc.aws_vpc.this"
          ],
          "create_before_destroy": true
        }
      ]
    },
    {
      "module": "module.eks.module.eks_managed_node_group[\"core_node_group\"]",
      "mode": "managed",
      "type": "aws_iam_role",
      "name": "this",
      "provider": "provider[\"registry.terraform.io/hashicorp/aws\"]",
      "instances": [
        {
          "index_key": 0,
          "schema_version": 0,
          "attributes": {
            "arn": "arn:aws:iam::724853865853:role/core-node-group-eks-node-group-20240308063748931500000003",
            "assume_role_policy": "{\"Statement\":[{\"Action\":\"sts:AssumeRole\",\"Effect\":\"Allow\",\"Principal\":{\"Service\":\"ec2.amazonaws.com\"},\"Sid\":\"EKSNodeAssumeRole\"}],\"Version\":\"2012-10-17\"}",
            "create_date": "2024-03-08T06:37:50Z",
            "description": "EKS managed node group IAM role",
            "force_detach_policies": true,
            "id": "core-node-group-eks-node-group-20240308063748931500000003",
            "inline_policy": [],
            "managed_policy_arns": [
              "arn:aws:iam::aws:policy/AmazonEC2ContainerRegistryReadOnly",
              "arn:aws:iam::aws:policy/AmazonEKSWorkerNodePolicy",
              "arn:aws:iam::aws:policy/AmazonEKS_CNI_Policy",
              "arn:aws:iam::aws:policy/AmazonSSMManagedInstanceCore"
            ],
            "max_session_duration": 3600,
            "name": "core-node-group-eks-node-group-20240308063748931500000003",
            "name_prefix": "core-node-group-eks-node-group-",
            "path": "/",
            "permissions_boundary": "",
            "tags": {
              "Name": "core-node-grp",
              "app": "emr-eks-karpenter",
              "karpenter.sh/discovery": "emr-eks-karpenter"
            },
            "tags_all": {
              "Name": "core-node-grp",
              "app": "emr-eks-karpenter",
              "karpenter.sh/discovery": "emr-eks-karpenter"
            },
            "unique_id": "AROA2RRFIHV6Z3BR5NBWH"
          },
          "sensitive_attributes": [],
          "private": "bnVsbA==",
          "dependencies": [
            "module.eks.module.eks_managed_node_group.data.aws_iam_policy_document.assume_role_policy",
            "module.eks.module.eks_managed_node_group.data.aws_partition.current"
          ],
          "create_before_destroy": true
        }
      ]
    },
    {
      "module": "module.eks.module.eks_managed_node_group[\"core_node_group\"]",
      "mode": "managed",
      "type": "aws_iam_role_policy_attachment",
      "name": "additional",
      "provider": "provider[\"registry.terraform.io/hashicorp/aws\"]",
      "instances": [
        {
          "index_key": "AmazonSSMManagedInstanceCore",
          "schema_version": 0,
          "attributes": {
            "id": "core-node-group-eks-node-group-20240308063748931500000003-20240308063752239500000006",
            "policy_arn": "arn:aws:iam::aws:policy/AmazonSSMManagedInstanceCore",
            "role": "core-node-group-eks-node-group-20240308063748931500000003"
          },
          "sensitive_attributes": [],
          "private": "bnVsbA==",
          "dependencies": [
            "module.eks.module.eks_managed_node_group.aws_iam_role.this",
            "module.eks.module.eks_managed_node_group.data.aws_iam_policy_document.assume_role_policy",
            "module.eks.module.eks_managed_node_group.data.aws_partition.current"
          ]
        }
      ]
    },
    {
      "module": "module.eks.module.eks_managed_node_group[\"core_node_group\"]",
      "mode": "managed",
      "type": "aws_iam_role_policy_attachment",
      "name": "this",
      "provider": "provider[\"registry.terraform.io/hashicorp/aws\"]",
      "instances": [
        {
          "index_key": "arn:aws:iam::aws:policy/AmazonEC2ContainerRegistryReadOnly",
          "schema_version": 0,
          "attributes": {
            "id": "core-node-group-eks-node-group-20240308063748931500000003-20240308063752275000000007",
            "policy_arn": "arn:aws:iam::aws:policy/AmazonEC2ContainerRegistryReadOnly",
            "role": "core-node-group-eks-node-group-20240308063748931500000003"
          },
          "sensitive_attributes": [],
          "private": "bnVsbA==",
          "dependencies": [
            "module.eks.module.eks_managed_node_group.aws_iam_role.this",
            "module.eks.module.eks_managed_node_group.data.aws_caller_identity.current",
            "module.eks.module.eks_managed_node_group.data.aws_iam_policy_document.assume_role_policy",
            "module.eks.module.eks_managed_node_group.data.aws_partition.current"
          ],
          "create_before_destroy": true
        },
        {
          "index_key": "arn:aws:iam::aws:policy/AmazonEKSWorkerNodePolicy",
          "schema_version": 0,
          "attributes": {
            "id": "core-node-group-eks-node-group-20240308063748931500000003-20240308063751892200000005",
            "policy_arn": "arn:aws:iam::aws:policy/AmazonEKSWorkerNodePolicy",
            "role": "core-node-group-eks-node-group-20240308063748931500000003"
          },
          "sensitive_attributes": [],
          "private": "bnVsbA==",
          "dependencies": [
            "module.eks.module.eks_managed_node_group.aws_iam_role.this",
            "module.eks.module.eks_managed_node_group.data.aws_caller_identity.current",
            "module.eks.module.eks_managed_node_group.data.aws_iam_policy_document.assume_role_policy",
            "module.eks.module.eks_managed_node_group.data.aws_partition.current"
          ],
          "create_before_destroy": true
        },
        {
          "index_key": "arn:aws:iam::aws:policy/AmazonEKS_CNI_Policy",
          "schema_version": 0,
          "attributes": {
            "id": "core-node-group-eks-node-group-20240308063748931500000003-20240308063752612900000008",
            "policy_arn": "arn:aws:iam::aws:policy/AmazonEKS_CNI_Policy",
            "role": "core-node-group-eks-node-group-20240308063748931500000003"
          },
          "sensitive_attributes": [],
          "private": "bnVsbA==",
          "dependencies": [
            "module.eks.module.eks_managed_node_group.aws_iam_role.this",
            "module.eks.module.eks_managed_node_group.data.aws_caller_identity.current",
            "module.eks.module.eks_managed_node_group.data.aws_iam_policy_document.assume_role_policy",
            "module.eks.module.eks_managed_node_group.data.aws_partition.current"
          ],
          "create_before_destroy": true
        }
      ]
    },
    {
      "module": "module.eks.module.eks_managed_node_group[\"core_node_group\"]",
      "mode": "managed",
      "type": "aws_launch_template",
      "name": "this",
      "provider": "provider[\"registry.terraform.io/hashicorp/aws\"]",
      "instances": [
        {
          "index_key": 0,
          "schema_version": 0,
          "attributes": {
            "arn": "arn:aws:ec2:us-west-2:724853865853:launch-template/lt-0135735f1ee6ce8c3",
            "block_device_mappings": [
              {
                "device_name": "/dev/xvda",
                "ebs": [
                  {
                    "delete_on_termination": "",
                    "encrypted": "",
                    "iops": 0,
                    "kms_key_id": "",
                    "snapshot_id": "",
                    "throughput": 0,
                    "volume_size": 100,
                    "volume_type": "gp3"
                  }
                ],
                "no_device": "",
                "virtual_name": ""
              }
            ],
            "capacity_reservation_specification": [],
            "cpu_options": [],
            "credit_specification": [],
            "default_version": 1,
            "description": "Custom launch template for core-node-group EKS managed node group",
            "disable_api_stop": false,
            "disable_api_termination": false,
            "ebs_optimized": "true",
            "elastic_gpu_specifications": [],
            "elastic_inference_accelerator": [],
            "enclave_options": [],
            "hibernation_options": [],
            "iam_instance_profile": [],
            "id": "lt-0135735f1ee6ce8c3",
            "image_id": "",
            "instance_initiated_shutdown_behavior": "",
            "instance_market_options": [],
            "instance_requirements": [],
            "instance_type": "",
            "kernel_id": "",
            "key_name": "",
            "latest_version": 1,
            "license_specification": [],
            "maintenance_options": [],
            "metadata_options": [
              {
                "http_endpoint": "enabled",
                "http_protocol_ipv6": "",
                "http_put_response_hop_limit": 2,
                "http_tokens": "required",
                "instance_metadata_tags": ""
              }
            ],
            "monitoring": [
              {
                "enabled": true
              }
            ],
            "name": "core_node_group-2024030806464491690000000e",
            "name_prefix": "core_node_group-",
            "network_interfaces": [],
            "placement": [],
            "private_dns_name_options": [],
            "ram_disk_id": "",
            "security_group_names": [],
            "tag_specifications": [
              {
                "resource_type": "instance",
                "tags": {
                  "Name": "core-node-group",
                  "app": "emr-eks-karpenter",
                  "karpenter.sh/discovery": "emr-eks-karpenter"
                }
              },
              {
                "resource_type": "network-interface",
                "tags": {
                  "Name": "core-node-group",
                  "app": "emr-eks-karpenter",
                  "karpenter.sh/discovery": "emr-eks-karpenter"
                }
              },
              {
                "resource_type": "volume",
                "tags": {
                  "Name": "core-node-group",
                  "app": "emr-eks-karpenter",
                  "karpenter.sh/discovery": "emr-eks-karpenter"
                }
              }
            ],
            "tags": {
              "Name": "core-node-grp",
              "app": "emr-eks-karpenter",
              "karpenter.sh/discovery": "emr-eks-karpenter"
            },
            "tags_all": {
              "Name": "core-node-grp",
              "app": "emr-eks-karpenter",
              "karpenter.sh/discovery": "emr-eks-karpenter"
            },
            "update_default_version": true,
            "user_data": "",
            "vpc_security_group_ids": [
              "sg-0c163279c6491e374"
            ]
          },
          "sensitive_attributes": [],
          "private": "bnVsbA==",
          "dependencies": [
            "data.aws_subnets.private_subnets",
            "module.eks.aws_cloudwatch_log_group.this",
            "module.eks.aws_eks_cluster.this",
            "module.eks.aws_iam_policy.cni_ipv6_policy",
            "module.eks.aws_iam_role.this",
            "module.eks.aws_iam_role_policy_attachment.this",
            "module.eks.aws_security_group.cluster",
            "module.eks.aws_security_group.node",
            "module.eks.aws_security_group_rule.cluster",
            "module.eks.aws_security_group_rule.node",
            "module.eks.data.aws_caller_identity.current",
            "module.eks.data.aws_iam_policy_document.assume_role_policy",
            "module.eks.data.aws_iam_policy_document.cni_ipv6_policy",
            "module.eks.data.aws_iam_session_context.current",
            "module.eks.data.aws_partition.current",
            "module.eks.module.eks_managed_node_group.aws_iam_role.this",
            "module.eks.module.eks_managed_node_group.aws_iam_role_policy_attachment.this",
            "module.eks.module.eks_managed_node_group.data.aws_caller_identity.current",
            "module.eks.module.eks_managed_node_group.data.aws_iam_policy_document.assume_role_policy",
            "module.eks.module.eks_managed_node_group.data.aws_partition.current",
            "module.eks.module.eks_managed_node_group.module.user_data.data.cloudinit_config.linux_eks_managed_node_group",
            "module.eks.module.kms.aws_kms_external_key.this",
            "module.eks.module.kms.aws_kms_key.this",
            "module.eks.module.kms.aws_kms_replica_external_key.this",
            "module.eks.module.kms.aws_kms_replica_key.this",
            "module.eks.module.kms.data.aws_caller_identity.current",
            "module.eks.module.kms.data.aws_iam_policy_document.this",
            "module.eks.module.kms.data.aws_partition.current",
            "module.eks.time_sleep.this",
            "module.vpc.aws_vpc.this"
          ],
          "create_before_destroy": true
        }
      ]
    },
    {
      "module": "module.eks.module.kms",
      "mode": "data",
      "type": "aws_caller_identity",
      "name": "current",
      "provider": "provider[\"registry.terraform.io/hashicorp/aws\"]",
      "instances": [
        {
          "index_key": 0,
          "schema_version": 0,
          "attributes": {
            "account_id": "724853865853",
            "arn": "arn:aws:iam::724853865853:user/dongdong",
            "id": "724853865853",
            "user_id": "AIDA2RRFIHV62ZOURQUK5"
          },
          "sensitive_attributes": []
        }
      ]
    },
    {
      "module": "module.eks.module.kms",
      "mode": "data",
      "type": "aws_iam_policy_document",
      "name": "this",
      "provider": "provider[\"registry.terraform.io/hashicorp/aws\"]",
      "instances": [
        {
          "index_key": 0,
          "schema_version": 0,
          "attributes": {
            "id": "1889197102",
            "json": "{\n  \"Version\": \"2012-10-17\",\n  \"Statement\": [\n    {\n      \"Sid\": \"KeyAdministration\",\n      \"Effect\": \"Allow\",\n      \"Action\": [\n        \"kms:Update*\",\n        \"kms:UntagResource\",\n        \"kms:TagResource\",\n        \"kms:ScheduleKeyDeletion\",\n        \"kms:Revoke*\",\n        \"kms:ReplicateKey\",\n        \"kms:Put*\",\n        \"kms:List*\",\n        \"kms:ImportKeyMaterial\",\n        \"kms:Get*\",\n        \"kms:Enable*\",\n        \"kms:Disable*\",\n        \"kms:Describe*\",\n        \"kms:Delete*\",\n        \"kms:Create*\",\n        \"kms:CancelKeyDeletion\"\n      ],\n      \"Resource\": \"*\",\n      \"Principal\": {\n        \"AWS\": \"arn:aws:iam::724853865853:user/dongdong\"\n      }\n    },\n    {\n      \"Sid\": \"KeyUsage\",\n      \"Effect\": \"Allow\",\n      \"Action\": [\n        \"kms:ReEncrypt*\",\n        \"kms:GenerateDataKey*\",\n        \"kms:Encrypt\",\n        \"kms:DescribeKey\",\n        \"kms:Decrypt\"\n      ],\n      \"Resource\": \"*\",\n      \"Principal\": {\n        \"AWS\": \"arn:aws:iam::724853865853:role/emr-eks-karpenter-cluster-20240308063748931500000002\"\n      }\n    }\n  ]\n}",
            "override_policy_documents": null,
            "policy_id": null,
            "source_policy_documents": null,
            "statement": [
              {
                "actions": [
                  "kms:CancelKeyDeletion",
                  "kms:Create*",
                  "kms:Delete*",
                  "kms:Describe*",
                  "kms:Disable*",
                  "kms:Enable*",
                  "kms:Get*",
                  "kms:ImportKeyMaterial",
                  "kms:List*",
                  "kms:Put*",
                  "kms:ReplicateKey",
                  "kms:Revoke*",
                  "kms:ScheduleKeyDeletion",
                  "kms:TagResource",
                  "kms:UntagResource",
                  "kms:Update*"
                ],
                "condition": [],
                "effect": "Allow",
                "not_actions": [],
                "not_principals": [],
                "not_resources": [],
                "principals": [
                  {
                    "identifiers": [
                      "arn:aws:iam::724853865853:user/dongdong"
                    ],
                    "type": "AWS"
                  }
                ],
                "resources": [
                  "*"
                ],
                "sid": "KeyAdministration"
              },
              {
                "actions": [
                  "kms:Decrypt",
                  "kms:DescribeKey",
                  "kms:Encrypt",
                  "kms:GenerateDataKey*",
                  "kms:ReEncrypt*"
                ],
                "condition": [],
                "effect": "Allow",
                "not_actions": [],
                "not_principals": [],
                "not_resources": [],
                "principals": [
                  {
                    "identifiers": [
                      "arn:aws:iam::724853865853:role/emr-eks-karpenter-cluster-20240308063748931500000002"
                    ],
                    "type": "AWS"
                  }
                ],
                "resources": [
                  "*"
                ],
                "sid": "KeyUsage"
              }
            ],
            "version": "2012-10-17"
          },
          "sensitive_attributes": []
        }
      ]
    },
    {
      "module": "module.eks.module.kms",
      "mode": "data",
      "type": "aws_partition",
      "name": "current",
      "provider": "provider[\"registry.terraform.io/hashicorp/aws\"]",
      "instances": [
        {
          "index_key": 0,
          "schema_version": 0,
          "attributes": {
            "dns_suffix": "amazonaws.com",
            "id": "aws",
            "partition": "aws",
            "reverse_dns_prefix": "com.amazonaws"
          },
          "sensitive_attributes": []
        }
      ]
    },
    {
      "module": "module.eks.module.kms",
      "mode": "managed",
      "type": "aws_kms_alias",
      "name": "this",
      "provider": "provider[\"registry.terraform.io/hashicorp/aws\"]",
      "instances": [
        {
          "index_key": "cluster",
          "schema_version": 0,
          "attributes": {
            "arn": "arn:aws:kms:us-west-2:724853865853:alias/eks/emr-eks-karpenter",
            "id": "alias/eks/emr-eks-karpenter",
            "name": "alias/eks/emr-eks-karpenter",
            "name_prefix": "",
            "target_key_arn": "arn:aws:kms:us-west-2:724853865853:key/445f9438-eb12-4f34-bddb-032ef5b31048",
            "target_key_id": "445f9438-eb12-4f34-bddb-032ef5b31048"
          },
          "sensitive_attributes": [],
          "private": "bnVsbA==",
          "dependencies": [
            "module.eks.aws_iam_role.this",
            "module.eks.data.aws_caller_identity.current",
            "module.eks.data.aws_iam_policy_document.assume_role_policy",
            "module.eks.data.aws_iam_session_context.current",
            "module.eks.data.aws_partition.current",
            "module.eks.module.kms.aws_kms_external_key.this",
            "module.eks.module.kms.aws_kms_key.this",
            "module.eks.module.kms.aws_kms_replica_external_key.this",
            "module.eks.module.kms.aws_kms_replica_key.this",
            "module.eks.module.kms.data.aws_caller_identity.current",
            "module.eks.module.kms.data.aws_iam_policy_document.this",
            "module.eks.module.kms.data.aws_partition.current"
          ]
        }
      ]
    },
    {
      "module": "module.eks.module.kms",
      "mode": "managed",
      "type": "aws_kms_key",
      "name": "this",
      "provider": "provider[\"registry.terraform.io/hashicorp/aws\"]",
      "instances": [
        {
          "index_key": 0,
          "schema_version": 0,
          "attributes": {
            "arn": "arn:aws:kms:us-west-2:724853865853:key/445f9438-eb12-4f34-bddb-032ef5b31048",
            "bypass_policy_lockout_safety_check": false,
            "custom_key_store_id": "",
            "customer_master_key_spec": "SYMMETRIC_DEFAULT",
            "deletion_window_in_days": null,
            "description": "emr-eks-karpenter cluster encryption key",
            "enable_key_rotation": true,
            "id": "445f9438-eb12-4f34-bddb-032ef5b31048",
            "is_enabled": true,
            "key_id": "445f9438-eb12-4f34-bddb-032ef5b31048",
            "key_usage": "ENCRYPT_DECRYPT",
            "multi_region": false,
            "policy": "{\"Statement\":[{\"Action\":[\"kms:Update*\",\"kms:UntagResource\",\"kms:TagResource\",\"kms:ScheduleKeyDeletion\",\"kms:Revoke*\",\"kms:ReplicateKey\",\"kms:Put*\",\"kms:List*\",\"kms:ImportKeyMaterial\",\"kms:Get*\",\"kms:Enable*\",\"kms:Disable*\",\"kms:Describe*\",\"kms:Delete*\",\"kms:Create*\",\"kms:CancelKeyDeletion\"],\"Effect\":\"Allow\",\"Principal\":{\"AWS\":\"arn:aws:iam::724853865853:user/dongdong\"},\"Resource\":\"*\",\"Sid\":\"KeyAdministration\"},{\"Action\":[\"kms:ReEncrypt*\",\"kms:GenerateDataKey*\",\"kms:Encrypt\",\"kms:DescribeKey\",\"kms:Decrypt\"],\"Effect\":\"Allow\",\"Principal\":{\"AWS\":\"arn:aws:iam::724853865853:role/emr-eks-karpenter-cluster-20240308063748931500000002\"},\"Resource\":\"*\",\"Sid\":\"KeyUsage\"}],\"Version\":\"2012-10-17\"}",
            "tags": {
              "app": "emr-eks-karpenter"
            },
            "tags_all": {
              "app": "emr-eks-karpenter"
            },
            "timeouts": null,
            "xks_key_id": ""
          },
          "sensitive_attributes": [],
          "private": "eyJlMmJmYjczMC1lY2FhLTExZTYtOGY4OC0zNDM2M2JjN2M0YzAiOnsiY3JlYXRlIjoxMjAwMDAwMDAwMDB9fQ==",
          "dependencies": [
            "module.eks.aws_iam_role.this",
            "module.eks.data.aws_caller_identity.current",
            "module.eks.data.aws_iam_policy_document.assume_role_policy",
            "module.eks.data.aws_iam_session_context.current",
            "module.eks.data.aws_partition.current",
            "module.eks.module.kms.data.aws_caller_identity.current",
            "module.eks.module.kms.data.aws_iam_policy_document.this",
            "module.eks.module.kms.data.aws_partition.current"
          ],
          "create_before_destroy": true
        }
      ]
    },
    {
      "module": "module.eks_blueprints_addons",
      "mode": "data",
      "type": "aws_caller_identity",
      "name": "current",
      "provider": "provider[\"registry.terraform.io/hashicorp/aws\"]",
      "instances": [
        {
          "schema_version": 0,
          "attributes": {
            "account_id": "724853865853",
            "arn": "arn:aws:iam::724853865853:user/dongdong",
            "id": "724853865853",
            "user_id": "AIDA2RRFIHV62ZOURQUK5"
          },
          "sensitive_attributes": []
        }
      ]
    },
    {
      "module": "module.eks_blueprints_addons",
      "mode": "data",
      "type": "aws_eks_addon_version",
      "name": "this",
      "provider": "provider[\"registry.terraform.io/hashicorp/aws\"]",
      "instances": [
        {
          "index_key": "aws-ebs-csi-driver",
          "schema_version": 0,
          "attributes": {
            "addon_name": "aws-ebs-csi-driver",
            "id": "aws-ebs-csi-driver",
            "kubernetes_version": "1.28",
            "most_recent": true,
            "version": "v1.28.0-eksbuild.1"
          },
          "sensitive_attributes": []
        },
        {
          "index_key": "coredns",
          "schema_version": 0,
          "attributes": {
            "addon_name": "coredns",
            "id": "coredns",
            "kubernetes_version": "1.28",
            "most_recent": true,
            "version": "v1.10.1-eksbuild.7"
          },
          "sensitive_attributes": []
        },
        {
          "index_key": "kube-proxy",
          "schema_version": 0,
          "attributes": {
            "addon_name": "kube-proxy",
            "id": "kube-proxy",
            "kubernetes_version": "1.28",
            "most_recent": true,
            "version": "v1.28.6-eksbuild.2"
          },
          "sensitive_attributes": []
        },
        {
          "index_key": "vpc-cni",
          "schema_version": 0,
          "attributes": {
            "addon_name": "vpc-cni",
            "id": "vpc-cni",
            "kubernetes_version": "1.28",
            "most_recent": true,
            "version": "v1.16.4-eksbuild.2"
          },
          "sensitive_attributes": []
        }
      ]
    },
    {
      "module": "module.eks_blueprints_addons",
      "mode": "data",
      "type": "aws_iam_policy_document",
      "name": "karpenter",
      "provider": "provider[\"registry.terraform.io/hashicorp/aws\"]",
      "instances": [
        {
          "index_key": 0,
          "schema_version": 0,
          "attributes": {
            "id": "3638233759",
            "json": "{\n  \"Version\": \"2012-10-17\",\n  \"Statement\": [\n    {\n      \"Effect\": \"Allow\",\n      \"Action\": [\n        \"ec2:DescribeSubnets\",\n        \"ec2:DescribeSpotPriceHistory\",\n        \"ec2:DescribeSecurityGroups\",\n        \"ec2:DescribeLaunchTemplates\",\n        \"ec2:DescribeInstances\",\n        \"ec2:DescribeInstanceTypes\",\n        \"ec2:DescribeInstanceTypeOfferings\",\n        \"ec2:DescribeImages\",\n        \"ec2:DescribeAvailabilityZones\"\n      ],\n      \"Resource\": \"*\"\n    },\n    {\n      \"Effect\": \"Allow\",\n      \"Action\": [\n        \"ec2:RunInstances\",\n        \"ec2:DeleteLaunchTemplate\",\n        \"ec2:CreateTags\",\n        \"ec2:CreateLaunchTemplate\",\n        \"ec2:CreateFleet\"\n      ],\n      \"Resource\": [\n        \"arn:aws:ec2:us-west-2::image/*\",\n        \"arn:aws:ec2:us-west-2:724853865853:*\"\n      ]\n    },\n    {\n      \"Effect\": \"Allow\",\n      \"Action\": \"iam:PassRole\",\n      \"Resource\": \"arn:aws:iam::724853865853:role/emr-eks-karpenter-karpenter-node\"\n    },\n    {\n      \"Effect\": \"Allow\",\n      \"Action\": \"pricing:GetProducts\",\n      \"Resource\": \"*\"\n    },\n    {\n      \"Effect\": \"Allow\",\n      \"Action\": \"ssm:GetParameter\",\n      \"Resource\": \"arn:aws:ssm:us-west-2::parameter/aws/service/*\"\n    },\n    {\n      \"Effect\": \"Allow\",\n      \"Action\": \"eks:DescribeCluster\",\n      \"Resource\": \"arn:aws:eks:*:724853865853:cluster/emr-eks-karpenter\"\n    },\n    {\n      \"Effect\": \"Allow\",\n      \"Action\": \"ec2:TerminateInstances\",\n      \"Resource\": \"arn:aws:ec2:us-west-2:724853865853:instance/*\",\n      \"Condition\": {\n        \"StringLike\": {\n          \"ec2:ResourceTag/kubernetes.io/cluster/emr-eks-karpenter\": \"*\"\n        }\n      }\n    },\n    {\n      \"Effect\": \"Allow\",\n      \"Action\": [\n        \"sqs:ReceiveMessage\",\n        \"sqs:GetQueueUrl\",\n        \"sqs:GetQueueAttributes\",\n        \"sqs:DeleteMessage\"\n      ],\n      \"Resource\": \"arn:aws:sqs:us-west-2:724853865853:karpenter-emr-eks-karpenter\"\n    },\n    {\n      \"Effect\": \"Allow\",\n      \"Action\": [\n        \"iam:TagInstanceProfile\",\n        \"iam:RemoveRoleFromInstanceProfile\",\n        \"iam:GetInstanceProfile\",\n        \"iam:DeleteInstanceProfile\",\n        \"iam:CreateInstanceProfile\",\n        \"iam:AddRoleToInstanceProfile\"\n      ],\n      \"Resource\": \"*\"\n    }\n  ]\n}",
            "override_policy_documents": null,
            "policy_id": null,
            "source_policy_documents": null,
            "statement": [
              {
                "actions": [
                  "ec2:DescribeAvailabilityZones",
                  "ec2:DescribeImages",
                  "ec2:DescribeInstanceTypeOfferings",
                  "ec2:DescribeInstanceTypes",
                  "ec2:DescribeInstances",
                  "ec2:DescribeLaunchTemplates",
                  "ec2:DescribeSecurityGroups",
                  "ec2:DescribeSpotPriceHistory",
                  "ec2:DescribeSubnets"
                ],
                "condition": [],
                "effect": "Allow",
                "not_actions": [],
                "not_principals": [],
                "not_resources": [],
                "principals": [],
                "resources": [
                  "*"
                ],
                "sid": ""
              },
              {
                "actions": [
                  "ec2:CreateFleet",
                  "ec2:CreateLaunchTemplate",
                  "ec2:CreateTags",
                  "ec2:DeleteLaunchTemplate",
                  "ec2:RunInstances"
                ],
                "condition": [],
                "effect": "Allow",
                "not_actions": [],
                "not_principals": [],
                "not_resources": [],
                "principals": [],
                "resources": [
                  "arn:aws:ec2:us-west-2:724853865853:*",
                  "arn:aws:ec2:us-west-2::image/*"
                ],
                "sid": ""
              },
              {
                "actions": [
                  "iam:PassRole"
                ],
                "condition": [],
                "effect": "Allow",
                "not_actions": [],
                "not_principals": [],
                "not_resources": [],
                "principals": [],
                "resources": [
                  "arn:aws:iam::724853865853:role/emr-eks-karpenter-karpenter-node"
                ],
                "sid": ""
              },
              {
                "actions": [
                  "pricing:GetProducts"
                ],
                "condition": [],
                "effect": "Allow",
                "not_actions": [],
                "not_principals": [],
                "not_resources": [],
                "principals": [],
                "resources": [
                  "*"
                ],
                "sid": ""
              },
              {
                "actions": [
                  "ssm:GetParameter"
                ],
                "condition": [],
                "effect": "Allow",
                "not_actions": [],
                "not_principals": [],
                "not_resources": [],
                "principals": [],
                "resources": [
                  "arn:aws:ssm:us-west-2::parameter/aws/service/*"
                ],
                "sid": ""
              },
              {
                "actions": [
                  "eks:DescribeCluster"
                ],
                "condition": [],
                "effect": "Allow",
                "not_actions": [],
                "not_principals": [],
                "not_resources": [],
                "principals": [],
                "resources": [
                  "arn:aws:eks:*:724853865853:cluster/emr-eks-karpenter"
                ],
                "sid": ""
              },
              {
                "actions": [
                  "ec2:TerminateInstances"
                ],
                "condition": [
                  {
                    "test": "StringLike",
                    "values": [
                      "*"
                    ],
                    "variable": "ec2:ResourceTag/kubernetes.io/cluster/emr-eks-karpenter"
                  }
                ],
                "effect": "Allow",
                "not_actions": [],
                "not_principals": [],
                "not_resources": [],
                "principals": [],
                "resources": [
                  "arn:aws:ec2:us-west-2:724853865853:instance/*"
                ],
                "sid": ""
              },
              {
                "actions": [
                  "sqs:DeleteMessage",
                  "sqs:GetQueueAttributes",
                  "sqs:GetQueueUrl",
                  "sqs:ReceiveMessage"
                ],
                "condition": [],
                "effect": "Allow",
                "not_actions": [],
                "not_principals": [],
                "not_resources": [],
                "principals": [],
                "resources": [
                  "arn:aws:sqs:us-west-2:724853865853:karpenter-emr-eks-karpenter"
                ],
                "sid": ""
              },
              {
                "actions": [
                  "iam:AddRoleToInstanceProfile",
                  "iam:CreateInstanceProfile",
                  "iam:DeleteInstanceProfile",
                  "iam:GetInstanceProfile",
                  "iam:RemoveRoleFromInstanceProfile",
                  "iam:TagInstanceProfile"
                ],
                "condition": [],
                "effect": "Allow",
                "not_actions": [],
                "not_principals": [],
                "not_resources": [],
                "principals": [],
                "resources": [
                  "*"
                ],
                "sid": ""
              }
            ],
            "version": "2012-10-17"
          },
          "sensitive_attributes": []
        }
      ]
    },
    {
      "module": "module.eks_blueprints_addons",
      "mode": "data",
      "type": "aws_iam_policy_document",
      "name": "karpenter_assume_role",
      "provider": "provider[\"registry.terraform.io/hashicorp/aws\"]",
      "instances": [
        {
          "index_key": 0,
          "schema_version": 0,
          "attributes": {
            "id": "106987850",
            "json": "{\n  \"Version\": \"2012-10-17\",\n  \"Statement\": [\n    {\n      \"Sid\": \"KarpenterNodeAssumeRole\",\n      \"Effect\": \"Allow\",\n      \"Action\": \"sts:AssumeRole\",\n      \"Principal\": {\n        \"Service\": \"ec2.amazonaws.com\"\n      }\n    }\n  ]\n}",
            "override_policy_documents": null,
            "policy_id": null,
            "source_policy_documents": null,
            "statement": [
              {
                "actions": [
                  "sts:AssumeRole"
                ],
                "condition": [],
                "effect": "Allow",
                "not_actions": [],
                "not_principals": [],
                "not_resources": [],
                "principals": [
                  {
                    "identifiers": [
                      "ec2.amazonaws.com"
                    ],
                    "type": "Service"
                  }
                ],
                "resources": [],
                "sid": "KarpenterNodeAssumeRole"
              }
            ],
            "version": "2012-10-17"
          },
          "sensitive_attributes": []
        }
      ]
    },
    {
      "module": "module.eks_blueprints_addons",
      "mode": "data",
      "type": "aws_partition",
      "name": "current",
      "provider": "provider[\"registry.terraform.io/hashicorp/aws\"]",
      "instances": [
        {
          "schema_version": 0,
          "attributes": {
            "dns_suffix": "amazonaws.com",
            "id": "aws",
            "partition": "aws",
            "reverse_dns_prefix": "com.amazonaws"
          },
          "sensitive_attributes": []
        }
      ]
    },
    {
      "module": "module.eks_blueprints_addons",
      "mode": "data",
      "type": "aws_region",
      "name": "current",
      "provider": "provider[\"registry.terraform.io/hashicorp/aws\"]",
      "instances": [
        {
          "schema_version": 0,
          "attributes": {
            "description": "US West (Oregon)",
            "endpoint": "ec2.us-west-2.amazonaws.com",
            "id": "us-west-2",
            "name": "us-west-2"
          },
          "sensitive_attributes": []
        }
      ]
    },
    {
      "module": "module.eks_blueprints_addons",
      "mode": "managed",
      "type": "aws_cloudwatch_event_rule",
      "name": "karpenter",
      "provider": "provider[\"registry.terraform.io/hashicorp/aws\"]",
      "instances": [
        {
          "index_key": "health_event",
          "schema_version": 1,
          "attributes": {
            "arn": "arn:aws:events:us-west-2:724853865853:rule/Karpenter-HealthEvent-20240308064913652300000006",
            "description": "AWS health event",
            "event_bus_name": "default",
            "event_pattern": "{\"detail-type\":[\"AWS Health Event\"],\"source\":[\"aws.health\"]}",
            "id": "Karpenter-HealthEvent-20240308064913652300000006",
            "is_enabled": true,
            "name": "Karpenter-HealthEvent-20240308064913652300000006",
            "name_prefix": "Karpenter-HealthEvent-",
            "role_arn": "",
            "schedule_expression": "",
            "state": "ENABLED",
            "tags": {
              "ClusterName": "emr-eks-karpenter",
              "app": "emr-eks-karpenter"
            },
            "tags_all": {
              "ClusterName": "emr-eks-karpenter",
              "app": "emr-eks-karpenter"
            }
          },
          "sensitive_attributes": [],
          "private": "eyJzY2hlbWFfdmVyc2lvbiI6IjEifQ==",
          "dependencies": [
            "module.eks.aws_eks_cluster.this"
          ]
        },
        {
          "index_key": "instance_rebalance",
          "schema_version": 1,
          "attributes": {
            "arn": "arn:aws:events:us-west-2:724853865853:rule/Karpenter-InstanceRebalance-20240308064913653200000007",
            "description": "EC2 instance rebalance recommendation",
            "event_bus_name": "default",
            "event_pattern": "{\"detail-type\":[\"EC2 Instance Rebalance Recommendation\"],\"source\":[\"aws.ec2\"]}",
            "id": "Karpenter-InstanceRebalance-20240308064913653200000007",
            "is_enabled": true,
            "name": "Karpenter-InstanceRebalance-20240308064913653200000007",
            "name_prefix": "Karpenter-InstanceRebalance-",
            "role_arn": "",
            "schedule_expression": "",
            "state": "ENABLED",
            "tags": {
              "ClusterName": "emr-eks-karpenter",
              "app": "emr-eks-karpenter"
            },
            "tags_all": {
              "ClusterName": "emr-eks-karpenter",
              "app": "emr-eks-karpenter"
            }
          },
          "sensitive_attributes": [],
          "private": "eyJzY2hlbWFfdmVyc2lvbiI6IjEifQ==",
          "dependencies": [
            "module.eks.aws_eks_cluster.this"
          ]
        },
        {
          "index_key": "instance_state_change",
          "schema_version": 1,
          "attributes": {
            "arn": "arn:aws:events:us-west-2:724853865853:rule/Karpenter-InstanceStateChange-20240308064913651100000004",
            "description": "EC2 instance state-change notification",
            "event_bus_name": "default",
            "event_pattern": "{\"detail-type\":[\"EC2 Instance State-change Notification\"],\"source\":[\"aws.ec2\"]}",
            "id": "Karpenter-InstanceStateChange-20240308064913651100000004",
            "is_enabled": true,
            "name": "Karpenter-InstanceStateChange-20240308064913651100000004",
            "name_prefix": "Karpenter-InstanceStateChange-",
            "role_arn": "",
            "schedule_expression": "",
            "state": "ENABLED",
            "tags": {
              "ClusterName": "emr-eks-karpenter",
              "app": "emr-eks-karpenter"
            },
            "tags_all": {
              "ClusterName": "emr-eks-karpenter",
              "app": "emr-eks-karpenter"
            }
          },
          "sensitive_attributes": [],
          "private": "eyJzY2hlbWFfdmVyc2lvbiI6IjEifQ==",
          "dependencies": [
            "module.eks.aws_eks_cluster.this"
          ]
        },
        {
          "index_key": "spot_interupt",
          "schema_version": 1,
          "attributes": {
            "arn": "arn:aws:events:us-west-2:724853865853:rule/Karpenter-SpotInterrupt-20240308064913652100000005",
            "description": "EC2 spot instance interruption warning",
            "event_bus_name": "default",
            "event_pattern": "{\"detail-type\":[\"EC2 Spot Instance Interruption Warning\"],\"source\":[\"aws.ec2\"]}",
            "id": "Karpenter-SpotInterrupt-20240308064913652100000005",
            "is_enabled": true,
            "name": "Karpenter-SpotInterrupt-20240308064913652100000005",
            "name_prefix": "Karpenter-SpotInterrupt-",
            "role_arn": "",
            "schedule_expression": "",
            "state": "ENABLED",
            "tags": {
              "ClusterName": "emr-eks-karpenter",
              "app": "emr-eks-karpenter"
            },
            "tags_all": {
              "ClusterName": "emr-eks-karpenter",
              "app": "emr-eks-karpenter"
            }
          },
          "sensitive_attributes": [],
          "private": "eyJzY2hlbWFfdmVyc2lvbiI6IjEifQ==",
          "dependencies": [
            "module.eks.aws_eks_cluster.this"
          ]
        }
      ]
    },
    {
      "module": "module.eks_blueprints_addons",
      "mode": "managed",
      "type": "aws_cloudwatch_event_target",
      "name": "karpenter",
      "provider": "provider[\"registry.terraform.io/hashicorp/aws\"]",
      "instances": [
        {
          "index_key": "health_event",
          "schema_version": 1,
          "attributes": {
            "arn": "arn:aws:sqs:us-west-2:724853865853:karpenter-emr-eks-karpenter",
            "batch_target": [],
            "dead_letter_config": [],
            "ecs_target": [],
            "event_bus_name": "default",
            "http_target": [],
            "id": "Karpenter-HealthEvent-20240308064913652300000006-KarpenterQueueTarget",
            "input": "",
            "input_path": "",
            "input_transformer": [],
            "kinesis_target": [],
            "redshift_target": [],
            "retry_policy": [],
            "role_arn": "",
            "rule": "Karpenter-HealthEvent-20240308064913652300000006",
            "run_command_targets": [],
            "sagemaker_pipeline_target": [],
            "sqs_target": [],
            "target_id": "KarpenterQueueTarget"
          },
          "sensitive_attributes": [],
          "private": "eyJzY2hlbWFfdmVyc2lvbiI6IjEifQ==",
          "dependencies": [
            "module.eks.aws_eks_cluster.this",
            "module.eks_blueprints_addons.aws_cloudwatch_event_rule.karpenter",
            "module.eks_blueprints_addons.module.karpenter_sqs.aws_sqs_queue.this"
          ]
        },
        {
          "index_key": "instance_rebalance",
          "schema_version": 1,
          "attributes": {
            "arn": "arn:aws:sqs:us-west-2:724853865853:karpenter-emr-eks-karpenter",
            "batch_target": [],
            "dead_letter_config": [],
            "ecs_target": [],
            "event_bus_name": "default",
            "http_target": [],
            "id": "Karpenter-InstanceRebalance-20240308064913653200000007-KarpenterQueueTarget",
            "input": "",
            "input_path": "",
            "input_transformer": [],
            "kinesis_target": [],
            "redshift_target": [],
            "retry_policy": [],
            "role_arn": "",
            "rule": "Karpenter-InstanceRebalance-20240308064913653200000007",
            "run_command_targets": [],
            "sagemaker_pipeline_target": [],
            "sqs_target": [],
            "target_id": "KarpenterQueueTarget"
          },
          "sensitive_attributes": [],
          "private": "eyJzY2hlbWFfdmVyc2lvbiI6IjEifQ==",
          "dependencies": [
            "module.eks.aws_eks_cluster.this",
            "module.eks_blueprints_addons.aws_cloudwatch_event_rule.karpenter",
            "module.eks_blueprints_addons.module.karpenter_sqs.aws_sqs_queue.this"
          ]
        },
        {
          "index_key": "instance_state_change",
          "schema_version": 1,
          "attributes": {
            "arn": "arn:aws:sqs:us-west-2:724853865853:karpenter-emr-eks-karpenter",
            "batch_target": [],
            "dead_letter_config": [],
            "ecs_target": [],
            "event_bus_name": "default",
            "http_target": [],
            "id": "Karpenter-InstanceStateChange-20240308064913651100000004-KarpenterQueueTarget",
            "input": "",
            "input_path": "",
            "input_transformer": [],
            "kinesis_target": [],
            "redshift_target": [],
            "retry_policy": [],
            "role_arn": "",
            "rule": "Karpenter-InstanceStateChange-20240308064913651100000004",
            "run_command_targets": [],
            "sagemaker_pipeline_target": [],
            "sqs_target": [],
            "target_id": "KarpenterQueueTarget"
          },
          "sensitive_attributes": [],
          "private": "eyJzY2hlbWFfdmVyc2lvbiI6IjEifQ==",
          "dependencies": [
            "module.eks.aws_eks_cluster.this",
            "module.eks_blueprints_addons.aws_cloudwatch_event_rule.karpenter",
            "module.eks_blueprints_addons.module.karpenter_sqs.aws_sqs_queue.this"
          ]
        },
        {
          "index_key": "spot_interupt",
          "schema_version": 1,
          "attributes": {
            "arn": "arn:aws:sqs:us-west-2:724853865853:karpenter-emr-eks-karpenter",
            "batch_target": [],
            "dead_letter_config": [],
            "ecs_target": [],
            "event_bus_name": "default",
            "http_target": [],
            "id": "Karpenter-SpotInterrupt-20240308064913652100000005-KarpenterQueueTarget",
            "input": "",
            "input_path": "",
            "input_transformer": [],
            "kinesis_target": [],
            "redshift_target": [],
            "retry_policy": [],
            "role_arn": "",
            "rule": "Karpenter-SpotInterrupt-20240308064913652100000005",
            "run_command_targets": [],
            "sagemaker_pipeline_target": [],
            "sqs_target": [],
            "target_id": "KarpenterQueueTarget"
          },
          "sensitive_attributes": [],
          "private": "eyJzY2hlbWFfdmVyc2lvbiI6IjEifQ==",
          "dependencies": [
            "module.eks.aws_eks_cluster.this",
            "module.eks_blueprints_addons.aws_cloudwatch_event_rule.karpenter",
            "module.eks_blueprints_addons.module.karpenter_sqs.aws_sqs_queue.this"
          ]
        }
      ]
    },
    {
      "module": "module.eks_blueprints_addons",
      "mode": "managed",
      "type": "aws_eks_addon",
      "name": "this",
      "provider": "provider[\"registry.terraform.io/hashicorp/aws\"]",
      "instances": [
        {
          "index_key": "aws-ebs-csi-driver",
          "schema_version": 0,
          "attributes": {
            "addon_name": "aws-ebs-csi-driver",
            "addon_version": "v1.28.0-eksbuild.1",
            "arn": "arn:aws:eks:us-west-2:724853865853:addon/emr-eks-karpenter/aws-ebs-csi-driver/0ec70e69-5ee3-71c8-9154-6315c7b15da8",
            "cluster_name": "emr-eks-karpenter",
            "configuration_values": "",
            "created_at": "2024-03-08T06:49:17Z",
            "id": "emr-eks-karpenter:aws-ebs-csi-driver",
            "modified_at": "2024-03-08T06:50:00Z",
            "preserve": true,
            "resolve_conflicts": null,
            "resolve_conflicts_on_create": "OVERWRITE",
            "resolve_conflicts_on_update": "OVERWRITE",
            "service_account_role_arn": "arn:aws:iam::724853865853:role/emr-eks-karpenter-ebs-csi-driver-20240308064913644500000003",
            "tags": {
              "app": "emr-eks-karpenter"
            },
            "tags_all": {
              "app": "emr-eks-karpenter"
            },
            "timeouts": {
              "create": null,
              "delete": null,
              "update": null
            }
          },
          "sensitive_attributes": [],
          "private": "eyJlMmJmYjczMC1lY2FhLTExZTYtOGY4OC0zNDM2M2JjN2M0YzAiOnsiY3JlYXRlIjoxMjAwMDAwMDAwMDAwLCJkZWxldGUiOjI0MDAwMDAwMDAwMDAsInVwZGF0ZSI6MTIwMDAwMDAwMDAwMH19",
          "dependencies": [
            "data.aws_eks_cluster_auth.this",
            "module.ebs_csi_driver_irsa.aws_iam_role.this",
            "module.ebs_csi_driver_irsa.data.aws_iam_policy_document.this",
            "module.eks.aws_eks_cluster.this",
            "module.eks_blueprints_addons.data.aws_eks_addon_version.this",
            "module.eks_blueprints_addons.module.cert_manager.helm_release.this",
            "module.eks_blueprints_addons.time_sleep.this"
          ]
        },
        {
          "index_key": "coredns",
          "schema_version": 0,
          "attributes": {
            "addon_name": "coredns",
            "addon_version": "v1.10.1-eksbuild.7",
            "arn": "arn:aws:eks:us-west-2:724853865853:addon/emr-eks-karpenter/coredns/bac70e69-5ee5-48ee-bb87-d75e7f2181ad",
            "cluster_name": "emr-eks-karpenter",
            "configuration_values": "",
            "created_at": "2024-03-08T06:49:17Z",
            "id": "emr-eks-karpenter:coredns",
            "modified_at": "2024-03-08T06:49:25Z",
            "preserve": true,
            "resolve_conflicts": null,
            "resolve_conflicts_on_create": "OVERWRITE",
            "resolve_conflicts_on_update": "OVERWRITE",
            "service_account_role_arn": "",
            "tags": {
              "app": "emr-eks-karpenter"
            },
            "tags_all": {
              "app": "emr-eks-karpenter"
            },
            "timeouts": {
              "create": null,
              "delete": null,
              "update": null
            }
          },
          "sensitive_attributes": [],
          "private": "eyJlMmJmYjczMC1lY2FhLTExZTYtOGY4OC0zNDM2M2JjN2M0YzAiOnsiY3JlYXRlIjoxMjAwMDAwMDAwMDAwLCJkZWxldGUiOjI0MDAwMDAwMDAwMDAsInVwZGF0ZSI6MTIwMDAwMDAwMDAwMH19",
          "dependencies": [
            "data.aws_eks_cluster_auth.this",
            "module.ebs_csi_driver_irsa.aws_iam_role.this",
            "module.ebs_csi_driver_irsa.data.aws_iam_policy_document.this",
            "module.eks.aws_eks_cluster.this",
            "module.eks_blueprints_addons.data.aws_eks_addon_version.this",
            "module.eks_blueprints_addons.module.cert_manager.helm_release.this",
            "module.eks_blueprints_addons.time_sleep.this"
          ]
        },
        {
          "index_key": "kube-proxy",
          "schema_version": 0,
          "attributes": {
            "addon_name": "kube-proxy",
            "addon_version": "v1.28.6-eksbuild.2",
            "arn": "arn:aws:eks:us-west-2:724853865853:addon/emr-eks-karpenter/kube-proxy/dac70e69-5ede-245e-c55b-3f9d6970d205",
            "cluster_name": "emr-eks-karpenter",
            "configuration_values": "",
            "created_at": "2024-03-08T06:49:17Z",
            "id": "emr-eks-karpenter:kube-proxy",
            "modified_at": "2024-03-08T06:49:49Z",
            "preserve": true,
            "resolve_conflicts": null,
            "resolve_conflicts_on_create": "OVERWRITE",
            "resolve_conflicts_on_update": "OVERWRITE",
            "service_account_role_arn": "",
            "tags": {
              "app": "emr-eks-karpenter"
            },
            "tags_all": {
              "app": "emr-eks-karpenter"
            },
            "timeouts": {
              "create": null,
              "delete": null,
              "update": null
            }
          },
          "sensitive_attributes": [],
          "private": "eyJlMmJmYjczMC1lY2FhLTExZTYtOGY4OC0zNDM2M2JjN2M0YzAiOnsiY3JlYXRlIjoxMjAwMDAwMDAwMDAwLCJkZWxldGUiOjI0MDAwMDAwMDAwMDAsInVwZGF0ZSI6MTIwMDAwMDAwMDAwMH19",
          "dependencies": [
            "data.aws_eks_cluster_auth.this",
            "module.ebs_csi_driver_irsa.aws_iam_role.this",
            "module.ebs_csi_driver_irsa.data.aws_iam_policy_document.this",
            "module.eks.aws_eks_cluster.this",
            "module.eks_blueprints_addons.data.aws_eks_addon_version.this",
            "module.eks_blueprints_addons.module.cert_manager.helm_release.this",
            "module.eks_blueprints_addons.time_sleep.this"
          ]
        },
        {
          "index_key": "vpc-cni",
          "schema_version": 0,
          "attributes": {
            "addon_name": "vpc-cni",
            "addon_version": "v1.16.4-eksbuild.2",
            "arn": "arn:aws:eks:us-west-2:724853865853:addon/emr-eks-karpenter/vpc-cni/98c70e69-5ee0-f63e-f411-5c10e2577d15",
            "cluster_name": "emr-eks-karpenter",
            "configuration_values": "",
            "created_at": "2024-03-08T06:49:17Z",
            "id": "emr-eks-karpenter:vpc-cni",
            "modified_at": "2024-03-08T06:50:20Z",
            "preserve": true,
            "resolve_conflicts": null,
            "resolve_conflicts_on_create": "OVERWRITE",
            "resolve_conflicts_on_update": "OVERWRITE",
            "service_account_role_arn": "",
            "tags": {
              "app": "emr-eks-karpenter"
            },
            "tags_all": {
              "app": "emr-eks-karpenter"
            },
            "timeouts": {
              "create": null,
              "delete": null,
              "update": null
            }
          },
          "sensitive_attributes": [],
          "private": "eyJlMmJmYjczMC1lY2FhLTExZTYtOGY4OC0zNDM2M2JjN2M0YzAiOnsiY3JlYXRlIjoxMjAwMDAwMDAwMDAwLCJkZWxldGUiOjI0MDAwMDAwMDAwMDAsInVwZGF0ZSI6MTIwMDAwMDAwMDAwMH19",
          "dependencies": [
            "data.aws_eks_cluster_auth.this",
            "module.ebs_csi_driver_irsa.aws_iam_role.this",
            "module.ebs_csi_driver_irsa.data.aws_iam_policy_document.this",
            "module.eks.aws_eks_cluster.this",
            "module.eks_blueprints_addons.data.aws_eks_addon_version.this",
            "module.eks_blueprints_addons.module.cert_manager.helm_release.this",
            "module.eks_blueprints_addons.time_sleep.this"
          ]
        }
      ]
    },
    {
      "module": "module.eks_blueprints_addons",
      "mode": "managed",
      "type": "aws_iam_instance_profile",
      "name": "karpenter",
      "provider": "provider[\"registry.terraform.io/hashicorp/aws\"]",
      "instances": [
        {
          "index_key": 0,
          "schema_version": 0,
          "attributes": {
            "arn": "arn:aws:iam::724853865853:instance-profile/emr-eks-karpenter-karpenter-node",
            "create_date": "2024-03-08T06:46:18Z",
            "id": "emr-eks-karpenter-karpenter-node",
            "name": "emr-eks-karpenter-karpenter-node",
            "name_prefix": "",
            "path": "/",
            "role": "emr-eks-karpenter-karpenter-node",
            "tags": {
              "app": "emr-eks-karpenter"
            },
            "tags_all": {
              "app": "emr-eks-karpenter"
            },
            "unique_id": "AIPA2RRFIHV63FAT73X5F"
          },
          "sensitive_attributes": [],
          "private": "bnVsbA==",
          "dependencies": [
            "data.aws_subnets.private_subnets",
            "module.eks.aws_cloudwatch_log_group.this",
            "module.eks.aws_eks_cluster.this",
            "module.eks.aws_iam_policy.cni_ipv6_policy",
            "module.eks.aws_iam_role.this",
            "module.eks.aws_iam_role_policy_attachment.this",
            "module.eks.aws_security_group.cluster",
            "module.eks.aws_security_group.node",
            "module.eks.aws_security_group_rule.cluster",
            "module.eks.aws_security_group_rule.node",
            "module.eks.data.aws_caller_identity.current",
            "module.eks.data.aws_iam_policy_document.assume_role_policy",
            "module.eks.data.aws_iam_policy_document.cni_ipv6_policy",
            "module.eks.data.aws_iam_session_context.current",
            "module.eks.data.aws_partition.current",
            "module.eks.module.kms.aws_kms_external_key.this",
            "module.eks.module.kms.aws_kms_key.this",
            "module.eks.module.kms.aws_kms_replica_external_key.this",
            "module.eks.module.kms.aws_kms_replica_key.this",
            "module.eks.module.kms.data.aws_caller_identity.current",
            "module.eks.module.kms.data.aws_iam_policy_document.this",
            "module.eks.module.kms.data.aws_partition.current",
            "module.eks_blueprints_addons.aws_iam_role.karpenter",
            "module.eks_blueprints_addons.data.aws_iam_policy_document.karpenter_assume_role",
            "module.eks_blueprints_addons.data.aws_partition.current",
            "module.vpc.aws_vpc.this"
          ]
        }
      ]
    },
    {
      "module": "module.eks_blueprints_addons",
      "mode": "managed",
      "type": "aws_iam_role",
      "name": "karpenter",
      "provider": "provider[\"registry.terraform.io/hashicorp/aws\"]",
      "instances": [
        {
          "index_key": 0,
          "schema_version": 0,
          "attributes": {
            "arn": "arn:aws:iam::724853865853:role/emr-eks-karpenter-karpenter-node",
            "assume_role_policy": "{\"Statement\":[{\"Action\":\"sts:AssumeRole\",\"Effect\":\"Allow\",\"Principal\":{\"Service\":\"ec2.amazonaws.com\"},\"Sid\":\"KarpenterNodeAssumeRole\"}],\"Version\":\"2012-10-17\"}",
            "create_date": "2024-03-08T06:46:16Z",
            "description": "Karpenter EC2 node IAM role",
            "force_detach_policies": true,
            "id": "emr-eks-karpenter-karpenter-node",
            "inline_policy": [],
            "managed_policy_arns": [],
            "max_session_duration": 3600,
            "name": "emr-eks-karpenter-karpenter-node",
            "name_prefix": "",
            "path": "/",
            "permissions_boundary": "",
            "tags": {
              "app": "emr-eks-karpenter"
            },
            "tags_all": {
              "app": "emr-eks-karpenter"
            },
            "unique_id": "AROA2RRFIHV6THYXWNL32"
          },
          "sensitive_attributes": [],
          "private": "bnVsbA==",
          "dependencies": [
            "data.aws_subnets.private_subnets",
            "module.eks.aws_cloudwatch_log_group.this",
            "module.eks.aws_eks_cluster.this",
            "module.eks.aws_iam_policy.cni_ipv6_policy",
            "module.eks.aws_iam_role.this",
            "module.eks.aws_iam_role_policy_attachment.this",
            "module.eks.aws_security_group.cluster",
            "module.eks.aws_security_group.node",
            "module.eks.aws_security_group_rule.cluster",
            "module.eks.aws_security_group_rule.node",
            "module.eks.data.aws_caller_identity.current",
            "module.eks.data.aws_iam_policy_document.assume_role_policy",
            "module.eks.data.aws_iam_policy_document.cni_ipv6_policy",
            "module.eks.data.aws_iam_session_context.current",
            "module.eks.data.aws_partition.current",
            "module.eks.module.kms.aws_kms_external_key.this",
            "module.eks.module.kms.aws_kms_key.this",
            "module.eks.module.kms.aws_kms_replica_external_key.this",
            "module.eks.module.kms.aws_kms_replica_key.this",
            "module.eks.module.kms.data.aws_caller_identity.current",
            "module.eks.module.kms.data.aws_iam_policy_document.this",
            "module.eks.module.kms.data.aws_partition.current",
            "module.eks_blueprints_addons.data.aws_iam_policy_document.karpenter_assume_role",
            "module.eks_blueprints_addons.data.aws_partition.current",
            "module.vpc.aws_vpc.this"
          ]
        }
      ]
    },
    {
      "module": "module.eks_blueprints_addons",
      "mode": "managed",
      "type": "aws_iam_role_policy_attachment",
      "name": "additional",
      "provider": "provider[\"registry.terraform.io/hashicorp/aws\"]",
      "instances": [
        {
          "index_key": "AmazonSSMManagedInstanceCore",
          "schema_version": 0,
          "attributes": {
            "id": "emr-eks-karpenter-karpenter-node-20240308064915004600000008",
            "policy_arn": "arn:aws:iam::aws:policy/AmazonSSMManagedInstanceCore",
            "role": "emr-eks-karpenter-karpenter-node"
          },
          "sensitive_attributes": [],
          "private": "bnVsbA==",
          "dependencies": [
            "module.eks_blueprints_addons.aws_iam_role.karpenter"
          ]
        }
      ]
    },
    {
      "module": "module.eks_blueprints_addons",
      "mode": "managed",
      "type": "aws_iam_role_policy_attachment",
      "name": "karpenter",
      "provider": "provider[\"registry.terraform.io/hashicorp/aws\"]",
      "instances": [
        {
          "index_key": "AmazonEC2ContainerRegistryReadOnly",
          "schema_version": 0,
          "attributes": {
            "id": "emr-eks-karpenter-karpenter-node-20240308064915121900000009",
            "policy_arn": "arn:aws:iam::aws:policy/AmazonEC2ContainerRegistryReadOnly",
            "role": "emr-eks-karpenter-karpenter-node"
          },
          "sensitive_attributes": [],
          "private": "bnVsbA==",
          "dependencies": [
            "module.eks_blueprints_addons.aws_iam_role.karpenter",
            "module.eks_blueprints_addons.data.aws_partition.current"
          ]
        },
        {
          "index_key": "AmazonEKSWorkerNodePolicy",
          "schema_version": 0,
          "attributes": {
            "id": "emr-eks-karpenter-karpenter-node-2024030806491580060000000b",
            "policy_arn": "arn:aws:iam::aws:policy/AmazonEKSWorkerNodePolicy",
            "role": "emr-eks-karpenter-karpenter-node"
          },
          "sensitive_attributes": [],
          "private": "bnVsbA==",
          "dependencies": [
            "module.eks_blueprints_addons.aws_iam_role.karpenter",
            "module.eks_blueprints_addons.data.aws_partition.current"
          ]
        },
        {
          "index_key": "AmazonEKS_CNI_Policy",
          "schema_version": 0,
          "attributes": {
            "id": "emr-eks-karpenter-karpenter-node-2024030806491525370000000a",
            "policy_arn": "arn:aws:iam::aws:policy/AmazonEKS_CNI_Policy",
            "role": "emr-eks-karpenter-karpenter-node"
          },
          "sensitive_attributes": [],
          "private": "bnVsbA==",
          "dependencies": [
            "module.eks_blueprints_addons.aws_iam_role.karpenter",
            "module.eks_blueprints_addons.data.aws_partition.current"
          ]
        }
      ]
    },
    {
      "module": "module.eks_blueprints_addons",
      "mode": "managed",
      "type": "time_sleep",
      "name": "this",
      "provider": "provider[\"registry.terraform.io/hashicorp/time\"]",
      "instances": [
        {
          "schema_version": 0,
          "attributes": {
            "create_duration": "30s",
            "destroy_duration": null,
            "id": "2024-03-08T06:46:47Z",
            "triggers": {
              "cluster_endpoint": "https://E62BC5B60564EE45617CA662B24B8A8F.gr7.us-west-2.eks.amazonaws.com",
              "cluster_name": "emr-eks-karpenter",
              "custom": "",
              "oidc_provider_arn": "arn:aws:iam::724853865853:oidc-provider/oidc.eks.us-west-2.amazonaws.com/id/E62BC5B60564EE45617CA662B24B8A8F"
            }
          },
          "sensitive_attributes": [],
          "dependencies": [
            "data.aws_subnets.private_subnets",
            "module.eks.aws_cloudwatch_log_group.this",
            "module.eks.aws_eks_cluster.this",
            "module.eks.aws_iam_openid_connect_provider.oidc_provider",
            "module.eks.aws_iam_policy.cni_ipv6_policy",
            "module.eks.aws_iam_role.this",
            "module.eks.aws_iam_role_policy_attachment.this",
            "module.eks.aws_security_group.cluster",
            "module.eks.aws_security_group.node",
            "module.eks.aws_security_group_rule.cluster",
            "module.eks.aws_security_group_rule.node",
            "module.eks.data.aws_caller_identity.current",
            "module.eks.data.aws_iam_policy_document.assume_role_policy",
            "module.eks.data.aws_iam_policy_document.cni_ipv6_policy",
            "module.eks.data.aws_iam_session_context.current",
            "module.eks.data.aws_partition.current",
            "module.eks.data.tls_certificate.this",
            "module.eks.module.kms.aws_kms_external_key.this",
            "module.eks.module.kms.aws_kms_key.this",
            "module.eks.module.kms.aws_kms_replica_external_key.this",
            "module.eks.module.kms.aws_kms_replica_key.this",
            "module.eks.module.kms.data.aws_caller_identity.current",
            "module.eks.module.kms.data.aws_iam_policy_document.this",
            "module.eks.module.kms.data.aws_partition.current",
            "module.vpc.aws_vpc.this"
          ]
        }
      ]
    },
    {
      "module": "module.eks_blueprints_addons.module.karpenter",
      "mode": "data",
      "type": "aws_caller_identity",
      "name": "current",
      "provider": "provider[\"registry.terraform.io/hashicorp/aws\"]",
      "instances": [
        {
          "index_key": 0,
          "schema_version": 0,
          "attributes": {
            "account_id": "724853865853",
            "arn": "arn:aws:iam::724853865853:user/dongdong",
            "id": "724853865853",
            "user_id": "AIDA2RRFIHV62ZOURQUK5"
          },
          "sensitive_attributes": []
        }
      ]
    },
    {
      "module": "module.eks_blueprints_addons.module.karpenter",
      "mode": "data",
      "type": "aws_iam_policy_document",
      "name": "assume",
      "provider": "provider[\"registry.terraform.io/hashicorp/aws\"]",
      "instances": [
        {
          "index_key": 0,
          "schema_version": 0,
          "attributes": {
            "id": "3190134016",
            "json": "{\n  \"Version\": \"2012-10-17\",\n  \"Statement\": [\n    {\n      \"Effect\": \"Allow\",\n      \"Action\": \"sts:AssumeRoleWithWebIdentity\",\n      \"Principal\": {\n        \"Federated\": \"arn:aws:iam::724853865853:oidc-provider/oidc.eks.us-west-2.amazonaws.com/id/E62BC5B60564EE45617CA662B24B8A8F\"\n      },\n      \"Condition\": {\n        \"StringEquals\": {\n          \"oidc.eks.us-west-2.amazonaws.com/id/E62BC5B60564EE45617CA662B24B8A8F:aud\": \"sts.amazonaws.com\",\n          \"oidc.eks.us-west-2.amazonaws.com/id/E62BC5B60564EE45617CA662B24B8A8F:sub\": \"system:serviceaccount:karpenter:karpenter\"\n        }\n      }\n    }\n  ]\n}",
            "override_policy_documents": null,
            "policy_id": null,
            "source_policy_documents": null,
            "statement": [
              {
                "actions": [
                  "sts:AssumeRoleWithWebIdentity"
                ],
                "condition": [
                  {
                    "test": "StringEquals",
                    "values": [
                      "sts.amazonaws.com"
                    ],
                    "variable": "oidc.eks.us-west-2.amazonaws.com/id/E62BC5B60564EE45617CA662B24B8A8F:aud"
                  },
                  {
                    "test": "StringEquals",
                    "values": [
                      "system:serviceaccount:karpenter:karpenter"
                    ],
                    "variable": "oidc.eks.us-west-2.amazonaws.com/id/E62BC5B60564EE45617CA662B24B8A8F:sub"
                  }
                ],
                "effect": "Allow",
                "not_actions": [],
                "not_principals": [],
                "not_resources": [],
                "principals": [
                  {
                    "identifiers": [
                      "arn:aws:iam::724853865853:oidc-provider/oidc.eks.us-west-2.amazonaws.com/id/E62BC5B60564EE45617CA662B24B8A8F"
                    ],
                    "type": "Federated"
                  }
                ],
                "resources": [],
                "sid": ""
              }
            ],
            "version": "2012-10-17"
          },
          "sensitive_attributes": []
        }
      ]
    },
    {
      "module": "module.eks_blueprints_addons.module.karpenter",
      "mode": "data",
      "type": "aws_iam_policy_document",
      "name": "this",
      "provider": "provider[\"registry.terraform.io/hashicorp/aws\"]",
      "instances": [
        {
          "index_key": 0,
          "schema_version": 0,
          "attributes": {
            "id": "3638233759",
            "json": "{\n  \"Version\": \"2012-10-17\",\n  \"Statement\": [\n    {\n      \"Effect\": \"Allow\",\n      \"Action\": [\n        \"ec2:DescribeSubnets\",\n        \"ec2:DescribeSpotPriceHistory\",\n        \"ec2:DescribeSecurityGroups\",\n        \"ec2:DescribeLaunchTemplates\",\n        \"ec2:DescribeInstances\",\n        \"ec2:DescribeInstanceTypes\",\n        \"ec2:DescribeInstanceTypeOfferings\",\n        \"ec2:DescribeImages\",\n        \"ec2:DescribeAvailabilityZones\"\n      ],\n      \"Resource\": \"*\"\n    },\n    {\n      \"Effect\": \"Allow\",\n      \"Action\": [\n        \"ec2:RunInstances\",\n        \"ec2:DeleteLaunchTemplate\",\n        \"ec2:CreateTags\",\n        \"ec2:CreateLaunchTemplate\",\n        \"ec2:CreateFleet\"\n      ],\n      \"Resource\": [\n        \"arn:aws:ec2:us-west-2::image/*\",\n        \"arn:aws:ec2:us-west-2:724853865853:*\"\n      ]\n    },\n    {\n      \"Effect\": \"Allow\",\n      \"Action\": \"iam:PassRole\",\n      \"Resource\": \"arn:aws:iam::724853865853:role/emr-eks-karpenter-karpenter-node\"\n    },\n    {\n      \"Effect\": \"Allow\",\n      \"Action\": \"pricing:GetProducts\",\n      \"Resource\": \"*\"\n    },\n    {\n      \"Effect\": \"Allow\",\n      \"Action\": \"ssm:GetParameter\",\n      \"Resource\": \"arn:aws:ssm:us-west-2::parameter/aws/service/*\"\n    },\n    {\n      \"Effect\": \"Allow\",\n      \"Action\": \"eks:DescribeCluster\",\n      \"Resource\": \"arn:aws:eks:*:724853865853:cluster/emr-eks-karpenter\"\n    },\n    {\n      \"Effect\": \"Allow\",\n      \"Action\": \"ec2:TerminateInstances\",\n      \"Resource\": \"arn:aws:ec2:us-west-2:724853865853:instance/*\",\n      \"Condition\": {\n        \"StringLike\": {\n          \"ec2:ResourceTag/kubernetes.io/cluster/emr-eks-karpenter\": \"*\"\n        }\n      }\n    },\n    {\n      \"Effect\": \"Allow\",\n      \"Action\": [\n        \"sqs:ReceiveMessage\",\n        \"sqs:GetQueueUrl\",\n        \"sqs:GetQueueAttributes\",\n        \"sqs:DeleteMessage\"\n      ],\n      \"Resource\": \"arn:aws:sqs:us-west-2:724853865853:karpenter-emr-eks-karpenter\"\n    },\n    {\n      \"Effect\": \"Allow\",\n      \"Action\": [\n        \"iam:TagInstanceProfile\",\n        \"iam:RemoveRoleFromInstanceProfile\",\n        \"iam:GetInstanceProfile\",\n        \"iam:DeleteInstanceProfile\",\n        \"iam:CreateInstanceProfile\",\n        \"iam:AddRoleToInstanceProfile\"\n      ],\n      \"Resource\": \"*\"\n    }\n  ]\n}",
            "override_policy_documents": null,
            "policy_id": null,
            "source_policy_documents": [
              "{\n  \"Version\": \"2012-10-17\",\n  \"Statement\": [\n    {\n      \"Effect\": \"Allow\",\n      \"Action\": [\n        \"ec2:DescribeSubnets\",\n        \"ec2:DescribeSpotPriceHistory\",\n        \"ec2:DescribeSecurityGroups\",\n        \"ec2:DescribeLaunchTemplates\",\n        \"ec2:DescribeInstances\",\n        \"ec2:DescribeInstanceTypes\",\n        \"ec2:DescribeInstanceTypeOfferings\",\n        \"ec2:DescribeImages\",\n        \"ec2:DescribeAvailabilityZones\"\n      ],\n      \"Resource\": \"*\"\n    },\n    {\n      \"Effect\": \"Allow\",\n      \"Action\": [\n        \"ec2:RunInstances\",\n        \"ec2:DeleteLaunchTemplate\",\n        \"ec2:CreateTags\",\n        \"ec2:CreateLaunchTemplate\",\n        \"ec2:CreateFleet\"\n      ],\n      \"Resource\": [\n        \"arn:aws:ec2:us-west-2::image/*\",\n        \"arn:aws:ec2:us-west-2:724853865853:*\"\n      ]\n    },\n    {\n      \"Effect\": \"Allow\",\n      \"Action\": \"iam:PassRole\",\n      \"Resource\": \"arn:aws:iam::724853865853:role/emr-eks-karpenter-karpenter-node\"\n    },\n    {\n      \"Effect\": \"Allow\",\n      \"Action\": \"pricing:GetProducts\",\n      \"Resource\": \"*\"\n    },\n    {\n      \"Effect\": \"Allow\",\n      \"Action\": \"ssm:GetParameter\",\n      \"Resource\": \"arn:aws:ssm:us-west-2::parameter/aws/service/*\"\n    },\n    {\n      \"Effect\": \"Allow\",\n      \"Action\": \"eks:DescribeCluster\",\n      \"Resource\": \"arn:aws:eks:*:724853865853:cluster/emr-eks-karpenter\"\n    },\n    {\n      \"Effect\": \"Allow\",\n      \"Action\": \"ec2:TerminateInstances\",\n      \"Resource\": \"arn:aws:ec2:us-west-2:724853865853:instance/*\",\n      \"Condition\": {\n        \"StringLike\": {\n          \"ec2:ResourceTag/kubernetes.io/cluster/emr-eks-karpenter\": \"*\"\n        }\n      }\n    },\n    {\n      \"Effect\": \"Allow\",\n      \"Action\": [\n        \"sqs:ReceiveMessage\",\n        \"sqs:GetQueueUrl\",\n        \"sqs:GetQueueAttributes\",\n        \"sqs:DeleteMessage\"\n      ],\n      \"Resource\": \"arn:aws:sqs:us-west-2:724853865853:karpenter-emr-eks-karpenter\"\n    },\n    {\n      \"Effect\": \"Allow\",\n      \"Action\": [\n        \"iam:TagInstanceProfile\",\n        \"iam:RemoveRoleFromInstanceProfile\",\n        \"iam:GetInstanceProfile\",\n        \"iam:DeleteInstanceProfile\",\n        \"iam:CreateInstanceProfile\",\n        \"iam:AddRoleToInstanceProfile\"\n      ],\n      \"Resource\": \"*\"\n    }\n  ]\n}"
            ],
            "statement": null,
            "version": "2012-10-17"
          },
          "sensitive_attributes": []
        }
      ]
    },
    {
      "module": "module.eks_blueprints_addons.module.karpenter",
      "mode": "data",
      "type": "aws_partition",
      "name": "current",
      "provider": "provider[\"registry.terraform.io/hashicorp/aws\"]",
      "instances": [
        {
          "index_key": 0,
          "schema_version": 0,
          "attributes": {
            "dns_suffix": "amazonaws.com",
            "id": "aws",
            "partition": "aws",
            "reverse_dns_prefix": "com.amazonaws"
          },
          "sensitive_attributes": []
        }
      ]
    },
    {
      "module": "module.eks_blueprints_addons.module.karpenter",
      "mode": "managed",
      "type": "aws_iam_policy",
      "name": "this",
      "provider": "provider[\"registry.terraform.io/hashicorp/aws\"]",
      "instances": [
        {
          "index_key": 0,
          "schema_version": 0,
          "attributes": {
            "arn": "arn:aws:iam::724853865853:policy/karpenter-2024030806464308020000000d",
            "description": "IAM Policy for karpenter",
            "id": "arn:aws:iam::724853865853:policy/karpenter-2024030806464308020000000d",
            "name": "karpenter-2024030806464308020000000d",
            "name_prefix": "karpenter-",
            "path": "/",
            "policy": "{\"Statement\":[{\"Action\":[\"ec2:DescribeSubnets\",\"ec2:DescribeSpotPriceHistory\",\"ec2:DescribeSecurityGroups\",\"ec2:DescribeLaunchTemplates\",\"ec2:DescribeInstances\",\"ec2:DescribeInstanceTypes\",\"ec2:DescribeInstanceTypeOfferings\",\"ec2:DescribeImages\",\"ec2:DescribeAvailabilityZones\"],\"Effect\":\"Allow\",\"Resource\":\"*\"},{\"Action\":[\"ec2:RunInstances\",\"ec2:DeleteLaunchTemplate\",\"ec2:CreateTags\",\"ec2:CreateLaunchTemplate\",\"ec2:CreateFleet\"],\"Effect\":\"Allow\",\"Resource\":[\"arn:aws:ec2:us-west-2::image/*\",\"arn:aws:ec2:us-west-2:724853865853:*\"]},{\"Action\":\"iam:PassRole\",\"Effect\":\"Allow\",\"Resource\":\"arn:aws:iam::724853865853:role/emr-eks-karpenter-karpenter-node\"},{\"Action\":\"pricing:GetProducts\",\"Effect\":\"Allow\",\"Resource\":\"*\"},{\"Action\":\"ssm:GetParameter\",\"Effect\":\"Allow\",\"Resource\":\"arn:aws:ssm:us-west-2::parameter/aws/service/*\"},{\"Action\":\"eks:DescribeCluster\",\"Effect\":\"Allow\",\"Resource\":\"arn:aws:eks:*:724853865853:cluster/emr-eks-karpenter\"},{\"Action\":\"ec2:TerminateInstances\",\"Condition\":{\"StringLike\":{\"ec2:ResourceTag/kubernetes.io/cluster/emr-eks-karpenter\":\"*\"}},\"Effect\":\"Allow\",\"Resource\":\"arn:aws:ec2:us-west-2:724853865853:instance/*\"},{\"Action\":[\"sqs:ReceiveMessage\",\"sqs:GetQueueUrl\",\"sqs:GetQueueAttributes\",\"sqs:DeleteMessage\"],\"Effect\":\"Allow\",\"Resource\":\"arn:aws:sqs:us-west-2:724853865853:karpenter-emr-eks-karpenter\"},{\"Action\":[\"iam:TagInstanceProfile\",\"iam:RemoveRoleFromInstanceProfile\",\"iam:GetInstanceProfile\",\"iam:DeleteInstanceProfile\",\"iam:CreateInstanceProfile\",\"iam:AddRoleToInstanceProfile\"],\"Effect\":\"Allow\",\"Resource\":\"*\"}],\"Version\":\"2012-10-17\"}",
            "policy_id": "ANPA2RRFIHV6X43GHV7JS",
            "tags": {
              "app": "emr-eks-karpenter"
            },
            "tags_all": {
              "app": "emr-eks-karpenter"
            }
          },
          "sensitive_attributes": [],
          "private": "bnVsbA==",
          "dependencies": [
            "data.aws_ecrpublic_authorization_token.token",
            "data.aws_subnets.private_subnets",
            "module.eks.aws_cloudwatch_log_group.this",
            "module.eks.aws_eks_cluster.this",
            "module.eks.aws_iam_policy.cni_ipv6_policy",
            "module.eks.aws_iam_role.this",
            "module.eks.aws_iam_role_policy_attachment.this",
            "module.eks.aws_security_group.cluster",
            "module.eks.aws_security_group.node",
            "module.eks.aws_security_group_rule.cluster",
            "module.eks.aws_security_group_rule.node",
            "module.eks.data.aws_caller_identity.current",
            "module.eks.data.aws_iam_policy_document.assume_role_policy",
            "module.eks.data.aws_iam_policy_document.cni_ipv6_policy",
            "module.eks.data.aws_iam_session_context.current",
            "module.eks.data.aws_partition.current",
            "module.eks.module.kms.aws_kms_external_key.this",
            "module.eks.module.kms.aws_kms_key.this",
            "module.eks.module.kms.aws_kms_replica_external_key.this",
            "module.eks.module.kms.aws_kms_replica_key.this",
            "module.eks.module.kms.data.aws_caller_identity.current",
            "module.eks.module.kms.data.aws_iam_policy_document.this",
            "module.eks.module.kms.data.aws_partition.current",
            "module.eks_blueprints_addons.aws_iam_role.karpenter",
            "module.eks_blueprints_addons.data.aws_caller_identity.current",
            "module.eks_blueprints_addons.data.aws_iam_policy_document.karpenter",
            "module.eks_blueprints_addons.data.aws_iam_policy_document.karpenter_assume_role",
            "module.eks_blueprints_addons.data.aws_partition.current",
            "module.eks_blueprints_addons.data.aws_region.current",
            "module.eks_blueprints_addons.module.karpenter.data.aws_iam_policy_document.this",
            "module.eks_blueprints_addons.module.karpenter_sqs.aws_sqs_queue.this",
            "module.vpc.aws_vpc.this"
          ]
        }
      ]
    },
    {
      "module": "module.eks_blueprints_addons.module.karpenter",
      "mode": "managed",
      "type": "aws_iam_role",
      "name": "this",
      "provider": "provider[\"registry.terraform.io/hashicorp/aws\"]",
      "instances": [
        {
          "index_key": 0,
          "schema_version": 0,
          "attributes": {
            "arn": "arn:aws:iam::724853865853:role/karpenter-20240308064647184900000012",
            "assume_role_policy": "{\"Statement\":[{\"Action\":\"sts:AssumeRoleWithWebIdentity\",\"Condition\":{\"StringEquals\":{\"oidc.eks.us-west-2.amazonaws.com/id/E62BC5B60564EE45617CA662B24B8A8F:aud\":\"sts.amazonaws.com\",\"oidc.eks.us-west-2.amazonaws.com/id/E62BC5B60564EE45617CA662B24B8A8F:sub\":\"system:serviceaccount:karpenter:karpenter\"}},\"Effect\":\"Allow\",\"Principal\":{\"Federated\":\"arn:aws:iam::724853865853:oidc-provider/oidc.eks.us-west-2.amazonaws.com/id/E62BC5B60564EE45617CA662B24B8A8F\"}}],\"Version\":\"2012-10-17\"}",
            "create_date": "2024-03-08T06:46:47Z",
            "description": "IRSA for Karpenter",
            "force_detach_policies": true,
            "id": "karpenter-20240308064647184900000012",
            "inline_policy": [],
            "managed_policy_arns": [
              "arn:aws:iam::724853865853:policy/karpenter-2024030806464308020000000d"
            ],
            "max_session_duration": 3600,
            "name": "karpenter-20240308064647184900000012",
            "name_prefix": "karpenter-",
            "path": "/",
            "permissions_boundary": "",
            "tags": {
              "app": "emr-eks-karpenter"
            },
            "tags_all": {
              "app": "emr-eks-karpenter"
            },
            "unique_id": "AROA2RRFIHV62LAQJAHP6"
          },
          "sensitive_attributes": [],
          "private": "bnVsbA==",
          "dependencies": [
            "data.aws_ecrpublic_authorization_token.token",
            "data.aws_subnets.private_subnets",
            "module.eks.aws_cloudwatch_log_group.this",
            "module.eks.aws_eks_cluster.this",
            "module.eks.aws_iam_openid_connect_provider.oidc_provider",
            "module.eks.aws_iam_policy.cni_ipv6_policy",
            "module.eks.aws_iam_role.this",
            "module.eks.aws_iam_role_policy_attachment.this",
            "module.eks.aws_security_group.cluster",
            "module.eks.aws_security_group.node",
            "module.eks.aws_security_group_rule.cluster",
            "module.eks.aws_security_group_rule.node",
            "module.eks.data.aws_caller_identity.current",
            "module.eks.data.aws_iam_policy_document.assume_role_policy",
            "module.eks.data.aws_iam_policy_document.cni_ipv6_policy",
            "module.eks.data.aws_iam_session_context.current",
            "module.eks.data.aws_partition.current",
            "module.eks.data.tls_certificate.this",
            "module.eks.module.kms.aws_kms_external_key.this",
            "module.eks.module.kms.aws_kms_key.this",
            "module.eks.module.kms.aws_kms_replica_external_key.this",
            "module.eks.module.kms.aws_kms_replica_key.this",
            "module.eks.module.kms.data.aws_caller_identity.current",
            "module.eks.module.kms.data.aws_iam_policy_document.this",
            "module.eks.module.kms.data.aws_partition.current",
            "module.eks_blueprints_addons.module.karpenter.data.aws_caller_identity.current",
            "module.eks_blueprints_addons.module.karpenter.data.aws_iam_policy_document.assume",
            "module.eks_blueprints_addons.module.karpenter.data.aws_partition.current",
            "module.eks_blueprints_addons.time_sleep.this",
            "module.vpc.aws_vpc.this"
          ]
        }
      ]
    },
    {
      "module": "module.eks_blueprints_addons.module.karpenter",
      "mode": "managed",
      "type": "aws_iam_role_policy_attachment",
      "name": "this",
      "provider": "provider[\"registry.terraform.io/hashicorp/aws\"]",
      "instances": [
        {
          "index_key": 0,
          "schema_version": 0,
          "attributes": {
            "id": "karpenter-20240308064647184900000012-20240308064649140700000013",
            "policy_arn": "arn:aws:iam::724853865853:policy/karpenter-2024030806464308020000000d",
            "role": "karpenter-20240308064647184900000012"
          },
          "sensitive_attributes": [],
          "private": "bnVsbA==",
          "dependencies": [
            "data.aws_ecrpublic_authorization_token.token",
            "data.aws_subnets.private_subnets",
            "module.eks.aws_cloudwatch_log_group.this",
            "module.eks.aws_eks_cluster.this",
            "module.eks.aws_iam_openid_connect_provider.oidc_provider",
            "module.eks.aws_iam_policy.cni_ipv6_policy",
            "module.eks.aws_iam_role.this",
            "module.eks.aws_iam_role_policy_attachment.this",
            "module.eks.aws_security_group.cluster",
            "module.eks.aws_security_group.node",
            "module.eks.aws_security_group_rule.cluster",
            "module.eks.aws_security_group_rule.node",
            "module.eks.data.aws_caller_identity.current",
            "module.eks.data.aws_iam_policy_document.assume_role_policy",
            "module.eks.data.aws_iam_policy_document.cni_ipv6_policy",
            "module.eks.data.aws_iam_session_context.current",
            "module.eks.data.aws_partition.current",
            "module.eks.data.tls_certificate.this",
            "module.eks.module.kms.aws_kms_external_key.this",
            "module.eks.module.kms.aws_kms_key.this",
            "module.eks.module.kms.aws_kms_replica_external_key.this",
            "module.eks.module.kms.aws_kms_replica_key.this",
            "module.eks.module.kms.data.aws_caller_identity.current",
            "module.eks.module.kms.data.aws_iam_policy_document.this",
            "module.eks.module.kms.data.aws_partition.current",
            "module.eks_blueprints_addons.aws_iam_role.karpenter",
            "module.eks_blueprints_addons.data.aws_caller_identity.current",
            "module.eks_blueprints_addons.data.aws_iam_policy_document.karpenter",
            "module.eks_blueprints_addons.data.aws_iam_policy_document.karpenter_assume_role",
            "module.eks_blueprints_addons.data.aws_partition.current",
            "module.eks_blueprints_addons.data.aws_region.current",
            "module.eks_blueprints_addons.module.karpenter.aws_iam_policy.this",
            "module.eks_blueprints_addons.module.karpenter.aws_iam_role.this",
            "module.eks_blueprints_addons.module.karpenter.data.aws_caller_identity.current",
            "module.eks_blueprints_addons.module.karpenter.data.aws_iam_policy_document.assume",
            "module.eks_blueprints_addons.module.karpenter.data.aws_iam_policy_document.this",
            "module.eks_blueprints_addons.module.karpenter.data.aws_partition.current",
            "module.eks_blueprints_addons.module.karpenter_sqs.aws_sqs_queue.this",
            "module.eks_blueprints_addons.time_sleep.this",
            "module.vpc.aws_vpc.this"
          ]
        }
      ]
    },
    {
      "module": "module.eks_blueprints_addons.module.karpenter",
      "mode": "managed",
      "type": "helm_release",
      "name": "this",
      "provider": "provider[\"registry.terraform.io/hashicorp/helm\"]",
      "instances": [
        {
          "index_key": 0,
          "schema_version": 1,
          "attributes": {
            "atomic": false,
            "chart": "karpenter",
            "cleanup_on_fail": false,
            "create_namespace": true,
            "dependency_update": false,
            "description": "A Helm chart to deploy Karpenter",
            "devel": null,
            "disable_crd_hooks": false,
            "disable_openapi_validation": false,
            "disable_webhooks": false,
            "force_update": false,
            "id": "karpenter",
            "keyring": null,
            "lint": false,
            "manifest": null,
            "max_history": 0,
            "metadata": [
              {
                "app_version": "0.33.1",
                "chart": "karpenter",
                "name": "karpenter",
                "namespace": "karpenter",
                "revision": 2,
                "values": "{\"serviceAccount\":{\"annotations\":{\"eks.amazonaws.com/role-arn\":\"arn:aws:iam::724853865853:role/karpenter-20240308064647184900000012\"},\"name\":\"karpenter\"},\"settings\":{\"aws\":{\"clusterEndpoint\":\"https://E62BC5B60564EE45617CA662B24B8A8F.gr7.us-west-2.eks.amazonaws.com\",\"clusterName\":\"emr-eks-karpenter\",\"interruptionQueueName\":\"karpenter-emr-eks-karpenter\"},\"clusterEndpoint\":\"https://E62BC5B60564EE45617CA662B24B8A8F.gr7.us-west-2.eks.amazonaws.com\",\"clusterName\":\"emr-eks-karpenter\",\"interruptionQueue\":\"karpenter-emr-eks-karpenter\"}}",
                "version": "v0.33.1"
              }
            ],
            "name": "karpenter",
            "namespace": "karpenter",
            "pass_credentials": false,
            "postrender": [],
            "recreate_pods": false,
            "render_subchart_notes": true,
            "replace": false,
            "repository": "oci://public.ecr.aws/karpenter",
            "repository_ca_file": null,
            "repository_cert_file": null,
            "repository_key_file": null,
            "repository_password": "eyJwYXlsb2FkIjoiemphUURidWR4Y3FzY0RkKzM3c3E2aEdFQVZzTDV1NGZFVnpxc2RXOTBRTFhBcFExait6WXhPRjJOendrdjFUSi9lQURFQUZZWTV3RlZQSElyQ1BuVWhIdzd3eXJReEdBTHFmQWxjWVhGRU1aZVFLNnB0ajd3dVVxOVE3eWxhWFEvb3VjTG81NW40N1R6S3JBS0daT21vcC9PZzM2dmNkemFiTFR0Ym5UNVdFdEVBcEJuem1UMDVla3dQZWpZRTlQNVdmYkxiSHpoRnR5M1E4bVppeGZYNVllaXpHSzVseXExek92VUVlT2xVcVhZcForWCs0eFBaTXNucE81S1Q1eWJDdTRDaG8xeFBmOGxhZHZ6UC90RWh0dmtIZnlQNU9raWo0TnVNREhkVVpZUEZFb3lMdk9ZVEFYVFZ0c093YVV3N1poRDU3VlJETFlkYVllbm80RVhNZXhsbTdHNy9XeWp5N1BxcFg5T2owK1dSdDl3SWFvem4vdyttVVJDdk1QNGpkWFlRRDRld3hsQWlVQysrM1BQeitxY2VrWWI2UFc4SG9Menl0b1J0b0xvcE1qaUNiYjc4d3NpM2ZBK2dDelJmZTNEckpSaTkzS0dQVHdVRmNMeEh3MVgyTlkwOU5WeFhVT3hLSTdkaTVwcm1aR3JwUy85ODR4UWN0amJlMjFOOGN2MXRJVkg0WlZpbWxuRjNUd1FLRjRFUVc4d20yNW1TeEFQemJQcVhZelFKMkxLZGZMcEEyZzcrT2M5dnBpYmVlR3lOeS9uamkxKzRGb2laWGpoOVpnTU5oUmF3a2tSMEpsYWxvZm1xZ1ZRWXpLSWZCVmtRSE4wYjVTRGZDakwrOWpob2tCWTJ3NEVwQVRUKzJSQnNWQlI4YTF4NFRRanZKeXowTHRkcHVHQWRndGRLQjZ1eHRLSDBjaHpHZFNpN01GNEZwTlVIR0RaMkdhRTBLTHV1c2NoUWxldzEwVUVMRHFyaFNMNExJVldsUWJLQTY2UzR5dzJ5VXJrb2RZa2hLeWJXV1B6aUJCYjNaZ3RrU0hyVFI2Q05KWjIvaFRWODRBS1NmRG1jeWp5L2lraitoRExYWGJOVXNISXozbTZDai9Vc3AyNU12dzNYMmcxVG9LaEhUeEJ4UWJLaURaNkUySWR5bzlWc3ZwM0kwVERIZk1wbEMyMStnREdKekdFcTBybFNsdWNIOGhYK0NZa2ZCYnJRRHpVT3NHQUJZV3QxeklMOWhIZ2kzMmRlcmNrVHZQOTdKczdyYVByVUZRNXN5YkdEenRGclFpQm9RSG9XdC9abGw5V2sxS3FHMnA3bDBXSnJxUmY0MzBmZFRQOUJyZ3h1cDJiSkl2SWFTblQyVkFqYmhvSTJQancyNEtvTXlZYWdxc2V6U2ciLCJkYXRha2V5IjoiZXlKUVJGZ2lPaUpPVlVGS2VuUjNUVkl4U1RrM2VtdE5ZVnB1TW5sb1IwWkdOMDFNYkUwM1RWSlFXRTF0YmpWQ1FUQlpOamhTUm1aTVFqUXJTREp3ZVRneGVrWTJSamRGV2lzM1FqVnROekpTSzJGd1IzQnRWRTExVmtSc2NGSkxVVTR2UjAxT2NUZHNSVFZVYmxOcmNUTkNSR3dyYVVORWFIRmtXR1YxUVhoWGIzTldSbXBxTTJ3d05rVldNMnBNVW0xbVRVRklRVlYyZGxoM2JVWk9lV015YVU5T09YQm1OM1pTZDJ4bFpsTmhhbUZNY1d0bllYUlBia3hWVkVKRWJqWnhLM1JFUlc5TmIxaG9UVFZxZVdvd1kzRlNiWE4zYW10YVFqSlNTa2hxUWpoRmMwSnpkV2RyVjBKRmRpOXFVbVptWkROQ05XOXRjMUZVTmxsME9YWkhaVXhNWWtsUmNUVk1XamRGY0dkU1VrZHVOR2x5VERaWWFYUlljMkpsZDJ3MGJXd3JPR1F6TlhBeGFHY3JURkZ1TlVoVkwyMXZjV2xPTW14SFkyVkpMMkpVYUM5elYzWXpTVmRNZEZweWQxcHdlbE5YYm10SU1FdFdjR2M5UFNJc0lrbEJSQ0k2SWxwQlZXOXJkVFZJUVhSek1raE9iRVZ6VTNGUWIyTXhZVzgyY1VaM2FFcHJkRmhHWWpWUU4wdDNSazFZT0ZWVWNYZG5kMUUwVlRScU0wbFFZbGxDTjJnMVZWWm1OR1EyYnpoVWRtMXVOM1E1TWpWWVJrOVZjamhGVUUxWVNsSnVNR3MyWlVoVlFsTm1ORU5YTm1wQk4xZ3pSWE5XUVVsQ05USTBkMUp6TlRWTmJEQlBZVFZUU21SUFFXOVlXbWhTUzJGTlRGcDVUbFl2VFZKa1dHSnpUUzk0YWxwelNGQjBlbUo2WjJsQ1VuTlhha3BOYmtGaFQxbHdNa2RYVEdSclRqRXZSVUpIUVU4ck9FNWpORmhXYTJnMVQwbDVlWGxuU0RGSmJHVnRSR1pIWmpoNU5teDRibEo1U2pGMmFYUXlOVTU2WjJWUU1UTjVWRzlrT1hwc05FVjZNV3d2TURCTE5XOVhiWGs1T0c5NVRHMVJlbmR3TlZSMWNsWm1iSEpMYldFd1IzZE9UM2M1YjFJd05GUlBaekZNUVM5VlJVcEVUek5xSzIxakt6UmhTSFI2T0hwVWRtc3hTR0ZQU0doU2RVOVlabUZoUVQwOUluMD0iLCJ2ZXJzaW9uIjoiMyIsInR5cGUiOiJEQVRBX0tFWSIsImV4cGlyYXRpb24iOjE3MDk5MjM3MzJ9",
            "repository_username": "AWS",
            "reset_values": false,
            "reuse_values": false,
            "set": [
              {
                "name": "serviceAccount.annotations.eks\\.amazonaws\\.com/role-arn",
                "type": "",
                "value": "arn:aws:iam::724853865853:role/karpenter-20240308064647184900000012"
              },
              {
                "name": "serviceAccount.name",
                "type": "",
                "value": "karpenter"
              },
              {
                "name": "settings.aws.clusterEndpoint",
                "type": "",
                "value": "https://E62BC5B60564EE45617CA662B24B8A8F.gr7.us-west-2.eks.amazonaws.com"
              },
              {
                "name": "settings.aws.clusterName",
                "type": "",
                "value": "emr-eks-karpenter"
              },
              {
                "name": "settings.aws.interruptionQueueName",
                "type": "",
                "value": "karpenter-emr-eks-karpenter"
              },
              {
                "name": "settings.clusterEndpoint",
                "type": "",
                "value": "https://E62BC5B60564EE45617CA662B24B8A8F.gr7.us-west-2.eks.amazonaws.com"
              },
              {
                "name": "settings.clusterName",
                "type": "",
                "value": "emr-eks-karpenter"
              },
              {
                "name": "settings.interruptionQueue",
                "type": "",
                "value": "karpenter-emr-eks-karpenter"
              }
            ],
            "set_list": [],
            "set_sensitive": [],
            "skip_crds": false,
            "status": "deployed",
            "timeout": 300,
            "values": [],
            "verify": false,
            "version": "v0.33.1",
            "wait": false,
            "wait_for_jobs": false
          },
          "sensitive_attributes": [
            [
              {
                "type": "get_attr",
                "value": "repository_password"
              }
            ]
          ],
          "private": "eyJzY2hlbWFfdmVyc2lvbiI6IjEifQ==",
          "dependencies": [
            "data.aws_ecrpublic_authorization_token.token",
            "data.aws_eks_cluster_auth.this",
            "module.eks.aws_eks_cluster.this",
            "module.eks_blueprints_addons.aws_iam_instance_profile.karpenter",
            "module.eks_blueprints_addons.module.karpenter.aws_iam_role.this",
            "module.eks_blueprints_addons.module.karpenter_sqs.aws_sqs_queue.this",
            "module.eks_blueprints_addons.time_sleep.this"
          ]
        }
      ]
    },
    {
      "module": "module.eks_blueprints_addons.module.karpenter_sqs",
      "mode": "data",
      "type": "aws_iam_policy_document",
      "name": "this",
      "provider": "provider[\"registry.terraform.io/hashicorp/aws\"]",
      "instances": [
        {
          "index_key": 0,
          "schema_version": 0,
          "attributes": {
            "id": "4228931155",
            "json": "{\n  \"Version\": \"2012-10-17\",\n  \"Statement\": [\n    {\n      \"Sid\": \"SendEventsToQueue\",\n      \"Effect\": \"Allow\",\n      \"Action\": \"sqs:SendMessage\",\n      \"Resource\": \"arn:aws:sqs:us-west-2:724853865853:karpenter-emr-eks-karpenter\",\n      \"Principal\": {\n        \"Service\": [\n          \"sqs.amazonaws.com\",\n          \"events.amazonaws.com\"\n        ]\n      }\n    }\n  ]\n}",
            "override_policy_documents": null,
            "policy_id": null,
            "source_policy_documents": null,
            "statement": [
              {
                "actions": [
                  "sqs:SendMessage"
                ],
                "condition": [],
                "effect": "Allow",
                "not_actions": [],
                "not_principals": [],
                "not_resources": [],
                "principals": [
                  {
                    "identifiers": [
                      "events.amazonaws.com",
                      "sqs.amazonaws.com"
                    ],
                    "type": "Service"
                  }
                ],
                "resources": [
                  "arn:aws:sqs:us-west-2:724853865853:karpenter-emr-eks-karpenter"
                ],
                "sid": "SendEventsToQueue"
              }
            ],
            "version": "2012-10-17"
          },
          "sensitive_attributes": []
        }
      ]
    },
    {
      "module": "module.eks_blueprints_addons.module.karpenter_sqs",
      "mode": "managed",
      "type": "aws_sqs_queue",
      "name": "this",
      "provider": "provider[\"registry.terraform.io/hashicorp/aws\"]",
      "instances": [
        {
          "index_key": 0,
          "schema_version": 0,
          "attributes": {
            "arn": "arn:aws:sqs:us-west-2:724853865853:karpenter-emr-eks-karpenter",
            "content_based_deduplication": false,
            "deduplication_scope": "",
            "delay_seconds": 0,
            "fifo_queue": false,
            "fifo_throughput_limit": "",
            "id": "https://sqs.us-west-2.amazonaws.com/724853865853/karpenter-emr-eks-karpenter",
            "kms_data_key_reuse_period_seconds": 300,
            "kms_master_key_id": "",
            "max_message_size": 262144,
            "message_retention_seconds": 300,
            "name": "karpenter-emr-eks-karpenter",
            "name_prefix": "",
            "policy": "{\"Statement\":[{\"Action\":\"sqs:SendMessage\",\"Effect\":\"Allow\",\"Principal\":{\"Service\":[\"sqs.amazonaws.com\",\"events.amazonaws.com\"]},\"Resource\":\"arn:aws:sqs:us-west-2:724853865853:karpenter-emr-eks-karpenter\",\"Sid\":\"SendEventsToQueue\"}],\"Version\":\"2012-10-17\"}",
            "receive_wait_time_seconds": 0,
            "redrive_allow_policy": "",
            "redrive_policy": "",
            "sqs_managed_sse_enabled": true,
            "tags": {
              "app": "emr-eks-karpenter"
            },
            "tags_all": {
              "app": "emr-eks-karpenter"
            },
            "url": "https://sqs.us-west-2.amazonaws.com/724853865853/karpenter-emr-eks-karpenter",
            "visibility_timeout_seconds": 30
          },
          "sensitive_attributes": [],
          "private": "bnVsbA==",
          "dependencies": [
            "data.aws_subnets.private_subnets",
            "module.eks.aws_cloudwatch_log_group.this",
            "module.eks.aws_eks_cluster.this",
            "module.eks.aws_iam_policy.cni_ipv6_policy",
            "module.eks.aws_iam_role.this",
            "module.eks.aws_iam_role_policy_attachment.this",
            "module.eks.aws_security_group.cluster",
            "module.eks.aws_security_group.node",
            "module.eks.aws_security_group_rule.cluster",
            "module.eks.aws_security_group_rule.node",
            "module.eks.data.aws_caller_identity.current",
            "module.eks.data.aws_iam_policy_document.assume_role_policy",
            "module.eks.data.aws_iam_policy_document.cni_ipv6_policy",
            "module.eks.data.aws_iam_session_context.current",
            "module.eks.data.aws_partition.current",
            "module.eks.module.kms.aws_kms_external_key.this",
            "module.eks.module.kms.aws_kms_key.this",
            "module.eks.module.kms.aws_kms_replica_external_key.this",
            "module.eks.module.kms.aws_kms_replica_key.this",
            "module.eks.module.kms.data.aws_caller_identity.current",
            "module.eks.module.kms.data.aws_iam_policy_document.this",
            "module.eks.module.kms.data.aws_partition.current",
            "module.vpc.aws_vpc.this"
          ]
        }
      ]
    },
    {
      "module": "module.eks_blueprints_addons.module.karpenter_sqs",
      "mode": "managed",
      "type": "aws_sqs_queue_policy",
      "name": "this",
      "provider": "provider[\"registry.terraform.io/hashicorp/aws\"]",
      "instances": [
        {
          "index_key": 0,
          "schema_version": 1,
          "attributes": {
            "id": "https://sqs.us-west-2.amazonaws.com/724853865853/karpenter-emr-eks-karpenter",
            "policy": "{\"Statement\":[{\"Action\":\"sqs:SendMessage\",\"Effect\":\"Allow\",\"Principal\":{\"Service\":[\"sqs.amazonaws.com\",\"events.amazonaws.com\"]},\"Resource\":\"arn:aws:sqs:us-west-2:724853865853:karpenter-emr-eks-karpenter\",\"Sid\":\"SendEventsToQueue\"}],\"Version\":\"2012-10-17\"}",
            "queue_url": "https://sqs.us-west-2.amazonaws.com/724853865853/karpenter-emr-eks-karpenter"
          },
          "sensitive_attributes": [],
          "private": "eyJzY2hlbWFfdmVyc2lvbiI6IjEifQ==",
          "dependencies": [
            "data.aws_subnets.private_subnets",
            "module.eks.aws_cloudwatch_log_group.this",
            "module.eks.aws_eks_cluster.this",
            "module.eks.aws_iam_policy.cni_ipv6_policy",
            "module.eks.aws_iam_role.this",
            "module.eks.aws_iam_role_policy_attachment.this",
            "module.eks.aws_security_group.cluster",
            "module.eks.aws_security_group.node",
            "module.eks.aws_security_group_rule.cluster",
            "module.eks.aws_security_group_rule.node",
            "module.eks.data.aws_caller_identity.current",
            "module.eks.data.aws_iam_policy_document.assume_role_policy",
            "module.eks.data.aws_iam_policy_document.cni_ipv6_policy",
            "module.eks.data.aws_iam_session_context.current",
            "module.eks.data.aws_partition.current",
            "module.eks.module.kms.aws_kms_external_key.this",
            "module.eks.module.kms.aws_kms_key.this",
            "module.eks.module.kms.aws_kms_replica_external_key.this",
            "module.eks.module.kms.aws_kms_replica_key.this",
            "module.eks.module.kms.data.aws_caller_identity.current",
            "module.eks.module.kms.data.aws_iam_policy_document.this",
            "module.eks.module.kms.data.aws_partition.current",
            "module.eks_blueprints_addons.data.aws_partition.current",
            "module.eks_blueprints_addons.module.karpenter_sqs.aws_sqs_queue.this",
            "module.eks_blueprints_addons.module.karpenter_sqs.data.aws_iam_policy_document.this",
            "module.vpc.aws_vpc.this"
          ]
        }
      ]
    },
    {
      "module": "module.eks_blueprints_addons.module.kube_prometheus_stack",
      "mode": "managed",
      "type": "helm_release",
      "name": "this",
      "provider": "provider[\"registry.terraform.io/hashicorp/helm\"]",
      "instances": [
        {
          "index_key": 0,
          "schema_version": 1,
          "attributes": {
            "atomic": false,
            "chart": "kube-prometheus-stack",
            "cleanup_on_fail": false,
            "create_namespace": true,
            "dependency_update": false,
            "description": "A Helm chart to install the Kube Prometheus Stack",
            "devel": null,
            "disable_crd_hooks": false,
            "disable_openapi_validation": false,
            "disable_webhooks": false,
            "force_update": false,
            "id": "kube-prometheus-stack",
            "keyring": null,
            "lint": false,
            "manifest": null,
            "max_history": 0,
            "metadata": [
              {
                "app_version": "v0.71.2",
                "chart": "kube-prometheus-stack",
                "name": "kube-prometheus-stack",
                "namespace": "kube-prometheus-stack",
                "revision": 1,
                "values": "{\"grafana\":{\"adminPassword\":\"(sensitive value)\"}}",
                "version": "56.21.3"
              }
            ],
            "name": "kube-prometheus-stack",
            "namespace": "kube-prometheus-stack",
            "pass_credentials": false,
            "postrender": [],
            "recreate_pods": false,
            "render_subchart_notes": true,
            "replace": false,
            "repository": "https://prometheus-community.github.io/helm-charts",
            "repository_ca_file": null,
            "repository_cert_file": null,
            "repository_key_file": null,
            "repository_password": null,
            "repository_username": null,
            "reset_values": false,
            "reuse_values": false,
            "set": [],
            "set_list": [],
            "set_sensitive": [
              {
                "name": "grafana.adminPassword",
                "type": "",
                "value": "grafana123"
              }
            ],
            "skip_crds": false,
            "status": "deployed",
            "timeout": 300,
            "values": [],
            "verify": false,
            "version": "56.21.3",
            "wait": false,
            "wait_for_jobs": false
          },
          "sensitive_attributes": [],
          "private": "eyJzY2hlbWFfdmVyc2lvbiI6IjEifQ==",
          "dependencies": [
            "data.aws_eks_cluster_auth.this",
            "module.eks.aws_eks_cluster.this",
            "module.eks_blueprints_addons.module.kube_prometheus_stack.aws_iam_role.this"
          ]
        }
      ]
    },
    {
      "module": "module.emr_containers",
      "mode": "data",
      "type": "aws_caller_identity",
      "name": "current",
      "provider": "provider[\"registry.terraform.io/hashicorp/aws\"]",
      "instances": [
        {
          "schema_version": 0,
          "attributes": {
            "account_id": "724853865853",
            "arn": "arn:aws:iam::724853865853:user/dongdong",
            "id": "724853865853",
            "user_id": "AIDA2RRFIHV62ZOURQUK5"
          },
          "sensitive_attributes": []
        }
      ]
    },
    {
      "module": "module.emr_containers",
      "mode": "data",
      "type": "aws_iam_policy_document",
      "name": "assume",
      "provider": "provider[\"registry.terraform.io/hashicorp/aws\"]",
      "instances": [
        {
          "index_key": 0,
          "schema_version": 0,
          "attributes": {
            "id": "2581182656",
            "json": "{\n  \"Version\": \"2012-10-17\",\n  \"Statement\": [\n    {\n      \"Sid\": \"EMR\",\n      \"Effect\": \"Allow\",\n      \"Action\": \"sts:AssumeRole\",\n      \"Principal\": {\n        \"Service\": \"elasticmapreduce.amazonaws.com\"\n      }\n    },\n    {\n      \"Sid\": \"IRSA\",\n      \"Effect\": \"Allow\",\n      \"Action\": \"sts:AssumeRoleWithWebIdentity\",\n      \"Principal\": {\n        \"Federated\": \"arn:aws:iam::724853865853:oidc-provider/oidc.eks.us-west-2.amazonaws.com/id/E62BC5B60564EE45617CA662B24B8A8F\"\n      },\n      \"Condition\": {\n        \"StringEquals\": {\n          \"oidc.eks.us-west-2.amazonaws.com/id/E62BC5B60564EE45617CA662B24B8A8F:aud\": \"sts.amazonaws.com\"\n        },\n        \"StringLike\": {\n          \"oidc.eks.us-west-2.amazonaws.com/id/E62BC5B60564EE45617CA662B24B8A8F:sub\": \"system:serviceaccount:emr-eks:emr-containers-sa-*-*-724853865853-*\"\n        }\n      }\n    }\n  ]\n}",
            "override_policy_documents": null,
            "policy_id": null,
            "source_policy_documents": null,
            "statement": [
              {
                "actions": [
                  "sts:AssumeRole"
                ],
                "condition": [],
                "effect": "Allow",
                "not_actions": [],
                "not_principals": [],
                "not_resources": [],
                "principals": [
                  {
                    "identifiers": [
                      "elasticmapreduce.amazonaws.com"
                    ],
                    "type": "Service"
                  }
                ],
                "resources": [],
                "sid": "EMR"
              },
              {
                "actions": [
                  "sts:AssumeRoleWithWebIdentity"
                ],
                "condition": [
                  {
                    "test": "StringEquals",
                    "values": [
                      "sts.amazonaws.com"
                    ],
                    "variable": "oidc.eks.us-west-2.amazonaws.com/id/E62BC5B60564EE45617CA662B24B8A8F:aud"
                  },
                  {
                    "test": "StringLike",
                    "values": [
                      "system:serviceaccount:emr-eks:emr-containers-sa-*-*-724853865853-*"
                    ],
                    "variable": "oidc.eks.us-west-2.amazonaws.com/id/E62BC5B60564EE45617CA662B24B8A8F:sub"
                  }
                ],
                "effect": "Allow",
                "not_actions": [],
                "not_principals": [],
                "not_resources": [],
                "principals": [
                  {
                    "identifiers": [
                      "arn:aws:iam::724853865853:oidc-provider/oidc.eks.us-west-2.amazonaws.com/id/E62BC5B60564EE45617CA662B24B8A8F"
                    ],
                    "type": "Federated"
                  }
                ],
                "resources": [],
                "sid": "IRSA"
              }
            ],
            "version": "2012-10-17"
          },
          "sensitive_attributes": []
        }
      ]
    },
    {
      "module": "module.emr_containers",
      "mode": "data",
      "type": "aws_iam_policy_document",
      "name": "this",
      "provider": "provider[\"registry.terraform.io/hashicorp/aws\"]",
      "instances": [
        {
          "index_key": 0,
          "schema_version": 0,
          "attributes": {
            "id": "2216117479",
            "json": "{\n  \"Version\": \"2012-10-17\",\n  \"Statement\": [\n    {\n      \"Sid\": \"S3Objects\",\n      \"Effect\": \"Allow\",\n      \"Action\": [\n        \"s3:PutObject\",\n        \"s3:ListBucket\",\n        \"s3:GetObject\",\n        \"s3:DeleteObject\"\n      ],\n      \"Resource\": \"*\"\n    },\n    {\n      \"Sid\": \"CloudWatchLogs\",\n      \"Effect\": \"Allow\",\n      \"Action\": [\n        \"logs:PutLogEvents\",\n        \"logs:DescribeLogStreams\",\n        \"logs:DescribeLogGroups\",\n        \"logs:CreateLogStream\"\n      ],\n      \"Resource\": \"arn:aws:logs:us-west-2:724853865853:log-group:/emr-on-eks-logs/emr-eks-karpenter/emr-eks:log-stream:*\"\n    },\n    {\n      \"Sid\": \"CloudWatchLogsReadOnly\",\n      \"Effect\": \"Allow\",\n      \"Action\": [\n        \"logs:DescribeLogStreams\",\n        \"logs:DescribeLogGroups\"\n      ],\n      \"Resource\": \"*\"\n    }\n  ]\n}",
            "override_policy_documents": null,
            "policy_id": null,
            "source_policy_documents": null,
            "statement": [
              {
                "actions": [
                  "s3:DeleteObject",
                  "s3:GetObject",
                  "s3:ListBucket",
                  "s3:PutObject"
                ],
                "condition": [],
                "effect": "Allow",
                "not_actions": [],
                "not_principals": [],
                "not_resources": [],
                "principals": [],
                "resources": [
                  "*"
                ],
                "sid": "S3Objects"
              },
              {
                "actions": [
                  "logs:CreateLogStream",
                  "logs:DescribeLogGroups",
                  "logs:DescribeLogStreams",
                  "logs:PutLogEvents"
                ],
                "condition": [],
                "effect": "Allow",
                "not_actions": [],
                "not_principals": [],
                "not_resources": [],
                "principals": [],
                "resources": [
                  "arn:aws:logs:us-west-2:724853865853:log-group:/emr-on-eks-logs/emr-eks-karpenter/emr-eks:log-stream:*"
                ],
                "sid": "CloudWatchLogs"
              },
              {
                "actions": [
                  "logs:DescribeLogGroups",
                  "logs:DescribeLogStreams"
                ],
                "condition": [],
                "effect": "Allow",
                "not_actions": [],
                "not_principals": [],
                "not_resources": [],
                "principals": [],
                "resources": [
                  "*"
                ],
                "sid": "CloudWatchLogsReadOnly"
              }
            ],
            "version": "2012-10-17"
          },
          "sensitive_attributes": []
        }
      ]
    },
    {
      "module": "module.emr_containers",
      "mode": "data",
      "type": "aws_partition",
      "name": "current",
      "provider": "provider[\"registry.terraform.io/hashicorp/aws\"]",
      "instances": [
        {
          "schema_version": 0,
          "attributes": {
            "dns_suffix": "amazonaws.com",
            "id": "aws",
            "partition": "aws",
            "reverse_dns_prefix": "com.amazonaws"
          },
          "sensitive_attributes": []
        }
      ]
    },
    {
      "module": "module.emr_containers",
      "mode": "managed",
      "type": "aws_cloudwatch_log_group",
      "name": "this",
      "provider": "provider[\"registry.terraform.io/hashicorp/aws\"]",
      "instances": [
        {
          "index_key": 0,
          "schema_version": 0,
          "attributes": {
            "arn": "arn:aws:logs:us-west-2:724853865853:log-group:/emr-on-eks-logs/emr-eks-karpenter/emr-eks",
            "id": "/emr-on-eks-logs/emr-eks-karpenter/emr-eks",
            "kms_key_id": "",
            "log_group_class": "STANDARD",
            "name": "/emr-on-eks-logs/emr-eks-karpenter/emr-eks",
            "name_prefix": "",
            "retention_in_days": 7,
            "skip_destroy": false,
            "tags": {
              "Name": "emr-eks",
              "app": "emr-eks-karpenter",
              "terraform-aws-modules": "emr"
            },
            "tags_all": {
              "Name": "emr-eks",
              "app": "emr-eks-karpenter",
              "terraform-aws-modules": "emr"
            }
          },
          "sensitive_attributes": [],
          "private": "bnVsbA==",
          "dependencies": [
            "data.aws_eks_cluster_auth.this",
            "module.eks.aws_eks_cluster.this",
            "module.emr_containers.kubernetes_namespace_v1.this"
          ]
        }
      ]
    },
    {
      "module": "module.emr_containers",
      "mode": "managed",
      "type": "aws_emrcontainers_virtual_cluster",
      "name": "this",
      "provider": "provider[\"registry.terraform.io/hashicorp/aws\"]",
      "instances": [
        {
          "index_key": 0,
          "schema_version": 0,
          "attributes": {
            "arn": "arn:aws:emr-containers:us-west-2:724853865853:/virtualclusters/uol9me066jvkxegsdtchwq810",
            "container_provider": [
              {
                "id": "emr-eks-karpenter",
                "info": [
                  {
                    "eks_info": [
                      {
                        "namespace": "emr-eks"
                      }
                    ]
                  }
                ],
                "type": "EKS"
              }
            ],
            "id": "uol9me066jvkxegsdtchwq810",
            "name": "emr-eks-karpenter-emr",
            "tags": {
              "Name": "emr-eks",
              "app": "emr-eks-karpenter",
              "terraform-aws-modules": "emr"
            },
            "tags_all": {
              "Name": "emr-eks",
              "app": "emr-eks-karpenter",
              "terraform-aws-modules": "emr"
            },
            "timeouts": null
          },
          "sensitive_attributes": [],
          "private": "eyJlMmJmYjczMC1lY2FhLTExZTYtOGY4OC0zNDM2M2JjN2M0YzAiOnsiZGVsZXRlIjo1NDAwMDAwMDAwMDAwfX0=",
          "dependencies": [
            "data.aws_eks_cluster_auth.this",
            "module.eks.aws_eks_cluster.this",
            "module.emr_containers.kubernetes_namespace_v1.this"
          ]
        }
      ]
    },
    {
      "module": "module.emr_containers",
      "mode": "managed",
      "type": "aws_iam_policy",
      "name": "this",
      "provider": "provider[\"registry.terraform.io/hashicorp/aws\"]",
      "instances": [
        {
          "index_key": 0,
          "schema_version": 0,
          "attributes": {
            "arn": "arn:aws:iam::724853865853:policy/emr-eks-karpenter-emr-execution-role",
            "description": "EMR Execution Role for emr kes",
            "id": "arn:aws:iam::724853865853:policy/emr-eks-karpenter-emr-execution-role",
            "name": "emr-eks-karpenter-emr-execution-role",
            "name_prefix": "",
            "path": "/",
            "policy": "{\"Statement\":[{\"Action\":[\"s3:PutObject\",\"s3:ListBucket\",\"s3:GetObject\",\"s3:DeleteObject\"],\"Effect\":\"Allow\",\"Resource\":\"*\",\"Sid\":\"S3Objects\"},{\"Action\":[\"logs:PutLogEvents\",\"logs:DescribeLogStreams\",\"logs:DescribeLogGroups\",\"logs:CreateLogStream\"],\"Effect\":\"Allow\",\"Resource\":\"arn:aws:logs:us-west-2:724853865853:log-group:/emr-on-eks-logs/emr-eks-karpenter/emr-eks:log-stream:*\",\"Sid\":\"CloudWatchLogs\"},{\"Action\":[\"logs:DescribeLogStreams\",\"logs:DescribeLogGroups\"],\"Effect\":\"Allow\",\"Resource\":\"*\",\"Sid\":\"CloudWatchLogsReadOnly\"}],\"Version\":\"2012-10-17\"}",
            "policy_id": "ANPA2RRFIHV6UQORHTFLC",
            "tags": {
              "Name": "emr-eks",
              "app": "emr-eks-karpenter",
              "terraform-aws-modules": "emr"
            },
            "tags_all": {
              "Name": "emr-eks",
              "app": "emr-eks-karpenter",
              "terraform-aws-modules": "emr"
            }
          },
          "sensitive_attributes": [],
          "private": "bnVsbA==",
          "dependencies": [
            "data.aws_eks_cluster_auth.this",
            "module.eks.aws_eks_cluster.this",
            "module.emr_containers.aws_cloudwatch_log_group.this",
            "module.emr_containers.data.aws_iam_policy_document.this",
            "module.emr_containers.kubernetes_namespace_v1.this"
          ]
        }
      ]
    },
    {
      "module": "module.emr_containers",
      "mode": "managed",
      "type": "aws_iam_role",
      "name": "this",
      "provider": "provider[\"registry.terraform.io/hashicorp/aws\"]",
      "instances": [
        {
          "index_key": 0,
          "schema_version": 0,
          "attributes": {
            "arn": "arn:aws:iam::724853865853:role/emr-eks-karpenter-emr-execution-role",
            "assume_role_policy": "{\"Statement\":[{\"Action\":\"sts:AssumeRole\",\"Effect\":\"Allow\",\"Principal\":{\"Service\":\"elasticmapreduce.amazonaws.com\"},\"Sid\":\"EMR\"},{\"Action\":\"sts:AssumeRoleWithWebIdentity\",\"Condition\":{\"StringEquals\":{\"oidc.eks.us-west-2.amazonaws.com/id/E62BC5B60564EE45617CA662B24B8A8F:aud\":\"sts.amazonaws.com\"},\"StringLike\":{\"oidc.eks.us-west-2.amazonaws.com/id/E62BC5B60564EE45617CA662B24B8A8F:sub\":\"system:serviceaccount:emr-eks:emr-containers-sa-*-*-724853865853-*\"}},\"Effect\":\"Allow\",\"Principal\":{\"Federated\":\"arn:aws:iam::724853865853:oidc-provider/oidc.eks.us-west-2.amazonaws.com/id/E62BC5B60564EE45617CA662B24B8A8F\"},\"Sid\":\"IRSA\"}],\"Version\":\"2012-10-17\"}",
            "create_date": "2024-03-08T06:49:16Z",
            "description": "EMR Execution Role for emr kes",
            "force_detach_policies": true,
            "id": "emr-eks-karpenter-emr-execution-role",
            "inline_policy": [],
            "managed_policy_arns": [],
            "max_session_duration": 3600,
            "name": "emr-eks-karpenter-emr-execution-role",
            "name_prefix": "",
            "path": "/",
            "permissions_boundary": "",
            "tags": {
              "Name": "emr-eks",
              "app": "emr-eks-karpenter",
              "terraform-aws-modules": "emr"
            },
            "tags_all": {
              "Name": "emr-eks",
              "app": "emr-eks-karpenter",
              "terraform-aws-modules": "emr"
            },
            "unique_id": "AROA2RRFIHV67MEFCB2RP"
          },
          "sensitive_attributes": [],
          "private": "bnVsbA==",
          "dependencies": [
            "module.eks.aws_eks_cluster.this",
            "module.emr_containers.data.aws_iam_policy_document.assume"
          ]
        }
      ]
    },
    {
      "module": "module.emr_containers",
      "mode": "managed",
      "type": "aws_iam_role_policy_attachment",
      "name": "additional",
      "provider": "provider[\"registry.terraform.io/hashicorp/aws\"]",
      "instances": [
        {
          "index_key": "0",
          "schema_version": 0,
          "attributes": {
            "id": "emr-eks-karpenter-emr-execution-role-20240308064917645300000011",
            "policy_arn": "arn:aws:iam::aws:policy/AmazonS3FullAccess",
            "role": "emr-eks-karpenter-emr-execution-role"
          },
          "sensitive_attributes": [],
          "private": "bnVsbA==",
          "dependencies": [
            "module.eks.aws_eks_cluster.this",
            "module.emr_containers.aws_iam_role.this",
            "module.emr_containers.data.aws_iam_policy_document.assume"
          ]
        }
      ]
    },
    {
      "module": "module.emr_containers",
      "mode": "managed",
      "type": "aws_iam_role_policy_attachment",
      "name": "this",
      "provider": "provider[\"registry.terraform.io/hashicorp/aws\"]",
      "instances": [
        {
          "index_key": 0,
          "schema_version": 0,
          "attributes": {
            "id": "emr-eks-karpenter-emr-execution-role-20240308064921448000000012",
            "policy_arn": "arn:aws:iam::724853865853:policy/emr-eks-karpenter-emr-execution-role",
            "role": "emr-eks-karpenter-emr-execution-role"
          },
          "sensitive_attributes": [],
          "private": "bnVsbA==",
          "dependencies": [
            "data.aws_eks_cluster_auth.this",
            "module.eks.aws_eks_cluster.this",
            "module.emr_containers.aws_cloudwatch_log_group.this",
            "module.emr_containers.aws_iam_policy.this",
            "module.emr_containers.aws_iam_role.this",
            "module.emr_containers.data.aws_iam_policy_document.assume",
            "module.emr_containers.data.aws_iam_policy_document.this",
            "module.emr_containers.kubernetes_namespace_v1.this"
          ]
        }
      ]
    },
    {
      "module": "module.emr_containers",
      "mode": "managed",
      "type": "kubernetes_namespace_v1",
      "name": "this",
      "provider": "provider[\"registry.terraform.io/hashicorp/kubernetes\"]",
      "instances": [
        {
          "index_key": 0,
          "schema_version": 0,
          "attributes": {
            "id": "emr-eks",
            "metadata": [
              {
                "annotations": null,
                "generate_name": "",
                "generation": 0,
                "labels": null,
                "name": "emr-eks",
                "resource_version": "1562",
                "uid": "3124c0d3-3a50-4f92-9b7b-edfeeefc3034"
              }
            ],
            "timeouts": null,
            "wait_for_default_service_account": false
          },
          "sensitive_attributes": [],
          "private": "eyJlMmJmYjczMC1lY2FhLTExZTYtOGY4OC0zNDM2M2JjN2M0YzAiOnsiZGVsZXRlIjozMDAwMDAwMDAwMDB9fQ==",
          "dependencies": [
            "data.aws_eks_cluster_auth.this",
            "module.eks.aws_eks_cluster.this"
          ]
        }
      ]
    },
    {
      "module": "module.emr_containers",
      "mode": "managed",
      "type": "kubernetes_role_binding_v1",
      "name": "this",
      "provider": "provider[\"registry.terraform.io/hashicorp/kubernetes\"]",
      "instances": [
        {
          "index_key": 0,
          "schema_version": 0,
          "attributes": {
            "id": "emr-eks/emr-eks-karpenter-emr-execution-role",
            "metadata": [
              {
                "annotations": null,
                "generate_name": "",
                "generation": 0,
                "labels": null,
                "name": "emr-eks-karpenter-emr-execution-role",
                "namespace": "emr-eks",
                "resource_version": "1570",
                "uid": "7417615e-5d71-4a3c-b0a1-f490a7e7b9b3"
              }
            ],
            "role_ref": [
              {
                "api_group": "rbac.authorization.k8s.io",
                "kind": "Role",
                "name": "emr-eks-karpenter-emr-execution-role"
              }
            ],
            "subject": [
              {
                "api_group": "rbac.authorization.k8s.io",
                "kind": "User",
                "name": "emr-containers",
                "namespace": "default"
              }
            ]
          },
          "sensitive_attributes": [],
          "private": "bnVsbA==",
          "dependencies": [
            "data.aws_eks_cluster_auth.this",
            "module.eks.aws_eks_cluster.this",
            "module.emr_containers.kubernetes_namespace_v1.this",
            "module.emr_containers.kubernetes_role_v1.this"
          ]
        }
      ]
    },
    {
      "module": "module.emr_containers",
      "mode": "managed",
      "type": "kubernetes_role_v1",
      "name": "this",
      "provider": "provider[\"registry.terraform.io/hashicorp/kubernetes\"]",
      "instances": [
        {
          "index_key": 0,
          "schema_version": 0,
          "attributes": {
            "id": "emr-eks/emr-eks-karpenter-emr-execution-role",
            "metadata": [
              {
                "annotations": null,
                "generate_name": "",
                "generation": 0,
                "labels": null,
                "name": "emr-eks-karpenter-emr-execution-role",
                "namespace": "emr-eks",
                "resource_version": "1568",
                "uid": "d8285f72-5174-4ad7-9994-16555efd3c66"
              }
            ],
            "rule": [
              {
                "api_groups": [
                  ""
                ],
                "resource_names": null,
                "resources": [
                  "namespaces"
                ],
                "verbs": [
                  "get"
                ]
              },
              {
                "api_groups": [
                  ""
                ],
                "resource_names": null,
                "resources": [
                  "configmaps",
                  "events",
                  "pods",
                  "pods/log",
                  "serviceaccounts",
                  "services"
                ],
                "verbs": [
                  "annotate",
                  "create",
                  "delete",
                  "deletecollection",
                  "describe",
                  "edit",
                  "get",
                  "label",
                  "list",
                  "patch",
                  "watch"
                ]
              },
              {
                "api_groups": [
                  ""
                ],
                "resource_names": null,
                "resources": [
                  "secrets"
                ],
                "verbs": [
                  "create",
                  "delete",
                  "patch",
                  "watch"
                ]
              },
              {
                "api_groups": [
                  "apps"
                ],
                "resource_names": null,
                "resources": [
                  "deployments",
                  "statefulsets"
                ],
                "verbs": [
                  "annotate",
                  "create",
                  "delete",
                  "describe",
                  "edit",
                  "get",
                  "label",
                  "list",
                  "patch",
                  "watch"
                ]
              },
              {
                "api_groups": [
                  "batch"
                ],
                "resource_names": null,
                "resources": [
                  "jobs"
                ],
                "verbs": [
                  "annotate",
                  "create",
                  "delete",
                  "describe",
                  "edit",
                  "get",
                  "label",
                  "list",
                  "patch",
                  "watch"
                ]
              },
              {
                "api_groups": [
                  "extensions",
                  "networking.k8s.io"
                ],
                "resource_names": null,
                "resources": [
                  "ingresses"
                ],
                "verbs": [
                  "annotate",
                  "create",
                  "delete",
                  "describe",
                  "edit",
                  "get",
                  "label",
                  "list",
                  "patch",
                  "watch"
                ]
              },
              {
                "api_groups": [
                  "rbac.authorization.k8s.io"
                ],
                "resource_names": null,
                "resources": [
                  "rolebindings",
                  "roles"
                ],
                "verbs": [
                  "annotate",
                  "create",
                  "delete",
                  "deletecollection",
                  "describe",
                  "edit",
                  "get",
                  "label",
                  "list",
                  "patch",
                  "watch"
                ]
              },
              {
                "api_groups": [
                  ""
                ],
                "resource_names": null,
                "resources": [
                  "persistentvolumeclaims"
                ],
                "verbs": [
                  "annotate",
                  "create",
                  "delete",
                  "deletecollection",
                  "describe",
                  "edit",
                  "get",
                  "label",
                  "list",
                  "patch",
                  "watch"
                ]
              }
            ]
          },
          "sensitive_attributes": [],
          "private": "bnVsbA==",
          "dependencies": [
            "data.aws_eks_cluster_auth.this",
            "module.eks.aws_eks_cluster.this",
            "module.emr_containers.kubernetes_namespace_v1.this"
          ]
        }
      ]
    },
    {
      "module": "module.s3_bucket",
      "mode": "data",
      "type": "aws_caller_identity",
      "name": "current",
      "provider": "provider[\"registry.terraform.io/hashicorp/aws\"]",
      "instances": [
        {
          "schema_version": 0,
          "attributes": {
            "account_id": "724853865853",
            "arn": "arn:aws:iam::724853865853:user/dongdong",
            "id": "724853865853",
            "user_id": "AIDA2RRFIHV62ZOURQUK5"
          },
          "sensitive_attributes": []
        }
      ]
    },
    {
      "module": "module.s3_bucket",
      "mode": "data",
      "type": "aws_partition",
      "name": "current",
      "provider": "provider[\"registry.terraform.io/hashicorp/aws\"]",
      "instances": [
        {
          "schema_version": 0,
          "attributes": {
            "dns_suffix": "amazonaws.com",
            "id": "aws",
            "partition": "aws",
            "reverse_dns_prefix": "com.amazonaws"
          },
          "sensitive_attributes": []
        }
      ]
    },
    {
      "module": "module.s3_bucket",
      "mode": "data",
      "type": "aws_region",
      "name": "current",
      "provider": "provider[\"registry.terraform.io/hashicorp/aws\"]",
      "instances": [
        {
          "schema_version": 0,
          "attributes": {
            "description": "US West (Oregon)",
            "endpoint": "ec2.us-west-2.amazonaws.com",
            "id": "us-west-2",
            "name": "us-west-2"
          },
          "sensitive_attributes": []
        }
      ]
    },
    {
      "module": "module.s3_bucket",
      "mode": "managed",
      "type": "aws_s3_bucket",
      "name": "this",
      "provider": "provider[\"registry.terraform.io/hashicorp/aws\"]",
      "instances": [
        {
          "index_key": 0,
          "schema_version": 0,
          "attributes": {
            "acceleration_status": "",
            "acl": null,
            "arn": "arn:aws:s3:::emr-eks-karpenter-emr20240308064913356700000002",
            "bucket": "emr-eks-karpenter-emr20240308064913356700000002",
            "bucket_domain_name": "emr-eks-karpenter-emr20240308064913356700000002.s3.amazonaws.com",
            "bucket_prefix": "emr-eks-karpenter-emr",
            "bucket_regional_domain_name": "emr-eks-karpenter-emr20240308064913356700000002.s3.us-west-2.amazonaws.com",
            "cors_rule": [],
            "force_destroy": true,
            "grant": [
              {
                "id": "e5a89b2c50b08154bc630e6c474c72df8fe6d6c9e1827ac6c6eb0f8021bf3af5",
                "permissions": [
                  "FULL_CONTROL"
                ],
                "type": "CanonicalUser",
                "uri": ""
              }
            ],
            "hosted_zone_id": "Z3BJ6K6RIION7M",
            "id": "emr-eks-karpenter-emr20240308064913356700000002",
            "lifecycle_rule": [],
            "logging": [],
            "object_lock_configuration": [],
            "object_lock_enabled": false,
            "policy": "",
            "region": "us-west-2",
            "replication_configuration": [],
            "request_payer": "BucketOwner",
            "server_side_encryption_configuration": [
              {
                "rule": [
                  {
                    "apply_server_side_encryption_by_default": [
                      {
                        "kms_master_key_id": "",
                        "sse_algorithm": "AES256"
                      }
                    ],
                    "bucket_key_enabled": false
                  }
                ]
              }
            ],
            "tags": {
              "app": "emr-eks-karpenter"
            },
            "tags_all": {
              "app": "emr-eks-karpenter"
            },
            "timeouts": null,
            "versioning": [
              {
                "enabled": false,
                "mfa_delete": false
              }
            ],
            "website": [],
            "website_domain": null,
            "website_endpoint": null
          },
          "sensitive_attributes": [],
          "private": "eyJlMmJmYjczMC1lY2FhLTExZTYtOGY4OC0zNDM2M2JjN2M0YzAiOnsiY3JlYXRlIjoxMjAwMDAwMDAwMDAwLCJkZWxldGUiOjM2MDAwMDAwMDAwMDAsInJlYWQiOjEyMDAwMDAwMDAwMDAsInVwZGF0ZSI6MTIwMDAwMDAwMDAwMH19"
        }
      ]
    },
    {
      "module": "module.s3_bucket",
      "mode": "managed",
      "type": "aws_s3_bucket_public_access_block",
      "name": "this",
      "provider": "provider[\"registry.terraform.io/hashicorp/aws\"]",
      "instances": [
        {
          "index_key": 0,
          "schema_version": 0,
          "attributes": {
            "block_public_acls": true,
            "block_public_policy": true,
            "bucket": "emr-eks-karpenter-emr20240308064913356700000002",
            "id": "emr-eks-karpenter-emr20240308064913356700000002",
            "ignore_public_acls": true,
            "restrict_public_buckets": true
          },
          "sensitive_attributes": [],
          "private": "bnVsbA==",
          "dependencies": [
            "module.s3_bucket.aws_s3_bucket.this"
          ]
        }
      ]
    },
    {
      "module": "module.s3_bucket",
      "mode": "managed",
      "type": "aws_s3_bucket_server_side_encryption_configuration",
      "name": "this",
      "provider": "provider[\"registry.terraform.io/hashicorp/aws\"]",
      "instances": [
        {
          "index_key": 0,
          "schema_version": 0,
          "attributes": {
            "bucket": "emr-eks-karpenter-emr20240308064913356700000002",
            "expected_bucket_owner": "",
            "id": "emr-eks-karpenter-emr20240308064913356700000002",
            "rule": [
              {
                "apply_server_side_encryption_by_default": [
                  {
                    "kms_master_key_id": "",
                    "sse_algorithm": "AES256"
                  }
                ],
                "bucket_key_enabled": null
              }
            ]
          },
          "sensitive_attributes": [],
          "private": "bnVsbA==",
          "dependencies": [
            "module.s3_bucket.aws_s3_bucket.this"
          ]
        }
      ]
    },
    {
      "module": "module.vpc",
      "mode": "managed",
      "type": "aws_default_network_acl",
      "name": "this",
      "provider": "provider[\"registry.terraform.io/hashicorp/aws\"]",
      "instances": [
        {
          "index_key": 0,
          "schema_version": 0,
          "attributes": {
            "arn": "arn:aws:ec2:us-west-2:724853865853:network-acl/acl-010fe527d6f336f63",
            "default_network_acl_id": "acl-010fe527d6f336f63",
            "egress": [
              {
                "action": "allow",
                "cidr_block": "",
                "from_port": 0,
                "icmp_code": 0,
                "icmp_type": 0,
                "ipv6_cidr_block": "::/0",
                "protocol": "-1",
                "rule_no": 101,
                "to_port": 0
              },
              {
                "action": "allow",
                "cidr_block": "0.0.0.0/0",
                "from_port": 0,
                "icmp_code": 0,
                "icmp_type": 0,
                "ipv6_cidr_block": "",
                "protocol": "-1",
                "rule_no": 100,
                "to_port": 0
              }
            ],
            "id": "acl-010fe527d6f336f63",
            "ingress": [
              {
                "action": "allow",
                "cidr_block": "",
                "from_port": 0,
                "icmp_code": 0,
                "icmp_type": 0,
                "ipv6_cidr_block": "::/0",
                "protocol": "-1",
                "rule_no": 101,
                "to_port": 0
              },
              {
                "action": "allow",
                "cidr_block": "0.0.0.0/0",
                "from_port": 0,
                "icmp_code": 0,
                "icmp_type": 0,
                "ipv6_cidr_block": "",
                "protocol": "-1",
                "rule_no": 100,
                "to_port": 0
              }
            ],
            "owner_id": "724853865853",
            "subnet_ids": [
              "subnet-057019d27b10482b6",
              "subnet-06c61a66b8e4c3b40",
              "subnet-084e05b50a5246beb",
              "subnet-0dd0587ad92664cfe"
            ],
            "tags": {
              "Name": "emr-eks-karpenter-default",
              "app": "emr-eks-karpenter"
            },
            "tags_all": {
              "Name": "emr-eks-karpenter-default",
              "app": "emr-eks-karpenter"
            },
            "vpc_id": "vpc-06933d905386b98a8"
          },
          "sensitive_attributes": [],
          "private": "bnVsbA==",
          "dependencies": [
            "module.vpc.aws_vpc.this"
          ]
        }
      ]
    },
    {
      "module": "module.vpc",
      "mode": "managed",
      "type": "aws_default_route_table",
      "name": "default",
      "provider": "provider[\"registry.terraform.io/hashicorp/aws\"]",
      "instances": [
        {
          "index_key": 0,
          "schema_version": 0,
          "attributes": {
            "arn": "arn:aws:ec2:us-west-2:724853865853:route-table/rtb-057a217af98d6ebab",
            "default_route_table_id": "rtb-057a217af98d6ebab",
            "id": "rtb-057a217af98d6ebab",
            "owner_id": "724853865853",
            "propagating_vgws": [],
            "route": [],
            "tags": {
              "Name": "emr-eks-karpenter-default",
              "app": "emr-eks-karpenter"
            },
            "tags_all": {
              "Name": "emr-eks-karpenter-default",
              "app": "emr-eks-karpenter"
            },
            "timeouts": {
              "create": "5m",
              "update": "5m"
            },
            "vpc_id": "vpc-06933d905386b98a8"
          },
          "sensitive_attributes": [],
          "private": "eyJlMmJmYjczMC1lY2FhLTExZTYtOGY4OC0zNDM2M2JjN2M0YzAiOnsiY3JlYXRlIjozMDAwMDAwMDAwMDAsInVwZGF0ZSI6MzAwMDAwMDAwMDAwfX0=",
          "dependencies": [
            "module.vpc.aws_vpc.this"
          ]
        }
      ]
    },
    {
      "module": "module.vpc",
      "mode": "managed",
      "type": "aws_default_security_group",
      "name": "this",
      "provider": "provider[\"registry.terraform.io/hashicorp/aws\"]",
      "instances": [
        {
          "index_key": 0,
          "schema_version": 1,
          "attributes": {
            "arn": "arn:aws:ec2:us-west-2:724853865853:security-group/sg-0b9fc5d14118f6761",
            "description": "default VPC security group",
            "egress": [],
            "id": "sg-0b9fc5d14118f6761",
            "ingress": [],
            "name": "default",
            "name_prefix": "",
            "owner_id": "724853865853",
            "revoke_rules_on_delete": false,
            "tags": {
              "Name": "emr-eks-karpenter-default",
              "app": "emr-eks-karpenter"
            },
            "tags_all": {
              "Name": "emr-eks-karpenter-default",
              "app": "emr-eks-karpenter"
            },
            "vpc_id": "vpc-06933d905386b98a8"
          },
          "sensitive_attributes": [],
          "private": "eyJzY2hlbWFfdmVyc2lvbiI6IjEifQ==",
          "dependencies": [
            "module.vpc.aws_vpc.this"
          ]
        }
      ]
    },
    {
      "module": "module.vpc",
      "mode": "managed",
      "type": "aws_eip",
      "name": "nat",
      "provider": "provider[\"registry.terraform.io/hashicorp/aws\"]",
      "instances": [
        {
          "index_key": 0,
          "schema_version": 0,
          "attributes": {
            "address": null,
            "allocation_id": "eipalloc-0f16e0413df74c89a",
            "associate_with_private_ip": null,
            "association_id": "eipassoc-060b66f9a44d99e7c",
            "carrier_ip": "",
            "customer_owned_ip": "",
            "customer_owned_ipv4_pool": "",
            "domain": "vpc",
            "id": "eipalloc-0f16e0413df74c89a",
            "instance": "",
            "network_border_group": "us-west-2",
            "network_interface": "eni-02695ab03be8617a0",
            "private_dns": "ip-10-1-66-108.us-west-2.compute.internal",
            "private_ip": "10.1.66.108",
            "public_dns": "ec2-44-227-165-140.us-west-2.compute.amazonaws.com",
            "public_ip": "44.227.165.140",
            "public_ipv4_pool": "amazon",
            "tags": {
              "Name": "emr-eks-karpenter-us-west-2a",
              "app": "emr-eks-karpenter"
            },
            "tags_all": {
              "Name": "emr-eks-karpenter-us-west-2a",
              "app": "emr-eks-karpenter"
            },
            "timeouts": null,
            "vpc": true
          },
          "sensitive_attributes": [],
          "private": "eyJlMmJmYjczMC1lY2FhLTExZTYtOGY4OC0zNDM2M2JjN2M0YzAiOnsiZGVsZXRlIjoxODAwMDAwMDAwMDAsInJlYWQiOjkwMDAwMDAwMDAwMCwidXBkYXRlIjozMDAwMDAwMDAwMDB9fQ==",
          "dependencies": [
            "data.aws_availability_zones.available",
            "module.vpc.aws_internet_gateway.this",
            "module.vpc.aws_vpc.this",
            "module.vpc.aws_vpc_ipv4_cidr_block_association.this"
          ]
        }
      ]
    },
    {
      "module": "module.vpc",
      "mode": "managed",
      "type": "aws_internet_gateway",
      "name": "this",
      "provider": "provider[\"registry.terraform.io/hashicorp/aws\"]",
      "instances": [
        {
          "index_key": 0,
          "schema_version": 0,
          "attributes": {
            "arn": "arn:aws:ec2:us-west-2:724853865853:internet-gateway/igw-00b83299cdeb22c9a",
            "id": "igw-00b83299cdeb22c9a",
            "owner_id": "724853865853",
            "tags": {
              "Name": "emr-eks-karpenter",
              "app": "emr-eks-karpenter"
            },
            "tags_all": {
              "Name": "emr-eks-karpenter",
              "app": "emr-eks-karpenter"
            },
            "timeouts": null,
            "vpc_id": "vpc-06933d905386b98a8"
          },
          "sensitive_attributes": [],
          "private": "eyJlMmJmYjczMC1lY2FhLTExZTYtOGY4OC0zNDM2M2JjN2M0YzAiOnsiY3JlYXRlIjoxMjAwMDAwMDAwMDAwLCJkZWxldGUiOjEyMDAwMDAwMDAwMDAsInVwZGF0ZSI6MTIwMDAwMDAwMDAwMH19",
          "dependencies": [
            "data.aws_availability_zones.available",
            "module.vpc.aws_vpc.this",
            "module.vpc.aws_vpc_ipv4_cidr_block_association.this"
          ]
        }
      ]
    },
    {
      "module": "module.vpc",
      "mode": "managed",
      "type": "aws_nat_gateway",
      "name": "this",
      "provider": "provider[\"registry.terraform.io/hashicorp/aws\"]",
      "instances": [
        {
          "index_key": 0,
          "schema_version": 0,
          "attributes": {
            "allocation_id": "eipalloc-0f16e0413df74c89a",
            "association_id": "eipassoc-060b66f9a44d99e7c",
            "connectivity_type": "public",
            "id": "nat-0c3238c9d9e3c4dc9",
            "network_interface_id": "eni-02695ab03be8617a0",
            "private_ip": "10.1.66.108",
            "public_ip": "44.227.165.140",
            "secondary_allocation_ids": [],
            "secondary_private_ip_address_count": 0,
            "secondary_private_ip_addresses": [],
            "subnet_id": "subnet-06c61a66b8e4c3b40",
            "tags": {
              "Name": "emr-eks-karpenter-us-west-2a",
              "app": "emr-eks-karpenter"
            },
            "tags_all": {
              "Name": "emr-eks-karpenter-us-west-2a",
              "app": "emr-eks-karpenter"
            },
            "timeouts": null
          },
          "sensitive_attributes": [],
          "private": "eyJlMmJmYjczMC1lY2FhLTExZTYtOGY4OC0zNDM2M2JjN2M0YzAiOnsiY3JlYXRlIjo2MDAwMDAwMDAwMDAsImRlbGV0ZSI6MTgwMDAwMDAwMDAwMCwidXBkYXRlIjo2MDAwMDAwMDAwMDB9fQ==",
          "dependencies": [
            "data.aws_availability_zones.available",
            "module.vpc.aws_eip.nat",
            "module.vpc.aws_internet_gateway.this",
            "module.vpc.aws_subnet.public",
            "module.vpc.aws_vpc.this",
            "module.vpc.aws_vpc_ipv4_cidr_block_association.this"
          ]
        }
      ]
    },
    {
      "module": "module.vpc",
      "mode": "managed",
      "type": "aws_route",
      "name": "private_nat_gateway",
      "provider": "provider[\"registry.terraform.io/hashicorp/aws\"]",
      "instances": [
        {
          "index_key": 0,
          "schema_version": 0,
          "attributes": {
            "carrier_gateway_id": "",
            "core_network_arn": "",
            "destination_cidr_block": "0.0.0.0/0",
            "destination_ipv6_cidr_block": "",
            "destination_prefix_list_id": "",
            "egress_only_gateway_id": "",
            "gateway_id": "",
            "id": "r-rtb-057bedcf756a225e41080289494",
            "instance_id": "",
            "instance_owner_id": "",
            "local_gateway_id": "",
            "nat_gateway_id": "nat-0c3238c9d9e3c4dc9",
            "network_interface_id": "",
            "origin": "CreateRoute",
            "route_table_id": "rtb-057bedcf756a225e4",
            "state": "active",
            "timeouts": {
              "create": "5m",
              "delete": null,
              "update": null
            },
            "transit_gateway_id": "",
            "vpc_endpoint_id": "",
            "vpc_peering_connection_id": ""
          },
          "sensitive_attributes": [],
          "private": "eyJlMmJmYjczMC1lY2FhLTExZTYtOGY4OC0zNDM2M2JjN2M0YzAiOnsiY3JlYXRlIjozMDAwMDAwMDAwMDAsImRlbGV0ZSI6MzAwMDAwMDAwMDAwLCJ1cGRhdGUiOjEyMDAwMDAwMDAwMH19",
          "dependencies": [
            "data.aws_availability_zones.available",
            "module.vpc.aws_eip.nat",
            "module.vpc.aws_internet_gateway.this",
            "module.vpc.aws_nat_gateway.this",
            "module.vpc.aws_route_table.private",
            "module.vpc.aws_subnet.public",
            "module.vpc.aws_vpc.this",
            "module.vpc.aws_vpc_ipv4_cidr_block_association.this"
          ]
        }
      ]
    },
    {
      "module": "module.vpc",
      "mode": "managed",
      "type": "aws_route",
      "name": "public_internet_gateway",
      "provider": "provider[\"registry.terraform.io/hashicorp/aws\"]",
      "instances": [
        {
          "index_key": 0,
          "schema_version": 0,
          "attributes": {
            "carrier_gateway_id": "",
            "core_network_arn": "",
            "destination_cidr_block": "0.0.0.0/0",
            "destination_ipv6_cidr_block": "",
            "destination_prefix_list_id": "",
            "egress_only_gateway_id": "",
            "gateway_id": "igw-00b83299cdeb22c9a",
            "id": "r-rtb-04a58000541f042311080289494",
            "instance_id": "",
            "instance_owner_id": "",
            "local_gateway_id": "",
            "nat_gateway_id": "",
            "network_interface_id": "",
            "origin": "CreateRoute",
            "route_table_id": "rtb-04a58000541f04231",
            "state": "active",
            "timeouts": {
              "create": "5m",
              "delete": null,
              "update": null
            },
            "transit_gateway_id": "",
            "vpc_endpoint_id": "",
            "vpc_peering_connection_id": ""
          },
          "sensitive_attributes": [],
          "private": "eyJlMmJmYjczMC1lY2FhLTExZTYtOGY4OC0zNDM2M2JjN2M0YzAiOnsiY3JlYXRlIjozMDAwMDAwMDAwMDAsImRlbGV0ZSI6MzAwMDAwMDAwMDAwLCJ1cGRhdGUiOjEyMDAwMDAwMDAwMH19",
          "dependencies": [
            "data.aws_availability_zones.available",
            "module.vpc.aws_internet_gateway.this",
            "module.vpc.aws_route_table.public",
            "module.vpc.aws_vpc.this",
            "module.vpc.aws_vpc_ipv4_cidr_block_association.this"
          ]
        }
      ]
    },
    {
      "module": "module.vpc",
      "mode": "managed",
      "type": "aws_route_table",
      "name": "private",
      "provider": "provider[\"registry.terraform.io/hashicorp/aws\"]",
      "instances": [
        {
          "index_key": 0,
          "schema_version": 0,
          "attributes": {
            "arn": "arn:aws:ec2:us-west-2:724853865853:route-table/rtb-057bedcf756a225e4",
            "id": "rtb-057bedcf756a225e4",
            "owner_id": "724853865853",
            "propagating_vgws": [],
            "route": [
              {
                "carrier_gateway_id": "",
                "cidr_block": "0.0.0.0/0",
                "core_network_arn": "",
                "destination_prefix_list_id": "",
                "egress_only_gateway_id": "",
                "gateway_id": "",
                "ipv6_cidr_block": "",
                "local_gateway_id": "",
                "nat_gateway_id": "nat-0c3238c9d9e3c4dc9",
                "network_interface_id": "",
                "transit_gateway_id": "",
                "vpc_endpoint_id": "",
                "vpc_peering_connection_id": ""
              }
            ],
            "tags": {
              "Name": "emr-eks-karpenter-private",
              "app": "emr-eks-karpenter"
            },
            "tags_all": {
              "Name": "emr-eks-karpenter-private",
              "app": "emr-eks-karpenter"
            },
            "timeouts": null,
            "vpc_id": "vpc-06933d905386b98a8"
          },
          "sensitive_attributes": [],
          "private": "eyJlMmJmYjczMC1lY2FhLTExZTYtOGY4OC0zNDM2M2JjN2M0YzAiOnsiY3JlYXRlIjozMDAwMDAwMDAwMDAsImRlbGV0ZSI6MzAwMDAwMDAwMDAwLCJ1cGRhdGUiOjEyMDAwMDAwMDAwMH19",
          "dependencies": [
            "data.aws_availability_zones.available",
            "module.vpc.aws_vpc.this",
            "module.vpc.aws_vpc_ipv4_cidr_block_association.this"
          ]
        }
      ]
    },
    {
      "module": "module.vpc",
      "mode": "managed",
      "type": "aws_route_table",
      "name": "public",
      "provider": "provider[\"registry.terraform.io/hashicorp/aws\"]",
      "instances": [
        {
          "index_key": 0,
          "schema_version": 0,
          "attributes": {
            "arn": "arn:aws:ec2:us-west-2:724853865853:route-table/rtb-04a58000541f04231",
            "id": "rtb-04a58000541f04231",
            "owner_id": "724853865853",
            "propagating_vgws": [],
            "route": [
              {
                "carrier_gateway_id": "",
                "cidr_block": "0.0.0.0/0",
                "core_network_arn": "",
                "destination_prefix_list_id": "",
                "egress_only_gateway_id": "",
                "gateway_id": "igw-00b83299cdeb22c9a",
                "ipv6_cidr_block": "",
                "local_gateway_id": "",
                "nat_gateway_id": "",
                "network_interface_id": "",
                "transit_gateway_id": "",
                "vpc_endpoint_id": "",
                "vpc_peering_connection_id": ""
              }
            ],
            "tags": {
              "Name": "emr-eks-karpenter-public",
              "app": "emr-eks-karpenter"
            },
            "tags_all": {
              "Name": "emr-eks-karpenter-public",
              "app": "emr-eks-karpenter"
            },
            "timeouts": null,
            "vpc_id": "vpc-06933d905386b98a8"
          },
          "sensitive_attributes": [],
          "private": "eyJlMmJmYjczMC1lY2FhLTExZTYtOGY4OC0zNDM2M2JjN2M0YzAiOnsiY3JlYXRlIjozMDAwMDAwMDAwMDAsImRlbGV0ZSI6MzAwMDAwMDAwMDAwLCJ1cGRhdGUiOjEyMDAwMDAwMDAwMH19",
          "dependencies": [
            "data.aws_availability_zones.available",
            "module.vpc.aws_vpc.this",
            "module.vpc.aws_vpc_ipv4_cidr_block_association.this"
          ]
        }
      ]
    },
    {
      "module": "module.vpc",
      "mode": "managed",
      "type": "aws_route_table_association",
      "name": "private",
      "provider": "provider[\"registry.terraform.io/hashicorp/aws\"]",
      "instances": [
        {
          "index_key": 0,
          "schema_version": 0,
          "attributes": {
            "gateway_id": "",
            "id": "rtbassoc-0f1b43411b7f72594",
            "route_table_id": "rtb-057bedcf756a225e4",
            "subnet_id": "subnet-084e05b50a5246beb",
            "timeouts": null
          },
          "sensitive_attributes": [],
          "private": "eyJlMmJmYjczMC1lY2FhLTExZTYtOGY4OC0zNDM2M2JjN2M0YzAiOnsiY3JlYXRlIjozMDAwMDAwMDAwMDAsImRlbGV0ZSI6MzAwMDAwMDAwMDAwLCJ1cGRhdGUiOjEyMDAwMDAwMDAwMH19",
          "dependencies": [
            "data.aws_availability_zones.available",
            "module.vpc.aws_route_table.private",
            "module.vpc.aws_subnet.private",
            "module.vpc.aws_vpc.this",
            "module.vpc.aws_vpc_ipv4_cidr_block_association.this"
          ]
        },
        {
          "index_key": 1,
          "schema_version": 0,
          "attributes": {
            "gateway_id": "",
            "id": "rtbassoc-065770b0595c21da2",
            "route_table_id": "rtb-057bedcf756a225e4",
            "subnet_id": "subnet-057019d27b10482b6",
            "timeouts": null
          },
          "sensitive_attributes": [],
          "private": "eyJlMmJmYjczMC1lY2FhLTExZTYtOGY4OC0zNDM2M2JjN2M0YzAiOnsiY3JlYXRlIjozMDAwMDAwMDAwMDAsImRlbGV0ZSI6MzAwMDAwMDAwMDAwLCJ1cGRhdGUiOjEyMDAwMDAwMDAwMH19",
          "dependencies": [
            "data.aws_availability_zones.available",
            "module.vpc.aws_route_table.private",
            "module.vpc.aws_subnet.private",
            "module.vpc.aws_vpc.this",
            "module.vpc.aws_vpc_ipv4_cidr_block_association.this"
          ]
        }
      ]
    },
    {
      "module": "module.vpc",
      "mode": "managed",
      "type": "aws_route_table_association",
      "name": "public",
      "provider": "provider[\"registry.terraform.io/hashicorp/aws\"]",
      "instances": [
        {
          "index_key": 0,
          "schema_version": 0,
          "attributes": {
            "gateway_id": "",
            "id": "rtbassoc-028d4c551c66fe542",
            "route_table_id": "rtb-04a58000541f04231",
            "subnet_id": "subnet-06c61a66b8e4c3b40",
            "timeouts": null
          },
          "sensitive_attributes": [],
          "private": "eyJlMmJmYjczMC1lY2FhLTExZTYtOGY4OC0zNDM2M2JjN2M0YzAiOnsiY3JlYXRlIjozMDAwMDAwMDAwMDAsImRlbGV0ZSI6MzAwMDAwMDAwMDAwLCJ1cGRhdGUiOjEyMDAwMDAwMDAwMH19",
          "dependencies": [
            "data.aws_availability_zones.available",
            "module.vpc.aws_route_table.public",
            "module.vpc.aws_subnet.public",
            "module.vpc.aws_vpc.this",
            "module.vpc.aws_vpc_ipv4_cidr_block_association.this"
          ]
        },
        {
          "index_key": 1,
          "schema_version": 0,
          "attributes": {
            "gateway_id": "",
            "id": "rtbassoc-0e61bd29ac63f4262",
            "route_table_id": "rtb-04a58000541f04231",
            "subnet_id": "subnet-0dd0587ad92664cfe",
            "timeouts": null
          },
          "sensitive_attributes": [],
          "private": "eyJlMmJmYjczMC1lY2FhLTExZTYtOGY4OC0zNDM2M2JjN2M0YzAiOnsiY3JlYXRlIjozMDAwMDAwMDAwMDAsImRlbGV0ZSI6MzAwMDAwMDAwMDAwLCJ1cGRhdGUiOjEyMDAwMDAwMDAwMH19",
          "dependencies": [
            "data.aws_availability_zones.available",
            "module.vpc.aws_route_table.public",
            "module.vpc.aws_subnet.public",
            "module.vpc.aws_vpc.this",
            "module.vpc.aws_vpc_ipv4_cidr_block_association.this"
          ]
        }
      ]
    },
    {
      "module": "module.vpc",
      "mode": "managed",
      "type": "aws_subnet",
      "name": "private",
      "provider": "provider[\"registry.terraform.io/hashicorp/aws\"]",
      "instances": [
        {
          "index_key": 0,
          "schema_version": 1,
          "attributes": {
            "arn": "arn:aws:ec2:us-west-2:724853865853:subnet/subnet-084e05b50a5246beb",
            "assign_ipv6_address_on_creation": false,
            "availability_zone": "us-west-2a",
            "availability_zone_id": "usw2-az2",
            "cidr_block": "10.1.0.0/19",
            "customer_owned_ipv4_pool": "",
            "enable_dns64": false,
            "enable_lni_at_device_index": 0,
            "enable_resource_name_dns_a_record_on_launch": false,
            "enable_resource_name_dns_aaaa_record_on_launch": false,
            "id": "subnet-084e05b50a5246beb",
            "ipv6_cidr_block": "",
            "ipv6_cidr_block_association_id": "",
            "ipv6_native": false,
            "map_customer_owned_ip_on_launch": false,
            "map_public_ip_on_launch": false,
            "outpost_arn": "",
            "owner_id": "724853865853",
            "private_dns_hostname_type_on_launch": "ip-name",
            "tags": {
              "Name": "emr-eks-karpenter-private-us-west-2a",
              "app": "emr-eks-karpenter",
              "karpenter.sh/discovery": "emr-eks-karpenter",
              "kubernetes.io/role/internal-elb": "1",
              "type": "private"
            },
            "tags_all": {
              "Name": "emr-eks-karpenter-private-us-west-2a",
              "app": "emr-eks-karpenter",
              "karpenter.sh/discovery": "emr-eks-karpenter",
              "kubernetes.io/role/internal-elb": "1",
              "type": "private"
            },
            "timeouts": null,
            "vpc_id": "vpc-06933d905386b98a8"
          },
          "sensitive_attributes": [],
          "private": "eyJlMmJmYjczMC1lY2FhLTExZTYtOGY4OC0zNDM2M2JjN2M0YzAiOnsiY3JlYXRlIjo2MDAwMDAwMDAwMDAsImRlbGV0ZSI6MTIwMDAwMDAwMDAwMH0sInNjaGVtYV92ZXJzaW9uIjoiMSJ9",
          "dependencies": [
            "data.aws_availability_zones.available",
            "module.vpc.aws_vpc.this",
            "module.vpc.aws_vpc_ipv4_cidr_block_association.this"
          ]
        },
        {
          "index_key": 1,
          "schema_version": 1,
          "attributes": {
            "arn": "arn:aws:ec2:us-west-2:724853865853:subnet/subnet-057019d27b10482b6",
            "assign_ipv6_address_on_creation": false,
            "availability_zone": "us-west-2b",
            "availability_zone_id": "usw2-az1",
            "cidr_block": "10.1.32.0/19",
            "customer_owned_ipv4_pool": "",
            "enable_dns64": false,
            "enable_lni_at_device_index": 0,
            "enable_resource_name_dns_a_record_on_launch": false,
            "enable_resource_name_dns_aaaa_record_on_launch": false,
            "id": "subnet-057019d27b10482b6",
            "ipv6_cidr_block": "",
            "ipv6_cidr_block_association_id": "",
            "ipv6_native": false,
            "map_customer_owned_ip_on_launch": false,
            "map_public_ip_on_launch": false,
            "outpost_arn": "",
            "owner_id": "724853865853",
            "private_dns_hostname_type_on_launch": "ip-name",
            "tags": {
              "Name": "emr-eks-karpenter-private-us-west-2b",
              "app": "emr-eks-karpenter",
              "karpenter.sh/discovery": "emr-eks-karpenter",
              "kubernetes.io/role/internal-elb": "1",
              "type": "private"
            },
            "tags_all": {
              "Name": "emr-eks-karpenter-private-us-west-2b",
              "app": "emr-eks-karpenter",
              "karpenter.sh/discovery": "emr-eks-karpenter",
              "kubernetes.io/role/internal-elb": "1",
              "type": "private"
            },
            "timeouts": null,
            "vpc_id": "vpc-06933d905386b98a8"
          },
          "sensitive_attributes": [],
          "private": "eyJlMmJmYjczMC1lY2FhLTExZTYtOGY4OC0zNDM2M2JjN2M0YzAiOnsiY3JlYXRlIjo2MDAwMDAwMDAwMDAsImRlbGV0ZSI6MTIwMDAwMDAwMDAwMH0sInNjaGVtYV92ZXJzaW9uIjoiMSJ9",
          "dependencies": [
            "data.aws_availability_zones.available",
            "module.vpc.aws_vpc.this",
            "module.vpc.aws_vpc_ipv4_cidr_block_association.this"
          ]
        }
      ]
    },
    {
      "module": "module.vpc",
      "mode": "managed",
      "type": "aws_subnet",
      "name": "public",
      "provider": "provider[\"registry.terraform.io/hashicorp/aws\"]",
      "instances": [
        {
          "index_key": 0,
          "schema_version": 1,
          "attributes": {
            "arn": "arn:aws:ec2:us-west-2:724853865853:subnet/subnet-06c61a66b8e4c3b40",
            "assign_ipv6_address_on_creation": false,
            "availability_zone": "us-west-2a",
            "availability_zone_id": "usw2-az2",
            "cidr_block": "10.1.64.0/21",
            "customer_owned_ipv4_pool": "",
            "enable_dns64": false,
            "enable_lni_at_device_index": 0,
            "enable_resource_name_dns_a_record_on_launch": false,
            "enable_resource_name_dns_aaaa_record_on_launch": false,
            "id": "subnet-06c61a66b8e4c3b40",
            "ipv6_cidr_block": "",
            "ipv6_cidr_block_association_id": "",
            "ipv6_native": false,
            "map_customer_owned_ip_on_launch": false,
            "map_public_ip_on_launch": false,
            "outpost_arn": "",
            "owner_id": "724853865853",
            "private_dns_hostname_type_on_launch": "ip-name",
            "tags": {
              "Name": "emr-eks-karpenter-public-us-west-2a",
              "app": "emr-eks-karpenter",
              "kubernetes.io/role/elb": "1"
            },
            "tags_all": {
              "Name": "emr-eks-karpenter-public-us-west-2a",
              "app": "emr-eks-karpenter",
              "kubernetes.io/role/elb": "1"
            },
            "timeouts": null,
            "vpc_id": "vpc-06933d905386b98a8"
          },
          "sensitive_attributes": [],
          "private": "eyJlMmJmYjczMC1lY2FhLTExZTYtOGY4OC0zNDM2M2JjN2M0YzAiOnsiY3JlYXRlIjo2MDAwMDAwMDAwMDAsImRlbGV0ZSI6MTIwMDAwMDAwMDAwMH0sInNjaGVtYV92ZXJzaW9uIjoiMSJ9",
          "dependencies": [
            "data.aws_availability_zones.available",
            "module.vpc.aws_vpc.this",
            "module.vpc.aws_vpc_ipv4_cidr_block_association.this"
          ]
        },
        {
          "index_key": 1,
          "schema_version": 1,
          "attributes": {
            "arn": "arn:aws:ec2:us-west-2:724853865853:subnet/subnet-0dd0587ad92664cfe",
            "assign_ipv6_address_on_creation": false,
            "availability_zone": "us-west-2b",
            "availability_zone_id": "usw2-az1",
            "cidr_block": "10.1.72.0/21",
            "customer_owned_ipv4_pool": "",
            "enable_dns64": false,
            "enable_lni_at_device_index": 0,
            "enable_resource_name_dns_a_record_on_launch": false,
            "enable_resource_name_dns_aaaa_record_on_launch": false,
            "id": "subnet-0dd0587ad92664cfe",
            "ipv6_cidr_block": "",
            "ipv6_cidr_block_association_id": "",
            "ipv6_native": false,
            "map_customer_owned_ip_on_launch": false,
            "map_public_ip_on_launch": false,
            "outpost_arn": "",
            "owner_id": "724853865853",
            "private_dns_hostname_type_on_launch": "ip-name",
            "tags": {
              "Name": "emr-eks-karpenter-public-us-west-2b",
              "app": "emr-eks-karpenter",
              "kubernetes.io/role/elb": "1"
            },
            "tags_all": {
              "Name": "emr-eks-karpenter-public-us-west-2b",
              "app": "emr-eks-karpenter",
              "kubernetes.io/role/elb": "1"
            },
            "timeouts": null,
            "vpc_id": "vpc-06933d905386b98a8"
          },
          "sensitive_attributes": [],
          "private": "eyJlMmJmYjczMC1lY2FhLTExZTYtOGY4OC0zNDM2M2JjN2M0YzAiOnsiY3JlYXRlIjo2MDAwMDAwMDAwMDAsImRlbGV0ZSI6MTIwMDAwMDAwMDAwMH0sInNjaGVtYV92ZXJzaW9uIjoiMSJ9",
          "dependencies": [
            "data.aws_availability_zones.available",
            "module.vpc.aws_vpc.this",
            "module.vpc.aws_vpc_ipv4_cidr_block_association.this"
          ]
        }
      ]
    },
    {
      "module": "module.vpc",
      "mode": "managed",
      "type": "aws_vpc",
      "name": "this",
      "provider": "provider[\"registry.terraform.io/hashicorp/aws\"]",
      "instances": [
        {
          "index_key": 0,
          "schema_version": 1,
          "attributes": {
            "arn": "arn:aws:ec2:us-west-2:724853865853:vpc/vpc-06933d905386b98a8",
            "assign_generated_ipv6_cidr_block": false,
            "cidr_block": "10.1.0.0/16",
            "default_network_acl_id": "acl-010fe527d6f336f63",
            "default_route_table_id": "rtb-057a217af98d6ebab",
            "default_security_group_id": "sg-0b9fc5d14118f6761",
            "dhcp_options_id": "dopt-07aeb8d067021b219",
            "enable_dns_hostnames": true,
            "enable_dns_support": true,
            "enable_network_address_usage_metrics": false,
            "id": "vpc-06933d905386b98a8",
            "instance_tenancy": "default",
            "ipv4_ipam_pool_id": null,
            "ipv4_netmask_length": null,
            "ipv6_association_id": "",
            "ipv6_cidr_block": "",
            "ipv6_cidr_block_network_border_group": "",
            "ipv6_ipam_pool_id": "",
            "ipv6_netmask_length": 0,
            "main_route_table_id": "rtb-057a217af98d6ebab",
            "owner_id": "724853865853",
            "tags": {
              "Name": "emr-eks-karpenter",
              "app": "emr-eks-karpenter"
            },
            "tags_all": {
              "Name": "emr-eks-karpenter",
              "app": "emr-eks-karpenter"
            }
          },
          "sensitive_attributes": [],
          "private": "eyJzY2hlbWFfdmVyc2lvbiI6IjEifQ==",
          "create_before_destroy": true
        }
      ]
    }
  ],
  "check_results": null
}
